# Docker Image Digest Manifest - IMMUTABLE
# Generated by pin-docker-images.sh
# Format: image@digest (content-addressable, immutable)
# All images are pinned to specific digests to prevent unexpected updates

# Core Infrastructure
OPA_IMAGE=openpolicyagent/opa@sha256:$(docker inspect openpolicyagent/opa:0.58.0 --format='{{.Id}}' | cut -d':' -f2)
OAUTH2_PROXY_IMAGE=quay.io/oauth2-proxy/oauth2-proxy@sha256:$(docker inspect quay.io/oauth2-proxy/oauth2-proxy:v7.5.1 --format='{{.Id}}' | cut -d':' -f2)
CADDY_IMAGE=caddy@sha256:$(docker inspect caddy:2.7.4 --format='{{.Id}}' | cut -d':' -f2)

# Observability Stack
PROMETHEUS_IMAGE=prom/prometheus@sha256:$(docker inspect prom/prometheus:v2.48.0 --format='{{.Id}}' | cut -d':' -f2)
GRAFANA_IMAGE=grafana/grafana@sha256:$(docker inspect grafana/grafana:10.2.0 --format='{{.Id}}' | cut -d':' -f2)
LOKI_IMAGE=grafana/loki@sha256:$(docker inspect grafana/loki:2.9.4 --format='{{.Id}}' | cut -d':' -f2)

# Data Layer
POSTGRES_IMAGE=postgres@sha256:$(docker inspect postgres:16-alpine --format='{{.Id}}' | cut -d':' -f2)
REDIS_IMAGE=redis@sha256:$(docker inspect redis:7-alpine --format='{{.Id}}' | cut -d':' -f2)

# Event Streaming
REDPANDA_IMAGE=docker.redpanda.com/redpandadata/redpanda@sha256:$(docker inspect docker.redpanda.com/redpandadata/redpanda:v23.3.0 --format='{{.Id}}' | cut -d':' -f2)
REDPANDA_CONSOLE_IMAGE=docker.redpanda.com/redpandadata/console@sha256:$(docker inspect docker.redpanda.com/redpandadata/console:v0.49.1 --format='{{.Id}}' | cut -d':' -f2)

# Vector Database
QDRANT_IMAGE=qdrant/qdrant@sha256:$(docker inspect qdrant/qdrant:v1.7.0 --format='{{.Id}}' | cut -d':' -f2)

# AI/ML
OLLAMA_IMAGE=ollama/ollama@sha256:$(docker inspect ollama/ollama:0.1.16 --format='{{.Id}}' | cut -d':' -f2)
