{
  "version": 4,
  "terraform_version": "1.14.9",
  "serial": 175,
  "lineage": "fb699c23-55d2-9870-029f-43a07fd966a9",
  "outputs": {
    "apex_domain": {
      "value": "kushnir.cloud",
      "type": "string"
    },
    "caddy_config_path": {
      "value": "./../../../config/caddy/Caddyfile",
      "type": "string"
    },
    "deployment_mode": {
      "value": "private",
      "type": "string"
    },
    "docker_compose_override_path": {
      "value": "./../../../docker-compose.override.yml",
      "type": "string"
    }
  },
  "resources": [
    {
      "mode": "managed",
      "type": "local_file",
      "name": "caddy_config",
      "provider": "provider[\"registry.terraform.io/hashicorp/local\"]",
      "instances": [
        {
          "schema_version": 0,
          "attributes": {
            "content": ":80 {\r\n  handle /health {\r\n    respond OK 200\r\n  }\r\n  handle /api/execution/* {\r\n    uri strip_prefix /api/execution\r\n    reverse_proxy execution-scheduler:8080\r\n  }\r\n  handle /api/opa/* {\r\n    uri strip_prefix /api/opa\r\n    reverse_proxy opa:8181\r\n  }\r\n  handle /api/auth/* {\r\n    uri strip_prefix /api/auth\r\n    reverse_proxy oauth2-proxy:4180\r\n  }\r\n  handle / {\r\n    respond \"ElevatedIQ Cluster Gateway\" 200\r\n  }\r\n}\r\n",
            "content_base64": null,
            "content_base64sha256": "R/8jwNCpf3g2958kOLWFc5eFALnNwLiPJtNv4X6g01c=",
            "content_base64sha512": "+HKv3rSN5yKyMFcKnzx6nuiRqQKUEGU0pvi9ZZ2p6372mpm2JvfhQd96Aubqw0xgxHWEecO0hM8uUsD1Qg10GQ==",
            "content_md5": "3230523d50012ea98739a9938a35594f",
            "content_sha1": "db1ea6f09eb44968563021faddbdc7b7d88f737a",
            "content_sha256": "47ff23c0d0a97f7836f79f2438b58573978500b9cdc0b88f26d36fe17ea0d357",
            "content_sha512": "f872afdeb48de722b230570a9f3c7a9ee891a90294106534a6f8bd659da9eb7ef69a99b626f7e141df7a02e6eac34c60c4758479c3b484cf2e52c0f5420d7419",
            "directory_permission": "0777",
            "file_permission": "0644",
            "filename": "./../../../config/caddy/Caddyfile",
            "id": "db1ea6f09eb44968563021faddbdc7b7d88f737a",
            "sensitive_content": null,
            "source": null
          },
          "sensitive_attributes": [
            [
              {
                "type": "get_attr",
                "value": "sensitive_content"
              }
            ]
          ],
          "identity_schema_version": 0
        }
      ]
    },
    {
      "mode": "managed",
      "type": "local_file",
      "name": "docker_compose_override",
      "provider": "provider[\"registry.terraform.io/hashicorp/local\"]",
      "instances": [
        {
          "schema_version": 0,
          "attributes": {
            "content": "# Docker Compose Override Configuration\n# Local environment overrides for development/private deployments\n# This file is auto-managed by Terraform and should not be edited directly\n\nversion: '3.9'\n\nservices:\n  # Override section for local development customizations\n  # Add service-specific overrides here as needed\n",
            "content_base64": null,
            "content_base64sha256": "42ycfpnSxrbRtaZSE6YkrElmXS5zkcuSKBGjBI43YJA=",
            "content_base64sha512": "ipo/dO8Z0kIVssQMfQpMMwUnlv1Lcsu3j1PGvUye+M93bs7iiao+TzrwNUrqBF4CTVZlCXtEBQIzCQbgKURzIQ==",
            "content_md5": "9933fcc628f33a5817a27050994cc50c",
            "content_sha1": "a570adaf619878f0ee77adaaf83e52a5a9d4f018",
            "content_sha256": "e36c9c7e99d2c6b6d1b5a65213a624ac49665d2e7391cb922811a3048e376090",
            "content_sha512": "8a9a3f74ef19d24215b2c40c7d0a4c33052796fd4b72cbb78f53c6bd4c9ef8cf776ecee289aa3e4f3af0354aea045e024d5665097b440502330906e029447321",
            "directory_permission": "0777",
            "file_permission": "0644",
            "filename": "./../../../docker-compose.override.yml",
            "id": "a570adaf619878f0ee77adaaf83e52a5a9d4f018",
            "sensitive_content": null,
            "source": null
          },
          "sensitive_attributes": [
            [
              {
                "type": "get_attr",
                "value": "sensitive_content"
              }
            ]
          ],
          "identity_schema_version": 0
        }
      ]
    },
    {
      "module": "module.primary",
      "mode": "managed",
      "type": "docker_container",
      "name": "activity_feed",
      "provider": "provider[\"registry.terraform.io/kreuzwerker/docker\"].primary",
      "instances": [
        {
          "schema_version": 2,
          "attributes": {
            "attach": false,
            "bridge": "",
            "capabilities": [],
            "cgroupns_mode": null,
            "command": [
              "python",
              "main.py"
            ],
            "container_logs": null,
            "container_read_refresh_timeout_milliseconds": 15000,
            "cpu_set": "",
            "cpu_shares": 0,
            "destroy_grace_seconds": null,
            "devices": [],
            "dns": [],
            "dns_opts": [],
            "dns_search": [],
            "domainname": "",
            "entrypoint": [],
            "env": [
              "KAFKA_BROKER=code-server-redpanda:9092",
              "LOG_LEVEL=INFO"
            ],
            "exit_code": null,
            "gpus": null,
            "group_add": [],
            "healthcheck": [
              {
                "interval": "30s",
                "retries": 3,
                "start_period": "15s",
                "test": [
                  "CMD",
                  "curl",
                  "-f",
                  "http://localhost:8000/health"
                ],
                "timeout": "10s"
              }
            ],
            "host": [],
            "hostname": "62496165215e",
            "id": "62496165215e00c6bdfb484ab1f2244bc8d079e15a4966470e8600647d38d797",
            "image": "sha256:fd057aaae40910698e1615c27389c6ba455dcbde4c733927902db54319853d97",
            "init": false,
            "ipc_mode": "private",
            "labels": [],
            "log_driver": "json-file",
            "log_opts": {
              "max-file": "3",
              "max-size": "10m"
            },
            "logs": false,
            "max_retry_count": 0,
            "memory": 0,
            "memory_swap": 0,
            "mounts": [],
            "must_run": true,
            "name": "code-server-activity-feed",
            "network_data": [
              {
                "gateway": "172.20.0.1",
                "global_ipv6_address": "",
                "global_ipv6_prefix_length": 0,
                "ip_address": "172.20.0.16",
                "ip_prefix_length": 16,
                "ipv6_gateway": "",
                "mac_address": "e6:3d:f5:8b:75:dc",
                "network_name": "services"
              }
            ],
            "network_mode": "bridge",
            "networks_advanced": [
              {
                "aliases": [],
                "ipv4_address": "",
                "ipv6_address": "",
                "name": "cdadd85494b8b26a544e702a687bb3628950c5abade7f8fcdf399e094a541545"
              }
            ],
            "pid_mode": "",
            "ports": [
              {
                "external": 8004,
                "internal": 8004,
                "ip": "0.0.0.0",
                "protocol": "tcp"
              }
            ],
            "privileged": false,
            "publish_all_ports": false,
            "read_only": false,
            "remove_volumes": true,
            "restart": "unless-stopped",
            "rm": false,
            "runtime": "runc",
            "security_opts": [],
            "shm_size": 64,
            "start": true,
            "stdin_open": false,
            "stop_signal": "",
            "stop_timeout": 0,
            "storage_opts": {},
            "sysctls": {},
            "tmpfs": {},
            "tty": false,
            "ulimit": [],
            "upload": [],
            "user": "1001:1001",
            "userns_mode": "",
            "volumes": [],
            "wait": false,
            "wait_timeout": 60,
            "working_dir": "/app"
          },
          "sensitive_attributes": [],
          "identity_schema_version": 0,
          "private": "eyJzY2hlbWFfdmVyc2lvbiI6IjIifQ==",
          "dependencies": [
            "module.primary.docker_container.redpanda",
            "module.primary.docker_container.redpanda_init",
            "module.primary.docker_image.alpine",
            "module.primary.docker_image.redpanda",
            "module.primary.docker_network.services",
            "module.primary.docker_volume.redpanda_data"
          ]
        }
      ]
    },
    {
      "module": "module.primary",
      "mode": "managed",
      "type": "docker_container",
      "name": "agent_code_reviewer",
      "provider": "provider[\"registry.terraform.io/kreuzwerker/docker\"].primary",
      "instances": [
        {
          "schema_version": 2,
          "attributes": {
            "attach": false,
            "bridge": "",
            "capabilities": [],
            "cgroupns_mode": null,
            "command": [
              "python",
              "-m",
              "uvicorn",
              "main:app",
              "--host",
              "0.0.0.0",
              "--port",
              "8020"
            ],
            "container_logs": null,
            "container_read_refresh_timeout_milliseconds": 15000,
            "cpu_set": "",
            "cpu_shares": 0,
            "destroy_grace_seconds": null,
            "devices": [],
            "dns": [],
            "dns_opts": [],
            "dns_search": [],
            "domainname": "",
            "entrypoint": [],
            "env": [
              "AGENT_TYPE=code-reviewer",
              "LOG_LEVEL=INFO",
              "OIDC_ISSUER=https://auth.kushnir.cloud",
              "PAPERCLIP_URL=http://code-server-paperclip:8007",
              "REPUTATION_URL=http://code-server-reputation-engine:8002",
              "SCHEDULER_URL=http://code-server-execution-scheduler:8001"
            ],
            "exit_code": null,
            "gpus": null,
            "group_add": [],
            "healthcheck": [
              {
                "interval": "30s",
                "retries": 3,
                "start_period": "15s",
                "test": [
                  "CMD",
                  "curl",
                  "-f",
                  "http://localhost:8020/health"
                ],
                "timeout": "10s"
              }
            ],
            "host": [],
            "hostname": "98c6d5c34a0c",
            "id": "98c6d5c34a0c615c0b8e6ab05dce2034a0020e459f0e38f2e77eaab1f6141941",
            "image": "sha256:8ac57fdec24f65818a4688b782f9e05601169a057daa29aa556c7c02cd17d163",
            "init": false,
            "ipc_mode": "private",
            "labels": [],
            "log_driver": "json-file",
            "log_opts": {
              "max-file": "3",
              "max-size": "10m"
            },
            "logs": false,
            "max_retry_count": 0,
            "memory": 0,
            "memory_swap": 0,
            "mounts": [
              {
                "bind_options": [],
                "read_only": false,
                "source": "/home/akushnir/code-server-enterprise/apps/agent-runtime",
                "target": "/app",
                "tmpfs_options": [],
                "type": "bind",
                "volume_options": []
              }
            ],
            "must_run": true,
            "name": "code-server-agent-code-reviewer",
            "network_data": [
              {
                "gateway": "172.20.0.1",
                "global_ipv6_address": "",
                "global_ipv6_prefix_length": 0,
                "ip_address": "172.20.0.24",
                "ip_prefix_length": 16,
                "ipv6_gateway": "",
                "mac_address": "6e:b3:3c:9b:4e:b3",
                "network_name": "services"
              }
            ],
            "network_mode": "bridge",
            "networks_advanced": [
              {
                "aliases": [],
                "ipv4_address": "",
                "ipv6_address": "",
                "name": "cdadd85494b8b26a544e702a687bb3628950c5abade7f8fcdf399e094a541545"
              }
            ],
            "pid_mode": "",
            "ports": [
              {
                "external": 9001,
                "internal": 9000,
                "ip": "0.0.0.0",
                "protocol": "tcp"
              }
            ],
            "privileged": false,
            "publish_all_ports": false,
            "read_only": false,
            "remove_volumes": true,
            "restart": "unless-stopped",
            "rm": false,
            "runtime": "runc",
            "security_opts": [],
            "shm_size": 64,
            "start": true,
            "stdin_open": false,
            "stop_signal": "",
            "stop_timeout": 0,
            "storage_opts": {},
            "sysctls": {},
            "tmpfs": {},
            "tty": false,
            "ulimit": [],
            "upload": [],
            "user": "1004:1004",
            "userns_mode": "",
            "volumes": [],
            "wait": false,
            "wait_timeout": 60,
            "working_dir": "/app"
          },
          "sensitive_attributes": [],
          "identity_schema_version": 0,
          "private": "eyJzY2hlbWFfdmVyc2lvbiI6IjIifQ==",
          "dependencies": [
            "module.primary.docker_container.agent_runtime",
            "module.primary.docker_container.execution_scheduler",
            "module.primary.docker_container.opa",
            "module.primary.docker_container.paperclip",
            "module.primary.docker_container.postgres",
            "module.primary.docker_container.postgres_init",
            "module.primary.docker_container.redpanda",
            "module.primary.docker_container.redpanda_init",
            "module.primary.docker_container.reputation_engine",
            "module.primary.docker_image.alpine",
            "module.primary.docker_image.opa",
            "module.primary.docker_image.postgres",
            "module.primary.docker_image.redpanda",
            "module.primary.docker_network.database",
            "module.primary.docker_network.services",
            "module.primary.docker_volume.postgres_data",
            "module.primary.docker_volume.redpanda_data"
          ]
        }
      ]
    },
    {
      "module": "module.primary",
      "mode": "managed",
      "type": "docker_container",
      "name": "agent_doc_writer",
      "provider": "provider[\"registry.terraform.io/kreuzwerker/docker\"].primary",
      "instances": [
        {
          "schema_version": 2,
          "attributes": {
            "attach": false,
            "bridge": "",
            "capabilities": [],
            "cgroupns_mode": null,
            "command": [
              "python",
              "-m",
              "uvicorn",
              "main:app",
              "--host",
              "0.0.0.0",
              "--port",
              "8020"
            ],
            "container_logs": null,
            "container_read_refresh_timeout_milliseconds": 15000,
            "cpu_set": "",
            "cpu_shares": 0,
            "destroy_grace_seconds": null,
            "devices": [],
            "dns": [],
            "dns_opts": [],
            "dns_search": [],
            "domainname": "",
            "entrypoint": [],
            "env": [
              "AGENT_TYPE=doc-writer",
              "LOG_LEVEL=INFO",
              "OIDC_ISSUER=https://auth.kushnir.cloud",
              "PAPERCLIP_URL=http://code-server-paperclip:8007",
              "REPUTATION_URL=http://code-server-reputation-engine:8002",
              "SCHEDULER_URL=http://code-server-execution-scheduler:8001"
            ],
            "exit_code": null,
            "gpus": null,
            "group_add": [],
            "healthcheck": [
              {
                "interval": "30s",
                "retries": 3,
                "start_period": "15s",
                "test": [
                  "CMD",
                  "curl",
                  "-f",
                  "http://localhost:8020/health"
                ],
                "timeout": "10s"
              }
            ],
            "host": [],
            "hostname": "64eb77c84a0c",
            "id": "64eb77c84a0c0989001788a6fd99511323d97569d80c16de23c19153f3b90ae9",
            "image": "sha256:8ac57fdec24f65818a4688b782f9e05601169a057daa29aa556c7c02cd17d163",
            "init": false,
            "ipc_mode": "private",
            "labels": [],
            "log_driver": "json-file",
            "log_opts": {
              "max-file": "3",
              "max-size": "10m"
            },
            "logs": false,
            "max_retry_count": 0,
            "memory": 0,
            "memory_swap": 0,
            "mounts": [
              {
                "bind_options": [],
                "read_only": false,
                "source": "/home/akushnir/code-server-enterprise/apps/agent-runtime",
                "target": "/app",
                "tmpfs_options": [],
                "type": "bind",
                "volume_options": []
              }
            ],
            "must_run": true,
            "name": "code-server-agent-doc-writer",
            "network_data": [
              {
                "gateway": "172.20.0.1",
                "global_ipv6_address": "",
                "global_ipv6_prefix_length": 0,
                "ip_address": "172.20.0.18",
                "ip_prefix_length": 16,
                "ipv6_gateway": "",
                "mac_address": "86:42:c5:53:05:d6",
                "network_name": "services"
              }
            ],
            "network_mode": "bridge",
            "networks_advanced": [
              {
                "aliases": [],
                "ipv4_address": "",
                "ipv6_address": "",
                "name": "cdadd85494b8b26a544e702a687bb3628950c5abade7f8fcdf399e094a541545"
              }
            ],
            "pid_mode": "",
            "ports": [
              {
                "external": 9003,
                "internal": 9000,
                "ip": "0.0.0.0",
                "protocol": "tcp"
              }
            ],
            "privileged": false,
            "publish_all_ports": false,
            "read_only": false,
            "remove_volumes": true,
            "restart": "unless-stopped",
            "rm": false,
            "runtime": "runc",
            "security_opts": [],
            "shm_size": 64,
            "start": true,
            "stdin_open": false,
            "stop_signal": "",
            "stop_timeout": 0,
            "storage_opts": {},
            "sysctls": {},
            "tmpfs": {},
            "tty": false,
            "ulimit": [],
            "upload": [],
            "user": "1004:1004",
            "userns_mode": "",
            "volumes": [],
            "wait": false,
            "wait_timeout": 60,
            "working_dir": "/app"
          },
          "sensitive_attributes": [],
          "identity_schema_version": 0,
          "private": "eyJzY2hlbWFfdmVyc2lvbiI6IjIifQ==",
          "dependencies": [
            "module.primary.docker_container.agent_runtime",
            "module.primary.docker_container.execution_scheduler",
            "module.primary.docker_container.opa",
            "module.primary.docker_container.paperclip",
            "module.primary.docker_container.postgres",
            "module.primary.docker_container.postgres_init",
            "module.primary.docker_container.redpanda",
            "module.primary.docker_container.redpanda_init",
            "module.primary.docker_container.reputation_engine",
            "module.primary.docker_image.alpine",
            "module.primary.docker_image.opa",
            "module.primary.docker_image.postgres",
            "module.primary.docker_image.redpanda",
            "module.primary.docker_network.database",
            "module.primary.docker_network.services",
            "module.primary.docker_volume.postgres_data",
            "module.primary.docker_volume.redpanda_data"
          ]
        }
      ]
    },
    {
      "module": "module.primary",
      "mode": "managed",
      "type": "docker_container",
      "name": "agent_incident_responder",
      "provider": "provider[\"registry.terraform.io/kreuzwerker/docker\"].primary",
      "instances": [
        {
          "schema_version": 2,
          "attributes": {
            "attach": false,
            "bridge": "",
            "capabilities": [],
            "cgroupns_mode": null,
            "command": [
              "python",
              "-m",
              "uvicorn",
              "main:app",
              "--host",
              "0.0.0.0",
              "--port",
              "8020"
            ],
            "container_logs": null,
            "container_read_refresh_timeout_milliseconds": 15000,
            "cpu_set": "",
            "cpu_shares": 0,
            "destroy_grace_seconds": null,
            "devices": [],
            "dns": [],
            "dns_opts": [],
            "dns_search": [],
            "domainname": "",
            "entrypoint": [],
            "env": [
              "AGENT_TYPE=incident-responder",
              "LOG_LEVEL=INFO",
              "OIDC_ISSUER=https://auth.kushnir.cloud",
              "PAPERCLIP_URL=http://code-server-paperclip:8007",
              "REPUTATION_URL=http://code-server-reputation-engine:8002",
              "SCHEDULER_URL=http://code-server-execution-scheduler:8001"
            ],
            "exit_code": null,
            "gpus": null,
            "group_add": [],
            "healthcheck": [
              {
                "interval": "30s",
                "retries": 3,
                "start_period": "15s",
                "test": [
                  "CMD",
                  "curl",
                  "-f",
                  "http://localhost:8020/health"
                ],
                "timeout": "10s"
              }
            ],
            "host": [],
            "hostname": "517ff9114ca7",
            "id": "517ff9114ca787c23977059e408614f238aab66a69fbf7626eccd262efe44d03",
            "image": "sha256:8ac57fdec24f65818a4688b782f9e05601169a057daa29aa556c7c02cd17d163",
            "init": false,
            "ipc_mode": "private",
            "labels": [],
            "log_driver": "json-file",
            "log_opts": {
              "max-file": "3",
              "max-size": "10m"
            },
            "logs": false,
            "max_retry_count": 0,
            "memory": 0,
            "memory_swap": 0,
            "mounts": [
              {
                "bind_options": [],
                "read_only": false,
                "source": "/home/akushnir/code-server-enterprise/apps/agent-runtime",
                "target": "/app",
                "tmpfs_options": [],
                "type": "bind",
                "volume_options": []
              }
            ],
            "must_run": true,
            "name": "code-server-agent-incident-responder",
            "network_data": [
              {
                "gateway": "172.20.0.1",
                "global_ipv6_address": "",
                "global_ipv6_prefix_length": 0,
                "ip_address": "172.20.0.27",
                "ip_prefix_length": 16,
                "ipv6_gateway": "",
                "mac_address": "1a:9a:20:af:0d:87",
                "network_name": "services"
              }
            ],
            "network_mode": "bridge",
            "networks_advanced": [
              {
                "aliases": [],
                "ipv4_address": "",
                "ipv6_address": "",
                "name": "cdadd85494b8b26a544e702a687bb3628950c5abade7f8fcdf399e094a541545"
              }
            ],
            "pid_mode": "",
            "ports": [
              {
                "external": 9002,
                "internal": 9000,
                "ip": "0.0.0.0",
                "protocol": "tcp"
              }
            ],
            "privileged": false,
            "publish_all_ports": false,
            "read_only": false,
            "remove_volumes": true,
            "restart": "unless-stopped",
            "rm": false,
            "runtime": "runc",
            "security_opts": [],
            "shm_size": 64,
            "start": true,
            "stdin_open": false,
            "stop_signal": "",
            "stop_timeout": 0,
            "storage_opts": {},
            "sysctls": {},
            "tmpfs": {},
            "tty": false,
            "ulimit": [],
            "upload": [],
            "user": "1004:1004",
            "userns_mode": "",
            "volumes": [],
            "wait": false,
            "wait_timeout": 60,
            "working_dir": "/app"
          },
          "sensitive_attributes": [],
          "identity_schema_version": 0,
          "private": "eyJzY2hlbWFfdmVyc2lvbiI6IjIifQ==",
          "dependencies": [
            "module.primary.docker_container.agent_runtime",
            "module.primary.docker_container.execution_scheduler",
            "module.primary.docker_container.opa",
            "module.primary.docker_container.paperclip",
            "module.primary.docker_container.postgres",
            "module.primary.docker_container.postgres_init",
            "module.primary.docker_container.redpanda",
            "module.primary.docker_container.redpanda_init",
            "module.primary.docker_container.reputation_engine",
            "module.primary.docker_image.alpine",
            "module.primary.docker_image.opa",
            "module.primary.docker_image.postgres",
            "module.primary.docker_image.redpanda",
            "module.primary.docker_network.database",
            "module.primary.docker_network.services",
            "module.primary.docker_volume.postgres_data",
            "module.primary.docker_volume.redpanda_data"
          ]
        }
      ]
    },
    {
      "module": "module.primary",
      "mode": "managed",
      "type": "docker_container",
      "name": "agent_runtime",
      "provider": "provider[\"registry.terraform.io/kreuzwerker/docker\"].primary",
      "instances": [
        {
          "schema_version": 2,
          "attributes": {
            "attach": false,
            "bridge": "",
            "capabilities": [],
            "cgroupns_mode": null,
            "command": [
              "python",
              "-m",
              "uvicorn",
              "main:app",
              "--host",
              "0.0.0.0",
              "--port",
              "8020"
            ],
            "container_logs": null,
            "container_read_refresh_timeout_milliseconds": 15000,
            "cpu_set": "",
            "cpu_shares": 0,
            "destroy_grace_seconds": null,
            "devices": [],
            "dns": [],
            "dns_opts": [],
            "dns_search": [],
            "domainname": "",
            "entrypoint": [],
            "env": [
              "AGENT_RUNTIME_HOST=0.0.0.0",
              "AGENT_RUNTIME_PORT=9005",
              "LOG_LEVEL=INFO",
              "OPA_URL=http://code-server-opa:8181",
              "REPUTATION_ENGINE_URL=http://code-server-reputation-engine:8002"
            ],
            "exit_code": null,
            "gpus": null,
            "group_add": [],
            "healthcheck": [
              {
                "interval": "30s",
                "retries": 3,
                "start_period": "10s",
                "test": [
                  "CMD",
                  "curl",
                  "-f",
                  "http://localhost:8020/health"
                ],
                "timeout": "5s"
              }
            ],
            "host": [],
            "hostname": "fab6422efa9b",
            "id": "fab6422efa9b2f5e78b6775b9c4d04f73926d354b7c07fea0d4d1765dc8d1a7e",
            "image": "sha256:8ac57fdec24f65818a4688b782f9e05601169a057daa29aa556c7c02cd17d163",
            "init": false,
            "ipc_mode": "private",
            "labels": [
              {
                "label": "io.elevatediq.component",
                "value": "agent-runtime"
              },
              {
                "label": "io.elevatediq.tier",
                "value": "ai"
              }
            ],
            "log_driver": "json-file",
            "log_opts": {
              "max-file": "3",
              "max-size": "10m"
            },
            "logs": false,
            "max_retry_count": 0,
            "memory": 0,
            "memory_swap": 0,
            "mounts": [
              {
                "bind_options": [],
                "read_only": false,
                "source": "/home/akushnir/code-server-enterprise/apps/agent-runtime",
                "target": "/app",
                "tmpfs_options": [],
                "type": "bind",
                "volume_options": []
              }
            ],
            "must_run": true,
            "name": "code-server-agent-runtime",
            "network_data": [
              {
                "gateway": "172.20.0.1",
                "global_ipv6_address": "",
                "global_ipv6_prefix_length": 0,
                "ip_address": "172.20.0.23",
                "ip_prefix_length": 16,
                "ipv6_gateway": "",
                "mac_address": "42:30:bc:a3:1c:a7",
                "network_name": "services"
              }
            ],
            "network_mode": "bridge",
            "networks_advanced": [
              {
                "aliases": [],
                "ipv4_address": "",
                "ipv6_address": "",
                "name": "cdadd85494b8b26a544e702a687bb3628950c5abade7f8fcdf399e094a541545"
              }
            ],
            "pid_mode": "",
            "ports": [
              {
                "external": 9005,
                "internal": 9005,
                "ip": "0.0.0.0",
                "protocol": "tcp"
              }
            ],
            "privileged": false,
            "publish_all_ports": false,
            "read_only": false,
            "remove_volumes": true,
            "restart": "unless-stopped",
            "rm": false,
            "runtime": "runc",
            "security_opts": [],
            "shm_size": 64,
            "start": true,
            "stdin_open": false,
            "stop_signal": "",
            "stop_timeout": 0,
            "storage_opts": {},
            "sysctls": {},
            "tmpfs": {},
            "tty": false,
            "ulimit": [],
            "upload": [],
            "user": "1003:1003",
            "userns_mode": "",
            "volumes": [],
            "wait": false,
            "wait_timeout": 60,
            "working_dir": "/app"
          },
          "sensitive_attributes": [],
          "identity_schema_version": 0,
          "private": "eyJzY2hlbWFfdmVyc2lvbiI6IjIifQ==",
          "dependencies": [
            "module.primary.docker_container.opa",
            "module.primary.docker_container.postgres",
            "module.primary.docker_container.postgres_init",
            "module.primary.docker_container.redpanda",
            "module.primary.docker_container.redpanda_init",
            "module.primary.docker_container.reputation_engine",
            "module.primary.docker_image.alpine",
            "module.primary.docker_image.opa",
            "module.primary.docker_image.postgres",
            "module.primary.docker_image.redpanda",
            "module.primary.docker_network.database",
            "module.primary.docker_network.services",
            "module.primary.docker_volume.postgres_data",
            "module.primary.docker_volume.redpanda_data"
          ]
        }
      ]
    },
    {
      "module": "module.primary",
      "mode": "managed",
      "type": "docker_container",
      "name": "agent_test_generator",
      "provider": "provider[\"registry.terraform.io/kreuzwerker/docker\"].primary",
      "instances": [
        {
          "schema_version": 2,
          "attributes": {
            "attach": false,
            "bridge": "",
            "capabilities": [],
            "cgroupns_mode": null,
            "command": [
              "python",
              "-m",
              "uvicorn",
              "main:app",
              "--host",
              "0.0.0.0",
              "--port",
              "8020"
            ],
            "container_logs": null,
            "container_read_refresh_timeout_milliseconds": 15000,
            "cpu_set": "",
            "cpu_shares": 0,
            "destroy_grace_seconds": null,
            "devices": [],
            "dns": [],
            "dns_opts": [],
            "dns_search": [],
            "domainname": "",
            "entrypoint": [],
            "env": [
              "AGENT_TYPE=test-generator",
              "LOG_LEVEL=INFO",
              "OIDC_ISSUER=https://auth.kushnir.cloud",
              "PAPERCLIP_URL=http://code-server-paperclip:8007",
              "REPUTATION_URL=http://code-server-reputation-engine:8002",
              "SCHEDULER_URL=http://code-server-execution-scheduler:8001"
            ],
            "exit_code": null,
            "gpus": null,
            "group_add": [],
            "healthcheck": [
              {
                "interval": "30s",
                "retries": 3,
                "start_period": "15s",
                "test": [
                  "CMD",
                  "curl",
                  "-f",
                  "http://localhost:8020/health"
                ],
                "timeout": "10s"
              }
            ],
            "host": [],
            "hostname": "72f87c90cf6b",
            "id": "72f87c90cf6b9e45bc9b3436a85ab1b169c16462ea3f41a126f1bbc93e07a4ef",
            "image": "sha256:8ac57fdec24f65818a4688b782f9e05601169a057daa29aa556c7c02cd17d163",
            "init": false,
            "ipc_mode": "private",
            "labels": [],
            "log_driver": "json-file",
            "log_opts": {
              "max-file": "3",
              "max-size": "10m"
            },
            "logs": false,
            "max_retry_count": 0,
            "memory": 0,
            "memory_swap": 0,
            "mounts": [
              {
                "bind_options": [],
                "read_only": false,
                "source": "/home/akushnir/code-server-enterprise/apps/agent-runtime",
                "target": "/app",
                "tmpfs_options": [],
                "type": "bind",
                "volume_options": []
              }
            ],
            "must_run": true,
            "name": "code-server-agent-test-generator",
            "network_data": [
              {
                "gateway": "172.20.0.1",
                "global_ipv6_address": "",
                "global_ipv6_prefix_length": 0,
                "ip_address": "172.20.0.26",
                "ip_prefix_length": 16,
                "ipv6_gateway": "",
                "mac_address": "d6:44:11:02:00:c7",
                "network_name": "services"
              }
            ],
            "network_mode": "bridge",
            "networks_advanced": [
              {
                "aliases": [],
                "ipv4_address": "",
                "ipv6_address": "",
                "name": "cdadd85494b8b26a544e702a687bb3628950c5abade7f8fcdf399e094a541545"
              }
            ],
            "pid_mode": "",
            "ports": [
              {
                "external": 9004,
                "internal": 9000,
                "ip": "0.0.0.0",
                "protocol": "tcp"
              }
            ],
            "privileged": false,
            "publish_all_ports": false,
            "read_only": false,
            "remove_volumes": true,
            "restart": "unless-stopped",
            "rm": false,
            "runtime": "runc",
            "security_opts": [],
            "shm_size": 64,
            "start": true,
            "stdin_open": false,
            "stop_signal": "",
            "stop_timeout": 0,
            "storage_opts": {},
            "sysctls": {},
            "tmpfs": {},
            "tty": false,
            "ulimit": [],
            "upload": [],
            "user": "1004:1004",
            "userns_mode": "",
            "volumes": [],
            "wait": false,
            "wait_timeout": 60,
            "working_dir": "/app"
          },
          "sensitive_attributes": [],
          "identity_schema_version": 0,
          "private": "eyJzY2hlbWFfdmVyc2lvbiI6IjIifQ==",
          "dependencies": [
            "module.primary.docker_container.agent_runtime",
            "module.primary.docker_container.execution_scheduler",
            "module.primary.docker_container.opa",
            "module.primary.docker_container.paperclip",
            "module.primary.docker_container.postgres",
            "module.primary.docker_container.postgres_init",
            "module.primary.docker_container.redpanda",
            "module.primary.docker_container.redpanda_init",
            "module.primary.docker_container.reputation_engine",
            "module.primary.docker_image.alpine",
            "module.primary.docker_image.opa",
            "module.primary.docker_image.postgres",
            "module.primary.docker_image.redpanda",
            "module.primary.docker_network.database",
            "module.primary.docker_network.services",
            "module.primary.docker_volume.postgres_data",
            "module.primary.docker_volume.redpanda_data"
          ]
        }
      ]
    },
    {
      "module": "module.primary",
      "mode": "managed",
      "type": "docker_container",
      "name": "alertmanager",
      "provider": "provider[\"registry.terraform.io/kreuzwerker/docker\"].primary",
      "instances": [
        {
          "schema_version": 2,
          "attributes": {
            "attach": false,
            "bridge": "",
            "capabilities": [],
            "cgroupns_mode": null,
            "command": [
              "--config.file=/etc/alertmanager/alertmanager.yml",
              "--storage.path=/alertmanager",
              "--web.external-url=http://alertmanager:9093"
            ],
            "container_logs": null,
            "container_read_refresh_timeout_milliseconds": 15000,
            "cpu_set": "",
            "cpu_shares": 0,
            "destroy_grace_seconds": null,
            "devices": [],
            "dns": [],
            "dns_opts": [],
            "dns_search": [],
            "domainname": "",
            "entrypoint": [
              "/bin/alertmanager"
            ],
            "env": [],
            "exit_code": null,
            "gpus": null,
            "group_add": [],
            "healthcheck": [
              {
                "interval": "30s",
                "retries": 3,
                "start_period": "10s",
                "test": [
                  "CMD-SHELL",
                  "amtool --version \u003e/dev/null \u0026\u0026 echo OK || exit 1"
                ],
                "timeout": "5s"
              }
            ],
            "host": [],
            "hostname": "4a8943b1ce56",
            "id": "4a8943b1ce56d34d001635d8243f055b0cbb033c358c7a852c3919003f227f14",
            "image": "sha256:11f11916f8cdfb17c1da74b20deb2075d778357b4d60474d82453303f8d461f5",
            "init": false,
            "ipc_mode": "private",
            "labels": [],
            "log_driver": "json-file",
            "log_opts": {
              "max-file": "3",
              "max-size": "10m"
            },
            "logs": false,
            "max_retry_count": 0,
            "memory": 0,
            "memory_swap": 0,
            "mounts": [
              {
                "bind_options": [],
                "read_only": false,
                "source": "alertmanager_data",
                "target": "/alertmanager",
                "tmpfs_options": [],
                "type": "volume",
                "volume_options": []
              },
              {
                "bind_options": [],
                "read_only": true,
                "source": "/home/akushnir/code-server-enterprise/monitoring/alertmanager.yml",
                "target": "/etc/alertmanager/alertmanager.yml",
                "tmpfs_options": [],
                "type": "bind",
                "volume_options": []
              }
            ],
            "must_run": true,
            "name": "code-server-alertmanager",
            "network_data": [
              {
                "gateway": "172.20.0.1",
                "global_ipv6_address": "",
                "global_ipv6_prefix_length": 0,
                "ip_address": "172.20.0.13",
                "ip_prefix_length": 16,
                "ipv6_gateway": "",
                "mac_address": "06:4a:3e:6e:41:bf",
                "network_name": "services"
              }
            ],
            "network_mode": "bridge",
            "networks_advanced": [
              {
                "aliases": [],
                "ipv4_address": "",
                "ipv6_address": "",
                "name": "cdadd85494b8b26a544e702a687bb3628950c5abade7f8fcdf399e094a541545"
              }
            ],
            "pid_mode": "",
            "ports": [
              {
                "external": 9093,
                "internal": 9093,
                "ip": "0.0.0.0",
                "protocol": "tcp"
              }
            ],
            "privileged": false,
            "publish_all_ports": false,
            "read_only": false,
            "remove_volumes": true,
            "restart": "unless-stopped",
            "rm": false,
            "runtime": "runc",
            "security_opts": [],
            "shm_size": 64,
            "start": true,
            "stdin_open": false,
            "stop_signal": "",
            "stop_timeout": 0,
            "storage_opts": {},
            "sysctls": {},
            "tmpfs": {},
            "tty": false,
            "ulimit": [],
            "upload": [],
            "user": "65534:65534",
            "userns_mode": "",
            "volumes": [],
            "wait": false,
            "wait_timeout": 60,
            "working_dir": "/alertmanager"
          },
          "sensitive_attributes": [],
          "identity_schema_version": 0,
          "private": "eyJzY2hlbWFfdmVyc2lvbiI6IjIifQ==",
          "dependencies": [
            "module.primary.docker_container.alertmanager_init",
            "module.primary.docker_container.prometheus",
            "module.primary.docker_container.prometheus_init",
            "module.primary.docker_image.alertmanager",
            "module.primary.docker_image.alpine",
            "module.primary.docker_image.prometheus",
            "module.primary.docker_network.services",
            "module.primary.docker_volume.alertmanager_data",
            "module.primary.docker_volume.prometheus_data"
          ]
        }
      ]
    },
    {
      "module": "module.primary",
      "mode": "managed",
      "type": "docker_container",
      "name": "alertmanager_init",
      "provider": "provider[\"registry.terraform.io/kreuzwerker/docker\"].primary",
      "instances": [
        {
          "schema_version": 2,
          "attributes": {
            "attach": false,
            "bridge": "",
            "capabilities": [],
            "cgroupns_mode": null,
            "command": [
              "sh",
              "-lc",
              "mkdir -p /alertmanager; owner=$(stat -c '%u:%g' /alertmanager 2\u003e/dev/null || true); [ \"$owner\" = '65534:65534' ] || chown -R 65534:65534 /alertmanager"
            ],
            "container_logs": null,
            "container_read_refresh_timeout_milliseconds": 15000,
            "cpu_set": "",
            "cpu_shares": 0,
            "destroy_grace_seconds": null,
            "devices": [],
            "dns": [],
            "dns_opts": [],
            "dns_search": [],
            "domainname": "",
            "entrypoint": [],
            "env": [],
            "exit_code": 0,
            "gpus": null,
            "group_add": [],
            "healthcheck": [],
            "host": [],
            "hostname": "bfaf46c4acba",
            "id": "bfaf46c4acbae0fe807f6e0de74c165f6f60f3d8438cdc0181a34cb49a628897",
            "image": "sha256:bf8527eb54c3680e728d5b4b383a8ba730d72dae7236fbc8dff97ed6b224a731",
            "init": false,
            "ipc_mode": "private",
            "labels": [],
            "log_driver": "json-file",
            "log_opts": {},
            "logs": false,
            "max_retry_count": 0,
            "memory": 0,
            "memory_swap": 0,
            "mounts": [
              {
                "bind_options": [],
                "read_only": false,
                "source": "alertmanager_data",
                "target": "/alertmanager",
                "tmpfs_options": [],
                "type": "volume",
                "volume_options": []
              }
            ],
            "must_run": false,
            "name": "code-server-alertmanager-init",
            "network_data": [
              {
                "gateway": "",
                "global_ipv6_address": "",
                "global_ipv6_prefix_length": 0,
                "ip_address": "",
                "ip_prefix_length": 0,
                "ipv6_gateway": "",
                "mac_address": "",
                "network_name": "services"
              }
            ],
            "network_mode": "bridge",
            "networks_advanced": [
              {
                "aliases": [],
                "ipv4_address": "",
                "ipv6_address": "",
                "name": "cdadd85494b8b26a544e702a687bb3628950c5abade7f8fcdf399e094a541545"
              }
            ],
            "pid_mode": "",
            "ports": [],
            "privileged": false,
            "publish_all_ports": false,
            "read_only": false,
            "remove_volumes": true,
            "restart": "no",
            "rm": false,
            "runtime": "runc",
            "security_opts": [],
            "shm_size": 64,
            "start": true,
            "stdin_open": false,
            "stop_signal": "",
            "stop_timeout": 0,
            "storage_opts": {},
            "sysctls": {},
            "tmpfs": {},
            "tty": false,
            "ulimit": [],
            "upload": [],
            "user": "0:0",
            "userns_mode": "",
            "volumes": [],
            "wait": false,
            "wait_timeout": 60,
            "working_dir": "/"
          },
          "sensitive_attributes": [],
          "identity_schema_version": 0,
          "private": "eyJzY2hlbWFfdmVyc2lvbiI6IjIifQ==",
          "dependencies": [
            "module.primary.docker_image.alpine",
            "module.primary.docker_network.services",
            "module.primary.docker_volume.alertmanager_data"
          ]
        }
      ]
    },
    {
      "module": "module.primary",
      "mode": "managed",
      "type": "docker_container",
      "name": "caddy",
      "provider": "provider[\"registry.terraform.io/kreuzwerker/docker\"].primary",
      "instances": [
        {
          "schema_version": 2,
          "attributes": {
            "attach": false,
            "bridge": "",
            "capabilities": [],
            "cgroupns_mode": null,
            "command": [
              "caddy",
              "run",
              "--config",
              "/etc/caddy/Caddyfile",
              "--adapter",
              "caddyfile"
            ],
            "container_logs": null,
            "container_read_refresh_timeout_milliseconds": 15000,
            "cpu_set": "",
            "cpu_shares": 0,
            "destroy_grace_seconds": null,
            "devices": [],
            "dns": [],
            "dns_opts": [],
            "dns_search": [],
            "domainname": "",
            "entrypoint": [],
            "env": [
              "APEX_DOMAIN=kushnir.cloud",
              "LOG_LEVEL=info",
              "TLS_EMAIL=ops@kushnir.cloud"
            ],
            "exit_code": null,
            "gpus": null,
            "group_add": [],
            "healthcheck": [
              {
                "interval": "30s",
                "retries": 3,
                "start_period": "10s",
                "test": [
                  "CMD",
                  "caddy",
                  "version"
                ],
                "timeout": "5s"
              }
            ],
            "host": [],
            "hostname": "f0967f59af0f",
            "id": "f0967f59af0f44ea504376e761a24f1b623a636e53e019b4d35b4a6a3229e14f",
            "image": "sha256:7a7b2e234b158c1e01eab04f851fc4b1a33296dbaa68c57d11815ee38a3cafaf",
            "init": false,
            "ipc_mode": "private",
            "labels": [
              {
                "label": "io.elevatediq.component",
                "value": "gateway"
              },
              {
                "label": "io.elevatediq.tier",
                "value": "infrastructure"
              }
            ],
            "log_driver": "json-file",
            "log_opts": {
              "max-file": "5",
              "max-size": "20m"
            },
            "logs": false,
            "max_retry_count": 0,
            "memory": 0,
            "memory_swap": 0,
            "mounts": [
              {
                "bind_options": [],
                "read_only": false,
                "source": "caddy_config",
                "target": "/config",
                "tmpfs_options": [],
                "type": "volume",
                "volume_options": []
              },
              {
                "bind_options": [],
                "read_only": false,
                "source": "caddy_data",
                "target": "/data",
                "tmpfs_options": [],
                "type": "volume",
                "volume_options": []
              },
              {
                "bind_options": [],
                "read_only": true,
                "source": "/home/akushnir/code-server-enterprise/config/caddy",
                "target": "/etc/caddy",
                "tmpfs_options": [],
                "type": "bind",
                "volume_options": []
              }
            ],
            "must_run": true,
            "name": "code-server-caddy",
            "network_data": [
              {
                "gateway": "172.20.0.1",
                "global_ipv6_address": "",
                "global_ipv6_prefix_length": 0,
                "ip_address": "172.20.0.4",
                "ip_prefix_length": 16,
                "ipv6_gateway": "",
                "mac_address": "c6:b7:23:1d:6f:89",
                "network_name": "services"
              }
            ],
            "network_mode": "bridge",
            "networks_advanced": [
              {
                "aliases": [],
                "ipv4_address": "",
                "ipv6_address": "",
                "name": "cdadd85494b8b26a544e702a687bb3628950c5abade7f8fcdf399e094a541545"
              }
            ],
            "pid_mode": "",
            "ports": [
              {
                "external": 80,
                "internal": 80,
                "ip": "0.0.0.0",
                "protocol": "tcp"
              },
              {
                "external": 443,
                "internal": 443,
                "ip": "0.0.0.0",
                "protocol": "tcp"
              },
              {
                "external": 443,
                "internal": 443,
                "ip": "0.0.0.0",
                "protocol": "udp"
              }
            ],
            "privileged": false,
            "publish_all_ports": false,
            "read_only": false,
            "remove_volumes": true,
            "restart": "unless-stopped",
            "rm": false,
            "runtime": "runc",
            "security_opts": [],
            "shm_size": 64,
            "start": true,
            "stdin_open": false,
            "stop_signal": "",
            "stop_timeout": 0,
            "storage_opts": {},
            "sysctls": {},
            "tmpfs": {},
            "tty": false,
            "ulimit": [],
            "upload": [],
            "user": "101:101",
            "userns_mode": "",
            "volumes": [],
            "wait": false,
            "wait_timeout": 60,
            "working_dir": "/srv"
          },
          "sensitive_attributes": [],
          "identity_schema_version": 0,
          "private": "eyJzY2hlbWFfdmVyc2lvbiI6IjIifQ==",
          "dependencies": [
            "module.primary.docker_container.caddy_init",
            "module.primary.docker_image.alpine",
            "module.primary.docker_image.caddy",
            "module.primary.docker_network.services",
            "module.primary.docker_volume.caddy_config",
            "module.primary.docker_volume.caddy_data"
          ]
        }
      ]
    },
    {
      "module": "module.primary",
      "mode": "managed",
      "type": "docker_container",
      "name": "caddy_init",
      "provider": "provider[\"registry.terraform.io/kreuzwerker/docker\"].primary",
      "instances": [
        {
          "schema_version": 2,
          "attributes": {
            "attach": false,
            "bridge": "",
            "capabilities": [],
            "cgroupns_mode": null,
            "command": [
              "sh",
              "-lc",
              "mkdir -p /data /config; chown -R 101:101 /data /config"
            ],
            "container_logs": null,
            "container_read_refresh_timeout_milliseconds": 15000,
            "cpu_set": "",
            "cpu_shares": 0,
            "destroy_grace_seconds": null,
            "devices": [],
            "dns": [],
            "dns_opts": [],
            "dns_search": [],
            "domainname": "",
            "entrypoint": [],
            "env": [],
            "exit_code": 0,
            "gpus": null,
            "group_add": [],
            "healthcheck": [],
            "host": [],
            "hostname": "5cd16688cc3e",
            "id": "5cd16688cc3e294c4dfce11a9f633ff5771cb66efe2128e28ad04683d4086a4e",
            "image": "sha256:bf8527eb54c3680e728d5b4b383a8ba730d72dae7236fbc8dff97ed6b224a731",
            "init": false,
            "ipc_mode": "private",
            "labels": [],
            "log_driver": "json-file",
            "log_opts": {},
            "logs": false,
            "max_retry_count": 0,
            "memory": 0,
            "memory_swap": 0,
            "mounts": [
              {
                "bind_options": [],
                "read_only": false,
                "source": "caddy_config",
                "target": "/config",
                "tmpfs_options": [],
                "type": "volume",
                "volume_options": []
              },
              {
                "bind_options": [],
                "read_only": false,
                "source": "caddy_data",
                "target": "/data",
                "tmpfs_options": [],
                "type": "volume",
                "volume_options": []
              }
            ],
            "must_run": false,
            "name": "code-server-caddy-init",
            "network_data": [
              {
                "gateway": "",
                "global_ipv6_address": "",
                "global_ipv6_prefix_length": 0,
                "ip_address": "",
                "ip_prefix_length": 0,
                "ipv6_gateway": "",
                "mac_address": "",
                "network_name": "services"
              }
            ],
            "network_mode": "bridge",
            "networks_advanced": [
              {
                "aliases": [],
                "ipv4_address": "",
                "ipv6_address": "",
                "name": "cdadd85494b8b26a544e702a687bb3628950c5abade7f8fcdf399e094a541545"
              }
            ],
            "pid_mode": "",
            "ports": [],
            "privileged": false,
            "publish_all_ports": false,
            "read_only": false,
            "remove_volumes": true,
            "restart": "no",
            "rm": false,
            "runtime": "runc",
            "security_opts": [],
            "shm_size": 64,
            "start": true,
            "stdin_open": false,
            "stop_signal": "",
            "stop_timeout": 0,
            "storage_opts": {},
            "sysctls": {},
            "tmpfs": {},
            "tty": false,
            "ulimit": [],
            "upload": [],
            "user": "0:0",
            "userns_mode": "",
            "volumes": [],
            "wait": false,
            "wait_timeout": 60,
            "working_dir": "/"
          },
          "sensitive_attributes": [],
          "identity_schema_version": 0,
          "private": "eyJzY2hlbWFfdmVyc2lvbiI6IjIifQ==",
          "dependencies": [
            "module.primary.docker_image.alpine",
            "module.primary.docker_network.services",
            "module.primary.docker_volume.caddy_config",
            "module.primary.docker_volume.caddy_data"
          ]
        }
      ]
    },
    {
      "module": "module.primary",
      "mode": "managed",
      "type": "docker_container",
      "name": "edge_agent",
      "provider": "provider[\"registry.terraform.io/kreuzwerker/docker\"].primary",
      "instances": [
        {
          "schema_version": 2,
          "attributes": {
            "attach": false,
            "bridge": "",
            "capabilities": [],
            "cgroupns_mode": null,
            "command": [
              "uvicorn",
              "main:app",
              "--host",
              "0.0.0.0",
              "--port",
              "8060"
            ],
            "container_logs": null,
            "container_read_refresh_timeout_milliseconds": 15000,
            "cpu_set": "",
            "cpu_shares": 0,
            "destroy_grace_seconds": null,
            "devices": [],
            "dns": [],
            "dns_opts": [],
            "dns_search": [],
            "domainname": "",
            "entrypoint": [],
            "env": [
              "AGENT_ID=edge-agent-primary",
              "KAFKA_BOOTSTRAP_SERVERS=code-server-redpanda:9092",
              "LOG_LEVEL=INFO",
              "REDIS_URL=redis://code-server-redis:6379/1",
              "REPLICATION_TOPIC=edge.replication.events"
            ],
            "exit_code": null,
            "gpus": null,
            "group_add": [],
            "healthcheck": [
              {
                "interval": "30s",
                "retries": 3,
                "start_period": "15s",
                "test": [
                  "CMD",
                  "curl",
                  "-f",
                  "http://localhost:8060/health"
                ],
                "timeout": "5s"
              }
            ],
            "host": [],
            "hostname": "1109d0e40ece",
            "id": "1109d0e40ece4799dc69b942e21ddf91cabb957eb9731d66bc6ed4999fbc4590",
            "image": "sha256:d8e192c47bde9e88d995a2d466728e093b2a754830f2fe117f6c11d7d118d61c",
            "init": false,
            "ipc_mode": "private",
            "labels": [],
            "log_driver": "json-file",
            "log_opts": {
              "max-file": "3",
              "max-size": "10m"
            },
            "logs": false,
            "max_retry_count": 0,
            "memory": 0,
            "memory_swap": 0,
            "mounts": [],
            "must_run": true,
            "name": "code-server-edge-agent",
            "network_data": [
              {
                "gateway": "172.20.0.1",
                "global_ipv6_address": "",
                "global_ipv6_prefix_length": 0,
                "ip_address": "172.20.0.20",
                "ip_prefix_length": 16,
                "ipv6_gateway": "",
                "mac_address": "3a:d6:20:42:2e:26",
                "network_name": "services"
              }
            ],
            "network_mode": "bridge",
            "networks_advanced": [
              {
                "aliases": [],
                "ipv4_address": "",
                "ipv6_address": "",
                "name": "cdadd85494b8b26a544e702a687bb3628950c5abade7f8fcdf399e094a541545"
              }
            ],
            "pid_mode": "",
            "ports": [
              {
                "external": 8002,
                "internal": 8002,
                "ip": "0.0.0.0",
                "protocol": "tcp"
              }
            ],
            "privileged": false,
            "publish_all_ports": false,
            "read_only": false,
            "remove_volumes": true,
            "restart": "unless-stopped",
            "rm": false,
            "runtime": "runc",
            "security_opts": [],
            "shm_size": 64,
            "start": true,
            "stdin_open": false,
            "stop_signal": "",
            "stop_timeout": 0,
            "storage_opts": {},
            "sysctls": {},
            "tmpfs": {},
            "tty": false,
            "ulimit": [],
            "upload": [],
            "user": "",
            "userns_mode": "",
            "volumes": [],
            "wait": false,
            "wait_timeout": 60,
            "working_dir": "/app"
          },
          "sensitive_attributes": [],
          "identity_schema_version": 0,
          "private": "eyJzY2hlbWFfdmVyc2lvbiI6IjIifQ==",
          "dependencies": [
            "module.primary.docker_container.redis",
            "module.primary.docker_container.redis_init",
            "module.primary.docker_container.redpanda",
            "module.primary.docker_container.redpanda_init",
            "module.primary.docker_image.alpine",
            "module.primary.docker_image.redis",
            "module.primary.docker_image.redpanda",
            "module.primary.docker_network.services",
            "module.primary.docker_volume.redis_data",
            "module.primary.docker_volume.redpanda_data"
          ]
        }
      ]
    },
    {
      "module": "module.primary",
      "mode": "managed",
      "type": "docker_container",
      "name": "env_provisioner",
      "provider": "provider[\"registry.terraform.io/kreuzwerker/docker\"].primary",
      "instances": [
        {
          "schema_version": 2,
          "attributes": {
            "attach": false,
            "bridge": "",
            "capabilities": [],
            "cgroupns_mode": null,
            "command": [
              "uvicorn",
              "main:app",
              "--host",
              "0.0.0.0",
              "--port",
              "8050"
            ],
            "container_logs": null,
            "container_read_refresh_timeout_milliseconds": 15000,
            "cpu_set": "",
            "cpu_shares": 0,
            "destroy_grace_seconds": null,
            "devices": [],
            "dns": [],
            "dns_opts": [],
            "dns_search": [],
            "domainname": "",
            "entrypoint": [],
            "env": [
              "LOG_LEVEL=INFO",
              "REPO_ROOT=/app"
            ],
            "exit_code": null,
            "gpus": null,
            "group_add": [],
            "healthcheck": [
              {
                "interval": "30s",
                "retries": 3,
                "start_period": "15s",
                "test": [
                  "CMD",
                  "curl",
                  "-f",
                  "http://localhost:8050/health"
                ],
                "timeout": "10s"
              }
            ],
            "host": [],
            "hostname": "3e4b36f1ec34",
            "id": "3e4b36f1ec3482c1c4ef1a839ce152b2a52455914e80676cf685fad3a6dd836c",
            "image": "sha256:88b86e7aebfe9be0b4a045d06943364adf3ea7e18b0138195054ce04f4d273db",
            "init": false,
            "ipc_mode": "private",
            "labels": [],
            "log_driver": "json-file",
            "log_opts": {
              "max-file": "3",
              "max-size": "10m"
            },
            "logs": false,
            "max_retry_count": 0,
            "memory": 0,
            "memory_swap": 0,
            "mounts": [
              {
                "bind_options": [],
                "read_only": false,
                "source": "/home/akushnir/code-server-enterprise/apps/env-provisioner",
                "target": "/app",
                "tmpfs_options": [],
                "type": "bind",
                "volume_options": []
              },
              {
                "bind_options": [],
                "read_only": false,
                "source": "/home/akushnir/code-server-enterprise/artifacts",
                "target": "/app/artifacts",
                "tmpfs_options": [],
                "type": "bind",
                "volume_options": []
              },
              {
                "bind_options": [],
                "read_only": true,
                "source": "/home/akushnir/code-server-enterprise/config",
                "target": "/app/config",
                "tmpfs_options": [],
                "type": "bind",
                "volume_options": []
              },
              {
                "bind_options": [],
                "read_only": true,
                "source": "/home/akushnir/code-server-enterprise/docker-compose.yml",
                "target": "/app/docker-compose.yml",
                "tmpfs_options": [],
                "type": "bind",
                "volume_options": []
              }
            ],
            "must_run": true,
            "name": "code-server-env-provisioner",
            "network_data": [
              {
                "gateway": "172.22.0.1",
                "global_ipv6_address": "",
                "global_ipv6_prefix_length": 0,
                "ip_address": "172.22.0.2",
                "ip_prefix_length": 16,
                "ipv6_gateway": "",
                "mac_address": "ba:ab:f2:0e:22:e3",
                "network_name": "ingress"
              }
            ],
            "network_mode": "bridge",
            "networks_advanced": [
              {
                "aliases": [],
                "ipv4_address": "",
                "ipv6_address": "",
                "name": "9812ce952a41eaa6e48c0d2ea3fd42d6a2f3abcf32914b94c391a6ee71d9b49b"
              }
            ],
            "pid_mode": "",
            "ports": [
              {
                "external": 8000,
                "internal": 8000,
                "ip": "0.0.0.0",
                "protocol": "tcp"
              }
            ],
            "privileged": false,
            "publish_all_ports": false,
            "read_only": false,
            "remove_volumes": true,
            "restart": "unless-stopped",
            "rm": false,
            "runtime": "runc",
            "security_opts": [],
            "shm_size": 64,
            "start": true,
            "stdin_open": false,
            "stop_signal": "",
            "stop_timeout": 0,
            "storage_opts": {},
            "sysctls": {},
            "tmpfs": {},
            "tty": false,
            "ulimit": [],
            "upload": [],
            "user": "1002:1002",
            "userns_mode": "",
            "volumes": [],
            "wait": false,
            "wait_timeout": 60,
            "working_dir": "/app"
          },
          "sensitive_attributes": [],
          "identity_schema_version": 0,
          "private": "eyJzY2hlbWFfdmVyc2lvbiI6IjIifQ==",
          "dependencies": [
            "module.primary.docker_network.ingress"
          ]
        }
      ]
    },
    {
      "module": "module.primary",
      "mode": "managed",
      "type": "docker_container",
      "name": "execution_scheduler",
      "provider": "provider[\"registry.terraform.io/kreuzwerker/docker\"].primary",
      "instances": [
        {
          "schema_version": 2,
          "attributes": {
            "attach": false,
            "bridge": "",
            "capabilities": [],
            "cgroupns_mode": null,
            "command": [
              "uvicorn",
              "main:app",
              "--host",
              "0.0.0.0",
              "--port",
              "8080"
            ],
            "container_logs": null,
            "container_read_refresh_timeout_milliseconds": 15000,
            "cpu_set": "",
            "cpu_shares": 0,
            "destroy_grace_seconds": null,
            "devices": [],
            "dns": null,
            "dns_opts": null,
            "dns_search": null,
            "domainname": "",
            "entrypoint": [],
            "env": [
              "DATABASE_URL=postgresql://postgres:postgres_password_2026@code-server-postgres:5432/code_server",
              "KAFKA_BROKER=code-server-redpanda:9092",
              "LOG_LEVEL=INFO",
              "SCHEDULER_API_KEY=sk_scheduler_a7f3b8e2d1c9f4a6e5b2c1d3"
            ],
            "exit_code": null,
            "gpus": null,
            "group_add": null,
            "healthcheck": [
              {
                "interval": "30s",
                "retries": 3,
                "start_period": "15s",
                "test": [
                  "CMD",
                  "curl",
                  "-f",
                  "http://localhost:8080/health"
                ],
                "timeout": "10s"
              }
            ],
            "host": [],
            "hostname": "2f89c9ccf05c",
            "id": "2f89c9ccf05c6c19d4232ef7fb8c7a9ddff2021ac23a1b24bb9ad06ce8339609",
            "image": "sha256:03a195f17862dd672b41655635eb8ddfcdb3e90acc1b4c04293e389c1a2c8f2b",
            "init": false,
            "ipc_mode": "private",
            "labels": [],
            "log_driver": "json-file",
            "log_opts": {
              "max-file": "3",
              "max-size": "10m"
            },
            "logs": false,
            "max_retry_count": 0,
            "memory": 0,
            "memory_swap": 0,
            "mounts": [
              {
                "bind_options": [],
                "read_only": null,
                "source": "/home/akushnir/code-server-enterprise/apps/execution-scheduler",
                "target": "/app",
                "tmpfs_options": [],
                "type": "bind",
                "volume_options": []
              }
            ],
            "must_run": true,
            "name": "code-server-execution-scheduler",
            "network_data": [
              {
                "gateway": "172.21.0.1",
                "global_ipv6_address": "",
                "global_ipv6_prefix_length": 0,
                "ip_address": "172.21.0.4",
                "ip_prefix_length": 16,
                "ipv6_gateway": "",
                "mac_address": "02:6a:bc:88:e6:15",
                "network_name": "database"
              },
              {
                "gateway": "172.20.0.1",
                "global_ipv6_address": "",
                "global_ipv6_prefix_length": 0,
                "ip_address": "172.20.0.25",
                "ip_prefix_length": 16,
                "ipv6_gateway": "",
                "mac_address": "2e:78:9f:7b:b5:60",
                "network_name": "services"
              }
            ],
            "network_mode": "bridge",
            "networks_advanced": [
              {
                "aliases": [],
                "ipv4_address": "",
                "ipv6_address": "",
                "name": "c1c2eca2ee3088c01005a54894b3111a45796148d3f5dd081f4dcb0bd1796390"
              },
              {
                "aliases": [],
                "ipv4_address": "",
                "ipv6_address": "",
                "name": "cdadd85494b8b26a544e702a687bb3628950c5abade7f8fcdf399e094a541545"
              }
            ],
            "pid_mode": "",
            "ports": [],
            "privileged": false,
            "publish_all_ports": false,
            "read_only": false,
            "remove_volumes": true,
            "restart": "unless-stopped",
            "rm": false,
            "runtime": "runc",
            "security_opts": [],
            "shm_size": 64,
            "start": true,
            "stdin_open": false,
            "stop_signal": "",
            "stop_timeout": 0,
            "storage_opts": null,
            "sysctls": null,
            "tmpfs": null,
            "tty": false,
            "ulimit": [],
            "upload": [],
            "user": "1003:1003",
            "userns_mode": "",
            "volumes": [],
            "wait": false,
            "wait_timeout": 60,
            "working_dir": "/app"
          },
          "sensitive_attributes": [
            [
              {
                "type": "get_attr",
                "value": "env"
              }
            ]
          ],
          "identity_schema_version": 0,
          "private": "eyJzY2hlbWFfdmVyc2lvbiI6IjIifQ==",
          "dependencies": [
            "module.primary.docker_container.postgres",
            "module.primary.docker_container.postgres_init",
            "module.primary.docker_container.redpanda",
            "module.primary.docker_container.redpanda_init",
            "module.primary.docker_image.alpine",
            "module.primary.docker_image.postgres",
            "module.primary.docker_image.redpanda",
            "module.primary.docker_network.database",
            "module.primary.docker_network.services",
            "module.primary.docker_volume.postgres_data",
            "module.primary.docker_volume.redpanda_data"
          ]
        }
      ]
    },
    {
      "module": "module.primary",
      "mode": "managed",
      "type": "docker_container",
      "name": "grafana",
      "provider": "provider[\"registry.terraform.io/kreuzwerker/docker\"].primary",
      "instances": [
        {
          "schema_version": 2,
          "attributes": {
            "attach": false,
            "bridge": "",
            "capabilities": [],
            "cgroupns_mode": null,
            "command": [],
            "container_logs": null,
            "container_read_refresh_timeout_milliseconds": 15000,
            "cpu_set": "",
            "cpu_shares": 0,
            "destroy_grace_seconds": null,
            "devices": [],
            "dns": [],
            "dns_opts": [],
            "dns_search": [],
            "domainname": "",
            "entrypoint": [
              "/run.sh"
            ],
            "env": [
              "GF_INSTALL_PLUGINS=grafana-piechart-panel",
              "GF_SECURITY_ADMIN_PASSWORD=grafana_admin_2026",
              "GF_SECURITY_ADMIN_USER=admin",
              "GF_USERS_ALLOW_SIGN_UP=false"
            ],
            "exit_code": null,
            "gpus": null,
            "group_add": [],
            "healthcheck": [
              {
                "interval": "30s",
                "retries": 3,
                "start_period": "10s",
                "test": [
                  "CMD",
                  "curl",
                  "-f",
                  "http://localhost:3000/api/health"
                ],
                "timeout": "5s"
              }
            ],
            "host": [],
            "hostname": "e95a75d9e1fe",
            "id": "e95a75d9e1fe5fb8b7887852a7d8791297475bc1cbdbe9a553c462f6e3c076c1",
            "image": "sha256:2fbe6143d3ba5991bffbfa1d2f79511c6381bcf064415902fedd4f256705fda9",
            "init": false,
            "ipc_mode": "private",
            "labels": [],
            "log_driver": "json-file",
            "log_opts": {
              "max-file": "3",
              "max-size": "10m"
            },
            "logs": false,
            "max_retry_count": 0,
            "memory": 0,
            "memory_swap": 0,
            "mounts": [
              {
                "bind_options": [],
                "read_only": false,
                "source": "grafana_data",
                "target": "/var/lib/grafana",
                "tmpfs_options": [],
                "type": "volume",
                "volume_options": []
              },
              {
                "bind_options": [],
                "read_only": true,
                "source": "/home/akushnir/code-server-enterprise/config/grafana/provisioning/dashboards",
                "target": "/etc/grafana/provisioning/dashboards",
                "tmpfs_options": [],
                "type": "bind",
                "volume_options": []
              },
              {
                "bind_options": [],
                "read_only": true,
                "source": "/home/akushnir/code-server-enterprise/config/grafana/provisioning/datasources",
                "target": "/etc/grafana/provisioning/datasources",
                "tmpfs_options": [],
                "type": "bind",
                "volume_options": []
              }
            ],
            "must_run": true,
            "name": "code-server-grafana",
            "network_data": [
              {
                "gateway": "172.20.0.1",
                "global_ipv6_address": "",
                "global_ipv6_prefix_length": 0,
                "ip_address": "172.20.0.14",
                "ip_prefix_length": 16,
                "ipv6_gateway": "",
                "mac_address": "06:f4:61:ab:05:e7",
                "network_name": "services"
              }
            ],
            "network_mode": "bridge",
            "networks_advanced": [
              {
                "aliases": [],
                "ipv4_address": "",
                "ipv6_address": "",
                "name": "cdadd85494b8b26a544e702a687bb3628950c5abade7f8fcdf399e094a541545"
              }
            ],
            "pid_mode": "",
            "ports": [
              {
                "external": 3000,
                "internal": 3000,
                "ip": "0.0.0.0",
                "protocol": "tcp"
              }
            ],
            "privileged": false,
            "publish_all_ports": false,
            "read_only": false,
            "remove_volumes": true,
            "restart": "unless-stopped",
            "rm": false,
            "runtime": "runc",
            "security_opts": [],
            "shm_size": 64,
            "start": true,
            "stdin_open": false,
            "stop_signal": "",
            "stop_timeout": 0,
            "storage_opts": {},
            "sysctls": {},
            "tmpfs": {},
            "tty": false,
            "ulimit": [],
            "upload": [],
            "user": "472:472",
            "userns_mode": "",
            "volumes": [],
            "wait": false,
            "wait_timeout": 60,
            "working_dir": "/usr/share/grafana"
          },
          "sensitive_attributes": [
            [
              {
                "type": "get_attr",
                "value": "env"
              }
            ]
          ],
          "identity_schema_version": 0,
          "private": "eyJzY2hlbWFfdmVyc2lvbiI6IjIifQ==",
          "dependencies": [
            "module.primary.docker_container.grafana_init",
            "module.primary.docker_container.prometheus",
            "module.primary.docker_container.prometheus_init",
            "module.primary.docker_image.alpine",
            "module.primary.docker_image.grafana",
            "module.primary.docker_image.prometheus",
            "module.primary.docker_network.services",
            "module.primary.docker_volume.grafana_data",
            "module.primary.docker_volume.prometheus_data"
          ]
        }
      ]
    },
    {
      "module": "module.primary",
      "mode": "managed",
      "type": "docker_container",
      "name": "grafana_init",
      "provider": "provider[\"registry.terraform.io/kreuzwerker/docker\"].primary",
      "instances": [
        {
          "schema_version": 2,
          "attributes": {
            "attach": false,
            "bridge": "",
            "capabilities": [],
            "cgroupns_mode": null,
            "command": [
              "sh",
              "-lc",
              "mkdir -p /var/lib/grafana; owner=$(stat -c '%u:%g' /var/lib/grafana 2\u003e/dev/null || true); [ \"$owner\" = '472:472' ] || chown -R 472:472 /var/lib/grafana"
            ],
            "container_logs": null,
            "container_read_refresh_timeout_milliseconds": 15000,
            "cpu_set": "",
            "cpu_shares": 0,
            "destroy_grace_seconds": null,
            "devices": [],
            "dns": [],
            "dns_opts": [],
            "dns_search": [],
            "domainname": "",
            "entrypoint": [],
            "env": [],
            "exit_code": 0,
            "gpus": null,
            "group_add": [],
            "healthcheck": [],
            "host": [],
            "hostname": "cee28a7e4ff0",
            "id": "cee28a7e4ff0b594b8a7c69e329c1a66e42b1085e55b3e77099eb8769b968b26",
            "image": "sha256:bf8527eb54c3680e728d5b4b383a8ba730d72dae7236fbc8dff97ed6b224a731",
            "init": false,
            "ipc_mode": "private",
            "labels": [],
            "log_driver": "json-file",
            "log_opts": {},
            "logs": false,
            "max_retry_count": 0,
            "memory": 0,
            "memory_swap": 0,
            "mounts": [
              {
                "bind_options": [],
                "read_only": false,
                "source": "grafana_data",
                "target": "/var/lib/grafana",
                "tmpfs_options": [],
                "type": "volume",
                "volume_options": []
              }
            ],
            "must_run": false,
            "name": "code-server-grafana-init",
            "network_data": [
              {
                "gateway": "",
                "global_ipv6_address": "",
                "global_ipv6_prefix_length": 0,
                "ip_address": "",
                "ip_prefix_length": 0,
                "ipv6_gateway": "",
                "mac_address": "",
                "network_name": "services"
              }
            ],
            "network_mode": "bridge",
            "networks_advanced": [
              {
                "aliases": [],
                "ipv4_address": "",
                "ipv6_address": "",
                "name": "cdadd85494b8b26a544e702a687bb3628950c5abade7f8fcdf399e094a541545"
              }
            ],
            "pid_mode": "",
            "ports": [],
            "privileged": false,
            "publish_all_ports": false,
            "read_only": false,
            "remove_volumes": true,
            "restart": "no",
            "rm": false,
            "runtime": "runc",
            "security_opts": [],
            "shm_size": 64,
            "start": true,
            "stdin_open": false,
            "stop_signal": "",
            "stop_timeout": 0,
            "storage_opts": {},
            "sysctls": {},
            "tmpfs": {},
            "tty": false,
            "ulimit": [],
            "upload": [],
            "user": "0:0",
            "userns_mode": "",
            "volumes": [],
            "wait": false,
            "wait_timeout": 60,
            "working_dir": "/"
          },
          "sensitive_attributes": [],
          "identity_schema_version": 0,
          "private": "eyJzY2hlbWFfdmVyc2lvbiI6IjIifQ==",
          "dependencies": [
            "module.primary.docker_image.alpine",
            "module.primary.docker_network.services",
            "module.primary.docker_volume.grafana_data"
          ]
        }
      ]
    },
    {
      "module": "module.primary",
      "mode": "managed",
      "type": "docker_container",
      "name": "loki",
      "provider": "provider[\"registry.terraform.io/kreuzwerker/docker\"].primary",
      "instances": [
        {
          "schema_version": 2,
          "attributes": {
            "attach": false,
            "bridge": "",
            "capabilities": [],
            "cgroupns_mode": null,
            "command": [
              "-config.file=/etc/loki/loki-config.yaml"
            ],
            "container_logs": null,
            "container_read_refresh_timeout_milliseconds": 15000,
            "cpu_set": "",
            "cpu_shares": 0,
            "destroy_grace_seconds": null,
            "devices": [],
            "dns": [],
            "dns_opts": [],
            "dns_search": [],
            "domainname": "",
            "entrypoint": [
              "/usr/bin/loki"
            ],
            "env": [
              "LOG_LEVEL=info"
            ],
            "exit_code": null,
            "gpus": null,
            "group_add": [],
            "healthcheck": [
              {
                "interval": "30s",
                "retries": 3,
                "start_period": "10s",
                "test": [
                  "CMD-SHELL",
                  "loki --version \u003e/dev/null \u0026\u0026 echo OK || exit 1"
                ],
                "timeout": "5s"
              }
            ],
            "host": [],
            "hostname": "be7709ea8916",
            "id": "be7709ea89167430cb9eb5027258b4e562c0182c66d134b203a0691549c9c66a",
            "image": "sha256:652b79950756d969140f85d3d664bf5bb64efb04c164c7717c140569f8a3bbb4",
            "init": false,
            "ipc_mode": "private",
            "labels": [],
            "log_driver": "json-file",
            "log_opts": {
              "max-file": "3",
              "max-size": "10m"
            },
            "logs": false,
            "max_retry_count": 0,
            "memory": 0,
            "memory_swap": 0,
            "mounts": [
              {
                "bind_options": [],
                "read_only": false,
                "source": "loki_data",
                "target": "/loki",
                "tmpfs_options": [],
                "type": "volume",
                "volume_options": []
              },
              {
                "bind_options": [],
                "read_only": true,
                "source": "/home/akushnir/code-server-enterprise/config/loki",
                "target": "/etc/loki",
                "tmpfs_options": [],
                "type": "bind",
                "volume_options": []
              }
            ],
            "must_run": true,
            "name": "code-server-loki",
            "network_data": [
              {
                "gateway": "172.20.0.1",
                "global_ipv6_address": "",
                "global_ipv6_prefix_length": 0,
                "ip_address": "172.20.0.6",
                "ip_prefix_length": 16,
                "ipv6_gateway": "",
                "mac_address": "7e:5d:a3:c9:37:9b",
                "network_name": "services"
              }
            ],
            "network_mode": "bridge",
            "networks_advanced": [
              {
                "aliases": [],
                "ipv4_address": "",
                "ipv6_address": "",
                "name": "cdadd85494b8b26a544e702a687bb3628950c5abade7f8fcdf399e094a541545"
              }
            ],
            "pid_mode": "",
            "ports": [
              {
                "external": 3100,
                "internal": 3100,
                "ip": "0.0.0.0",
                "protocol": "tcp"
              }
            ],
            "privileged": false,
            "publish_all_ports": false,
            "read_only": false,
            "remove_volumes": true,
            "restart": "unless-stopped",
            "rm": false,
            "runtime": "runc",
            "security_opts": [],
            "shm_size": 64,
            "start": true,
            "stdin_open": false,
            "stop_signal": "",
            "stop_timeout": 0,
            "storage_opts": {},
            "sysctls": {},
            "tmpfs": {},
            "tty": false,
            "ulimit": [],
            "upload": [],
            "user": "10001:10001",
            "userns_mode": "",
            "volumes": [],
            "wait": false,
            "wait_timeout": 60,
            "working_dir": ""
          },
          "sensitive_attributes": [],
          "identity_schema_version": 0,
          "private": "eyJzY2hlbWFfdmVyc2lvbiI6IjIifQ==",
          "dependencies": [
            "module.primary.docker_container.loki_init",
            "module.primary.docker_image.alpine",
            "module.primary.docker_image.loki",
            "module.primary.docker_network.services",
            "module.primary.docker_volume.loki_data"
          ]
        }
      ]
    },
    {
      "module": "module.primary",
      "mode": "managed",
      "type": "docker_container",
      "name": "loki_init",
      "provider": "provider[\"registry.terraform.io/kreuzwerker/docker\"].primary",
      "instances": [
        {
          "schema_version": 2,
          "attributes": {
            "attach": false,
            "bridge": "",
            "capabilities": [],
            "cgroupns_mode": null,
            "command": [
              "sh",
              "-lc",
              "mkdir -p /loki; owner=$(stat -c '%u:%g' /loki 2\u003e/dev/null || true); [ \"$owner\" = '10001:10001' ] || chown -R 10001:10001 /loki"
            ],
            "container_logs": null,
            "container_read_refresh_timeout_milliseconds": 15000,
            "cpu_set": "",
            "cpu_shares": 0,
            "destroy_grace_seconds": null,
            "devices": [],
            "dns": [],
            "dns_opts": [],
            "dns_search": [],
            "domainname": "",
            "entrypoint": [],
            "env": [],
            "exit_code": 0,
            "gpus": null,
            "group_add": [],
            "healthcheck": [],
            "host": [],
            "hostname": "11a3cdcb344f",
            "id": "11a3cdcb344f49692dbec027da8d923c8e20a6d57fa606f3ea3a0dabc639ff60",
            "image": "sha256:bf8527eb54c3680e728d5b4b383a8ba730d72dae7236fbc8dff97ed6b224a731",
            "init": false,
            "ipc_mode": "private",
            "labels": [],
            "log_driver": "json-file",
            "log_opts": {},
            "logs": false,
            "max_retry_count": 0,
            "memory": 0,
            "memory_swap": 0,
            "mounts": [
              {
                "bind_options": [],
                "read_only": false,
                "source": "loki_data",
                "target": "/loki",
                "tmpfs_options": [],
                "type": "volume",
                "volume_options": []
              }
            ],
            "must_run": false,
            "name": "code-server-loki-init",
            "network_data": [
              {
                "gateway": "",
                "global_ipv6_address": "",
                "global_ipv6_prefix_length": 0,
                "ip_address": "",
                "ip_prefix_length": 0,
                "ipv6_gateway": "",
                "mac_address": "",
                "network_name": "services"
              }
            ],
            "network_mode": "bridge",
            "networks_advanced": [
              {
                "aliases": [],
                "ipv4_address": "",
                "ipv6_address": "",
                "name": "cdadd85494b8b26a544e702a687bb3628950c5abade7f8fcdf399e094a541545"
              }
            ],
            "pid_mode": "",
            "ports": [],
            "privileged": false,
            "publish_all_ports": false,
            "read_only": false,
            "remove_volumes": true,
            "restart": "no",
            "rm": false,
            "runtime": "runc",
            "security_opts": [],
            "shm_size": 64,
            "start": true,
            "stdin_open": false,
            "stop_signal": "",
            "stop_timeout": 0,
            "storage_opts": {},
            "sysctls": {},
            "tmpfs": {},
            "tty": false,
            "ulimit": [],
            "upload": [],
            "user": "0:0",
            "userns_mode": "",
            "volumes": [],
            "wait": false,
            "wait_timeout": 60,
            "working_dir": "/"
          },
          "sensitive_attributes": [],
          "identity_schema_version": 0,
          "private": "eyJzY2hlbWFfdmVyc2lvbiI6IjIifQ==",
          "dependencies": [
            "module.primary.docker_image.alpine",
            "module.primary.docker_network.services",
            "module.primary.docker_volume.loki_data"
          ]
        }
      ]
    },
    {
      "module": "module.primary",
      "mode": "managed",
      "type": "docker_container",
      "name": "memory_engine",
      "provider": "provider[\"registry.terraform.io/kreuzwerker/docker\"].primary",
      "instances": [
        {
          "schema_version": 2,
          "attributes": {
            "attach": false,
            "bridge": "",
            "capabilities": [],
            "cgroupns_mode": null,
            "command": [
              "python",
              "main.py"
            ],
            "container_logs": null,
            "container_read_refresh_timeout_milliseconds": 15000,
            "cpu_set": "",
            "cpu_shares": 0,
            "destroy_grace_seconds": null,
            "devices": [],
            "dns": [],
            "dns_opts": [],
            "dns_search": [],
            "domainname": "",
            "entrypoint": [],
            "env": [
              "LOG_LEVEL=INFO",
              "MEMORY_ENGINE_HOST=0.0.0.0",
              "MEMORY_ENGINE_PORT=8001",
              "OLLAMA_HOST=http://code-server-ollama:11434",
              "QDRANT_API_KEY=qdrant_api_key_2026",
              "QDRANT_HOST=code-server-qdrant",
              "QDRANT_PORT=6333"
            ],
            "exit_code": null,
            "gpus": null,
            "group_add": [],
            "healthcheck": [
              {
                "interval": "30s",
                "retries": 3,
                "start_period": "15s",
                "test": [
                  "CMD",
                  "curl",
                  "-f",
                  "http://localhost:8001/health"
                ],
                "timeout": "5s"
              }
            ],
            "host": [],
            "hostname": "33c366c0f7bb",
            "id": "33c366c0f7bb8db07ab3057b6c868bb9047bb8e98390af8cd370ef4d169d8dec",
            "image": "sha256:5a7985ce5188066ea1c9d9f2c3645510e8721aa5064d27130148090ac1292982",
            "init": false,
            "ipc_mode": "private",
            "labels": [
              {
                "label": "io.elevatediq.component",
                "value": "memory-engine"
              },
              {
                "label": "io.elevatediq.tier",
                "value": "ai"
              }
            ],
            "log_driver": "json-file",
            "log_opts": {
              "max-file": "3",
              "max-size": "10m"
            },
            "logs": false,
            "max_retry_count": 0,
            "memory": 0,
            "memory_swap": 0,
            "mounts": [
              {
                "bind_options": [],
                "read_only": false,
                "source": "/home/akushnir/code-server-enterprise/apps/memory-engine",
                "target": "/app",
                "tmpfs_options": [],
                "type": "bind",
                "volume_options": []
              }
            ],
            "must_run": true,
            "name": "code-server-memory-engine",
            "network_data": [
              {
                "gateway": "172.20.0.1",
                "global_ipv6_address": "",
                "global_ipv6_prefix_length": 0,
                "ip_address": "172.20.0.21",
                "ip_prefix_length": 16,
                "ipv6_gateway": "",
                "mac_address": "82:99:de:da:9d:8f",
                "network_name": "services"
              }
            ],
            "network_mode": "bridge",
            "networks_advanced": [
              {
                "aliases": [],
                "ipv4_address": "",
                "ipv6_address": "",
                "name": "cdadd85494b8b26a544e702a687bb3628950c5abade7f8fcdf399e094a541545"
              }
            ],
            "pid_mode": "",
            "ports": [
              {
                "external": 8001,
                "internal": 8001,
                "ip": "0.0.0.0",
                "protocol": "tcp"
              }
            ],
            "privileged": false,
            "publish_all_ports": false,
            "read_only": false,
            "remove_volumes": true,
            "restart": "unless-stopped",
            "rm": false,
            "runtime": "runc",
            "security_opts": [],
            "shm_size": 64,
            "start": true,
            "stdin_open": false,
            "stop_signal": "",
            "stop_timeout": 0,
            "storage_opts": {},
            "sysctls": {},
            "tmpfs": {},
            "tty": false,
            "ulimit": [],
            "upload": [],
            "user": "1000:1000",
            "userns_mode": "",
            "volumes": [],
            "wait": false,
            "wait_timeout": 60,
            "working_dir": "/app"
          },
          "sensitive_attributes": [
            [
              {
                "type": "get_attr",
                "value": "env"
              }
            ]
          ],
          "identity_schema_version": 0,
          "private": "eyJzY2hlbWFfdmVyc2lvbiI6IjIifQ==",
          "dependencies": [
            "module.primary.docker_container.ollama",
            "module.primary.docker_container.ollama_init",
            "module.primary.docker_container.qdrant",
            "module.primary.docker_container.qdrant_init",
            "module.primary.docker_image.alpine",
            "module.primary.docker_image.ollama",
            "module.primary.docker_image.qdrant",
            "module.primary.docker_network.services",
            "module.primary.docker_volume.ollama_models",
            "module.primary.docker_volume.qdrant_data"
          ]
        }
      ]
    },
    {
      "module": "module.primary",
      "mode": "managed",
      "type": "docker_container",
      "name": "multimodal_ai",
      "provider": "provider[\"registry.terraform.io/kreuzwerker/docker\"].primary",
      "instances": [
        {
          "schema_version": 2,
          "attributes": {
            "attach": false,
            "bridge": "",
            "capabilities": [],
            "cgroupns_mode": null,
            "command": [
              "uvicorn",
              "main:app",
              "--host",
              "0.0.0.0",
              "--port",
              "8040"
            ],
            "container_logs": null,
            "container_read_refresh_timeout_milliseconds": 15000,
            "cpu_set": "",
            "cpu_shares": 0,
            "destroy_grace_seconds": null,
            "devices": [],
            "dns": [],
            "dns_opts": [],
            "dns_search": [],
            "domainname": "",
            "entrypoint": [],
            "env": [
              "DIAGRAM_LLM_BACKEND=ollama",
              "LOG_LEVEL=INFO",
              "OLLAMA_BASE_URL=http://code-server-ollama:11434",
              "OLLAMA_MODEL=llama3:8b",
              "OLLAMA_VISION_MODEL=llava:13b",
              "OPENAI_API_KEY=",
              "TTS_BACKEND=gtts",
              "VISION_BACKEND=ollama",
              "WHISPER_MODEL=base"
            ],
            "exit_code": null,
            "gpus": null,
            "group_add": [],
            "healthcheck": [
              {
                "interval": "30s",
                "retries": 3,
                "start_period": "20s",
                "test": [
                  "CMD-SHELL",
                  "curl -f http://localhost:8040/health || exit 1"
                ],
                "timeout": "5s"
              }
            ],
            "host": [],
            "hostname": "e2ef6d579e39",
            "id": "e2ef6d579e397d0a704a6db885c3d0dd5f553581311fe9fe698fb214c8dd3755",
            "image": "sha256:99729640213f87d8fe6563d14beac8af4719cdce5131c816ef59abf999d14175",
            "init": false,
            "ipc_mode": "private",
            "labels": [
              {
                "label": "io.elevatediq.component",
                "value": "multimodal-ai"
              },
              {
                "label": "io.elevatediq.tier",
                "value": "ai"
              }
            ],
            "log_driver": "json-file",
            "log_opts": {
              "max-file": "3",
              "max-size": "10m"
            },
            "logs": false,
            "max_retry_count": 0,
            "memory": 0,
            "memory_swap": 0,
            "mounts": [],
            "must_run": true,
            "name": "code-server-multimodal-ai",
            "network_data": [
              {
                "gateway": "172.20.0.1",
                "global_ipv6_address": "",
                "global_ipv6_prefix_length": 0,
                "ip_address": "172.20.0.19",
                "ip_prefix_length": 16,
                "ipv6_gateway": "",
                "mac_address": "42:4a:cc:6e:b6:b8",
                "network_name": "services"
              }
            ],
            "network_mode": "bridge",
            "networks_advanced": [
              {
                "aliases": [],
                "ipv4_address": "",
                "ipv6_address": "",
                "name": "cdadd85494b8b26a544e702a687bb3628950c5abade7f8fcdf399e094a541545"
              }
            ],
            "pid_mode": "",
            "ports": [
              {
                "external": 8005,
                "internal": 8005,
                "ip": "0.0.0.0",
                "protocol": "tcp"
              }
            ],
            "privileged": false,
            "publish_all_ports": false,
            "read_only": false,
            "remove_volumes": true,
            "restart": "unless-stopped",
            "rm": false,
            "runtime": "runc",
            "security_opts": [],
            "shm_size": 64,
            "start": true,
            "stdin_open": false,
            "stop_signal": "",
            "stop_timeout": 0,
            "storage_opts": {},
            "sysctls": {},
            "tmpfs": {},
            "tty": false,
            "ulimit": [],
            "upload": [],
            "user": "1000:1000",
            "userns_mode": "",
            "volumes": [],
            "wait": false,
            "wait_timeout": 60,
            "working_dir": "/app"
          },
          "sensitive_attributes": [],
          "identity_schema_version": 0,
          "private": "eyJzY2hlbWFfdmVyc2lvbiI6IjIifQ==",
          "dependencies": [
            "module.primary.docker_container.ollama",
            "module.primary.docker_container.ollama_init",
            "module.primary.docker_image.alpine",
            "module.primary.docker_image.ollama",
            "module.primary.docker_network.services",
            "module.primary.docker_volume.ollama_models"
          ]
        }
      ]
    },
    {
      "module": "module.primary",
      "mode": "managed",
      "type": "docker_container",
      "name": "oauth2_proxy",
      "provider": "provider[\"registry.terraform.io/kreuzwerker/docker\"].primary",
      "instances": [
        {
          "schema_version": 2,
          "attributes": {
            "attach": false,
            "bridge": "",
            "capabilities": [],
            "cgroupns_mode": null,
            "command": [
              "--config=/etc/oauth2-proxy/oauth2-proxy.cfg"
            ],
            "container_logs": null,
            "container_read_refresh_timeout_milliseconds": 15000,
            "cpu_set": "",
            "cpu_shares": 0,
            "destroy_grace_seconds": null,
            "devices": [],
            "dns": [],
            "dns_opts": [],
            "dns_search": [],
            "domainname": "",
            "entrypoint": [
              "/bin/oauth2-proxy"
            ],
            "env": [
              "OAUTH2_PROXY_CLIENT_ID=code-server-oauth2-client-id",
              "OAUTH2_PROXY_CLIENT_SECRET=code-server-oauth2-client-secret",
              "OAUTH2_PROXY_COOKIE_SECRET=oauth2_cookie_secret_long_random",
              "OAUTH2_PROXY_UPSTREAMS=http://code-server-caddy:9088/"
            ],
            "exit_code": null,
            "gpus": null,
            "group_add": [],
            "healthcheck": [
              {
                "interval": "30s",
                "retries": 3,
                "start_period": "10s",
                "test": [
                  "CMD",
                  "/bin/oauth2-proxy",
                  "--version"
                ],
                "timeout": "5s"
              }
            ],
            "host": [],
            "hostname": "71c70a0268e5",
            "id": "71c70a0268e5300aca0ddc136a0f47fc86fef4dfb073c3ec398c51b0e542b51a",
            "image": "sha256:2ab8a2cd16911d95f1683e9187cb9e0aed47eed589c695786e14c067e5c7542f",
            "init": false,
            "ipc_mode": "private",
            "labels": [],
            "log_driver": "json-file",
            "log_opts": {
              "max-file": "3",
              "max-size": "10m"
            },
            "logs": false,
            "max_retry_count": 0,
            "memory": 0,
            "memory_swap": 0,
            "mounts": [
              {
                "bind_options": [],
                "read_only": true,
                "source": "/home/akushnir/code-server-enterprise/config/oauth2-proxy/oauth2-proxy.cfg",
                "target": "/etc/oauth2-proxy/oauth2-proxy.cfg",
                "tmpfs_options": [],
                "type": "bind",
                "volume_options": []
              }
            ],
            "must_run": true,
            "name": "code-server-oauth2-proxy",
            "network_data": [
              {
                "gateway": "172.20.0.1",
                "global_ipv6_address": "",
                "global_ipv6_prefix_length": 0,
                "ip_address": "172.20.0.2",
                "ip_prefix_length": 16,
                "ipv6_gateway": "",
                "mac_address": "82:80:31:e0:5d:f6",
                "network_name": "services"
              }
            ],
            "network_mode": "bridge",
            "networks_advanced": [
              {
                "aliases": [],
                "ipv4_address": "",
                "ipv6_address": "",
                "name": "cdadd85494b8b26a544e702a687bb3628950c5abade7f8fcdf399e094a541545"
              }
            ],
            "pid_mode": "",
            "ports": [
              {
                "external": 4180,
                "internal": 4180,
                "ip": "0.0.0.0",
                "protocol": "tcp"
              }
            ],
            "privileged": false,
            "publish_all_ports": false,
            "read_only": false,
            "remove_volumes": true,
            "restart": "unless-stopped",
            "rm": false,
            "runtime": "runc",
            "security_opts": [],
            "shm_size": 64,
            "start": true,
            "stdin_open": false,
            "stop_signal": "",
            "stop_timeout": 0,
            "storage_opts": {},
            "sysctls": {},
            "tmpfs": {},
            "tty": false,
            "ulimit": [],
            "upload": [],
            "user": "65534:65534",
            "userns_mode": "",
            "volumes": [],
            "wait": false,
            "wait_timeout": 60,
            "working_dir": ""
          },
          "sensitive_attributes": [
            [
              {
                "type": "get_attr",
                "value": "env"
              }
            ]
          ],
          "identity_schema_version": 0,
          "private": "eyJzY2hlbWFfdmVyc2lvbiI6IjIifQ==",
          "dependencies": [
            "module.primary.docker_image.oauth2_proxy",
            "module.primary.docker_network.services"
          ]
        }
      ]
    },
    {
      "module": "module.primary",
      "mode": "managed",
      "type": "docker_container",
      "name": "ollama",
      "provider": "provider[\"registry.terraform.io/kreuzwerker/docker\"].primary",
      "instances": [
        {
          "schema_version": 2,
          "attributes": {
            "attach": false,
            "bridge": "",
            "capabilities": [],
            "cgroupns_mode": null,
            "command": [
              "serve"
            ],
            "container_logs": null,
            "container_read_refresh_timeout_milliseconds": 15000,
            "cpu_set": "",
            "cpu_shares": 0,
            "destroy_grace_seconds": null,
            "devices": [],
            "dns": [],
            "dns_opts": [],
            "dns_search": [],
            "domainname": "",
            "entrypoint": [
              "/bin/ollama"
            ],
            "env": [
              "HOME=/home/ollama",
              "OLLAMA_HOST=0.0.0.0:11434",
              "OLLAMA_MODELS=/home/ollama/.ollama/models"
            ],
            "exit_code": null,
            "gpus": null,
            "group_add": [],
            "healthcheck": [
              {
                "interval": "1m0s",
                "retries": 3,
                "start_period": "30s",
                "test": [
                  "CMD",
                  "ollama",
                  "--version"
                ],
                "timeout": "10s"
              }
            ],
            "host": [],
            "hostname": "e0ff41f7cd93",
            "id": "e0ff41f7cd93d617b4b9eaa7724a394932aa08c66df26917fb2f94eb46b37dbf",
            "image": "sha256:c712b1aa90b75a665996172de51b2a7982a7350cfd417533690e6d256f15f3f5",
            "init": false,
            "ipc_mode": "private",
            "labels": [
              {
                "label": "io.elevatediq.component",
                "value": "llm-server"
              },
              {
                "label": "io.elevatediq.tier",
                "value": "ai"
              }
            ],
            "log_driver": "json-file",
            "log_opts": {
              "max-file": "5",
              "max-size": "20m"
            },
            "logs": false,
            "max_retry_count": 0,
            "memory": 0,
            "memory_swap": 0,
            "mounts": [
              {
                "bind_options": [],
                "read_only": false,
                "source": "ollama_models",
                "target": "/home/ollama/.ollama",
                "tmpfs_options": [],
                "type": "volume",
                "volume_options": []
              }
            ],
            "must_run": true,
            "name": "code-server-ollama",
            "network_data": [
              {
                "gateway": "172.20.0.1",
                "global_ipv6_address": "",
                "global_ipv6_prefix_length": 0,
                "ip_address": "172.20.0.12",
                "ip_prefix_length": 16,
                "ipv6_gateway": "",
                "mac_address": "6e:ad:d1:0a:63:93",
                "network_name": "services"
              }
            ],
            "network_mode": "bridge",
            "networks_advanced": [
              {
                "aliases": [],
                "ipv4_address": "",
                "ipv6_address": "",
                "name": "cdadd85494b8b26a544e702a687bb3628950c5abade7f8fcdf399e094a541545"
              }
            ],
            "pid_mode": "",
            "ports": [],
            "privileged": false,
            "publish_all_ports": false,
            "read_only": false,
            "remove_volumes": true,
            "restart": "unless-stopped",
            "rm": false,
            "runtime": "runc",
            "security_opts": [],
            "shm_size": 64,
            "start": true,
            "stdin_open": false,
            "stop_signal": "",
            "stop_timeout": 0,
            "storage_opts": {},
            "sysctls": {},
            "tmpfs": {},
            "tty": false,
            "ulimit": [],
            "upload": [],
            "user": "11434:11434",
            "userns_mode": "",
            "volumes": [],
            "wait": false,
            "wait_timeout": 60,
            "working_dir": ""
          },
          "sensitive_attributes": [],
          "identity_schema_version": 0,
          "private": "eyJzY2hlbWFfdmVyc2lvbiI6IjIifQ==",
          "dependencies": [
            "module.primary.docker_container.ollama_init",
            "module.primary.docker_image.alpine",
            "module.primary.docker_image.ollama",
            "module.primary.docker_network.services",
            "module.primary.docker_volume.ollama_models"
          ]
        }
      ]
    },
    {
      "module": "module.primary",
      "mode": "managed",
      "type": "docker_container",
      "name": "ollama_init",
      "provider": "provider[\"registry.terraform.io/kreuzwerker/docker\"].primary",
      "instances": [
        {
          "schema_version": 2,
          "attributes": {
            "attach": false,
            "bridge": "",
            "capabilities": [],
            "cgroupns_mode": null,
            "command": [
              "sh",
              "-lc",
              "mkdir -p /home/ollama/.ollama; owner=$(stat -c '%u:%g' /home/ollama/.ollama 2\u003e/dev/null || true); [ \"$owner\" = '11434:11434' ] || chown -R 11434:11434 /home/ollama/.ollama"
            ],
            "container_logs": null,
            "container_read_refresh_timeout_milliseconds": 15000,
            "cpu_set": "",
            "cpu_shares": 0,
            "destroy_grace_seconds": null,
            "devices": [],
            "dns": [],
            "dns_opts": [],
            "dns_search": [],
            "domainname": "",
            "entrypoint": [],
            "env": [],
            "exit_code": 0,
            "gpus": null,
            "group_add": [],
            "healthcheck": [],
            "host": [],
            "hostname": "5176b510bbde",
            "id": "5176b510bbdedde0745c1790f7ec25c98e29cf2239097fe082d15774b0c91582",
            "image": "sha256:bf8527eb54c3680e728d5b4b383a8ba730d72dae7236fbc8dff97ed6b224a731",
            "init": false,
            "ipc_mode": "private",
            "labels": [],
            "log_driver": "json-file",
            "log_opts": {},
            "logs": false,
            "max_retry_count": 0,
            "memory": 0,
            "memory_swap": 0,
            "mounts": [
              {
                "bind_options": [],
                "read_only": false,
                "source": "ollama_models",
                "target": "/home/ollama/.ollama",
                "tmpfs_options": [],
                "type": "volume",
                "volume_options": []
              }
            ],
            "must_run": false,
            "name": "code-server-ollama-init",
            "network_data": [
              {
                "gateway": "",
                "global_ipv6_address": "",
                "global_ipv6_prefix_length": 0,
                "ip_address": "",
                "ip_prefix_length": 0,
                "ipv6_gateway": "",
                "mac_address": "",
                "network_name": "services"
              }
            ],
            "network_mode": "bridge",
            "networks_advanced": [
              {
                "aliases": [],
                "ipv4_address": "",
                "ipv6_address": "",
                "name": "cdadd85494b8b26a544e702a687bb3628950c5abade7f8fcdf399e094a541545"
              }
            ],
            "pid_mode": "",
            "ports": [],
            "privileged": false,
            "publish_all_ports": false,
            "read_only": false,
            "remove_volumes": true,
            "restart": "no",
            "rm": false,
            "runtime": "runc",
            "security_opts": [],
            "shm_size": 64,
            "start": true,
            "stdin_open": false,
            "stop_signal": "",
            "stop_timeout": 0,
            "storage_opts": {},
            "sysctls": {},
            "tmpfs": {},
            "tty": false,
            "ulimit": [],
            "upload": [],
            "user": "0:0",
            "userns_mode": "",
            "volumes": [],
            "wait": false,
            "wait_timeout": 60,
            "working_dir": "/"
          },
          "sensitive_attributes": [],
          "identity_schema_version": 0,
          "private": "eyJzY2hlbWFfdmVyc2lvbiI6IjIifQ==",
          "dependencies": [
            "module.primary.docker_image.alpine",
            "module.primary.docker_network.services",
            "module.primary.docker_volume.ollama_models"
          ]
        }
      ]
    },
    {
      "module": "module.primary",
      "mode": "managed",
      "type": "docker_container",
      "name": "opa",
      "provider": "provider[\"registry.terraform.io/kreuzwerker/docker\"].primary",
      "instances": [
        {
          "schema_version": 2,
          "attributes": {
            "attach": false,
            "bridge": "",
            "capabilities": [],
            "cgroupns_mode": null,
            "command": [
              "run",
              "--server",
              "--log-level=info",
              "--set",
              "decision_logs.console=true"
            ],
            "container_logs": null,
            "container_read_refresh_timeout_milliseconds": 15000,
            "cpu_set": "",
            "cpu_shares": 0,
            "destroy_grace_seconds": null,
            "devices": [],
            "dns": [],
            "dns_opts": [],
            "dns_search": [],
            "domainname": "",
            "entrypoint": [
              "/opa"
            ],
            "env": [
              "LOG_LEVEL=info",
              "OPA_ADDR=0.0.0.0:8181"
            ],
            "exit_code": null,
            "gpus": null,
            "group_add": [],
            "healthcheck": [
              {
                "interval": "30s",
                "retries": 3,
                "start_period": "10s",
                "test": [
                  "CMD",
                  "/opa",
                  "version"
                ],
                "timeout": "5s"
              }
            ],
            "host": [],
            "hostname": "99fb4a4abce3",
            "id": "99fb4a4abce3731fc937a64eeb379b6f3ba66ca9f5c36d37cc5625dd3fbf9aa8",
            "image": "sha256:ba33012bbd45fc699c06c7b6ed784d915837f176d6b75682f31965da3e07e2b9",
            "init": false,
            "ipc_mode": "private",
            "labels": [
              {
                "label": "io.elevatediq.component",
                "value": "policy-engine"
              },
              {
                "label": "io.elevatediq.tier",
                "value": "infrastructure"
              }
            ],
            "log_driver": "json-file",
            "log_opts": {
              "max-file": "3",
              "max-size": "10m"
            },
            "logs": false,
            "max_retry_count": 0,
            "memory": 0,
            "memory_swap": 0,
            "mounts": [
              {
                "bind_options": [],
                "read_only": true,
                "source": "/home/akushnir/code-server-enterprise",
                "target": "/opa-src",
                "tmpfs_options": [],
                "type": "bind",
                "volume_options": []
              },
              {
                "bind_options": [],
                "read_only": true,
                "source": "/home/akushnir/code-server-enterprise/policies",
                "target": "/policies",
                "tmpfs_options": [],
                "type": "bind",
                "volume_options": []
              }
            ],
            "must_run": true,
            "name": "code-server-opa",
            "network_data": [
              {
                "gateway": "172.20.0.1",
                "global_ipv6_address": "",
                "global_ipv6_prefix_length": 0,
                "ip_address": "172.20.0.3",
                "ip_prefix_length": 16,
                "ipv6_gateway": "",
                "mac_address": "b2:4f:da:e5:61:ed",
                "network_name": "services"
              }
            ],
            "network_mode": "bridge",
            "networks_advanced": [
              {
                "aliases": [],
                "ipv4_address": "",
                "ipv6_address": "",
                "name": "cdadd85494b8b26a544e702a687bb3628950c5abade7f8fcdf399e094a541545"
              }
            ],
            "pid_mode": "",
            "ports": [
              {
                "external": 18181,
                "internal": 8181,
                "ip": "0.0.0.0",
                "protocol": "tcp"
              }
            ],
            "privileged": false,
            "publish_all_ports": false,
            "read_only": false,
            "remove_volumes": true,
            "restart": "unless-stopped",
            "rm": false,
            "runtime": "runc",
            "security_opts": [],
            "shm_size": 64,
            "start": true,
            "stdin_open": false,
            "stop_signal": "",
            "stop_timeout": 0,
            "storage_opts": {},
            "sysctls": {},
            "tmpfs": {},
            "tty": false,
            "ulimit": [],
            "upload": [],
            "user": "101:101",
            "userns_mode": "",
            "volumes": [],
            "wait": false,
            "wait_timeout": 60,
            "working_dir": ""
          },
          "sensitive_attributes": [],
          "identity_schema_version": 0,
          "private": "eyJzY2hlbWFfdmVyc2lvbiI6IjIifQ==",
          "dependencies": [
            "module.primary.docker_image.opa",
            "module.primary.docker_network.services"
          ]
        }
      ]
    },
    {
      "module": "module.primary",
      "mode": "managed",
      "type": "docker_container",
      "name": "otel_collector",
      "provider": "provider[\"registry.terraform.io/kreuzwerker/docker\"].primary",
      "instances": [
        {
          "schema_version": 2,
          "attributes": {
            "attach": false,
            "bridge": "",
            "capabilities": [],
            "cgroupns_mode": null,
            "command": [
              "--config=/etc/otel-collector.yaml"
            ],
            "container_logs": null,
            "container_read_refresh_timeout_milliseconds": 15000,
            "cpu_set": "",
            "cpu_shares": 0,
            "destroy_grace_seconds": null,
            "devices": [],
            "dns": [],
            "dns_opts": [],
            "dns_search": [],
            "domainname": "",
            "entrypoint": [
              "/otelcol-contrib"
            ],
            "env": [
              "DEPLOYMENT_ENV=production"
            ],
            "exit_code": null,
            "gpus": null,
            "group_add": [],
            "healthcheck": [
              {
                "interval": "30s",
                "retries": 3,
                "start_period": "15s",
                "test": [
                  "CMD",
                  "/otelcol-contrib",
                  "--version"
                ],
                "timeout": "5s"
              }
            ],
            "host": [],
            "hostname": "c7eaba2db9c5",
            "id": "c7eaba2db9c5db3eb6bcf8936aebc53c6c6c4a3fb36107cb4b8bd70d3aa42d76",
            "image": "sha256:b3083eac873743e35f1a52839c1abd00466bfe62d8b69bf419f4cdbbd20d74e3",
            "init": false,
            "ipc_mode": "private",
            "labels": [],
            "log_driver": "json-file",
            "log_opts": {
              "max-file": "3",
              "max-size": "10m"
            },
            "logs": false,
            "max_retry_count": 0,
            "memory": 0,
            "memory_swap": 0,
            "mounts": [
              {
                "bind_options": [],
                "read_only": true,
                "source": "/home/akushnir/code-server-enterprise/config/otel-collector.config.yaml",
                "target": "/etc/otel-collector.yaml",
                "tmpfs_options": [],
                "type": "bind",
                "volume_options": []
              }
            ],
            "must_run": true,
            "name": "code-server-otel-collector",
            "network_data": [
              {
                "gateway": "172.20.0.1",
                "global_ipv6_address": "",
                "global_ipv6_prefix_length": 0,
                "ip_address": "172.20.0.15",
                "ip_prefix_length": 16,
                "ipv6_gateway": "",
                "mac_address": "52:f9:49:7a:a0:ed",
                "network_name": "services"
              }
            ],
            "network_mode": "bridge",
            "networks_advanced": [
              {
                "aliases": [],
                "ipv4_address": "",
                "ipv6_address": "",
                "name": "cdadd85494b8b26a544e702a687bb3628950c5abade7f8fcdf399e094a541545"
              }
            ],
            "pid_mode": "",
            "ports": [
              {
                "external": 4317,
                "internal": 4317,
                "ip": "0.0.0.0",
                "protocol": "tcp"
              },
              {
                "external": 4318,
                "internal": 4318,
                "ip": "0.0.0.0",
                "protocol": "tcp"
              },
              {
                "external": 9200,
                "internal": 9200,
                "ip": "0.0.0.0",
                "protocol": "tcp"
              },
              {
                "external": 13133,
                "internal": 13133,
                "ip": "0.0.0.0",
                "protocol": "tcp"
              }
            ],
            "privileged": false,
            "publish_all_ports": false,
            "read_only": false,
            "remove_volumes": true,
            "restart": "unless-stopped",
            "rm": false,
            "runtime": "runc",
            "security_opts": [],
            "shm_size": 64,
            "start": true,
            "stdin_open": false,
            "stop_signal": "",
            "stop_timeout": 0,
            "storage_opts": {},
            "sysctls": {},
            "tmpfs": {},
            "tty": false,
            "ulimit": [],
            "upload": [],
            "user": "65534:65534",
            "userns_mode": "",
            "volumes": [],
            "wait": false,
            "wait_timeout": 60,
            "working_dir": "/"
          },
          "sensitive_attributes": [],
          "identity_schema_version": 0,
          "private": "eyJzY2hlbWFfdmVyc2lvbiI6IjIifQ==",
          "dependencies": [
            "module.primary.docker_container.loki",
            "module.primary.docker_container.loki_init",
            "module.primary.docker_container.prometheus",
            "module.primary.docker_container.prometheus_init",
            "module.primary.docker_container.tempo",
            "module.primary.docker_container.tempo_init",
            "module.primary.docker_image.alpine",
            "module.primary.docker_image.loki",
            "module.primary.docker_image.otel_collector",
            "module.primary.docker_image.prometheus",
            "module.primary.docker_image.tempo",
            "module.primary.docker_network.services",
            "module.primary.docker_volume.loki_data",
            "module.primary.docker_volume.prometheus_data",
            "module.primary.docker_volume.tempo_data"
          ]
        }
      ]
    },
    {
      "module": "module.primary",
      "mode": "managed",
      "type": "docker_container",
      "name": "paperclip",
      "provider": "provider[\"registry.terraform.io/kreuzwerker/docker\"].primary",
      "instances": [
        {
          "schema_version": 2,
          "attributes": {
            "attach": false,
            "bridge": "",
            "capabilities": [],
            "cgroupns_mode": null,
            "command": [
              "uvicorn",
              "main:app",
              "--host",
              "0.0.0.0",
              "--port",
              "8010"
            ],
            "container_logs": null,
            "container_read_refresh_timeout_milliseconds": 15000,
            "cpu_set": "",
            "cpu_shares": 0,
            "destroy_grace_seconds": null,
            "devices": [],
            "dns": [],
            "dns_opts": [],
            "dns_search": [],
            "domainname": "",
            "entrypoint": [],
            "env": [
              "DATABASE_URL=postgresql://postgres:postgres_password_2026@code-server-postgres:5432/code_server",
              "LOG_LEVEL=INFO",
              "OPA_URL=http://code-server-opa:8181",
              "REPUTATION_ENGINE_URL=http://code-server-reputation-engine:8002"
            ],
            "exit_code": null,
            "gpus": null,
            "group_add": [],
            "healthcheck": [
              {
                "interval": "30s",
                "retries": 3,
                "start_period": "15s",
                "test": [
                  "CMD",
                  "curl",
                  "-f",
                  "http://localhost:8010/health"
                ],
                "timeout": "10s"
              }
            ],
            "host": [],
            "hostname": "426ebe88628b",
            "id": "426ebe88628b98d59026f79b6a84175828e59d5bc2bfce2adc7dfe9718801564",
            "image": "sha256:68adf18574d17d1008aafba760b27fad875588f5fdf043d0ccb277647a57a091",
            "init": false,
            "ipc_mode": "private",
            "labels": [],
            "log_driver": "json-file",
            "log_opts": {
              "max-file": "3",
              "max-size": "10m"
            },
            "logs": false,
            "max_retry_count": 0,
            "memory": 0,
            "memory_swap": 0,
            "mounts": [
              {
                "bind_options": [],
                "read_only": false,
                "source": "/home/akushnir/code-server-enterprise/apps/paperclip",
                "target": "/app",
                "tmpfs_options": [],
                "type": "bind",
                "volume_options": []
              }
            ],
            "must_run": true,
            "name": "code-server-paperclip",
            "network_data": [
              {
                "gateway": "172.21.0.1",
                "global_ipv6_address": "",
                "global_ipv6_prefix_length": 0,
                "ip_address": "172.21.0.3",
                "ip_prefix_length": 16,
                "ipv6_gateway": "",
                "mac_address": "7e:2b:43:71:44:3e",
                "network_name": "database"
              },
              {
                "gateway": "172.20.0.1",
                "global_ipv6_address": "",
                "global_ipv6_prefix_length": 0,
                "ip_address": "172.20.0.22",
                "ip_prefix_length": 16,
                "ipv6_gateway": "",
                "mac_address": "de:6b:e8:62:5a:96",
                "network_name": "services"
              }
            ],
            "network_mode": "bridge",
            "networks_advanced": [
              {
                "aliases": [],
                "ipv4_address": "",
                "ipv6_address": "",
                "name": "c1c2eca2ee3088c01005a54894b3111a45796148d3f5dd081f4dcb0bd1796390"
              },
              {
                "aliases": [],
                "ipv4_address": "",
                "ipv6_address": "",
                "name": "cdadd85494b8b26a544e702a687bb3628950c5abade7f8fcdf399e094a541545"
              }
            ],
            "pid_mode": "",
            "ports": [
              {
                "external": 8007,
                "internal": 8007,
                "ip": "0.0.0.0",
                "protocol": "tcp"
              }
            ],
            "privileged": false,
            "publish_all_ports": false,
            "read_only": false,
            "remove_volumes": true,
            "restart": "unless-stopped",
            "rm": false,
            "runtime": "runc",
            "security_opts": [],
            "shm_size": 64,
            "start": true,
            "stdin_open": false,
            "stop_signal": "",
            "stop_timeout": 0,
            "storage_opts": {},
            "sysctls": {},
            "tmpfs": {},
            "tty": false,
            "ulimit": [],
            "upload": [],
            "user": "1002:1002",
            "userns_mode": "",
            "volumes": [],
            "wait": false,
            "wait_timeout": 60,
            "working_dir": "/app"
          },
          "sensitive_attributes": [
            [
              {
                "type": "get_attr",
                "value": "env"
              }
            ]
          ],
          "identity_schema_version": 0,
          "private": "eyJzY2hlbWFfdmVyc2lvbiI6IjIifQ==",
          "dependencies": [
            "module.primary.docker_container.opa",
            "module.primary.docker_container.postgres",
            "module.primary.docker_container.postgres_init",
            "module.primary.docker_container.redpanda",
            "module.primary.docker_container.redpanda_init",
            "module.primary.docker_container.reputation_engine",
            "module.primary.docker_image.alpine",
            "module.primary.docker_image.opa",
            "module.primary.docker_image.postgres",
            "module.primary.docker_image.redpanda",
            "module.primary.docker_network.database",
            "module.primary.docker_network.services",
            "module.primary.docker_volume.postgres_data",
            "module.primary.docker_volume.redpanda_data"
          ]
        }
      ]
    },
    {
      "module": "module.primary",
      "mode": "managed",
      "type": "docker_container",
      "name": "postgres",
      "provider": "provider[\"registry.terraform.io/kreuzwerker/docker\"].primary",
      "instances": [
        {
          "schema_version": 2,
          "attributes": {
            "attach": false,
            "bridge": "",
            "capabilities": [],
            "cgroupns_mode": null,
            "command": [
              "postgres"
            ],
            "container_logs": null,
            "container_read_refresh_timeout_milliseconds": 15000,
            "cpu_set": "",
            "cpu_shares": 0,
            "destroy_grace_seconds": null,
            "devices": [],
            "dns": [],
            "dns_opts": [],
            "dns_search": [],
            "domainname": "",
            "entrypoint": [
              "docker-entrypoint.sh"
            ],
            "env": [
              "POSTGRES_DB=code_server",
              "POSTGRES_INITDB_ARGS=--encoding=UTF8",
              "POSTGRES_PASSWORD=postgres_password_2026",
              "POSTGRES_USER=postgres"
            ],
            "exit_code": null,
            "gpus": null,
            "group_add": [],
            "healthcheck": [
              {
                "interval": "30s",
                "retries": 3,
                "start_period": "10s",
                "test": [
                  "CMD-SHELL",
                  "pg_isready -U postgres"
                ],
                "timeout": "10s"
              }
            ],
            "host": [],
            "hostname": "f31516c7c34e",
            "id": "f31516c7c34e972ce75b233bea613639fd3ea2b9c550498edf183a80b83ee405",
            "image": "sha256:667495ca2ac33180ad3690178da1bf274f481d0c43849d4c1941f0176983bd2e",
            "init": false,
            "ipc_mode": "private",
            "labels": [
              {
                "label": "io.elevatediq.component",
                "value": "database"
              },
              {
                "label": "io.elevatediq.tier",
                "value": "data"
              }
            ],
            "log_driver": "json-file",
            "log_opts": {
              "max-file": "3",
              "max-size": "10m"
            },
            "logs": false,
            "max_retry_count": 0,
            "memory": 0,
            "memory_swap": 0,
            "mounts": [
              {
                "bind_options": [],
                "read_only": false,
                "source": "postgres_data",
                "target": "/var/lib/postgresql/data",
                "tmpfs_options": [],
                "type": "volume",
                "volume_options": []
              }
            ],
            "must_run": true,
            "name": "code-server-postgres",
            "network_data": [
              {
                "gateway": "172.20.0.1",
                "global_ipv6_address": "",
                "global_ipv6_prefix_length": 0,
                "ip_address": "172.20.0.10",
                "ip_prefix_length": 16,
                "ipv6_gateway": "",
                "mac_address": "92:c8:60:b7:99:1e",
                "network_name": "services"
              },
              {
                "gateway": "172.21.0.1",
                "global_ipv6_address": "",
                "global_ipv6_prefix_length": 0,
                "ip_address": "172.21.0.2",
                "ip_prefix_length": 16,
                "ipv6_gateway": "",
                "mac_address": "0a:d0:63:54:66:ee",
                "network_name": "database"
              }
            ],
            "network_mode": "bridge",
            "networks_advanced": [
              {
                "aliases": [],
                "ipv4_address": "",
                "ipv6_address": "",
                "name": "c1c2eca2ee3088c01005a54894b3111a45796148d3f5dd081f4dcb0bd1796390"
              },
              {
                "aliases": [],
                "ipv4_address": "",
                "ipv6_address": "",
                "name": "cdadd85494b8b26a544e702a687bb3628950c5abade7f8fcdf399e094a541545"
              }
            ],
            "pid_mode": "",
            "ports": [
              {
                "external": 5432,
                "internal": 5432,
                "ip": "0.0.0.0",
                "protocol": "tcp"
              }
            ],
            "privileged": false,
            "publish_all_ports": false,
            "read_only": false,
            "remove_volumes": true,
            "restart": "unless-stopped",
            "rm": false,
            "runtime": "runc",
            "security_opts": [],
            "shm_size": 64,
            "start": true,
            "stdin_open": false,
            "stop_signal": "SIGINT",
            "stop_timeout": 0,
            "storage_opts": {},
            "sysctls": {},
            "tmpfs": {},
            "tty": false,
            "ulimit": [],
            "upload": [],
            "user": "999:999",
            "userns_mode": "",
            "volumes": [],
            "wait": false,
            "wait_timeout": 60,
            "working_dir": "/"
          },
          "sensitive_attributes": [
            [
              {
                "type": "get_attr",
                "value": "env"
              }
            ]
          ],
          "identity_schema_version": 0,
          "private": "eyJzY2hlbWFfdmVyc2lvbiI6IjIifQ==",
          "dependencies": [
            "module.primary.docker_container.postgres_init",
            "module.primary.docker_image.alpine",
            "module.primary.docker_image.postgres",
            "module.primary.docker_network.database",
            "module.primary.docker_network.services",
            "module.primary.docker_volume.postgres_data"
          ]
        }
      ]
    },
    {
      "module": "module.primary",
      "mode": "managed",
      "type": "docker_container",
      "name": "postgres_init",
      "provider": "provider[\"registry.terraform.io/kreuzwerker/docker\"].primary",
      "instances": [
        {
          "schema_version": 2,
          "attributes": {
            "attach": false,
            "bridge": "",
            "capabilities": [],
            "cgroupns_mode": null,
            "command": [
              "sh",
              "-lc",
              "mkdir -p /var/lib/postgresql/data; owner=$(stat -c '%u:%g' /var/lib/postgresql/data 2\u003e/dev/null || true); [ \"$owner\" = '999:999' ] || chown -R 999:999 /var/lib/postgresql/data"
            ],
            "container_logs": null,
            "container_read_refresh_timeout_milliseconds": 15000,
            "cpu_set": "",
            "cpu_shares": 0,
            "destroy_grace_seconds": null,
            "devices": [],
            "dns": [],
            "dns_opts": [],
            "dns_search": [],
            "domainname": "",
            "entrypoint": [],
            "env": [],
            "exit_code": 0,
            "gpus": null,
            "group_add": [],
            "healthcheck": [],
            "host": [],
            "hostname": "92ecb9fc5a1f",
            "id": "92ecb9fc5a1fe20093b83dc5cbbb712ac430a4e87e2501a9a76bd042a30e9c88",
            "image": "sha256:bf8527eb54c3680e728d5b4b383a8ba730d72dae7236fbc8dff97ed6b224a731",
            "init": false,
            "ipc_mode": "private",
            "labels": [],
            "log_driver": "json-file",
            "log_opts": {},
            "logs": false,
            "max_retry_count": 0,
            "memory": 0,
            "memory_swap": 0,
            "mounts": [
              {
                "bind_options": [],
                "read_only": false,
                "source": "postgres_data",
                "target": "/var/lib/postgresql/data",
                "tmpfs_options": [],
                "type": "volume",
                "volume_options": []
              }
            ],
            "must_run": false,
            "name": "code-server-postgres-init",
            "network_data": [
              {
                "gateway": "",
                "global_ipv6_address": "",
                "global_ipv6_prefix_length": 0,
                "ip_address": "",
                "ip_prefix_length": 0,
                "ipv6_gateway": "",
                "mac_address": "",
                "network_name": "database"
              },
              {
                "gateway": "",
                "global_ipv6_address": "",
                "global_ipv6_prefix_length": 0,
                "ip_address": "",
                "ip_prefix_length": 0,
                "ipv6_gateway": "",
                "mac_address": "",
                "network_name": "services"
              }
            ],
            "network_mode": "bridge",
            "networks_advanced": [
              {
                "aliases": [],
                "ipv4_address": "",
                "ipv6_address": "",
                "name": "c1c2eca2ee3088c01005a54894b3111a45796148d3f5dd081f4dcb0bd1796390"
              },
              {
                "aliases": [],
                "ipv4_address": "",
                "ipv6_address": "",
                "name": "cdadd85494b8b26a544e702a687bb3628950c5abade7f8fcdf399e094a541545"
              }
            ],
            "pid_mode": "",
            "ports": [],
            "privileged": false,
            "publish_all_ports": false,
            "read_only": false,
            "remove_volumes": true,
            "restart": "no",
            "rm": false,
            "runtime": "runc",
            "security_opts": [],
            "shm_size": 64,
            "start": true,
            "stdin_open": false,
            "stop_signal": "",
            "stop_timeout": 0,
            "storage_opts": {},
            "sysctls": {},
            "tmpfs": {},
            "tty": false,
            "ulimit": [],
            "upload": [],
            "user": "0:0",
            "userns_mode": "",
            "volumes": [],
            "wait": false,
            "wait_timeout": 60,
            "working_dir": "/"
          },
          "sensitive_attributes": [],
          "identity_schema_version": 0,
          "private": "eyJzY2hlbWFfdmVyc2lvbiI6IjIifQ==",
          "dependencies": [
            "module.primary.docker_image.alpine",
            "module.primary.docker_network.database",
            "module.primary.docker_network.services",
            "module.primary.docker_volume.postgres_data"
          ]
        }
      ]
    },
    {
      "module": "module.primary",
      "mode": "managed",
      "type": "docker_container",
      "name": "prometheus",
      "provider": "provider[\"registry.terraform.io/kreuzwerker/docker\"].primary",
      "instances": [
        {
          "schema_version": 2,
          "attributes": {
            "attach": false,
            "bridge": "",
            "capabilities": [],
            "cgroupns_mode": null,
            "command": [
              "--config.file=/prometheus-config/prometheus.yml",
              "--storage.tsdb.path=/prometheus",
              "--storage.tsdb.retention.time=30d",
              "--web.enable-remote-write-receiver"
            ],
            "container_logs": null,
            "container_read_refresh_timeout_milliseconds": 15000,
            "cpu_set": "",
            "cpu_shares": 0,
            "destroy_grace_seconds": null,
            "devices": [],
            "dns": [],
            "dns_opts": [],
            "dns_search": [],
            "domainname": "",
            "entrypoint": [
              "/bin/prometheus"
            ],
            "env": [
              "TZ=UTC"
            ],
            "exit_code": null,
            "gpus": null,
            "group_add": [],
            "healthcheck": [
              {
                "interval": "30s",
                "retries": 3,
                "start_period": "10s",
                "test": [
                  "CMD-SHELL",
                  "prometheus --version \u003e/dev/null \u0026\u0026 echo OK || exit 1"
                ],
                "timeout": "5s"
              }
            ],
            "host": [],
            "hostname": "7ce617e99432",
            "id": "7ce617e99432a67bd3d58c9ed460b6ef568a390e59193464e45765cc15ce808b",
            "image": "sha256:620d5e2a39df1802ad1c4991f9860078608ab85c8c0a7fd23c770afaa5007b88",
            "init": false,
            "ipc_mode": "private",
            "labels": [],
            "log_driver": "json-file",
            "log_opts": {
              "max-file": "3",
              "max-size": "10m"
            },
            "logs": false,
            "max_retry_count": 0,
            "memory": 0,
            "memory_swap": 0,
            "mounts": [
              {
                "bind_options": [],
                "read_only": false,
                "source": "prometheus_data",
                "target": "/prometheus",
                "tmpfs_options": [],
                "type": "volume",
                "volume_options": []
              },
              {
                "bind_options": [],
                "read_only": true,
                "source": "/home/akushnir/code-server-enterprise/config",
                "target": "/prometheus-config",
                "tmpfs_options": [],
                "type": "bind",
                "volume_options": []
              },
              {
                "bind_options": [],
                "read_only": true,
                "source": "/home/akushnir/code-server-enterprise/monitoring/alerts",
                "target": "/etc/prometheus/rules",
                "tmpfs_options": [],
                "type": "bind",
                "volume_options": []
              }
            ],
            "must_run": true,
            "name": "code-server-prometheus",
            "network_data": [
              {
                "gateway": "172.20.0.1",
                "global_ipv6_address": "",
                "global_ipv6_prefix_length": 0,
                "ip_address": "172.20.0.5",
                "ip_prefix_length": 16,
                "ipv6_gateway": "",
                "mac_address": "fa:97:17:d2:0b:e6",
                "network_name": "services"
              }
            ],
            "network_mode": "bridge",
            "networks_advanced": [
              {
                "aliases": [],
                "ipv4_address": "",
                "ipv6_address": "",
                "name": "cdadd85494b8b26a544e702a687bb3628950c5abade7f8fcdf399e094a541545"
              }
            ],
            "pid_mode": "",
            "ports": [
              {
                "external": 9090,
                "internal": 9090,
                "ip": "0.0.0.0",
                "protocol": "tcp"
              }
            ],
            "privileged": false,
            "publish_all_ports": false,
            "read_only": false,
            "remove_volumes": true,
            "restart": "unless-stopped",
            "rm": false,
            "runtime": "runc",
            "security_opts": [],
            "shm_size": 64,
            "start": true,
            "stdin_open": false,
            "stop_signal": "",
            "stop_timeout": 0,
            "storage_opts": {},
            "sysctls": {},
            "tmpfs": {},
            "tty": false,
            "ulimit": [],
            "upload": [],
            "user": "65534:65534",
            "userns_mode": "",
            "volumes": [],
            "wait": false,
            "wait_timeout": 60,
            "working_dir": "/prometheus"
          },
          "sensitive_attributes": [],
          "identity_schema_version": 0,
          "private": "eyJzY2hlbWFfdmVyc2lvbiI6IjIifQ==",
          "dependencies": [
            "module.primary.docker_container.prometheus_init",
            "module.primary.docker_image.alpine",
            "module.primary.docker_image.prometheus",
            "module.primary.docker_network.services",
            "module.primary.docker_volume.prometheus_data"
          ]
        }
      ]
    },
    {
      "module": "module.primary",
      "mode": "managed",
      "type": "docker_container",
      "name": "prometheus_init",
      "provider": "provider[\"registry.terraform.io/kreuzwerker/docker\"].primary",
      "instances": [
        {
          "schema_version": 2,
          "attributes": {
            "attach": false,
            "bridge": "",
            "capabilities": [],
            "cgroupns_mode": null,
            "command": [
              "sh",
              "-lc",
              "mkdir -p /prometheus; owner=$(stat -c '%u:%g' /prometheus 2\u003e/dev/null || true); [ \"$owner\" = '65534:65534' ] || chown -R 65534:65534 /prometheus"
            ],
            "container_logs": null,
            "container_read_refresh_timeout_milliseconds": 15000,
            "cpu_set": "",
            "cpu_shares": 0,
            "destroy_grace_seconds": null,
            "devices": [],
            "dns": [],
            "dns_opts": [],
            "dns_search": [],
            "domainname": "",
            "entrypoint": [],
            "env": [],
            "exit_code": 0,
            "gpus": null,
            "group_add": [],
            "healthcheck": [],
            "host": [],
            "hostname": "739d357c80c1",
            "id": "739d357c80c1be09b75160f4568c70d1faefb77daf123f4147e4008ae4d0c2a6",
            "image": "sha256:bf8527eb54c3680e728d5b4b383a8ba730d72dae7236fbc8dff97ed6b224a731",
            "init": false,
            "ipc_mode": "private",
            "labels": [],
            "log_driver": "json-file",
            "log_opts": {},
            "logs": false,
            "max_retry_count": 0,
            "memory": 0,
            "memory_swap": 0,
            "mounts": [
              {
                "bind_options": [],
                "read_only": false,
                "source": "prometheus_data",
                "target": "/prometheus",
                "tmpfs_options": [],
                "type": "volume",
                "volume_options": []
              }
            ],
            "must_run": false,
            "name": "code-server-prometheus-init",
            "network_data": [
              {
                "gateway": "",
                "global_ipv6_address": "",
                "global_ipv6_prefix_length": 0,
                "ip_address": "",
                "ip_prefix_length": 0,
                "ipv6_gateway": "",
                "mac_address": "",
                "network_name": "services"
              }
            ],
            "network_mode": "bridge",
            "networks_advanced": [
              {
                "aliases": [],
                "ipv4_address": "",
                "ipv6_address": "",
                "name": "cdadd85494b8b26a544e702a687bb3628950c5abade7f8fcdf399e094a541545"
              }
            ],
            "pid_mode": "",
            "ports": [],
            "privileged": false,
            "publish_all_ports": false,
            "read_only": false,
            "remove_volumes": true,
            "restart": "no",
            "rm": false,
            "runtime": "runc",
            "security_opts": [],
            "shm_size": 64,
            "start": true,
            "stdin_open": false,
            "stop_signal": "",
            "stop_timeout": 0,
            "storage_opts": {},
            "sysctls": {},
            "tmpfs": {},
            "tty": false,
            "ulimit": [],
            "upload": [],
            "user": "0:0",
            "userns_mode": "",
            "volumes": [],
            "wait": false,
            "wait_timeout": 60,
            "working_dir": "/"
          },
          "sensitive_attributes": [],
          "identity_schema_version": 0,
          "private": "eyJzY2hlbWFfdmVyc2lvbiI6IjIifQ==",
          "dependencies": [
            "module.primary.docker_image.alpine",
            "module.primary.docker_network.services",
            "module.primary.docker_volume.prometheus_data"
          ]
        }
      ]
    },
    {
      "module": "module.primary",
      "mode": "managed",
      "type": "docker_container",
      "name": "qdrant",
      "provider": "provider[\"registry.terraform.io/kreuzwerker/docker\"].primary",
      "instances": [
        {
          "schema_version": 2,
          "attributes": {
            "attach": false,
            "bridge": "",
            "capabilities": [],
            "cgroupns_mode": null,
            "command": [
              "./entrypoint.sh"
            ],
            "container_logs": null,
            "container_read_refresh_timeout_milliseconds": 15000,
            "cpu_set": "",
            "cpu_shares": 0,
            "destroy_grace_seconds": null,
            "devices": [],
            "dns": [],
            "dns_opts": [],
            "dns_search": [],
            "domainname": "",
            "entrypoint": [],
            "env": [
              "QDRANT_API_KEY=qdrant_api_key_2026",
              "QDRANT__STORAGE__SNAPSHOTS_PATH=/qdrant/storage/snapshots",
              "QDRANT__STORAGE__STORAGE_PATH=/qdrant/storage",
              "QDRANT__STORAGE__WAL_PATH=/qdrant/storage/wal"
            ],
            "exit_code": null,
            "gpus": null,
            "group_add": [],
            "healthcheck": [
              {
                "interval": "30s",
                "retries": 3,
                "start_period": "20s",
                "test": [
                  "CMD-SHELL",
                  "bash -c 'echo \u003e /dev/tcp/localhost/6333' || exit 1"
                ],
                "timeout": "5s"
              }
            ],
            "host": [],
            "hostname": "31283481e19b",
            "id": "31283481e19b9488b3806612af5ea8e3cab735b52ef4380b6c42269548544ba3",
            "image": "sha256:e30b7d1c1b5519416acbab46dce77e6df58887ccc22de1cf790a49e474c1770c",
            "init": false,
            "ipc_mode": "private",
            "labels": [
              {
                "label": "io.elevatediq.component",
                "value": "vector-db"
              },
              {
                "label": "io.elevatediq.tier",
                "value": "data"
              }
            ],
            "log_driver": "json-file",
            "log_opts": {
              "max-file": "3",
              "max-size": "10m"
            },
            "logs": false,
            "max_retry_count": 0,
            "memory": 0,
            "memory_swap": 0,
            "mounts": [
              {
                "bind_options": [],
                "read_only": false,
                "source": "qdrant_data",
                "target": "/qdrant/storage",
                "tmpfs_options": [],
                "type": "volume",
                "volume_options": []
              },
              {
                "bind_options": [],
                "read_only": true,
                "source": "/home/akushnir/code-server-enterprise/config/qdrant-config.yaml",
                "target": "/qdrant/config/local_config.yaml",
                "tmpfs_options": [],
                "type": "bind",
                "volume_options": []
              }
            ],
            "must_run": true,
            "name": "code-server-qdrant",
            "network_data": [
              {
                "gateway": "172.20.0.1",
                "global_ipv6_address": "",
                "global_ipv6_prefix_length": 0,
                "ip_address": "172.20.0.8",
                "ip_prefix_length": 16,
                "ipv6_gateway": "",
                "mac_address": "5a:27:b7:ed:43:ea",
                "network_name": "services"
              }
            ],
            "network_mode": "bridge",
            "networks_advanced": [
              {
                "aliases": [],
                "ipv4_address": "",
                "ipv6_address": "",
                "name": "cdadd85494b8b26a544e702a687bb3628950c5abade7f8fcdf399e094a541545"
              }
            ],
            "pid_mode": "",
            "ports": [
              {
                "external": 6333,
                "internal": 6333,
                "ip": "0.0.0.0",
                "protocol": "tcp"
              },
              {
                "external": 6334,
                "internal": 6334,
                "ip": "0.0.0.0",
                "protocol": "tcp"
              }
            ],
            "privileged": false,
            "publish_all_ports": false,
            "read_only": false,
            "remove_volumes": true,
            "restart": "unless-stopped",
            "rm": false,
            "runtime": "runc",
            "security_opts": [],
            "shm_size": 64,
            "start": true,
            "stdin_open": false,
            "stop_signal": "",
            "stop_timeout": 0,
            "storage_opts": {},
            "sysctls": {},
            "tmpfs": {},
            "tty": false,
            "ulimit": [],
            "upload": [],
            "user": "1000:1000",
            "userns_mode": "",
            "volumes": [],
            "wait": false,
            "wait_timeout": 60,
            "working_dir": "/qdrant"
          },
          "sensitive_attributes": [
            [
              {
                "type": "get_attr",
                "value": "env"
              }
            ]
          ],
          "identity_schema_version": 0,
          "private": "eyJzY2hlbWFfdmVyc2lvbiI6IjIifQ==",
          "dependencies": [
            "module.primary.docker_container.qdrant_init",
            "module.primary.docker_image.alpine",
            "module.primary.docker_image.qdrant",
            "module.primary.docker_network.services",
            "module.primary.docker_volume.qdrant_data"
          ]
        }
      ]
    },
    {
      "module": "module.primary",
      "mode": "managed",
      "type": "docker_container",
      "name": "qdrant_init",
      "provider": "provider[\"registry.terraform.io/kreuzwerker/docker\"].primary",
      "instances": [
        {
          "schema_version": 2,
          "attributes": {
            "attach": false,
            "bridge": "",
            "capabilities": [],
            "cgroupns_mode": null,
            "command": [
              "sh",
              "-lc",
              "mkdir -p /qdrant/storage; owner=$(stat -c '%u:%g' /qdrant/storage 2\u003e/dev/null || true); [ \"$owner\" = '1000:1000' ] || chown -R 1000:1000 /qdrant/storage"
            ],
            "container_logs": null,
            "container_read_refresh_timeout_milliseconds": 15000,
            "cpu_set": "",
            "cpu_shares": 0,
            "destroy_grace_seconds": null,
            "devices": [],
            "dns": [],
            "dns_opts": [],
            "dns_search": [],
            "domainname": "",
            "entrypoint": [],
            "env": [],
            "exit_code": 0,
            "gpus": null,
            "group_add": [],
            "healthcheck": [],
            "host": [],
            "hostname": "efd6d60ae050",
            "id": "efd6d60ae0501f88b312cea9e30b38733cc46ff63cfcd6429d094a5f10c760a1",
            "image": "sha256:bf8527eb54c3680e728d5b4b383a8ba730d72dae7236fbc8dff97ed6b224a731",
            "init": false,
            "ipc_mode": "private",
            "labels": [],
            "log_driver": "json-file",
            "log_opts": {},
            "logs": false,
            "max_retry_count": 0,
            "memory": 0,
            "memory_swap": 0,
            "mounts": [
              {
                "bind_options": [],
                "read_only": false,
                "source": "qdrant_data",
                "target": "/qdrant/storage",
                "tmpfs_options": [],
                "type": "volume",
                "volume_options": []
              }
            ],
            "must_run": false,
            "name": "code-server-qdrant-init",
            "network_data": [
              {
                "gateway": "",
                "global_ipv6_address": "",
                "global_ipv6_prefix_length": 0,
                "ip_address": "",
                "ip_prefix_length": 0,
                "ipv6_gateway": "",
                "mac_address": "",
                "network_name": "services"
              }
            ],
            "network_mode": "bridge",
            "networks_advanced": [
              {
                "aliases": [],
                "ipv4_address": "",
                "ipv6_address": "",
                "name": "cdadd85494b8b26a544e702a687bb3628950c5abade7f8fcdf399e094a541545"
              }
            ],
            "pid_mode": "",
            "ports": [],
            "privileged": false,
            "publish_all_ports": false,
            "read_only": false,
            "remove_volumes": true,
            "restart": "no",
            "rm": false,
            "runtime": "runc",
            "security_opts": [],
            "shm_size": 64,
            "start": true,
            "stdin_open": false,
            "stop_signal": "",
            "stop_timeout": 0,
            "storage_opts": {},
            "sysctls": {},
            "tmpfs": {},
            "tty": false,
            "ulimit": [],
            "upload": [],
            "user": "0:0",
            "userns_mode": "",
            "volumes": [],
            "wait": false,
            "wait_timeout": 60,
            "working_dir": "/"
          },
          "sensitive_attributes": [],
          "identity_schema_version": 0,
          "private": "eyJzY2hlbWFfdmVyc2lvbiI6IjIifQ==",
          "dependencies": [
            "module.primary.docker_image.alpine",
            "module.primary.docker_network.services",
            "module.primary.docker_volume.qdrant_data"
          ]
        }
      ]
    },
    {
      "module": "module.primary",
      "mode": "managed",
      "type": "docker_container",
      "name": "redis",
      "provider": "provider[\"registry.terraform.io/kreuzwerker/docker\"].primary",
      "instances": [
        {
          "schema_version": 2,
          "attributes": {
            "attach": false,
            "bridge": "",
            "capabilities": [],
            "cgroupns_mode": null,
            "command": [
              "redis-server",
              "--appendonly",
              "yes"
            ],
            "container_logs": null,
            "container_read_refresh_timeout_milliseconds": 15000,
            "cpu_set": "",
            "cpu_shares": 0,
            "destroy_grace_seconds": null,
            "devices": [],
            "dns": [],
            "dns_opts": [],
            "dns_search": [],
            "domainname": "",
            "entrypoint": [
              "docker-entrypoint.sh"
            ],
            "env": [],
            "exit_code": null,
            "gpus": null,
            "group_add": [],
            "healthcheck": [
              {
                "interval": "30s",
                "retries": 3,
                "start_period": "10s",
                "test": [
                  "CMD",
                  "redis-cli",
                  "--raw",
                  "incr",
                  "ping"
                ],
                "timeout": "5s"
              }
            ],
            "host": [],
            "hostname": "8f717abc74c4",
            "id": "8f717abc74c440d619ab3e1f37bb3e50d467f6d88112d53e8aede9010b46512c",
            "image": "sha256:9210b8dc25f122eb00e5572dcc7147c8e11fb1a08308b088e06c9d5dd2aa49d6",
            "init": false,
            "ipc_mode": "private",
            "labels": [
              {
                "label": "io.elevatediq.component",
                "value": "cache"
              },
              {
                "label": "io.elevatediq.tier",
                "value": "data"
              }
            ],
            "log_driver": "json-file",
            "log_opts": {
              "max-file": "3",
              "max-size": "10m"
            },
            "logs": false,
            "max_retry_count": 0,
            "memory": 0,
            "memory_swap": 0,
            "mounts": [
              {
                "bind_options": [],
                "read_only": false,
                "source": "redis_data",
                "target": "/data",
                "tmpfs_options": [],
                "type": "volume",
                "volume_options": []
              }
            ],
            "must_run": true,
            "name": "code-server-redis",
            "network_data": [
              {
                "gateway": "172.20.0.1",
                "global_ipv6_address": "",
                "global_ipv6_prefix_length": 0,
                "ip_address": "172.20.0.11",
                "ip_prefix_length": 16,
                "ipv6_gateway": "",
                "mac_address": "ee:a9:b5:72:3a:6c",
                "network_name": "services"
              }
            ],
            "network_mode": "bridge",
            "networks_advanced": [
              {
                "aliases": [],
                "ipv4_address": "",
                "ipv6_address": "",
                "name": "cdadd85494b8b26a544e702a687bb3628950c5abade7f8fcdf399e094a541545"
              }
            ],
            "pid_mode": "",
            "ports": [
              {
                "external": 6379,
                "internal": 6379,
                "ip": "0.0.0.0",
                "protocol": "tcp"
              }
            ],
            "privileged": false,
            "publish_all_ports": false,
            "read_only": false,
            "remove_volumes": true,
            "restart": "unless-stopped",
            "rm": false,
            "runtime": "runc",
            "security_opts": [],
            "shm_size": 64,
            "start": true,
            "stdin_open": false,
            "stop_signal": "",
            "stop_timeout": 0,
            "storage_opts": {},
            "sysctls": {},
            "tmpfs": {},
            "tty": false,
            "ulimit": [],
            "upload": [],
            "user": "999:999",
            "userns_mode": "",
            "volumes": [],
            "wait": false,
            "wait_timeout": 60,
            "working_dir": "/data"
          },
          "sensitive_attributes": [
            [
              {
                "type": "get_attr",
                "value": "command"
              }
            ]
          ],
          "identity_schema_version": 0,
          "private": "eyJzY2hlbWFfdmVyc2lvbiI6IjIifQ==",
          "dependencies": [
            "module.primary.docker_container.redis_init",
            "module.primary.docker_image.alpine",
            "module.primary.docker_image.redis",
            "module.primary.docker_network.services",
            "module.primary.docker_volume.redis_data"
          ]
        }
      ]
    },
    {
      "module": "module.primary",
      "mode": "managed",
      "type": "docker_container",
      "name": "redis_init",
      "provider": "provider[\"registry.terraform.io/kreuzwerker/docker\"].primary",
      "instances": [
        {
          "schema_version": 2,
          "attributes": {
            "attach": false,
            "bridge": "",
            "capabilities": [],
            "cgroupns_mode": null,
            "command": [
              "sh",
              "-lc",
              "mkdir -p /data; owner=$(stat -c '%u:%g' /data 2\u003e/dev/null || true); [ \"$owner\" = '999:999' ] || chown -R 999:999 /data"
            ],
            "container_logs": null,
            "container_read_refresh_timeout_milliseconds": 15000,
            "cpu_set": "",
            "cpu_shares": 0,
            "destroy_grace_seconds": null,
            "devices": [],
            "dns": [],
            "dns_opts": [],
            "dns_search": [],
            "domainname": "",
            "entrypoint": [],
            "env": [],
            "exit_code": 0,
            "gpus": null,
            "group_add": [],
            "healthcheck": [],
            "host": [],
            "hostname": "927889a58920",
            "id": "927889a58920e7ef2b3c563a0b0ea140342c2aa60c3a0a5c532b69e9510fd027",
            "image": "sha256:bf8527eb54c3680e728d5b4b383a8ba730d72dae7236fbc8dff97ed6b224a731",
            "init": false,
            "ipc_mode": "private",
            "labels": [],
            "log_driver": "json-file",
            "log_opts": {},
            "logs": false,
            "max_retry_count": 0,
            "memory": 0,
            "memory_swap": 0,
            "mounts": [
              {
                "bind_options": [],
                "read_only": false,
                "source": "redis_data",
                "target": "/data",
                "tmpfs_options": [],
                "type": "volume",
                "volume_options": []
              }
            ],
            "must_run": false,
            "name": "code-server-redis-init",
            "network_data": [
              {
                "gateway": "",
                "global_ipv6_address": "",
                "global_ipv6_prefix_length": 0,
                "ip_address": "",
                "ip_prefix_length": 0,
                "ipv6_gateway": "",
                "mac_address": "",
                "network_name": "services"
              }
            ],
            "network_mode": "bridge",
            "networks_advanced": [
              {
                "aliases": [],
                "ipv4_address": "",
                "ipv6_address": "",
                "name": "cdadd85494b8b26a544e702a687bb3628950c5abade7f8fcdf399e094a541545"
              }
            ],
            "pid_mode": "",
            "ports": [],
            "privileged": false,
            "publish_all_ports": false,
            "read_only": false,
            "remove_volumes": true,
            "restart": "no",
            "rm": false,
            "runtime": "runc",
            "security_opts": [],
            "shm_size": 64,
            "start": true,
            "stdin_open": false,
            "stop_signal": "",
            "stop_timeout": 0,
            "storage_opts": {},
            "sysctls": {},
            "tmpfs": {},
            "tty": false,
            "ulimit": [],
            "upload": [],
            "user": "0:0",
            "userns_mode": "",
            "volumes": [],
            "wait": false,
            "wait_timeout": 60,
            "working_dir": "/"
          },
          "sensitive_attributes": [],
          "identity_schema_version": 0,
          "private": "eyJzY2hlbWFfdmVyc2lvbiI6IjIifQ==",
          "dependencies": [
            "module.primary.docker_image.alpine",
            "module.primary.docker_network.services",
            "module.primary.docker_volume.redis_data"
          ]
        }
      ]
    },
    {
      "module": "module.primary",
      "mode": "managed",
      "type": "docker_container",
      "name": "redpanda",
      "provider": "provider[\"registry.terraform.io/kreuzwerker/docker\"].primary",
      "instances": [
        {
          "schema_version": 2,
          "attributes": {
            "attach": false,
            "bridge": "",
            "capabilities": [],
            "cgroupns_mode": null,
            "command": [
              "redpanda",
              "start",
              "--kafka-addr=PLAINTEXT://0.0.0.0:29092,OUTSIDE://0.0.0.0:9092",
              "--advertise-kafka-addr=PLAINTEXT://redpanda:29092,OUTSIDE://redpanda:9092",
              "--pandaproxy-addr=0.0.0.0:8082",
              "--advertise-pandaproxy-addr=redpanda:8082",
              "--schema-registry-addr=0.0.0.0:8081",
              "--rpc-addr=0.0.0.0:33145",
              "--advertise-rpc-addr=redpanda:33145"
            ],
            "container_logs": null,
            "container_read_refresh_timeout_milliseconds": 15000,
            "cpu_set": "",
            "cpu_shares": 0,
            "destroy_grace_seconds": null,
            "devices": [],
            "dns": [],
            "dns_opts": [],
            "dns_search": [],
            "domainname": "",
            "entrypoint": [
              "/entrypoint.sh"
            ],
            "env": [
              "REDPANDA_BROKERS=redpanda:9092",
              "TZ=UTC"
            ],
            "exit_code": null,
            "gpus": null,
            "group_add": [],
            "healthcheck": [
              {
                "interval": "30s",
                "retries": 5,
                "start_period": "30s",
                "test": [
                  "CMD-SHELL",
                  "curl -fsS http://localhost:9644/v1/status/ready"
                ],
                "timeout": "10s"
              }
            ],
            "host": [],
            "hostname": "a98f3b69b8db",
            "id": "a98f3b69b8db7e3ad8cdc3cb41b073a07fda52f46ed2a13490fbf00c0893fab4",
            "image": "sha256:2c59133cbabe9b89040daa79b45955f773a163dff218474e9d449c1a06d4bb86",
            "init": false,
            "ipc_mode": "private",
            "labels": [
              {
                "label": "io.elevatediq.component",
                "value": "event-bus"
              },
              {
                "label": "io.elevatediq.tier",
                "value": "infrastructure"
              }
            ],
            "log_driver": "json-file",
            "log_opts": {
              "max-file": "5",
              "max-size": "20m"
            },
            "logs": false,
            "max_retry_count": 0,
            "memory": 0,
            "memory_swap": 0,
            "mounts": [
              {
                "bind_options": [],
                "read_only": false,
                "source": "redpanda_data",
                "target": "/var/lib/redpanda/data",
                "tmpfs_options": [],
                "type": "volume",
                "volume_options": []
              },
              {
                "bind_options": [],
                "read_only": true,
                "source": "/home/akushnir/code-server-enterprise",
                "target": "/redpanda-src",
                "tmpfs_options": [],
                "type": "bind",
                "volume_options": []
              }
            ],
            "must_run": true,
            "name": "code-server-redpanda",
            "network_data": [
              {
                "gateway": "172.20.0.1",
                "global_ipv6_address": "",
                "global_ipv6_prefix_length": 0,
                "ip_address": "172.20.0.9",
                "ip_prefix_length": 16,
                "ipv6_gateway": "",
                "mac_address": "96:e8:76:a8:96:99",
                "network_name": "services"
              }
            ],
            "network_mode": "bridge",
            "networks_advanced": [
              {
                "aliases": [
                  "redpanda"
                ],
                "ipv4_address": "",
                "ipv6_address": "",
                "name": "cdadd85494b8b26a544e702a687bb3628950c5abade7f8fcdf399e094a541545"
              }
            ],
            "pid_mode": "",
            "ports": [
              {
                "external": 8081,
                "internal": 8081,
                "ip": "0.0.0.0",
                "protocol": "tcp"
              },
              {
                "external": 8082,
                "internal": 8082,
                "ip": "0.0.0.0",
                "protocol": "tcp"
              },
              {
                "external": 9092,
                "internal": 9092,
                "ip": "0.0.0.0",
                "protocol": "tcp"
              },
              {
                "external": 29092,
                "internal": 29092,
                "ip": "0.0.0.0",
                "protocol": "tcp"
              },
              {
                "external": 33145,
                "internal": 33145,
                "ip": "0.0.0.0",
                "protocol": "tcp"
              }
            ],
            "privileged": false,
            "publish_all_ports": false,
            "read_only": false,
            "remove_volumes": true,
            "restart": "unless-stopped",
            "rm": false,
            "runtime": "runc",
            "security_opts": [],
            "shm_size": 64,
            "start": true,
            "stdin_open": false,
            "stop_signal": "",
            "stop_timeout": 0,
            "storage_opts": {},
            "sysctls": {},
            "tmpfs": {},
            "tty": false,
            "ulimit": [],
            "upload": [],
            "user": "101:101",
            "userns_mode": "",
            "volumes": [],
            "wait": false,
            "wait_timeout": 60,
            "working_dir": ""
          },
          "sensitive_attributes": [],
          "identity_schema_version": 0,
          "private": "eyJzY2hlbWFfdmVyc2lvbiI6IjIifQ==",
          "dependencies": [
            "module.primary.docker_container.redpanda_init",
            "module.primary.docker_image.alpine",
            "module.primary.docker_image.redpanda",
            "module.primary.docker_network.services",
            "module.primary.docker_volume.redpanda_data"
          ]
        }
      ]
    },
    {
      "module": "module.primary",
      "mode": "managed",
      "type": "docker_container",
      "name": "redpanda_console",
      "provider": "provider[\"registry.terraform.io/kreuzwerker/docker\"].primary",
      "instances": [
        {
          "schema_version": 2,
          "attributes": {
            "attach": false,
            "bridge": "",
            "capabilities": [],
            "cgroupns_mode": null,
            "command": [],
            "container_logs": null,
            "container_read_refresh_timeout_milliseconds": 15000,
            "cpu_set": "",
            "cpu_shares": 0,
            "destroy_grace_seconds": null,
            "devices": [],
            "dns": [],
            "dns_opts": [],
            "dns_search": [],
            "domainname": "",
            "entrypoint": [
              "./console"
            ],
            "env": [
              "CONSOLE_CONFIG_FILEPATH=/etc/redpanda/redpanda-console-config.yaml",
              "KAFKA_BROKERS=redpanda:9092",
              "KAFKA_SCHEMAREGISTRY_ENABLED=true",
              "KAFKA_SCHEMAREGISTRY_URLS=http://redpanda:8081",
              "SERVER_LISTENPORT=8080"
            ],
            "exit_code": null,
            "gpus": null,
            "group_add": [],
            "healthcheck": [
              {
                "interval": "30s",
                "retries": 3,
                "start_period": "10s",
                "test": [
                  "CMD",
                  "curl",
                  "-f",
                  "http://localhost:8080/overview"
                ],
                "timeout": "5s"
              }
            ],
            "host": [],
            "hostname": "117f7d21b190",
            "id": "117f7d21b19034862b22e09a03063cb9ffa377adc91e7e6e3bba87b55a495879",
            "image": "sha256:ad4845de251d4c28e21c4f0e869f15243df838345236482054e19e810e83f474",
            "init": false,
            "ipc_mode": "private",
            "labels": [
              {
                "label": "io.elevatediq.component",
                "value": "event-bus-ui"
              },
              {
                "label": "io.elevatediq.tier",
                "value": "infrastructure"
              }
            ],
            "log_driver": "json-file",
            "log_opts": {
              "max-file": "3",
              "max-size": "10m"
            },
            "logs": false,
            "max_retry_count": 0,
            "memory": 0,
            "memory_swap": 0,
            "mounts": [
              {
                "bind_options": [],
                "read_only": true,
                "source": "/home/akushnir/code-server-enterprise",
                "target": "/redpanda-console-src",
                "tmpfs_options": [],
                "type": "bind",
                "volume_options": []
              }
            ],
            "must_run": true,
            "name": "code-server-redpanda-console",
            "network_data": [
              {
                "gateway": "172.20.0.1",
                "global_ipv6_address": "",
                "global_ipv6_prefix_length": 0,
                "ip_address": "172.20.0.17",
                "ip_prefix_length": 16,
                "ipv6_gateway": "",
                "mac_address": "aa:38:e1:b5:3d:e1",
                "network_name": "services"
              }
            ],
            "network_mode": "bridge",
            "networks_advanced": [
              {
                "aliases": [],
                "ipv4_address": "",
                "ipv6_address": "",
                "name": "cdadd85494b8b26a544e702a687bb3628950c5abade7f8fcdf399e094a541545"
              }
            ],
            "pid_mode": "",
            "ports": [
              {
                "external": 8003,
                "internal": 8080,
                "ip": "0.0.0.0",
                "protocol": "tcp"
              }
            ],
            "privileged": false,
            "publish_all_ports": false,
            "read_only": false,
            "remove_volumes": true,
            "restart": "unless-stopped",
            "rm": false,
            "runtime": "runc",
            "security_opts": [],
            "shm_size": 64,
            "start": true,
            "stdin_open": false,
            "stop_signal": "",
            "stop_timeout": 0,
            "storage_opts": {},
            "sysctls": {},
            "tmpfs": {},
            "tty": false,
            "ulimit": [],
            "upload": [],
            "user": "101:101",
            "userns_mode": "",
            "volumes": [],
            "wait": false,
            "wait_timeout": 60,
            "working_dir": "/app"
          },
          "sensitive_attributes": [],
          "identity_schema_version": 0,
          "private": "eyJzY2hlbWFfdmVyc2lvbiI6IjIifQ==",
          "dependencies": [
            "module.primary.docker_container.redpanda",
            "module.primary.docker_container.redpanda_init",
            "module.primary.docker_image.alpine",
            "module.primary.docker_image.redpanda",
            "module.primary.docker_image.redpanda_console",
            "module.primary.docker_network.services",
            "module.primary.docker_volume.redpanda_data"
          ]
        }
      ]
    },
    {
      "module": "module.primary",
      "mode": "managed",
      "type": "docker_container",
      "name": "redpanda_init",
      "provider": "provider[\"registry.terraform.io/kreuzwerker/docker\"].primary",
      "instances": [
        {
          "schema_version": 2,
          "attributes": {
            "attach": false,
            "bridge": "",
            "capabilities": [],
            "cgroupns_mode": null,
            "command": [
              "sh",
              "-lc",
              "mkdir -p /var/lib/redpanda/data; owner=$(stat -c '%u:%g' /var/lib/redpanda/data 2\u003e/dev/null || true); [ \"$owner\" = '101:101' ] || chown -R 101:101 /var/lib/redpanda/data"
            ],
            "container_logs": null,
            "container_read_refresh_timeout_milliseconds": 15000,
            "cpu_set": "",
            "cpu_shares": 0,
            "destroy_grace_seconds": null,
            "devices": [],
            "dns": [],
            "dns_opts": [],
            "dns_search": [],
            "domainname": "",
            "entrypoint": [],
            "env": [],
            "exit_code": 0,
            "gpus": null,
            "group_add": [],
            "healthcheck": [],
            "host": [],
            "hostname": "f50151c2d180",
            "id": "f50151c2d180edb8cf34b6e6a61ae3ae703454b97f703b10e68f6835054df76b",
            "image": "sha256:bf8527eb54c3680e728d5b4b383a8ba730d72dae7236fbc8dff97ed6b224a731",
            "init": false,
            "ipc_mode": "private",
            "labels": [],
            "log_driver": "json-file",
            "log_opts": {},
            "logs": false,
            "max_retry_count": 0,
            "memory": 0,
            "memory_swap": 0,
            "mounts": [
              {
                "bind_options": [],
                "read_only": false,
                "source": "redpanda_data",
                "target": "/var/lib/redpanda/data",
                "tmpfs_options": [],
                "type": "volume",
                "volume_options": []
              }
            ],
            "must_run": false,
            "name": "code-server-redpanda-init",
            "network_data": [
              {
                "gateway": "",
                "global_ipv6_address": "",
                "global_ipv6_prefix_length": 0,
                "ip_address": "",
                "ip_prefix_length": 0,
                "ipv6_gateway": "",
                "mac_address": "",
                "network_name": "services"
              }
            ],
            "network_mode": "bridge",
            "networks_advanced": [
              {
                "aliases": [],
                "ipv4_address": "",
                "ipv6_address": "",
                "name": "cdadd85494b8b26a544e702a687bb3628950c5abade7f8fcdf399e094a541545"
              }
            ],
            "pid_mode": "",
            "ports": [],
            "privileged": false,
            "publish_all_ports": false,
            "read_only": false,
            "remove_volumes": true,
            "restart": "no",
            "rm": false,
            "runtime": "runc",
            "security_opts": [],
            "shm_size": 64,
            "start": true,
            "stdin_open": false,
            "stop_signal": "",
            "stop_timeout": 0,
            "storage_opts": {},
            "sysctls": {},
            "tmpfs": {},
            "tty": false,
            "ulimit": [],
            "upload": [],
            "user": "0:0",
            "userns_mode": "",
            "volumes": [],
            "wait": false,
            "wait_timeout": 60,
            "working_dir": "/"
          },
          "sensitive_attributes": [],
          "identity_schema_version": 0,
          "private": "eyJzY2hlbWFfdmVyc2lvbiI6IjIifQ==",
          "dependencies": [
            "module.primary.docker_image.alpine",
            "module.primary.docker_network.services",
            "module.primary.docker_volume.redpanda_data"
          ]
        }
      ]
    },
    {
      "module": "module.primary",
      "mode": "managed",
      "type": "docker_container",
      "name": "reputation_engine",
      "provider": "provider[\"registry.terraform.io/kreuzwerker/docker\"].primary",
      "instances": [
        {
          "schema_version": 2,
          "attributes": {
            "attach": false,
            "bridge": "",
            "capabilities": [],
            "cgroupns_mode": null,
            "command": [
              "python",
              "main.py"
            ],
            "container_logs": null,
            "container_read_refresh_timeout_milliseconds": 15000,
            "cpu_set": "",
            "cpu_shares": 0,
            "destroy_grace_seconds": null,
            "devices": [],
            "dns": null,
            "dns_opts": null,
            "dns_search": null,
            "domainname": "",
            "entrypoint": [],
            "env": [
              "DATABASE_URL=postgresql://postgres:postgres_password_2026@code-server-postgres:5432/code_server",
              "KAFKA_BROKER=code-server-redpanda:9092",
              "LOG_LEVEL=INFO",
              "OPA_URL=http://code-server-opa:8181"
            ],
            "exit_code": null,
            "gpus": null,
            "group_add": null,
            "healthcheck": [
              {
                "interval": "30s",
                "retries": 3,
                "start_period": "40s",
                "test": [
                  "CMD-SHELL",
                  "curl -f http://localhost:8000/health || exit 1"
                ],
                "timeout": "10s"
              }
            ],
            "host": [],
            "hostname": "0b17a0e5a236",
            "id": "0b17a0e5a2361bf28f14263ded643fe4c79742ddd452d8fc5ccd64ada2c1d15f",
            "image": "sha256:82efc59dbe6b8ec958cf36f78841f78f8cbca1910de542a861aca507d3269c4a",
            "init": false,
            "ipc_mode": "private",
            "labels": [
              {
                "label": "io.elevatediq.component",
                "value": "reputation-engine"
              },
              {
                "label": "io.elevatediq.tier",
                "value": "ai"
              }
            ],
            "log_driver": "json-file",
            "log_opts": {
              "max-file": "3",
              "max-size": "10m"
            },
            "logs": false,
            "max_retry_count": 0,
            "memory": 0,
            "memory_swap": 0,
            "mounts": [
              {
                "bind_options": [],
                "read_only": null,
                "source": "/home/akushnir/code-server-enterprise/apps/reputation_engine",
                "target": "/app",
                "tmpfs_options": [],
                "type": "bind",
                "volume_options": []
              }
            ],
            "must_run": true,
            "name": "code-server-reputation-engine",
            "network_data": [
              {
                "gateway": "172.21.0.1",
                "global_ipv6_address": "",
                "global_ipv6_prefix_length": 0,
                "ip_address": "172.21.0.4",
                "ip_prefix_length": 16,
                "ipv6_gateway": "",
                "mac_address": "52:a6:d0:23:4c:0f",
                "network_name": "database"
              },
              {
                "gateway": "172.20.0.1",
                "global_ipv6_address": "",
                "global_ipv6_prefix_length": 0,
                "ip_address": "172.20.0.25",
                "ip_prefix_length": 16,
                "ipv6_gateway": "",
                "mac_address": "c6:d1:6a:61:a3:77",
                "network_name": "services"
              }
            ],
            "network_mode": "bridge",
            "networks_advanced": [
              {
                "aliases": [],
                "ipv4_address": "",
                "ipv6_address": "",
                "name": "c1c2eca2ee3088c01005a54894b3111a45796148d3f5dd081f4dcb0bd1796390"
              },
              {
                "aliases": [],
                "ipv4_address": "",
                "ipv6_address": "",
                "name": "cdadd85494b8b26a544e702a687bb3628950c5abade7f8fcdf399e094a541545"
              }
            ],
            "pid_mode": "",
            "ports": [
              {
                "external": 8006,
                "internal": 8002,
                "ip": "0.0.0.0",
                "protocol": "tcp"
              }
            ],
            "privileged": false,
            "publish_all_ports": false,
            "read_only": false,
            "remove_volumes": true,
            "restart": "unless-stopped",
            "rm": false,
            "runtime": "runc",
            "security_opts": [],
            "shm_size": 64,
            "start": true,
            "stdin_open": false,
            "stop_signal": "",
            "stop_timeout": 0,
            "storage_opts": null,
            "sysctls": null,
            "tmpfs": null,
            "tty": false,
            "ulimit": [],
            "upload": [],
            "user": "1001:1001",
            "userns_mode": "",
            "volumes": [],
            "wait": false,
            "wait_timeout": 60,
            "working_dir": "/app"
          },
          "sensitive_attributes": [
            [
              {
                "type": "get_attr",
                "value": "env"
              }
            ]
          ],
          "identity_schema_version": 0,
          "private": "eyJzY2hlbWFfdmVyc2lvbiI6IjIifQ==",
          "dependencies": [
            "module.primary.docker_container.opa",
            "module.primary.docker_container.postgres",
            "module.primary.docker_container.postgres_init",
            "module.primary.docker_container.redpanda",
            "module.primary.docker_container.redpanda_init",
            "module.primary.docker_image.alpine",
            "module.primary.docker_image.opa",
            "module.primary.docker_image.postgres",
            "module.primary.docker_image.redpanda",
            "module.primary.docker_network.database",
            "module.primary.docker_network.services",
            "module.primary.docker_volume.postgres_data",
            "module.primary.docker_volume.redpanda_data"
          ]
        }
      ]
    },
    {
      "module": "module.primary",
      "mode": "managed",
      "type": "docker_container",
      "name": "tempo",
      "provider": "provider[\"registry.terraform.io/kreuzwerker/docker\"].primary",
      "instances": [
        {
          "schema_version": 2,
          "attributes": {
            "attach": false,
            "bridge": "",
            "capabilities": [],
            "cgroupns_mode": null,
            "command": [
              "-config.file=/etc/tempo.yaml"
            ],
            "container_logs": null,
            "container_read_refresh_timeout_milliseconds": 15000,
            "cpu_set": "",
            "cpu_shares": 0,
            "destroy_grace_seconds": null,
            "devices": [],
            "dns": [],
            "dns_opts": [],
            "dns_search": [],
            "domainname": "",
            "entrypoint": [
              "/tempo"
            ],
            "env": [],
            "exit_code": null,
            "gpus": null,
            "group_add": [],
            "healthcheck": [
              {
                "interval": "30s",
                "retries": 3,
                "start_period": "30s",
                "test": [
                  "CMD",
                  "wget",
                  "--quiet",
                  "--tries=1",
                  "--spider",
                  "http://localhost:3200/status"
                ],
                "timeout": "5s"
              }
            ],
            "host": [],
            "hostname": "a51a5a70d2ed",
            "id": "a51a5a70d2edbfb6a418bd700ea3e08697ebd46a2e58a7991e1aa475e7031974",
            "image": "sha256:f507f5535c9f7dfd66a13d08dfaeea62073a12b032cb89fa91d37083bc625170",
            "init": false,
            "ipc_mode": "private",
            "labels": [],
            "log_driver": "json-file",
            "log_opts": {
              "max-file": "3",
              "max-size": "10m"
            },
            "logs": false,
            "max_retry_count": 0,
            "memory": 0,
            "memory_swap": 0,
            "mounts": [
              {
                "bind_options": [],
                "read_only": false,
                "source": "tempo_data",
                "target": "/var/tempo",
                "tmpfs_options": [],
                "type": "volume",
                "volume_options": []
              },
              {
                "bind_options": [],
                "read_only": true,
                "source": "/home/akushnir/code-server-enterprise/config/tempo.config.yaml",
                "target": "/etc/tempo.yaml",
                "tmpfs_options": [],
                "type": "bind",
                "volume_options": []
              }
            ],
            "must_run": true,
            "name": "code-server-tempo",
            "network_data": [
              {
                "gateway": "172.20.0.1",
                "global_ipv6_address": "",
                "global_ipv6_prefix_length": 0,
                "ip_address": "172.20.0.7",
                "ip_prefix_length": 16,
                "ipv6_gateway": "",
                "mac_address": "c6:c9:10:45:6e:d7",
                "network_name": "services"
              }
            ],
            "network_mode": "bridge",
            "networks_advanced": [
              {
                "aliases": [],
                "ipv4_address": "",
                "ipv6_address": "",
                "name": "cdadd85494b8b26a544e702a687bb3628950c5abade7f8fcdf399e094a541545"
              }
            ],
            "pid_mode": "",
            "ports": [
              {
                "external": 3200,
                "internal": 3200,
                "ip": "0.0.0.0",
                "protocol": "tcp"
              },
              {
                "external": 3201,
                "internal": 3201,
                "ip": "0.0.0.0",
                "protocol": "tcp"
              }
            ],
            "privileged": false,
            "publish_all_ports": false,
            "read_only": false,
            "remove_volumes": true,
            "restart": "unless-stopped",
            "rm": false,
            "runtime": "runc",
            "security_opts": [],
            "shm_size": 64,
            "start": true,
            "stdin_open": false,
            "stop_signal": "",
            "stop_timeout": 0,
            "storage_opts": {},
            "sysctls": {},
            "tmpfs": {},
            "tty": false,
            "ulimit": [],
            "upload": [],
            "user": "10001:10001",
            "userns_mode": "",
            "volumes": [],
            "wait": false,
            "wait_timeout": 60,
            "working_dir": ""
          },
          "sensitive_attributes": [],
          "identity_schema_version": 0,
          "private": "eyJzY2hlbWFfdmVyc2lvbiI6IjIifQ==",
          "dependencies": [
            "module.primary.docker_container.tempo_init",
            "module.primary.docker_image.alpine",
            "module.primary.docker_image.tempo",
            "module.primary.docker_network.services",
            "module.primary.docker_volume.tempo_data"
          ]
        }
      ]
    },
    {
      "module": "module.primary",
      "mode": "managed",
      "type": "docker_container",
      "name": "tempo_init",
      "provider": "provider[\"registry.terraform.io/kreuzwerker/docker\"].primary",
      "instances": [
        {
          "schema_version": 2,
          "attributes": {
            "attach": false,
            "bridge": "",
            "capabilities": [],
            "cgroupns_mode": null,
            "command": [
              "sh",
              "-lc",
              "mkdir -p /var/tempo; owner=$(stat -c '%u:%g' /var/tempo 2\u003e/dev/null || true); [ \"$owner\" = '10001:10001' ] || chown -R 10001:10001 /var/tempo"
            ],
            "container_logs": null,
            "container_read_refresh_timeout_milliseconds": 15000,
            "cpu_set": "",
            "cpu_shares": 0,
            "destroy_grace_seconds": null,
            "devices": [],
            "dns": [],
            "dns_opts": [],
            "dns_search": [],
            "domainname": "",
            "entrypoint": [],
            "env": [],
            "exit_code": 0,
            "gpus": null,
            "group_add": [],
            "healthcheck": [],
            "host": [],
            "hostname": "979b4cc3c8aa",
            "id": "979b4cc3c8aa171301032eece4d9d04020c23b63c37d316227b8a2491c37efe3",
            "image": "sha256:bf8527eb54c3680e728d5b4b383a8ba730d72dae7236fbc8dff97ed6b224a731",
            "init": false,
            "ipc_mode": "private",
            "labels": [],
            "log_driver": "json-file",
            "log_opts": {},
            "logs": false,
            "max_retry_count": 0,
            "memory": 0,
            "memory_swap": 0,
            "mounts": [
              {
                "bind_options": [],
                "read_only": false,
                "source": "tempo_data",
                "target": "/var/tempo",
                "tmpfs_options": [],
                "type": "volume",
                "volume_options": []
              }
            ],
            "must_run": false,
            "name": "code-server-tempo-init",
            "network_data": [
              {
                "gateway": "",
                "global_ipv6_address": "",
                "global_ipv6_prefix_length": 0,
                "ip_address": "",
                "ip_prefix_length": 0,
                "ipv6_gateway": "",
                "mac_address": "",
                "network_name": "services"
              }
            ],
            "network_mode": "bridge",
            "networks_advanced": [
              {
                "aliases": [],
                "ipv4_address": "",
                "ipv6_address": "",
                "name": "cdadd85494b8b26a544e702a687bb3628950c5abade7f8fcdf399e094a541545"
              }
            ],
            "pid_mode": "",
            "ports": [],
            "privileged": false,
            "publish_all_ports": false,
            "read_only": false,
            "remove_volumes": true,
            "restart": "no",
            "rm": false,
            "runtime": "runc",
            "security_opts": [],
            "shm_size": 64,
            "start": true,
            "stdin_open": false,
            "stop_signal": "",
            "stop_timeout": 0,
            "storage_opts": {},
            "sysctls": {},
            "tmpfs": {},
            "tty": false,
            "ulimit": [],
            "upload": [],
            "user": "0:0",
            "userns_mode": "",
            "volumes": [],
            "wait": false,
            "wait_timeout": 60,
            "working_dir": "/"
          },
          "sensitive_attributes": [],
          "identity_schema_version": 0,
          "private": "eyJzY2hlbWFfdmVyc2lvbiI6IjIifQ==",
          "dependencies": [
            "module.primary.docker_image.alpine",
            "module.primary.docker_network.services",
            "module.primary.docker_volume.tempo_data"
          ]
        }
      ]
    },
    {
      "module": "module.primary",
      "mode": "managed",
      "type": "docker_image",
      "name": "alertmanager",
      "provider": "provider[\"registry.terraform.io/kreuzwerker/docker\"].primary",
      "instances": [
        {
          "schema_version": 0,
          "attributes": {
            "build": [],
            "force_remove": null,
            "id": "sha256:11f11916f8cdfb17c1da74b20deb2075d778357b4d60474d82453303f8d461f5prom/alertmanager:v0.27.0@sha256:e13b6ed5cb929eeaee733479dce55e10eb3bc2e9c4586c705a4e8da41e5eacf5",
            "image_id": "sha256:11f11916f8cdfb17c1da74b20deb2075d778357b4d60474d82453303f8d461f5",
            "keep_locally": true,
            "name": "prom/alertmanager:v0.27.0@sha256:e13b6ed5cb929eeaee733479dce55e10eb3bc2e9c4586c705a4e8da41e5eacf5",
            "platform": null,
            "pull_triggers": null,
            "repo_digest": "prom/alertmanager@sha256:e13b6ed5cb929eeaee733479dce55e10eb3bc2e9c4586c705a4e8da41e5eacf5",
            "triggers": null
          },
          "sensitive_attributes": [],
          "identity_schema_version": 0,
          "private": "bnVsbA=="
        }
      ]
    },
    {
      "module": "module.primary",
      "mode": "managed",
      "type": "docker_image",
      "name": "alpine",
      "provider": "provider[\"registry.terraform.io/kreuzwerker/docker\"].primary",
      "instances": [
        {
          "schema_version": 0,
          "attributes": {
            "build": [],
            "force_remove": null,
            "id": "sha256:bf8527eb54c3680e728d5b4b383a8ba730d72dae7236fbc8dff97ed6b224a731alpine:3.20@sha256:c64c687cbea9300178b30c95835354e34c4e4febc4badfe27102879de0483b5e",
            "image_id": "sha256:bf8527eb54c3680e728d5b4b383a8ba730d72dae7236fbc8dff97ed6b224a731",
            "keep_locally": true,
            "name": "alpine:3.20@sha256:c64c687cbea9300178b30c95835354e34c4e4febc4badfe27102879de0483b5e",
            "platform": null,
            "pull_triggers": null,
            "repo_digest": "alpine@sha256:c64c687cbea9300178b30c95835354e34c4e4febc4badfe27102879de0483b5e",
            "triggers": null
          },
          "sensitive_attributes": [],
          "identity_schema_version": 0,
          "private": "bnVsbA=="
        }
      ]
    },
    {
      "module": "module.primary",
      "mode": "managed",
      "type": "docker_image",
      "name": "caddy",
      "provider": "provider[\"registry.terraform.io/kreuzwerker/docker\"].primary",
      "instances": [
        {
          "schema_version": 0,
          "attributes": {
            "build": [],
            "force_remove": null,
            "id": "sha256:7a7b2e234b158c1e01eab04f851fc4b1a33296dbaa68c57d11815ee38a3cafafcaddy:2.7.4@sha256:505de4e957da923672a8c79f16581e9b717a2479a8d5ddb909ab2d1b351f2ba4",
            "image_id": "sha256:7a7b2e234b158c1e01eab04f851fc4b1a33296dbaa68c57d11815ee38a3cafaf",
            "keep_locally": true,
            "name": "caddy:2.7.4@sha256:505de4e957da923672a8c79f16581e9b717a2479a8d5ddb909ab2d1b351f2ba4",
            "platform": null,
            "pull_triggers": null,
            "repo_digest": "caddy@sha256:11ae052d9015105757d19caf86dc51fc14403841f2b65e93fe320f4d0e197385",
            "triggers": null
          },
          "sensitive_attributes": [],
          "identity_schema_version": 0,
          "private": "bnVsbA=="
        }
      ]
    },
    {
      "module": "module.primary",
      "mode": "managed",
      "type": "docker_image",
      "name": "grafana",
      "provider": "provider[\"registry.terraform.io/kreuzwerker/docker\"].primary",
      "instances": [
        {
          "schema_version": 0,
          "attributes": {
            "build": [],
            "force_remove": null,
            "id": "sha256:2fbe6143d3ba5991bffbfa1d2f79511c6381bcf064415902fedd4f256705fda9grafana/grafana:10.2.0@sha256:1ee0c54286b8ca09a3dd1419ff8653e7780a148a006ac088544203bb0affe550",
            "image_id": "sha256:2fbe6143d3ba5991bffbfa1d2f79511c6381bcf064415902fedd4f256705fda9",
            "keep_locally": true,
            "name": "grafana/grafana:10.2.0@sha256:1ee0c54286b8ca09a3dd1419ff8653e7780a148a006ac088544203bb0affe550",
            "platform": null,
            "pull_triggers": null,
            "repo_digest": "grafana/grafana@sha256:1ee0c54286b8ca09a3dd1419ff8653e7780a148a006ac088544203bb0affe550",
            "triggers": null
          },
          "sensitive_attributes": [],
          "identity_schema_version": 0,
          "private": "bnVsbA=="
        }
      ]
    },
    {
      "module": "module.primary",
      "mode": "managed",
      "type": "docker_image",
      "name": "keepalived",
      "provider": "provider[\"registry.terraform.io/kreuzwerker/docker\"].primary",
      "instances": [
        {
          "schema_version": 0,
          "attributes": {
            "build": [],
            "force_remove": null,
            "id": "sha256:593459a9e605a03fabf0e8939ad7ac419d2029c1b053f51692057edab2326a66osixia/keepalived:2.0.20",
            "image_id": "sha256:593459a9e605a03fabf0e8939ad7ac419d2029c1b053f51692057edab2326a66",
            "keep_locally": true,
            "name": "osixia/keepalived:2.0.20",
            "platform": null,
            "pull_triggers": null,
            "repo_digest": "osixia/keepalived@sha256:ba2a6419532cef068afc3586a6c597fd3b9fd8472592520c2f011d23c4672deb",
            "triggers": null
          },
          "sensitive_attributes": [],
          "identity_schema_version": 0,
          "private": "bnVsbA=="
        }
      ]
    },
    {
      "module": "module.primary",
      "mode": "managed",
      "type": "docker_image",
      "name": "loki",
      "provider": "provider[\"registry.terraform.io/kreuzwerker/docker\"].primary",
      "instances": [
        {
          "schema_version": 0,
          "attributes": {
            "build": [],
            "force_remove": null,
            "id": "sha256:652b79950756d969140f85d3d664bf5bb64efb04c164c7717c140569f8a3bbb4grafana/loki:2.9.4@sha256:f379a20ce9dd815884ed6446aad8819b81a8ba4d36b548ca14be8cecbc6cbca0",
            "image_id": "sha256:652b79950756d969140f85d3d664bf5bb64efb04c164c7717c140569f8a3bbb4",
            "keep_locally": true,
            "name": "grafana/loki:2.9.4@sha256:f379a20ce9dd815884ed6446aad8819b81a8ba4d36b548ca14be8cecbc6cbca0",
            "platform": null,
            "pull_triggers": null,
            "repo_digest": "grafana/loki@sha256:f379a20ce9dd815884ed6446aad8819b81a8ba4d36b548ca14be8cecbc6cbca0",
            "triggers": null
          },
          "sensitive_attributes": [],
          "identity_schema_version": 0,
          "private": "bnVsbA=="
        }
      ]
    },
    {
      "module": "module.primary",
      "mode": "managed",
      "type": "docker_image",
      "name": "oauth2_proxy",
      "provider": "provider[\"registry.terraform.io/kreuzwerker/docker\"].primary",
      "instances": [
        {
          "schema_version": 0,
          "attributes": {
            "build": [],
            "force_remove": null,
            "id": "sha256:2ab8a2cd16911d95f1683e9187cb9e0aed47eed589c695786e14c067e5c7542fquay.io/oauth2-proxy/oauth2-proxy:v7.5.1@sha256:e797b3934eb8d7cb2756b67e59be2ef29c18c2b45da763f540ece66d843cec85",
            "image_id": "sha256:2ab8a2cd16911d95f1683e9187cb9e0aed47eed589c695786e14c067e5c7542f",
            "keep_locally": true,
            "name": "quay.io/oauth2-proxy/oauth2-proxy:v7.5.1@sha256:e797b3934eb8d7cb2756b67e59be2ef29c18c2b45da763f540ece66d843cec85",
            "platform": null,
            "pull_triggers": null,
            "repo_digest": "quay.io/oauth2-proxy/oauth2-proxy@sha256:3c6012940d3cd71ecc67fd7783916df6d27972b520209af36e9567b9bdbc0c79",
            "triggers": null
          },
          "sensitive_attributes": [],
          "identity_schema_version": 0,
          "private": "bnVsbA=="
        }
      ]
    },
    {
      "module": "module.primary",
      "mode": "managed",
      "type": "docker_image",
      "name": "ollama",
      "provider": "provider[\"registry.terraform.io/kreuzwerker/docker\"].primary",
      "instances": [
        {
          "schema_version": 0,
          "attributes": {
            "build": [],
            "force_remove": null,
            "id": "sha256:c712b1aa90b75a665996172de51b2a7982a7350cfd417533690e6d256f15f3f5ollama/ollama:0.1.16@sha256:3a3ec7ea8e006aea63ce13b7027069687ed34cc85bbd7bbebf1f565db587511a",
            "image_id": "sha256:c712b1aa90b75a665996172de51b2a7982a7350cfd417533690e6d256f15f3f5",
            "keep_locally": true,
            "name": "ollama/ollama:0.1.16@sha256:3a3ec7ea8e006aea63ce13b7027069687ed34cc85bbd7bbebf1f565db587511a",
            "platform": null,
            "pull_triggers": null,
            "repo_digest": "ollama/ollama@sha256:3a3ec7ea8e006aea63ce13b7027069687ed34cc85bbd7bbebf1f565db587511a",
            "triggers": null
          },
          "sensitive_attributes": [],
          "identity_schema_version": 0,
          "private": "bnVsbA=="
        }
      ]
    },
    {
      "module": "module.primary",
      "mode": "managed",
      "type": "docker_image",
      "name": "opa",
      "provider": "provider[\"registry.terraform.io/kreuzwerker/docker\"].primary",
      "instances": [
        {
          "schema_version": 0,
          "attributes": {
            "build": [],
            "force_remove": null,
            "id": "sha256:ba33012bbd45fc699c06c7b6ed784d915837f176d6b75682f31965da3e07e2b9openpolicyagent/opa:0.58.0@sha256:63186b7f0d95e51cf4c7ee38cae6fd2cf9168020abd09d48104bd87c99f863fe",
            "image_id": "sha256:ba33012bbd45fc699c06c7b6ed784d915837f176d6b75682f31965da3e07e2b9",
            "keep_locally": true,
            "name": "openpolicyagent/opa:0.58.0@sha256:63186b7f0d95e51cf4c7ee38cae6fd2cf9168020abd09d48104bd87c99f863fe",
            "platform": null,
            "pull_triggers": null,
            "repo_digest": "openpolicyagent/opa@sha256:63186b7f0d95e51cf4c7ee38cae6fd2cf9168020abd09d48104bd87c99f863fe",
            "triggers": null
          },
          "sensitive_attributes": [],
          "identity_schema_version": 0,
          "private": "bnVsbA=="
        }
      ]
    },
    {
      "module": "module.primary",
      "mode": "managed",
      "type": "docker_image",
      "name": "otel_collector",
      "provider": "provider[\"registry.terraform.io/kreuzwerker/docker\"].primary",
      "instances": [
        {
          "schema_version": 0,
          "attributes": {
            "build": [],
            "force_remove": null,
            "id": "sha256:b3083eac873743e35f1a52839c1abd00466bfe62d8b69bf419f4cdbbd20d74e3otel/opentelemetry-collector-contrib:0.96.0@sha256:ef20ffeb9ae06d75f94bd031cde7713a1d1bcad20e5ebc0f7dc6c2ee52b8ae4a",
            "image_id": "sha256:b3083eac873743e35f1a52839c1abd00466bfe62d8b69bf419f4cdbbd20d74e3",
            "keep_locally": true,
            "name": "otel/opentelemetry-collector-contrib:0.96.0@sha256:ef20ffeb9ae06d75f94bd031cde7713a1d1bcad20e5ebc0f7dc6c2ee52b8ae4a",
            "platform": null,
            "pull_triggers": null,
            "repo_digest": "otel/opentelemetry-collector-contrib@sha256:ef20ffeb9ae06d75f94bd031cde7713a1d1bcad20e5ebc0f7dc6c2ee52b8ae4a",
            "triggers": null
          },
          "sensitive_attributes": [],
          "identity_schema_version": 0,
          "private": "bnVsbA=="
        }
      ]
    },
    {
      "module": "module.primary",
      "mode": "managed",
      "type": "docker_image",
      "name": "postgres",
      "provider": "provider[\"registry.terraform.io/kreuzwerker/docker\"].primary",
      "instances": [
        {
          "schema_version": 0,
          "attributes": {
            "build": [],
            "force_remove": null,
            "id": "sha256:667495ca2ac33180ad3690178da1bf274f481d0c43849d4c1941f0176983bd2epostgres:16-alpine@sha256:4e6e670bb069649261c9c18031f0aded7bb249a5b6664ddec29c013a89310d50",
            "image_id": "sha256:667495ca2ac33180ad3690178da1bf274f481d0c43849d4c1941f0176983bd2e",
            "keep_locally": true,
            "name": "postgres:16-alpine@sha256:4e6e670bb069649261c9c18031f0aded7bb249a5b6664ddec29c013a89310d50",
            "platform": null,
            "pull_triggers": null,
            "repo_digest": "postgres@sha256:4e6e670bb069649261c9c18031f0aded7bb249a5b6664ddec29c013a89310d50",
            "triggers": null
          },
          "sensitive_attributes": [],
          "identity_schema_version": 0,
          "private": "bnVsbA=="
        }
      ]
    },
    {
      "module": "module.primary",
      "mode": "managed",
      "type": "docker_image",
      "name": "prometheus",
      "provider": "provider[\"registry.terraform.io/kreuzwerker/docker\"].primary",
      "instances": [
        {
          "schema_version": 0,
          "attributes": {
            "build": [],
            "force_remove": null,
            "id": "sha256:620d5e2a39df1802ad1c4991f9860078608ab85c8c0a7fd23c770afaa5007b88prom/prometheus:v2.48.0@sha256:b440bc0e8aa5bab44a782952c09516b6a50f9d7b2325c1ffafac7bc833298e2e",
            "image_id": "sha256:620d5e2a39df1802ad1c4991f9860078608ab85c8c0a7fd23c770afaa5007b88",
            "keep_locally": true,
            "name": "prom/prometheus:v2.48.0@sha256:b440bc0e8aa5bab44a782952c09516b6a50f9d7b2325c1ffafac7bc833298e2e",
            "platform": null,
            "pull_triggers": null,
            "repo_digest": "prom/prometheus@sha256:13f40c0279df792517b456ae6427dd6344685e9b1478fb9de8e4dc418727668f",
            "triggers": null
          },
          "sensitive_attributes": [],
          "identity_schema_version": 0,
          "private": "bnVsbA=="
        }
      ]
    },
    {
      "module": "module.primary",
      "mode": "managed",
      "type": "docker_image",
      "name": "qdrant",
      "provider": "provider[\"registry.terraform.io/kreuzwerker/docker\"].primary",
      "instances": [
        {
          "schema_version": 0,
          "attributes": {
            "build": [],
            "force_remove": null,
            "id": "sha256:e30b7d1c1b5519416acbab46dce77e6df58887ccc22de1cf790a49e474c1770cqdrant/qdrant:v1.7.0@sha256:ff1639878418c0572f50a7e1314874e399537eb97e6d2f42d6b987a07a2c4c4f",
            "image_id": "sha256:e30b7d1c1b5519416acbab46dce77e6df58887ccc22de1cf790a49e474c1770c",
            "keep_locally": true,
            "name": "qdrant/qdrant:v1.7.0@sha256:ff1639878418c0572f50a7e1314874e399537eb97e6d2f42d6b987a07a2c4c4f",
            "platform": null,
            "pull_triggers": null,
            "repo_digest": "qdrant/qdrant@sha256:ff1639878418c0572f50a7e1314874e399537eb97e6d2f42d6b987a07a2c4c4f",
            "triggers": null
          },
          "sensitive_attributes": [],
          "identity_schema_version": 0,
          "private": "bnVsbA=="
        }
      ]
    },
    {
      "module": "module.primary",
      "mode": "managed",
      "type": "docker_image",
      "name": "redis",
      "provider": "provider[\"registry.terraform.io/kreuzwerker/docker\"].primary",
      "instances": [
        {
          "schema_version": 0,
          "attributes": {
            "build": [],
            "force_remove": null,
            "id": "sha256:9210b8dc25f122eb00e5572dcc7147c8e11fb1a08308b088e06c9d5dd2aa49d6redis:7-alpine@sha256:7aec734b2bb298a1d769fd8729f13b8514a41bf90fcdd1f38ec52267fbaa8ee6",
            "image_id": "sha256:9210b8dc25f122eb00e5572dcc7147c8e11fb1a08308b088e06c9d5dd2aa49d6",
            "keep_locally": true,
            "name": "redis:7-alpine@sha256:7aec734b2bb298a1d769fd8729f13b8514a41bf90fcdd1f38ec52267fbaa8ee6",
            "platform": null,
            "pull_triggers": null,
            "repo_digest": "redis@sha256:7aec734b2bb298a1d769fd8729f13b8514a41bf90fcdd1f38ec52267fbaa8ee6",
            "triggers": null
          },
          "sensitive_attributes": [],
          "identity_schema_version": 0,
          "private": "bnVsbA=="
        }
      ]
    },
    {
      "module": "module.primary",
      "mode": "managed",
      "type": "docker_image",
      "name": "redpanda",
      "provider": "provider[\"registry.terraform.io/kreuzwerker/docker\"].primary",
      "instances": [
        {
          "schema_version": 0,
          "attributes": {
            "build": [],
            "force_remove": null,
            "id": "sha256:2c59133cbabe9b89040daa79b45955f773a163dff218474e9d449c1a06d4bb86docker.redpanda.com/redpandadata/redpanda:v26.1.6@sha256:e5b6aaecf38861d199b0d26d635b83da26dd6e6acf0684cd8b92f16b4f4b8733",
            "image_id": "sha256:2c59133cbabe9b89040daa79b45955f773a163dff218474e9d449c1a06d4bb86",
            "keep_locally": true,
            "name": "docker.redpanda.com/redpandadata/redpanda:v26.1.6@sha256:e5b6aaecf38861d199b0d26d635b83da26dd6e6acf0684cd8b92f16b4f4b8733",
            "platform": null,
            "pull_triggers": null,
            "repo_digest": "docker.redpanda.com/redpandadata/redpanda@sha256:12ddbd8e5572210a48d39afecac44db61503ce1cbdae50ee9b1ff5998a8d91e1",
            "triggers": null
          },
          "sensitive_attributes": [],
          "identity_schema_version": 0,
          "private": "bnVsbA=="
        }
      ]
    },
    {
      "module": "module.primary",
      "mode": "managed",
      "type": "docker_image",
      "name": "redpanda_console",
      "provider": "provider[\"registry.terraform.io/kreuzwerker/docker\"].primary",
      "instances": [
        {
          "schema_version": 0,
          "attributes": {
            "build": [],
            "force_remove": null,
            "id": "sha256:ad4845de251d4c28e21c4f0e869f15243df838345236482054e19e810e83f474docker.redpanda.com/redpandadata/console:v3.7.1@sha256:d5ec9a54339db74d8efa61b18576185903694bee1deb4c029befa492e41ac78f",
            "image_id": "sha256:ad4845de251d4c28e21c4f0e869f15243df838345236482054e19e810e83f474",
            "keep_locally": true,
            "name": "docker.redpanda.com/redpandadata/console:v3.7.1@sha256:d5ec9a54339db74d8efa61b18576185903694bee1deb4c029befa492e41ac78f",
            "platform": null,
            "pull_triggers": null,
            "repo_digest": "docker.redpanda.com/redpandadata/console@sha256:8208a2d9095abd8dbd6c65337e0054a3ec234342aba7fd47d19514c4952ca7c0",
            "triggers": null
          },
          "sensitive_attributes": [],
          "identity_schema_version": 0,
          "private": "bnVsbA=="
        }
      ]
    },
    {
      "module": "module.primary",
      "mode": "managed",
      "type": "docker_image",
      "name": "tempo",
      "provider": "provider[\"registry.terraform.io/kreuzwerker/docker\"].primary",
      "instances": [
        {
          "schema_version": 0,
          "attributes": {
            "build": [],
            "force_remove": null,
            "id": "sha256:f507f5535c9f7dfd66a13d08dfaeea62073a12b032cb89fa91d37083bc625170grafana/tempo:2.4.1@sha256:cf1ed1d5cc671c80d389f7c59cfa491a9e5b99d28a42fccb9d6cbbef0da378e4",
            "image_id": "sha256:f507f5535c9f7dfd66a13d08dfaeea62073a12b032cb89fa91d37083bc625170",
            "keep_locally": true,
            "name": "grafana/tempo:2.4.1@sha256:cf1ed1d5cc671c80d389f7c59cfa491a9e5b99d28a42fccb9d6cbbef0da378e4",
            "platform": null,
            "pull_triggers": null,
            "repo_digest": "grafana/tempo@sha256:5b9c08f6d8fb43b3b72dfd1252ba4f198b11a245257bf76ee2ca13e243bac565",
            "triggers": null
          },
          "sensitive_attributes": [],
          "identity_schema_version": 0,
          "private": "bnVsbA=="
        }
      ]
    },
    {
      "module": "module.primary",
      "mode": "managed",
      "type": "docker_network",
      "name": "database",
      "provider": "provider[\"registry.terraform.io/kreuzwerker/docker\"].primary",
      "instances": [
        {
          "schema_version": 1,
          "attributes": {
            "attachable": false,
            "check_duplicate": null,
            "driver": "bridge",
            "id": "c1c2eca2ee3088c01005a54894b3111a45796148d3f5dd081f4dcb0bd1796390",
            "ingress": false,
            "internal": false,
            "ipam_config": [
              {
                "aux_address": {},
                "gateway": "172.21.0.1",
                "ip_range": "",
                "subnet": "172.21.0.0/16"
              }
            ],
            "ipam_driver": "default",
            "ipam_options": {},
            "ipv6": false,
            "labels": [],
            "name": "database",
            "options": {
              "com.docker.network.bridge.name": "br-database"
            },
            "scope": "local"
          },
          "sensitive_attributes": [],
          "identity_schema_version": 0,
          "private": "eyJzY2hlbWFfdmVyc2lvbiI6IjEifQ=="
        }
      ]
    },
    {
      "module": "module.primary",
      "mode": "managed",
      "type": "docker_network",
      "name": "ingress",
      "provider": "provider[\"registry.terraform.io/kreuzwerker/docker\"].primary",
      "instances": [
        {
          "schema_version": 1,
          "attributes": {
            "attachable": false,
            "check_duplicate": null,
            "driver": "bridge",
            "id": "9812ce952a41eaa6e48c0d2ea3fd42d6a2f3abcf32914b94c391a6ee71d9b49b",
            "ingress": false,
            "internal": false,
            "ipam_config": [
              {
                "aux_address": {},
                "gateway": "172.22.0.1",
                "ip_range": "",
                "subnet": "172.22.0.0/16"
              }
            ],
            "ipam_driver": "default",
            "ipam_options": {},
            "ipv6": false,
            "labels": [],
            "name": "ingress",
            "options": {
              "com.docker.network.bridge.name": "br-ingress"
            },
            "scope": "local"
          },
          "sensitive_attributes": [],
          "identity_schema_version": 0,
          "private": "eyJzY2hlbWFfdmVyc2lvbiI6IjEifQ=="
        }
      ]
    },
    {
      "module": "module.primary",
      "mode": "managed",
      "type": "docker_network",
      "name": "services",
      "provider": "provider[\"registry.terraform.io/kreuzwerker/docker\"].primary",
      "instances": [
        {
          "schema_version": 1,
          "attributes": {
            "attachable": false,
            "check_duplicate": null,
            "driver": "bridge",
            "id": "cdadd85494b8b26a544e702a687bb3628950c5abade7f8fcdf399e094a541545",
            "ingress": false,
            "internal": false,
            "ipam_config": [
              {
                "aux_address": {},
                "gateway": "172.20.0.1",
                "ip_range": "",
                "subnet": "172.20.0.0/16"
              }
            ],
            "ipam_driver": "default",
            "ipam_options": {},
            "ipv6": false,
            "labels": [],
            "name": "services",
            "options": {
              "com.docker.network.bridge.name": "br-services"
            },
            "scope": "local"
          },
          "sensitive_attributes": [],
          "identity_schema_version": 0,
          "private": "eyJzY2hlbWFfdmVyc2lvbiI6IjEifQ=="
        }
      ]
    },
    {
      "module": "module.primary",
      "mode": "managed",
      "type": "docker_volume",
      "name": "alertmanager_data",
      "provider": "provider[\"registry.terraform.io/kreuzwerker/docker\"].primary",
      "instances": [
        {
          "schema_version": 1,
          "attributes": {
            "driver": "local",
            "driver_opts": {},
            "id": "alertmanager_data",
            "labels": [],
            "mountpoint": "/var/snap/docker/common/var-lib-docker/volumes/alertmanager_data/_data",
            "name": "alertmanager_data"
          },
          "sensitive_attributes": [],
          "identity_schema_version": 0,
          "private": "eyJzY2hlbWFfdmVyc2lvbiI6IjEifQ=="
        }
      ]
    },
    {
      "module": "module.primary",
      "mode": "managed",
      "type": "docker_volume",
      "name": "caddy_config",
      "provider": "provider[\"registry.terraform.io/kreuzwerker/docker\"].primary",
      "instances": [
        {
          "schema_version": 1,
          "attributes": {
            "driver": "local",
            "driver_opts": {},
            "id": "caddy_config",
            "labels": [],
            "mountpoint": "/var/snap/docker/common/var-lib-docker/volumes/caddy_config/_data",
            "name": "caddy_config"
          },
          "sensitive_attributes": [],
          "identity_schema_version": 0,
          "private": "eyJzY2hlbWFfdmVyc2lvbiI6IjEifQ=="
        }
      ]
    },
    {
      "module": "module.primary",
      "mode": "managed",
      "type": "docker_volume",
      "name": "caddy_data",
      "provider": "provider[\"registry.terraform.io/kreuzwerker/docker\"].primary",
      "instances": [
        {
          "schema_version": 1,
          "attributes": {
            "driver": "local",
            "driver_opts": {},
            "id": "caddy_data",
            "labels": [],
            "mountpoint": "/var/snap/docker/common/var-lib-docker/volumes/caddy_data/_data",
            "name": "caddy_data"
          },
          "sensitive_attributes": [],
          "identity_schema_version": 0,
          "private": "eyJzY2hlbWFfdmVyc2lvbiI6IjEifQ=="
        }
      ]
    },
    {
      "module": "module.primary",
      "mode": "managed",
      "type": "docker_volume",
      "name": "grafana_data",
      "provider": "provider[\"registry.terraform.io/kreuzwerker/docker\"].primary",
      "instances": [
        {
          "schema_version": 1,
          "attributes": {
            "driver": "local",
            "driver_opts": {},
            "id": "grafana_data",
            "labels": [],
            "mountpoint": "/var/snap/docker/common/var-lib-docker/volumes/grafana_data/_data",
            "name": "grafana_data"
          },
          "sensitive_attributes": [],
          "identity_schema_version": 0,
          "private": "eyJzY2hlbWFfdmVyc2lvbiI6IjEifQ=="
        }
      ]
    },
    {
      "module": "module.primary",
      "mode": "managed",
      "type": "docker_volume",
      "name": "keepalived_config",
      "provider": "provider[\"registry.terraform.io/kreuzwerker/docker\"].primary",
      "instances": [
        {
          "schema_version": 1,
          "attributes": {
            "driver": "local",
            "driver_opts": {},
            "id": "keepalived_config",
            "labels": [],
            "mountpoint": "/var/snap/docker/common/var-lib-docker/volumes/keepalived_config/_data",
            "name": "keepalived_config"
          },
          "sensitive_attributes": [],
          "identity_schema_version": 0,
          "private": "eyJzY2hlbWFfdmVyc2lvbiI6IjEifQ=="
        }
      ]
    },
    {
      "module": "module.primary",
      "mode": "managed",
      "type": "docker_volume",
      "name": "loki_data",
      "provider": "provider[\"registry.terraform.io/kreuzwerker/docker\"].primary",
      "instances": [
        {
          "schema_version": 1,
          "attributes": {
            "driver": "local",
            "driver_opts": {},
            "id": "loki_data",
            "labels": [],
            "mountpoint": "/var/snap/docker/common/var-lib-docker/volumes/loki_data/_data",
            "name": "loki_data"
          },
          "sensitive_attributes": [],
          "identity_schema_version": 0,
          "private": "eyJzY2hlbWFfdmVyc2lvbiI6IjEifQ=="
        }
      ]
    },
    {
      "module": "module.primary",
      "mode": "managed",
      "type": "docker_volume",
      "name": "ollama_models",
      "provider": "provider[\"registry.terraform.io/kreuzwerker/docker\"].primary",
      "instances": [
        {
          "schema_version": 1,
          "attributes": {
            "driver": "local",
            "driver_opts": {},
            "id": "ollama_models",
            "labels": [],
            "mountpoint": "/var/snap/docker/common/var-lib-docker/volumes/ollama_models/_data",
            "name": "ollama_models"
          },
          "sensitive_attributes": [],
          "identity_schema_version": 0,
          "private": "eyJzY2hlbWFfdmVyc2lvbiI6IjEifQ=="
        }
      ]
    },
    {
      "module": "module.primary",
      "mode": "managed",
      "type": "docker_volume",
      "name": "postgres_data",
      "provider": "provider[\"registry.terraform.io/kreuzwerker/docker\"].primary",
      "instances": [
        {
          "schema_version": 1,
          "attributes": {
            "driver": "local",
            "driver_opts": {},
            "id": "postgres_data",
            "labels": [],
            "mountpoint": "/var/snap/docker/common/var-lib-docker/volumes/postgres_data/_data",
            "name": "postgres_data"
          },
          "sensitive_attributes": [],
          "identity_schema_version": 0,
          "private": "eyJzY2hlbWFfdmVyc2lvbiI6IjEifQ=="
        }
      ]
    },
    {
      "module": "module.primary",
      "mode": "managed",
      "type": "docker_volume",
      "name": "prometheus_data",
      "provider": "provider[\"registry.terraform.io/kreuzwerker/docker\"].primary",
      "instances": [
        {
          "schema_version": 1,
          "attributes": {
            "driver": "local",
            "driver_opts": {},
            "id": "prometheus_data",
            "labels": [],
            "mountpoint": "/var/snap/docker/common/var-lib-docker/volumes/prometheus_data/_data",
            "name": "prometheus_data"
          },
          "sensitive_attributes": [],
          "identity_schema_version": 0,
          "private": "eyJzY2hlbWFfdmVyc2lvbiI6IjEifQ=="
        }
      ]
    },
    {
      "module": "module.primary",
      "mode": "managed",
      "type": "docker_volume",
      "name": "qdrant_data",
      "provider": "provider[\"registry.terraform.io/kreuzwerker/docker\"].primary",
      "instances": [
        {
          "schema_version": 1,
          "attributes": {
            "driver": "local",
            "driver_opts": {},
            "id": "qdrant_data",
            "labels": [],
            "mountpoint": "/var/snap/docker/common/var-lib-docker/volumes/qdrant_data/_data",
            "name": "qdrant_data"
          },
          "sensitive_attributes": [],
          "identity_schema_version": 0,
          "private": "eyJzY2hlbWFfdmVyc2lvbiI6IjEifQ=="
        }
      ]
    },
    {
      "module": "module.primary",
      "mode": "managed",
      "type": "docker_volume",
      "name": "redis_data",
      "provider": "provider[\"registry.terraform.io/kreuzwerker/docker\"].primary",
      "instances": [
        {
          "schema_version": 1,
          "attributes": {
            "driver": "local",
            "driver_opts": {},
            "id": "redis_data",
            "labels": [],
            "mountpoint": "/var/snap/docker/common/var-lib-docker/volumes/redis_data/_data",
            "name": "redis_data"
          },
          "sensitive_attributes": [],
          "identity_schema_version": 0,
          "private": "eyJzY2hlbWFfdmVyc2lvbiI6IjEifQ=="
        }
      ]
    },
    {
      "module": "module.primary",
      "mode": "managed",
      "type": "docker_volume",
      "name": "redpanda_data",
      "provider": "provider[\"registry.terraform.io/kreuzwerker/docker\"].primary",
      "instances": [
        {
          "schema_version": 1,
          "attributes": {
            "driver": "local",
            "driver_opts": {},
            "id": "redpanda_data",
            "labels": [],
            "mountpoint": "/var/snap/docker/common/var-lib-docker/volumes/redpanda_data/_data",
            "name": "redpanda_data"
          },
          "sensitive_attributes": [],
          "identity_schema_version": 0,
          "private": "eyJzY2hlbWFfdmVyc2lvbiI6IjEifQ=="
        }
      ]
    },
    {
      "module": "module.primary",
      "mode": "managed",
      "type": "docker_volume",
      "name": "tempo_data",
      "provider": "provider[\"registry.terraform.io/kreuzwerker/docker\"].primary",
      "instances": [
        {
          "schema_version": 1,
          "attributes": {
            "driver": "local",
            "driver_opts": {},
            "id": "tempo_data",
            "labels": [],
            "mountpoint": "/var/snap/docker/common/var-lib-docker/volumes/tempo_data/_data",
            "name": "tempo_data"
          },
          "sensitive_attributes": [],
          "identity_schema_version": 0,
          "private": "eyJzY2hlbWFfdmVyc2lvbiI6IjEifQ=="
        }
      ]
    },
    {
      "module": "module.replica",
      "mode": "managed",
      "type": "docker_container",
      "name": "activity_feed",
      "provider": "provider[\"registry.terraform.io/kreuzwerker/docker\"].replica",
      "instances": [
        {
          "schema_version": 2,
          "attributes": {
            "attach": false,
            "bridge": "",
            "capabilities": [],
            "cgroupns_mode": null,
            "command": [
              "python",
              "main.py"
            ],
            "container_logs": null,
            "container_read_refresh_timeout_milliseconds": 15000,
            "cpu_set": "",
            "cpu_shares": 0,
            "destroy_grace_seconds": null,
            "devices": [],
            "dns": [],
            "dns_opts": [],
            "dns_search": [],
            "domainname": "",
            "entrypoint": [],
            "env": [
              "KAFKA_BROKER=code-server-redpanda:9092",
              "LOG_LEVEL=INFO"
            ],
            "exit_code": null,
            "gpus": null,
            "group_add": [],
            "healthcheck": [
              {
                "interval": "30s",
                "retries": 3,
                "start_period": "15s",
                "test": [
                  "CMD",
                  "curl",
                  "-f",
                  "http://localhost:8000/health"
                ],
                "timeout": "10s"
              }
            ],
            "host": [],
            "hostname": "14b666006a99",
            "id": "14b666006a993c47ea6e1a1a5c4929e8ff3b78bea93c54c547510a49cae26adc",
            "image": "sha256:62b1601202c4598b9aca2cb2de00c93abc4d3c63fa2d72c798746689d365a662",
            "init": false,
            "ipc_mode": "private",
            "labels": [],
            "log_driver": "json-file",
            "log_opts": {
              "max-file": "3",
              "max-size": "10m"
            },
            "logs": false,
            "max_retry_count": 0,
            "memory": 0,
            "memory_swap": 0,
            "mounts": [],
            "must_run": true,
            "name": "code-server-activity-feed",
            "network_data": [
              {
                "gateway": "172.21.0.1",
                "global_ipv6_address": "",
                "global_ipv6_prefix_length": 0,
                "ip_address": "172.21.0.18",
                "ip_prefix_length": 16,
                "ipv6_gateway": "",
                "mac_address": "86:51:7e:cc:de:15",
                "network_name": "services"
              }
            ],
            "network_mode": "bridge",
            "networks_advanced": [
              {
                "aliases": [],
                "ipv4_address": "",
                "ipv6_address": "",
                "name": "e16c84336ce511fb610d638310161398f1ffd22f53ddf0ee04cde97440f6e265"
              }
            ],
            "pid_mode": "",
            "ports": [
              {
                "external": 8004,
                "internal": 8004,
                "ip": "0.0.0.0",
                "protocol": "tcp"
              }
            ],
            "privileged": false,
            "publish_all_ports": false,
            "read_only": false,
            "remove_volumes": true,
            "restart": "unless-stopped",
            "rm": false,
            "runtime": "runc",
            "security_opts": [],
            "shm_size": 64,
            "start": true,
            "stdin_open": false,
            "stop_signal": "",
            "stop_timeout": 0,
            "storage_opts": {},
            "sysctls": {},
            "tmpfs": {},
            "tty": false,
            "ulimit": [],
            "upload": [],
            "user": "1001:1001",
            "userns_mode": "",
            "volumes": [],
            "wait": false,
            "wait_timeout": 60,
            "working_dir": "/app"
          },
          "sensitive_attributes": [],
          "identity_schema_version": 0,
          "private": "eyJzY2hlbWFfdmVyc2lvbiI6IjIifQ==",
          "dependencies": [
            "module.replica.docker_container.redpanda",
            "module.replica.docker_container.redpanda_init",
            "module.replica.docker_image.alpine",
            "module.replica.docker_image.redpanda",
            "module.replica.docker_network.services",
            "module.replica.docker_volume.redpanda_data"
          ]
        }
      ]
    },
    {
      "module": "module.replica",
      "mode": "managed",
      "type": "docker_container",
      "name": "agent_code_reviewer",
      "provider": "provider[\"registry.terraform.io/kreuzwerker/docker\"].replica",
      "instances": [
        {
          "schema_version": 2,
          "attributes": {
            "attach": false,
            "bridge": "",
            "capabilities": [],
            "cgroupns_mode": null,
            "command": [
              "python",
              "-m",
              "uvicorn",
              "main:app",
              "--host",
              "0.0.0.0",
              "--port",
              "8020"
            ],
            "container_logs": null,
            "container_read_refresh_timeout_milliseconds": 15000,
            "cpu_set": "",
            "cpu_shares": 0,
            "destroy_grace_seconds": null,
            "devices": [],
            "dns": [],
            "dns_opts": [],
            "dns_search": [],
            "domainname": "",
            "entrypoint": [],
            "env": [
              "AGENT_TYPE=code-reviewer",
              "LOG_LEVEL=INFO",
              "OIDC_ISSUER=https://auth.kushnir.cloud",
              "PAPERCLIP_URL=http://code-server-paperclip:8007",
              "REPUTATION_URL=http://code-server-reputation-engine:8002",
              "SCHEDULER_URL=http://code-server-execution-scheduler:8001"
            ],
            "exit_code": null,
            "gpus": null,
            "group_add": [],
            "healthcheck": [
              {
                "interval": "30s",
                "retries": 3,
                "start_period": "15s",
                "test": [
                  "CMD",
                  "curl",
                  "-f",
                  "http://localhost:8020/health"
                ],
                "timeout": "10s"
              }
            ],
            "host": [],
            "hostname": "34e22c4e9539",
            "id": "34e22c4e95398c838124841885ecb84510b3efc7c6accddb7963d03ae1cf5d2f",
            "image": "sha256:0e7cf79a192288c4f4b3680c6d79108c3ef4a8d2afc91b2fafac3709f10cfa39",
            "init": false,
            "ipc_mode": "private",
            "labels": [],
            "log_driver": "json-file",
            "log_opts": {
              "max-file": "3",
              "max-size": "10m"
            },
            "logs": false,
            "max_retry_count": 0,
            "memory": 0,
            "memory_swap": 0,
            "mounts": [
              {
                "bind_options": [],
                "read_only": false,
                "source": "/home/akushnir/code-server-enterprise/apps/agent-runtime",
                "target": "/app",
                "tmpfs_options": [],
                "type": "bind",
                "volume_options": []
              }
            ],
            "must_run": true,
            "name": "code-server-agent-code-reviewer",
            "network_data": [
              {
                "gateway": "172.21.0.1",
                "global_ipv6_address": "",
                "global_ipv6_prefix_length": 0,
                "ip_address": "172.21.0.24",
                "ip_prefix_length": 16,
                "ipv6_gateway": "",
                "mac_address": "26:f4:ff:36:5a:6e",
                "network_name": "services"
              }
            ],
            "network_mode": "bridge",
            "networks_advanced": [
              {
                "aliases": [],
                "ipv4_address": "",
                "ipv6_address": "",
                "name": "e16c84336ce511fb610d638310161398f1ffd22f53ddf0ee04cde97440f6e265"
              }
            ],
            "pid_mode": "",
            "ports": [
              {
                "external": 9001,
                "internal": 9000,
                "ip": "0.0.0.0",
                "protocol": "tcp"
              }
            ],
            "privileged": false,
            "publish_all_ports": false,
            "read_only": false,
            "remove_volumes": true,
            "restart": "unless-stopped",
            "rm": false,
            "runtime": "runc",
            "security_opts": [],
            "shm_size": 64,
            "start": true,
            "stdin_open": false,
            "stop_signal": "",
            "stop_timeout": 0,
            "storage_opts": {},
            "sysctls": {},
            "tmpfs": {},
            "tty": false,
            "ulimit": [],
            "upload": [],
            "user": "1004:1004",
            "userns_mode": "",
            "volumes": [],
            "wait": false,
            "wait_timeout": 60,
            "working_dir": "/app"
          },
          "sensitive_attributes": [],
          "identity_schema_version": 0,
          "private": "eyJzY2hlbWFfdmVyc2lvbiI6IjIifQ==",
          "dependencies": [
            "module.replica.docker_container.agent_runtime",
            "module.replica.docker_container.execution_scheduler",
            "module.replica.docker_container.opa",
            "module.replica.docker_container.paperclip",
            "module.replica.docker_container.postgres",
            "module.replica.docker_container.postgres_init",
            "module.replica.docker_container.redpanda",
            "module.replica.docker_container.redpanda_init",
            "module.replica.docker_container.reputation_engine",
            "module.replica.docker_image.alpine",
            "module.replica.docker_image.opa",
            "module.replica.docker_image.postgres",
            "module.replica.docker_image.redpanda",
            "module.replica.docker_network.database",
            "module.replica.docker_network.services",
            "module.replica.docker_volume.postgres_data",
            "module.replica.docker_volume.redpanda_data"
          ]
        }
      ]
    },
    {
      "module": "module.replica",
      "mode": "managed",
      "type": "docker_container",
      "name": "agent_doc_writer",
      "provider": "provider[\"registry.terraform.io/kreuzwerker/docker\"].replica",
      "instances": [
        {
          "schema_version": 2,
          "attributes": {
            "attach": false,
            "bridge": "",
            "capabilities": [],
            "cgroupns_mode": null,
            "command": [
              "python",
              "-m",
              "uvicorn",
              "main:app",
              "--host",
              "0.0.0.0",
              "--port",
              "8020"
            ],
            "container_logs": null,
            "container_read_refresh_timeout_milliseconds": 15000,
            "cpu_set": "",
            "cpu_shares": 0,
            "destroy_grace_seconds": null,
            "devices": [],
            "dns": [],
            "dns_opts": [],
            "dns_search": [],
            "domainname": "",
            "entrypoint": [],
            "env": [
              "AGENT_TYPE=doc-writer",
              "LOG_LEVEL=INFO",
              "OIDC_ISSUER=https://auth.kushnir.cloud",
              "PAPERCLIP_URL=http://code-server-paperclip:8007",
              "REPUTATION_URL=http://code-server-reputation-engine:8002",
              "SCHEDULER_URL=http://code-server-execution-scheduler:8001"
            ],
            "exit_code": null,
            "gpus": null,
            "group_add": [],
            "healthcheck": [
              {
                "interval": "30s",
                "retries": 3,
                "start_period": "15s",
                "test": [
                  "CMD",
                  "curl",
                  "-f",
                  "http://localhost:8020/health"
                ],
                "timeout": "10s"
              }
            ],
            "host": [],
            "hostname": "89252bf94fe3",
            "id": "89252bf94fe32a826a9dbb628502e3bda24aba07b0d84fb7dc33c26c87346105",
            "image": "sha256:0e7cf79a192288c4f4b3680c6d79108c3ef4a8d2afc91b2fafac3709f10cfa39",
            "init": false,
            "ipc_mode": "private",
            "labels": [],
            "log_driver": "json-file",
            "log_opts": {
              "max-file": "3",
              "max-size": "10m"
            },
            "logs": false,
            "max_retry_count": 0,
            "memory": 0,
            "memory_swap": 0,
            "mounts": [
              {
                "bind_options": [],
                "read_only": false,
                "source": "/home/akushnir/code-server-enterprise/apps/agent-runtime",
                "target": "/app",
                "tmpfs_options": [],
                "type": "bind",
                "volume_options": []
              }
            ],
            "must_run": true,
            "name": "code-server-agent-doc-writer",
            "network_data": [
              {
                "gateway": "172.21.0.1",
                "global_ipv6_address": "",
                "global_ipv6_prefix_length": 0,
                "ip_address": "172.21.0.22",
                "ip_prefix_length": 16,
                "ipv6_gateway": "",
                "mac_address": "aa:51:f0:e5:ff:a0",
                "network_name": "services"
              }
            ],
            "network_mode": "bridge",
            "networks_advanced": [
              {
                "aliases": [],
                "ipv4_address": "",
                "ipv6_address": "",
                "name": "e16c84336ce511fb610d638310161398f1ffd22f53ddf0ee04cde97440f6e265"
              }
            ],
            "pid_mode": "",
            "ports": [
              {
                "external": 9003,
                "internal": 9000,
                "ip": "0.0.0.0",
                "protocol": "tcp"
              }
            ],
            "privileged": false,
            "publish_all_ports": false,
            "read_only": false,
            "remove_volumes": true,
            "restart": "unless-stopped",
            "rm": false,
            "runtime": "runc",
            "security_opts": [],
            "shm_size": 64,
            "start": true,
            "stdin_open": false,
            "stop_signal": "",
            "stop_timeout": 0,
            "storage_opts": {},
            "sysctls": {},
            "tmpfs": {},
            "tty": false,
            "ulimit": [],
            "upload": [],
            "user": "1004:1004",
            "userns_mode": "",
            "volumes": [],
            "wait": false,
            "wait_timeout": 60,
            "working_dir": "/app"
          },
          "sensitive_attributes": [],
          "identity_schema_version": 0,
          "private": "eyJzY2hlbWFfdmVyc2lvbiI6IjIifQ==",
          "dependencies": [
            "module.replica.docker_container.agent_runtime",
            "module.replica.docker_container.execution_scheduler",
            "module.replica.docker_container.opa",
            "module.replica.docker_container.paperclip",
            "module.replica.docker_container.postgres",
            "module.replica.docker_container.postgres_init",
            "module.replica.docker_container.redpanda",
            "module.replica.docker_container.redpanda_init",
            "module.replica.docker_container.reputation_engine",
            "module.replica.docker_image.alpine",
            "module.replica.docker_image.opa",
            "module.replica.docker_image.postgres",
            "module.replica.docker_image.redpanda",
            "module.replica.docker_network.database",
            "module.replica.docker_network.services",
            "module.replica.docker_volume.postgres_data",
            "module.replica.docker_volume.redpanda_data"
          ]
        }
      ]
    },
    {
      "module": "module.replica",
      "mode": "managed",
      "type": "docker_container",
      "name": "agent_incident_responder",
      "provider": "provider[\"registry.terraform.io/kreuzwerker/docker\"].replica",
      "instances": [
        {
          "schema_version": 2,
          "attributes": {
            "attach": false,
            "bridge": "",
            "capabilities": [],
            "cgroupns_mode": null,
            "command": [
              "python",
              "-m",
              "uvicorn",
              "main:app",
              "--host",
              "0.0.0.0",
              "--port",
              "8020"
            ],
            "container_logs": null,
            "container_read_refresh_timeout_milliseconds": 15000,
            "cpu_set": "",
            "cpu_shares": 0,
            "destroy_grace_seconds": null,
            "devices": [],
            "dns": [],
            "dns_opts": [],
            "dns_search": [],
            "domainname": "",
            "entrypoint": [],
            "env": [
              "AGENT_TYPE=incident-responder",
              "LOG_LEVEL=INFO",
              "OIDC_ISSUER=https://auth.kushnir.cloud",
              "PAPERCLIP_URL=http://code-server-paperclip:8007",
              "REPUTATION_URL=http://code-server-reputation-engine:8002",
              "SCHEDULER_URL=http://code-server-execution-scheduler:8001"
            ],
            "exit_code": null,
            "gpus": null,
            "group_add": [],
            "healthcheck": [
              {
                "interval": "30s",
                "retries": 3,
                "start_period": "15s",
                "test": [
                  "CMD",
                  "curl",
                  "-f",
                  "http://localhost:8020/health"
                ],
                "timeout": "10s"
              }
            ],
            "host": [],
            "hostname": "9059a67640dd",
            "id": "9059a67640dd2e18a8a162a1809a3d2f860a2e8908369332cda6534e618a0f2e",
            "image": "sha256:0e7cf79a192288c4f4b3680c6d79108c3ef4a8d2afc91b2fafac3709f10cfa39",
            "init": false,
            "ipc_mode": "private",
            "labels": [],
            "log_driver": "json-file",
            "log_opts": {
              "max-file": "3",
              "max-size": "10m"
            },
            "logs": false,
            "max_retry_count": 0,
            "memory": 0,
            "memory_swap": 0,
            "mounts": [
              {
                "bind_options": [],
                "read_only": false,
                "source": "/home/akushnir/code-server-enterprise/apps/agent-runtime",
                "target": "/app",
                "tmpfs_options": [],
                "type": "bind",
                "volume_options": []
              }
            ],
            "must_run": true,
            "name": "code-server-agent-incident-responder",
            "network_data": [
              {
                "gateway": "172.21.0.1",
                "global_ipv6_address": "",
                "global_ipv6_prefix_length": 0,
                "ip_address": "172.21.0.19",
                "ip_prefix_length": 16,
                "ipv6_gateway": "",
                "mac_address": "06:d9:16:f4:71:0f",
                "network_name": "services"
              }
            ],
            "network_mode": "bridge",
            "networks_advanced": [
              {
                "aliases": [],
                "ipv4_address": "",
                "ipv6_address": "",
                "name": "e16c84336ce511fb610d638310161398f1ffd22f53ddf0ee04cde97440f6e265"
              }
            ],
            "pid_mode": "",
            "ports": [
              {
                "external": 9002,
                "internal": 9000,
                "ip": "0.0.0.0",
                "protocol": "tcp"
              }
            ],
            "privileged": false,
            "publish_all_ports": false,
            "read_only": false,
            "remove_volumes": true,
            "restart": "unless-stopped",
            "rm": false,
            "runtime": "runc",
            "security_opts": [],
            "shm_size": 64,
            "start": true,
            "stdin_open": false,
            "stop_signal": "",
            "stop_timeout": 0,
            "storage_opts": {},
            "sysctls": {},
            "tmpfs": {},
            "tty": false,
            "ulimit": [],
            "upload": [],
            "user": "1004:1004",
            "userns_mode": "",
            "volumes": [],
            "wait": false,
            "wait_timeout": 60,
            "working_dir": "/app"
          },
          "sensitive_attributes": [],
          "identity_schema_version": 0,
          "private": "eyJzY2hlbWFfdmVyc2lvbiI6IjIifQ==",
          "dependencies": [
            "module.replica.docker_container.agent_runtime",
            "module.replica.docker_container.execution_scheduler",
            "module.replica.docker_container.opa",
            "module.replica.docker_container.paperclip",
            "module.replica.docker_container.postgres",
            "module.replica.docker_container.postgres_init",
            "module.replica.docker_container.redpanda",
            "module.replica.docker_container.redpanda_init",
            "module.replica.docker_container.reputation_engine",
            "module.replica.docker_image.alpine",
            "module.replica.docker_image.opa",
            "module.replica.docker_image.postgres",
            "module.replica.docker_image.redpanda",
            "module.replica.docker_network.database",
            "module.replica.docker_network.services",
            "module.replica.docker_volume.postgres_data",
            "module.replica.docker_volume.redpanda_data"
          ]
        }
      ]
    },
    {
      "module": "module.replica",
      "mode": "managed",
      "type": "docker_container",
      "name": "agent_runtime",
      "provider": "provider[\"registry.terraform.io/kreuzwerker/docker\"].replica",
      "instances": [
        {
          "schema_version": 2,
          "attributes": {
            "attach": false,
            "bridge": "",
            "capabilities": [],
            "cgroupns_mode": null,
            "command": [
              "python",
              "-m",
              "uvicorn",
              "main:app",
              "--host",
              "0.0.0.0",
              "--port",
              "8020"
            ],
            "container_logs": null,
            "container_read_refresh_timeout_milliseconds": 15000,
            "cpu_set": "",
            "cpu_shares": 0,
            "destroy_grace_seconds": null,
            "devices": [],
            "dns": [],
            "dns_opts": [],
            "dns_search": [],
            "domainname": "",
            "entrypoint": [],
            "env": [
              "AGENT_RUNTIME_HOST=0.0.0.0",
              "AGENT_RUNTIME_PORT=9005",
              "LOG_LEVEL=INFO",
              "OPA_URL=http://code-server-opa:8181",
              "REPUTATION_ENGINE_URL=http://code-server-reputation-engine:8002"
            ],
            "exit_code": null,
            "gpus": null,
            "group_add": [],
            "healthcheck": [
              {
                "interval": "30s",
                "retries": 3,
                "start_period": "10s",
                "test": [
                  "CMD",
                  "curl",
                  "-f",
                  "http://localhost:8020/health"
                ],
                "timeout": "5s"
              }
            ],
            "host": [],
            "hostname": "94d1628e72ca",
            "id": "94d1628e72cab62d7a2d0397ec7f85d71b9903c47bb601d31cee9a54df325e59",
            "image": "sha256:0e7cf79a192288c4f4b3680c6d79108c3ef4a8d2afc91b2fafac3709f10cfa39",
            "init": false,
            "ipc_mode": "private",
            "labels": [
              {
                "label": "io.elevatediq.component",
                "value": "agent-runtime"
              },
              {
                "label": "io.elevatediq.tier",
                "value": "ai"
              }
            ],
            "log_driver": "json-file",
            "log_opts": {
              "max-file": "3",
              "max-size": "10m"
            },
            "logs": false,
            "max_retry_count": 0,
            "memory": 0,
            "memory_swap": 0,
            "mounts": [
              {
                "bind_options": [],
                "read_only": false,
                "source": "/home/akushnir/code-server-enterprise/apps/agent-runtime",
                "target": "/app",
                "tmpfs_options": [],
                "type": "bind",
                "volume_options": []
              }
            ],
            "must_run": true,
            "name": "code-server-agent-runtime",
            "network_data": [
              {
                "gateway": "172.21.0.1",
                "global_ipv6_address": "",
                "global_ipv6_prefix_length": 0,
                "ip_address": "172.21.0.23",
                "ip_prefix_length": 16,
                "ipv6_gateway": "",
                "mac_address": "b6:0d:a1:e3:4c:81",
                "network_name": "services"
              }
            ],
            "network_mode": "bridge",
            "networks_advanced": [
              {
                "aliases": [],
                "ipv4_address": "",
                "ipv6_address": "",
                "name": "e16c84336ce511fb610d638310161398f1ffd22f53ddf0ee04cde97440f6e265"
              }
            ],
            "pid_mode": "",
            "ports": [
              {
                "external": 9005,
                "internal": 9005,
                "ip": "0.0.0.0",
                "protocol": "tcp"
              }
            ],
            "privileged": false,
            "publish_all_ports": false,
            "read_only": false,
            "remove_volumes": true,
            "restart": "unless-stopped",
            "rm": false,
            "runtime": "runc",
            "security_opts": [],
            "shm_size": 64,
            "start": true,
            "stdin_open": false,
            "stop_signal": "",
            "stop_timeout": 0,
            "storage_opts": {},
            "sysctls": {},
            "tmpfs": {},
            "tty": false,
            "ulimit": [],
            "upload": [],
            "user": "1003:1003",
            "userns_mode": "",
            "volumes": [],
            "wait": false,
            "wait_timeout": 60,
            "working_dir": "/app"
          },
          "sensitive_attributes": [],
          "identity_schema_version": 0,
          "private": "eyJzY2hlbWFfdmVyc2lvbiI6IjIifQ==",
          "dependencies": [
            "module.replica.docker_container.opa",
            "module.replica.docker_container.postgres",
            "module.replica.docker_container.postgres_init",
            "module.replica.docker_container.redpanda",
            "module.replica.docker_container.redpanda_init",
            "module.replica.docker_container.reputation_engine",
            "module.replica.docker_image.alpine",
            "module.replica.docker_image.opa",
            "module.replica.docker_image.postgres",
            "module.replica.docker_image.redpanda",
            "module.replica.docker_network.database",
            "module.replica.docker_network.services",
            "module.replica.docker_volume.postgres_data",
            "module.replica.docker_volume.redpanda_data"
          ]
        }
      ]
    },
    {
      "module": "module.replica",
      "mode": "managed",
      "type": "docker_container",
      "name": "agent_test_generator",
      "provider": "provider[\"registry.terraform.io/kreuzwerker/docker\"].replica",
      "instances": [
        {
          "schema_version": 2,
          "attributes": {
            "attach": false,
            "bridge": "",
            "capabilities": [],
            "cgroupns_mode": null,
            "command": [
              "python",
              "-m",
              "uvicorn",
              "main:app",
              "--host",
              "0.0.0.0",
              "--port",
              "8020"
            ],
            "container_logs": null,
            "container_read_refresh_timeout_milliseconds": 15000,
            "cpu_set": "",
            "cpu_shares": 0,
            "destroy_grace_seconds": null,
            "devices": [],
            "dns": [],
            "dns_opts": [],
            "dns_search": [],
            "domainname": "",
            "entrypoint": [],
            "env": [
              "AGENT_TYPE=test-generator",
              "LOG_LEVEL=INFO",
              "OIDC_ISSUER=https://auth.kushnir.cloud",
              "PAPERCLIP_URL=http://code-server-paperclip:8007",
              "REPUTATION_URL=http://code-server-reputation-engine:8002",
              "SCHEDULER_URL=http://code-server-execution-scheduler:8001"
            ],
            "exit_code": null,
            "gpus": null,
            "group_add": [],
            "healthcheck": [
              {
                "interval": "30s",
                "retries": 3,
                "start_period": "15s",
                "test": [
                  "CMD",
                  "curl",
                  "-f",
                  "http://localhost:8020/health"
                ],
                "timeout": "10s"
              }
            ],
            "host": [],
            "hostname": "2fba0c98b0f2",
            "id": "2fba0c98b0f2fd4379b4b42ed41cf3cc06ae8c794723c50fa304d8ee91a9f971",
            "image": "sha256:0e7cf79a192288c4f4b3680c6d79108c3ef4a8d2afc91b2fafac3709f10cfa39",
            "init": false,
            "ipc_mode": "private",
            "labels": [],
            "log_driver": "json-file",
            "log_opts": {
              "max-file": "3",
              "max-size": "10m"
            },
            "logs": false,
            "max_retry_count": 0,
            "memory": 0,
            "memory_swap": 0,
            "mounts": [
              {
                "bind_options": [],
                "read_only": false,
                "source": "/home/akushnir/code-server-enterprise/apps/agent-runtime",
                "target": "/app",
                "tmpfs_options": [],
                "type": "bind",
                "volume_options": []
              }
            ],
            "must_run": true,
            "name": "code-server-agent-test-generator",
            "network_data": [
              {
                "gateway": "172.21.0.1",
                "global_ipv6_address": "",
                "global_ipv6_prefix_length": 0,
                "ip_address": "172.21.0.25",
                "ip_prefix_length": 16,
                "ipv6_gateway": "",
                "mac_address": "6a:80:00:83:34:84",
                "network_name": "services"
              }
            ],
            "network_mode": "bridge",
            "networks_advanced": [
              {
                "aliases": [],
                "ipv4_address": "",
                "ipv6_address": "",
                "name": "e16c84336ce511fb610d638310161398f1ffd22f53ddf0ee04cde97440f6e265"
              }
            ],
            "pid_mode": "",
            "ports": [
              {
                "external": 9004,
                "internal": 9000,
                "ip": "0.0.0.0",
                "protocol": "tcp"
              }
            ],
            "privileged": false,
            "publish_all_ports": false,
            "read_only": false,
            "remove_volumes": true,
            "restart": "unless-stopped",
            "rm": false,
            "runtime": "runc",
            "security_opts": [],
            "shm_size": 64,
            "start": true,
            "stdin_open": false,
            "stop_signal": "",
            "stop_timeout": 0,
            "storage_opts": {},
            "sysctls": {},
            "tmpfs": {},
            "tty": false,
            "ulimit": [],
            "upload": [],
            "user": "1004:1004",
            "userns_mode": "",
            "volumes": [],
            "wait": false,
            "wait_timeout": 60,
            "working_dir": "/app"
          },
          "sensitive_attributes": [],
          "identity_schema_version": 0,
          "private": "eyJzY2hlbWFfdmVyc2lvbiI6IjIifQ==",
          "dependencies": [
            "module.replica.docker_container.agent_runtime",
            "module.replica.docker_container.execution_scheduler",
            "module.replica.docker_container.opa",
            "module.replica.docker_container.paperclip",
            "module.replica.docker_container.postgres",
            "module.replica.docker_container.postgres_init",
            "module.replica.docker_container.redpanda",
            "module.replica.docker_container.redpanda_init",
            "module.replica.docker_container.reputation_engine",
            "module.replica.docker_image.alpine",
            "module.replica.docker_image.opa",
            "module.replica.docker_image.postgres",
            "module.replica.docker_image.redpanda",
            "module.replica.docker_network.database",
            "module.replica.docker_network.services",
            "module.replica.docker_volume.postgres_data",
            "module.replica.docker_volume.redpanda_data"
          ]
        }
      ]
    },
    {
      "module": "module.replica",
      "mode": "managed",
      "type": "docker_container",
      "name": "alertmanager",
      "provider": "provider[\"registry.terraform.io/kreuzwerker/docker\"].replica",
      "instances": [
        {
          "schema_version": 2,
          "attributes": {
            "attach": false,
            "bridge": "",
            "capabilities": [],
            "cgroupns_mode": null,
            "command": [
              "--config.file=/etc/alertmanager/alertmanager.yml",
              "--storage.path=/alertmanager",
              "--web.external-url=http://alertmanager:9093"
            ],
            "container_logs": null,
            "container_read_refresh_timeout_milliseconds": 15000,
            "cpu_set": "",
            "cpu_shares": 0,
            "destroy_grace_seconds": null,
            "devices": [],
            "dns": [],
            "dns_opts": [],
            "dns_search": [],
            "domainname": "",
            "entrypoint": [
              "/bin/alertmanager"
            ],
            "env": [],
            "exit_code": null,
            "gpus": null,
            "group_add": [],
            "healthcheck": [
              {
                "interval": "30s",
                "retries": 3,
                "start_period": "10s",
                "test": [
                  "CMD-SHELL",
                  "amtool --version \u003e/dev/null \u0026\u0026 echo OK || exit 1"
                ],
                "timeout": "5s"
              }
            ],
            "host": [],
            "hostname": "4b518a31b4cb",
            "id": "4b518a31b4cb8f3d95dd5515e449354b1bbeac2e4ba1413a868e3c11b614e149",
            "image": "sha256:11f11916f8cdfb17c1da74b20deb2075d778357b4d60474d82453303f8d461f5",
            "init": false,
            "ipc_mode": "private",
            "labels": [],
            "log_driver": "json-file",
            "log_opts": {
              "max-file": "3",
              "max-size": "10m"
            },
            "logs": false,
            "max_retry_count": 0,
            "memory": 0,
            "memory_swap": 0,
            "mounts": [
              {
                "bind_options": [],
                "read_only": false,
                "source": "alertmanager_data",
                "target": "/alertmanager",
                "tmpfs_options": [],
                "type": "volume",
                "volume_options": []
              },
              {
                "bind_options": [],
                "read_only": true,
                "source": "/home/akushnir/code-server-enterprise/monitoring/alertmanager.yml",
                "target": "/etc/alertmanager/alertmanager.yml",
                "tmpfs_options": [],
                "type": "bind",
                "volume_options": []
              }
            ],
            "must_run": true,
            "name": "code-server-alertmanager",
            "network_data": [
              {
                "gateway": "172.21.0.1",
                "global_ipv6_address": "",
                "global_ipv6_prefix_length": 0,
                "ip_address": "172.21.0.13",
                "ip_prefix_length": 16,
                "ipv6_gateway": "",
                "mac_address": "d2:51:b6:48:47:ac",
                "network_name": "services"
              }
            ],
            "network_mode": "bridge",
            "networks_advanced": [
              {
                "aliases": [],
                "ipv4_address": "",
                "ipv6_address": "",
                "name": "e16c84336ce511fb610d638310161398f1ffd22f53ddf0ee04cde97440f6e265"
              }
            ],
            "pid_mode": "",
            "ports": [
              {
                "external": 9093,
                "internal": 9093,
                "ip": "0.0.0.0",
                "protocol": "tcp"
              }
            ],
            "privileged": false,
            "publish_all_ports": false,
            "read_only": false,
            "remove_volumes": true,
            "restart": "unless-stopped",
            "rm": false,
            "runtime": "runc",
            "security_opts": [],
            "shm_size": 64,
            "start": true,
            "stdin_open": false,
            "stop_signal": "",
            "stop_timeout": 0,
            "storage_opts": {},
            "sysctls": {},
            "tmpfs": {},
            "tty": false,
            "ulimit": [],
            "upload": [],
            "user": "65534:65534",
            "userns_mode": "",
            "volumes": [],
            "wait": false,
            "wait_timeout": 60,
            "working_dir": "/alertmanager"
          },
          "sensitive_attributes": [],
          "identity_schema_version": 0,
          "private": "eyJzY2hlbWFfdmVyc2lvbiI6IjIifQ==",
          "dependencies": [
            "module.replica.docker_container.alertmanager_init",
            "module.replica.docker_container.prometheus",
            "module.replica.docker_container.prometheus_init",
            "module.replica.docker_image.alertmanager",
            "module.replica.docker_image.alpine",
            "module.replica.docker_image.prometheus",
            "module.replica.docker_network.services",
            "module.replica.docker_volume.alertmanager_data",
            "module.replica.docker_volume.prometheus_data"
          ]
        }
      ]
    },
    {
      "module": "module.replica",
      "mode": "managed",
      "type": "docker_container",
      "name": "alertmanager_init",
      "provider": "provider[\"registry.terraform.io/kreuzwerker/docker\"].replica",
      "instances": [
        {
          "schema_version": 2,
          "attributes": {
            "attach": false,
            "bridge": "",
            "capabilities": [],
            "cgroupns_mode": null,
            "command": [
              "sh",
              "-lc",
              "mkdir -p /alertmanager; owner=$(stat -c '%u:%g' /alertmanager 2\u003e/dev/null || true); [ \"$owner\" = '65534:65534' ] || chown -R 65534:65534 /alertmanager"
            ],
            "container_logs": null,
            "container_read_refresh_timeout_milliseconds": 15000,
            "cpu_set": "",
            "cpu_shares": 0,
            "destroy_grace_seconds": null,
            "devices": [],
            "dns": [],
            "dns_opts": [],
            "dns_search": [],
            "domainname": "",
            "entrypoint": [],
            "env": [],
            "exit_code": 0,
            "gpus": null,
            "group_add": [],
            "healthcheck": [],
            "host": [],
            "hostname": "2d533c77265a",
            "id": "2d533c77265a65ca1dad4cb81797eb7f91a7ecc33d9d0edd3a400b776a5df5e8",
            "image": "sha256:bf8527eb54c3680e728d5b4b383a8ba730d72dae7236fbc8dff97ed6b224a731",
            "init": false,
            "ipc_mode": "private",
            "labels": [],
            "log_driver": "json-file",
            "log_opts": {},
            "logs": false,
            "max_retry_count": 0,
            "memory": 0,
            "memory_swap": 0,
            "mounts": [
              {
                "bind_options": [],
                "read_only": false,
                "source": "alertmanager_data",
                "target": "/alertmanager",
                "tmpfs_options": [],
                "type": "volume",
                "volume_options": []
              }
            ],
            "must_run": false,
            "name": "code-server-alertmanager-init",
            "network_data": [
              {
                "gateway": "",
                "global_ipv6_address": "",
                "global_ipv6_prefix_length": 0,
                "ip_address": "",
                "ip_prefix_length": 0,
                "ipv6_gateway": "",
                "mac_address": "",
                "network_name": "services"
              }
            ],
            "network_mode": "bridge",
            "networks_advanced": [
              {
                "aliases": [],
                "ipv4_address": "",
                "ipv6_address": "",
                "name": "e16c84336ce511fb610d638310161398f1ffd22f53ddf0ee04cde97440f6e265"
              }
            ],
            "pid_mode": "",
            "ports": [],
            "privileged": false,
            "publish_all_ports": false,
            "read_only": false,
            "remove_volumes": true,
            "restart": "no",
            "rm": false,
            "runtime": "runc",
            "security_opts": [],
            "shm_size": 64,
            "start": true,
            "stdin_open": false,
            "stop_signal": "",
            "stop_timeout": 0,
            "storage_opts": {},
            "sysctls": {},
            "tmpfs": {},
            "tty": false,
            "ulimit": [],
            "upload": [],
            "user": "0:0",
            "userns_mode": "",
            "volumes": [],
            "wait": false,
            "wait_timeout": 60,
            "working_dir": "/"
          },
          "sensitive_attributes": [],
          "identity_schema_version": 0,
          "private": "eyJzY2hlbWFfdmVyc2lvbiI6IjIifQ==",
          "dependencies": [
            "module.replica.docker_image.alpine",
            "module.replica.docker_network.services",
            "module.replica.docker_volume.alertmanager_data"
          ]
        }
      ]
    },
    {
      "module": "module.replica",
      "mode": "managed",
      "type": "docker_container",
      "name": "caddy",
      "provider": "provider[\"registry.terraform.io/kreuzwerker/docker\"].replica",
      "instances": [
        {
          "status": "tainted",
          "schema_version": 2,
          "attributes": {
            "attach": false,
            "bridge": null,
            "capabilities": [],
            "cgroupns_mode": null,
            "command": null,
            "container_logs": null,
            "container_read_refresh_timeout_milliseconds": 15000,
            "cpu_set": null,
            "cpu_shares": null,
            "destroy_grace_seconds": null,
            "devices": [],
            "dns": null,
            "dns_opts": null,
            "dns_search": null,
            "domainname": null,
            "entrypoint": null,
            "env": [
              "APEX_DOMAIN=kushnir.cloud",
              "LOG_LEVEL=info",
              "TLS_EMAIL=ops@kushnir.cloud"
            ],
            "exit_code": null,
            "gpus": null,
            "group_add": null,
            "healthcheck": [
              {
                "interval": "30s",
                "retries": 3,
                "start_period": "10s",
                "test": [
                  "CMD",
                  "caddy",
                  "version"
                ],
                "timeout": "5s"
              }
            ],
            "host": [],
            "hostname": null,
            "id": "ba173f474cd0552c86c8984e4558313f7d336ba1dfa298d3cb03a7f01da08c73",
            "image": "sha256:7a7b2e234b158c1e01eab04f851fc4b1a33296dbaa68c57d11815ee38a3cafaf",
            "init": null,
            "ipc_mode": null,
            "labels": [
              {
                "label": "io.elevatediq.component",
                "value": "gateway"
              },
              {
                "label": "io.elevatediq.tier",
                "value": "infrastructure"
              }
            ],
            "log_driver": "json-file",
            "log_opts": {
              "max-file": "5",
              "max-size": "20m"
            },
            "logs": false,
            "max_retry_count": null,
            "memory": null,
            "memory_swap": null,
            "mounts": [
              {
                "bind_options": [],
                "read_only": true,
                "source": "/home/akushnir/code-server-enterprise/config/caddy",
                "target": "/etc/caddy",
                "tmpfs_options": [],
                "type": "bind",
                "volume_options": []
              },
              {
                "bind_options": [],
                "read_only": null,
                "source": "caddy_config",
                "target": "/config",
                "tmpfs_options": [],
                "type": "volume",
                "volume_options": []
              },
              {
                "bind_options": [],
                "read_only": null,
                "source": "caddy_data",
                "target": "/data",
                "tmpfs_options": [],
                "type": "volume",
                "volume_options": []
              }
            ],
            "must_run": true,
            "name": "code-server-caddy",
            "network_data": null,
            "network_mode": null,
            "networks_advanced": [
              {
                "aliases": [],
                "ipv4_address": "",
                "ipv6_address": "",
                "name": "e16c84336ce511fb610d638310161398f1ffd22f53ddf0ee04cde97440f6e265"
              }
            ],
            "pid_mode": null,
            "ports": [
              {
                "external": 80,
                "internal": 80,
                "ip": "0.0.0.0",
                "protocol": "tcp"
              },
              {
                "external": 443,
                "internal": 443,
                "ip": "0.0.0.0",
                "protocol": "tcp"
              },
              {
                "external": 443,
                "internal": 443,
                "ip": "0.0.0.0",
                "protocol": "udp"
              }
            ],
            "privileged": null,
            "publish_all_ports": null,
            "read_only": false,
            "remove_volumes": true,
            "restart": "unless-stopped",
            "rm": false,
            "runtime": null,
            "security_opts": [],
            "shm_size": null,
            "start": true,
            "stdin_open": false,
            "stop_signal": null,
            "stop_timeout": null,
            "storage_opts": null,
            "sysctls": null,
            "tmpfs": null,
            "tty": false,
            "ulimit": [],
            "upload": [],
            "user": "101:101",
            "userns_mode": null,
            "volumes": [],
            "wait": false,
            "wait_timeout": 60,
            "working_dir": null
          },
          "sensitive_attributes": [],
          "identity_schema_version": 0,
          "private": "eyJzY2hlbWFfdmVyc2lvbiI6IjIifQ==",
          "dependencies": [
            "module.replica.docker_container.caddy_init",
            "module.replica.docker_image.alpine",
            "module.replica.docker_image.caddy",
            "module.replica.docker_network.services",
            "module.replica.docker_volume.caddy_config",
            "module.replica.docker_volume.caddy_data"
          ]
        }
      ]
    },
    {
      "module": "module.replica",
      "mode": "managed",
      "type": "docker_container",
      "name": "caddy_init",
      "provider": "provider[\"registry.terraform.io/kreuzwerker/docker\"].replica",
      "instances": [
        {
          "schema_version": 2,
          "attributes": {
            "attach": false,
            "bridge": "",
            "capabilities": [],
            "cgroupns_mode": null,
            "command": [
              "sh",
              "-lc",
              "mkdir -p /data /config; chown -R 101:101 /data /config"
            ],
            "container_logs": null,
            "container_read_refresh_timeout_milliseconds": 15000,
            "cpu_set": "",
            "cpu_shares": 0,
            "destroy_grace_seconds": null,
            "devices": [],
            "dns": [],
            "dns_opts": [],
            "dns_search": [],
            "domainname": "",
            "entrypoint": [],
            "env": [],
            "exit_code": 0,
            "gpus": null,
            "group_add": [],
            "healthcheck": [],
            "host": [],
            "hostname": "e4363cee11cd",
            "id": "e4363cee11cd7b253c88b815de1a2ce99b5c70fa8761937ecb42c2ce7e365db4",
            "image": "sha256:bf8527eb54c3680e728d5b4b383a8ba730d72dae7236fbc8dff97ed6b224a731",
            "init": false,
            "ipc_mode": "private",
            "labels": [],
            "log_driver": "json-file",
            "log_opts": {},
            "logs": false,
            "max_retry_count": 0,
            "memory": 0,
            "memory_swap": 0,
            "mounts": [
              {
                "bind_options": [],
                "read_only": false,
                "source": "caddy_config",
                "target": "/config",
                "tmpfs_options": [],
                "type": "volume",
                "volume_options": []
              },
              {
                "bind_options": [],
                "read_only": false,
                "source": "caddy_data",
                "target": "/data",
                "tmpfs_options": [],
                "type": "volume",
                "volume_options": []
              }
            ],
            "must_run": false,
            "name": "code-server-caddy-init",
            "network_data": [
              {
                "gateway": "",
                "global_ipv6_address": "",
                "global_ipv6_prefix_length": 0,
                "ip_address": "",
                "ip_prefix_length": 0,
                "ipv6_gateway": "",
                "mac_address": "",
                "network_name": "services"
              }
            ],
            "network_mode": "bridge",
            "networks_advanced": [
              {
                "aliases": [],
                "ipv4_address": "",
                "ipv6_address": "",
                "name": "e16c84336ce511fb610d638310161398f1ffd22f53ddf0ee04cde97440f6e265"
              }
            ],
            "pid_mode": "",
            "ports": [],
            "privileged": false,
            "publish_all_ports": false,
            "read_only": false,
            "remove_volumes": true,
            "restart": "no",
            "rm": false,
            "runtime": "runc",
            "security_opts": [],
            "shm_size": 64,
            "start": true,
            "stdin_open": false,
            "stop_signal": "",
            "stop_timeout": 0,
            "storage_opts": {},
            "sysctls": {},
            "tmpfs": {},
            "tty": false,
            "ulimit": [],
            "upload": [],
            "user": "0:0",
            "userns_mode": "",
            "volumes": [],
            "wait": false,
            "wait_timeout": 60,
            "working_dir": "/"
          },
          "sensitive_attributes": [],
          "identity_schema_version": 0,
          "private": "eyJzY2hlbWFfdmVyc2lvbiI6IjIifQ==",
          "dependencies": [
            "module.replica.docker_image.alpine",
            "module.replica.docker_network.services",
            "module.replica.docker_volume.caddy_config",
            "module.replica.docker_volume.caddy_data"
          ]
        }
      ]
    },
    {
      "module": "module.replica",
      "mode": "managed",
      "type": "docker_container",
      "name": "edge_agent",
      "provider": "provider[\"registry.terraform.io/kreuzwerker/docker\"].replica",
      "instances": [
        {
          "schema_version": 2,
          "attributes": {
            "attach": false,
            "bridge": "",
            "capabilities": [],
            "cgroupns_mode": null,
            "command": [
              "uvicorn",
              "main:app",
              "--host",
              "0.0.0.0",
              "--port",
              "8060"
            ],
            "container_logs": null,
            "container_read_refresh_timeout_milliseconds": 15000,
            "cpu_set": "",
            "cpu_shares": 0,
            "destroy_grace_seconds": null,
            "devices": [],
            "dns": [],
            "dns_opts": [],
            "dns_search": [],
            "domainname": "",
            "entrypoint": [],
            "env": [
              "AGENT_ID=edge-agent-replica",
              "KAFKA_BOOTSTRAP_SERVERS=code-server-redpanda:9092",
              "LOG_LEVEL=INFO",
              "REDIS_URL=redis://code-server-redis:6379/1",
              "REPLICATION_TOPIC=edge.replication.events"
            ],
            "exit_code": null,
            "gpus": null,
            "group_add": [],
            "healthcheck": [
              {
                "interval": "30s",
                "retries": 3,
                "start_period": "15s",
                "test": [
                  "CMD",
                  "curl",
                  "-f",
                  "http://localhost:8060/health"
                ],
                "timeout": "5s"
              }
            ],
            "host": [],
            "hostname": "c58cf746b571",
            "id": "c58cf746b571b012f9544fd68f9935c5e171a4ae1049bcebe7cb34e618eadbe1",
            "image": "sha256:02d8cd7af0a16b7524766ddaded799af62849a422af62009b77a0088c32d2464",
            "init": false,
            "ipc_mode": "private",
            "labels": [],
            "log_driver": "json-file",
            "log_opts": {
              "max-file": "3",
              "max-size": "10m"
            },
            "logs": false,
            "max_retry_count": 0,
            "memory": 0,
            "memory_swap": 0,
            "mounts": [],
            "must_run": true,
            "name": "code-server-edge-agent",
            "network_data": [
              {
                "gateway": "172.21.0.1",
                "global_ipv6_address": "",
                "global_ipv6_prefix_length": 0,
                "ip_address": "172.21.0.20",
                "ip_prefix_length": 16,
                "ipv6_gateway": "",
                "mac_address": "f2:6e:f2:25:fb:f9",
                "network_name": "services"
              }
            ],
            "network_mode": "bridge",
            "networks_advanced": [
              {
                "aliases": [],
                "ipv4_address": "",
                "ipv6_address": "",
                "name": "e16c84336ce511fb610d638310161398f1ffd22f53ddf0ee04cde97440f6e265"
              }
            ],
            "pid_mode": "",
            "ports": [
              {
                "external": 8002,
                "internal": 8002,
                "ip": "0.0.0.0",
                "protocol": "tcp"
              }
            ],
            "privileged": false,
            "publish_all_ports": false,
            "read_only": false,
            "remove_volumes": true,
            "restart": "unless-stopped",
            "rm": false,
            "runtime": "runc",
            "security_opts": [],
            "shm_size": 64,
            "start": true,
            "stdin_open": false,
            "stop_signal": "",
            "stop_timeout": 0,
            "storage_opts": {},
            "sysctls": {},
            "tmpfs": {},
            "tty": false,
            "ulimit": [],
            "upload": [],
            "user": "",
            "userns_mode": "",
            "volumes": [],
            "wait": false,
            "wait_timeout": 60,
            "working_dir": "/app"
          },
          "sensitive_attributes": [],
          "identity_schema_version": 0,
          "private": "eyJzY2hlbWFfdmVyc2lvbiI6IjIifQ==",
          "dependencies": [
            "module.replica.docker_container.redis",
            "module.replica.docker_container.redis_init",
            "module.replica.docker_container.redpanda",
            "module.replica.docker_container.redpanda_init",
            "module.replica.docker_image.alpine",
            "module.replica.docker_image.redis",
            "module.replica.docker_image.redpanda",
            "module.replica.docker_network.services",
            "module.replica.docker_volume.redis_data",
            "module.replica.docker_volume.redpanda_data"
          ]
        }
      ]
    },
    {
      "module": "module.replica",
      "mode": "managed",
      "type": "docker_container",
      "name": "env_provisioner",
      "provider": "provider[\"registry.terraform.io/kreuzwerker/docker\"].replica",
      "instances": [
        {
          "schema_version": 2,
          "attributes": {
            "attach": false,
            "bridge": "",
            "capabilities": [],
            "cgroupns_mode": null,
            "command": [
              "uvicorn",
              "main:app",
              "--host",
              "0.0.0.0",
              "--port",
              "8050"
            ],
            "container_logs": null,
            "container_read_refresh_timeout_milliseconds": 15000,
            "cpu_set": "",
            "cpu_shares": 0,
            "destroy_grace_seconds": null,
            "devices": [],
            "dns": [],
            "dns_opts": [],
            "dns_search": [],
            "domainname": "",
            "entrypoint": [],
            "env": [
              "LOG_LEVEL=INFO",
              "REPO_ROOT=/app"
            ],
            "exit_code": null,
            "gpus": null,
            "group_add": [],
            "healthcheck": [
              {
                "interval": "30s",
                "retries": 3,
                "start_period": "15s",
                "test": [
                  "CMD",
                  "curl",
                  "-f",
                  "http://localhost:8050/health"
                ],
                "timeout": "10s"
              }
            ],
            "host": [],
            "hostname": "3965d80b1a4d",
            "id": "3965d80b1a4ddebecc674bd9584ec09f6a7f12b91ed7013cd9f9123b2a877ce2",
            "image": "sha256:4fab78c4ccdb4ded5380e51b366fc03706fc1620fb7e7b987e0ee8d0dba1c7da",
            "init": false,
            "ipc_mode": "private",
            "labels": [],
            "log_driver": "json-file",
            "log_opts": {
              "max-file": "3",
              "max-size": "10m"
            },
            "logs": false,
            "max_retry_count": 0,
            "memory": 0,
            "memory_swap": 0,
            "mounts": [
              {
                "bind_options": [],
                "read_only": false,
                "source": "/home/akushnir/code-server-enterprise/apps/env-provisioner",
                "target": "/app",
                "tmpfs_options": [],
                "type": "bind",
                "volume_options": []
              },
              {
                "bind_options": [],
                "read_only": false,
                "source": "/home/akushnir/code-server-enterprise/artifacts",
                "target": "/app/artifacts",
                "tmpfs_options": [],
                "type": "bind",
                "volume_options": []
              },
              {
                "bind_options": [],
                "read_only": true,
                "source": "/home/akushnir/code-server-enterprise/config",
                "target": "/app/config",
                "tmpfs_options": [],
                "type": "bind",
                "volume_options": []
              },
              {
                "bind_options": [],
                "read_only": true,
                "source": "/home/akushnir/code-server-enterprise/docker-compose.yml",
                "target": "/app/docker-compose.yml",
                "tmpfs_options": [],
                "type": "bind",
                "volume_options": []
              }
            ],
            "must_run": true,
            "name": "code-server-env-provisioner",
            "network_data": [
              {
                "gateway": "172.19.0.1",
                "global_ipv6_address": "",
                "global_ipv6_prefix_length": 0,
                "ip_address": "172.19.0.2",
                "ip_prefix_length": 16,
                "ipv6_gateway": "",
                "mac_address": "8e:d3:cb:b4:49:2b",
                "network_name": "ingress"
              }
            ],
            "network_mode": "bridge",
            "networks_advanced": [
              {
                "aliases": [],
                "ipv4_address": "",
                "ipv6_address": "",
                "name": "9d6ec3d3f42fcfdd82dd1d5e25c5a1ed89ff1d7fa3f5522cea0554134a3e468f"
              }
            ],
            "pid_mode": "",
            "ports": [
              {
                "external": 8000,
                "internal": 8000,
                "ip": "0.0.0.0",
                "protocol": "tcp"
              }
            ],
            "privileged": false,
            "publish_all_ports": false,
            "read_only": false,
            "remove_volumes": true,
            "restart": "unless-stopped",
            "rm": false,
            "runtime": "runc",
            "security_opts": [],
            "shm_size": 64,
            "start": true,
            "stdin_open": false,
            "stop_signal": "",
            "stop_timeout": 0,
            "storage_opts": {},
            "sysctls": {},
            "tmpfs": {},
            "tty": false,
            "ulimit": [],
            "upload": [],
            "user": "1002:1002",
            "userns_mode": "",
            "volumes": [],
            "wait": false,
            "wait_timeout": 60,
            "working_dir": "/app"
          },
          "sensitive_attributes": [],
          "identity_schema_version": 0,
          "private": "eyJzY2hlbWFfdmVyc2lvbiI6IjIifQ==",
          "dependencies": [
            "module.replica.docker_network.ingress"
          ]
        }
      ]
    },
    {
      "module": "module.replica",
      "mode": "managed",
      "type": "docker_container",
      "name": "execution_scheduler",
      "provider": "provider[\"registry.terraform.io/kreuzwerker/docker\"].replica",
      "instances": [
        {
          "schema_version": 2,
          "attributes": {
            "attach": false,
            "bridge": "",
            "capabilities": [],
            "cgroupns_mode": null,
            "command": [
              "uvicorn",
              "main:app",
              "--host",
              "0.0.0.0",
              "--port",
              "8080"
            ],
            "container_logs": null,
            "container_read_refresh_timeout_milliseconds": 15000,
            "cpu_set": "",
            "cpu_shares": 0,
            "destroy_grace_seconds": null,
            "devices": [],
            "dns": null,
            "dns_opts": null,
            "dns_search": null,
            "domainname": "",
            "entrypoint": [],
            "env": [
              "DATABASE_URL=postgresql://postgres:postgres_password_2026@code-server-postgres:5432/code_server",
              "KAFKA_BROKER=code-server-redpanda:9092",
              "LOG_LEVEL=INFO",
              "SCHEDULER_API_KEY=sk_scheduler_a7f3b8e2d1c9f4a6e5b2c1d3"
            ],
            "exit_code": null,
            "gpus": null,
            "group_add": null,
            "healthcheck": [
              {
                "interval": "30s",
                "retries": 3,
                "start_period": "15s",
                "test": [
                  "CMD",
                  "curl",
                  "-f",
                  "http://localhost:8080/health"
                ],
                "timeout": "10s"
              }
            ],
            "host": [],
            "hostname": "399a113969db",
            "id": "399a113969db28c6071c2f4c92af60ec2568a04aaa23ff66b8aed8220ac699d0",
            "image": "sha256:6cf0166ef495e0d633c19593b23b660736251e005ddabb9bde7be7ffa12cf1ac",
            "init": false,
            "ipc_mode": "private",
            "labels": [],
            "log_driver": "json-file",
            "log_opts": {
              "max-file": "3",
              "max-size": "10m"
            },
            "logs": false,
            "max_retry_count": 0,
            "memory": 0,
            "memory_swap": 0,
            "mounts": [
              {
                "bind_options": [],
                "read_only": null,
                "source": "/home/akushnir/code-server-enterprise/apps/execution-scheduler",
                "target": "/app",
                "tmpfs_options": [],
                "type": "bind",
                "volume_options": []
              }
            ],
            "must_run": true,
            "name": "code-server-execution-scheduler",
            "network_data": [
              {
                "gateway": "172.20.0.1",
                "global_ipv6_address": "",
                "global_ipv6_prefix_length": 0,
                "ip_address": "172.20.0.3",
                "ip_prefix_length": 16,
                "ipv6_gateway": "",
                "mac_address": "0e:dc:32:9d:c6:59",
                "network_name": "database"
              },
              {
                "gateway": "172.21.0.1",
                "global_ipv6_address": "",
                "global_ipv6_prefix_length": 0,
                "ip_address": "172.21.0.26",
                "ip_prefix_length": 16,
                "ipv6_gateway": "",
                "mac_address": "4a:d0:b4:b1:26:87",
                "network_name": "services"
              }
            ],
            "network_mode": "bridge",
            "networks_advanced": [
              {
                "aliases": [],
                "ipv4_address": "",
                "ipv6_address": "",
                "name": "5d8af67fd2eb9fef6a134c9a9cb94d3a31003ab460c0d9717d78412e1242319f"
              },
              {
                "aliases": [],
                "ipv4_address": "",
                "ipv6_address": "",
                "name": "e16c84336ce511fb610d638310161398f1ffd22f53ddf0ee04cde97440f6e265"
              }
            ],
            "pid_mode": "",
            "ports": [],
            "privileged": false,
            "publish_all_ports": false,
            "read_only": false,
            "remove_volumes": true,
            "restart": "unless-stopped",
            "rm": false,
            "runtime": "runc",
            "security_opts": [],
            "shm_size": 64,
            "start": true,
            "stdin_open": false,
            "stop_signal": "",
            "stop_timeout": 0,
            "storage_opts": null,
            "sysctls": null,
            "tmpfs": null,
            "tty": false,
            "ulimit": [],
            "upload": [],
            "user": "1003:1003",
            "userns_mode": "",
            "volumes": [],
            "wait": false,
            "wait_timeout": 60,
            "working_dir": "/app"
          },
          "sensitive_attributes": [
            [
              {
                "type": "get_attr",
                "value": "env"
              }
            ]
          ],
          "identity_schema_version": 0,
          "private": "eyJzY2hlbWFfdmVyc2lvbiI6IjIifQ==",
          "dependencies": [
            "module.replica.docker_container.postgres",
            "module.replica.docker_container.postgres_init",
            "module.replica.docker_container.redpanda",
            "module.replica.docker_container.redpanda_init",
            "module.replica.docker_image.alpine",
            "module.replica.docker_image.postgres",
            "module.replica.docker_image.redpanda",
            "module.replica.docker_network.database",
            "module.replica.docker_network.services",
            "module.replica.docker_volume.postgres_data",
            "module.replica.docker_volume.redpanda_data"
          ]
        }
      ]
    },
    {
      "module": "module.replica",
      "mode": "managed",
      "type": "docker_container",
      "name": "grafana",
      "provider": "provider[\"registry.terraform.io/kreuzwerker/docker\"].replica",
      "instances": [
        {
          "schema_version": 2,
          "attributes": {
            "attach": false,
            "bridge": "",
            "capabilities": [],
            "cgroupns_mode": null,
            "command": [],
            "container_logs": null,
            "container_read_refresh_timeout_milliseconds": 15000,
            "cpu_set": "",
            "cpu_shares": 0,
            "destroy_grace_seconds": null,
            "devices": [],
            "dns": [],
            "dns_opts": [],
            "dns_search": [],
            "domainname": "",
            "entrypoint": [
              "/run.sh"
            ],
            "env": [
              "GF_INSTALL_PLUGINS=grafana-piechart-panel",
              "GF_SECURITY_ADMIN_PASSWORD=grafana_admin_2026",
              "GF_SECURITY_ADMIN_USER=admin",
              "GF_USERS_ALLOW_SIGN_UP=false"
            ],
            "exit_code": null,
            "gpus": null,
            "group_add": [],
            "healthcheck": [
              {
                "interval": "30s",
                "retries": 3,
                "start_period": "10s",
                "test": [
                  "CMD",
                  "curl",
                  "-f",
                  "http://localhost:3000/api/health"
                ],
                "timeout": "5s"
              }
            ],
            "host": [],
            "hostname": "e22459486569",
            "id": "e22459486569a5891a435d9123a224ac63b4effb04e82e37d7da9c3d63ac434e",
            "image": "sha256:2fbe6143d3ba5991bffbfa1d2f79511c6381bcf064415902fedd4f256705fda9",
            "init": false,
            "ipc_mode": "private",
            "labels": [],
            "log_driver": "json-file",
            "log_opts": {
              "max-file": "3",
              "max-size": "10m"
            },
            "logs": false,
            "max_retry_count": 0,
            "memory": 0,
            "memory_swap": 0,
            "mounts": [
              {
                "bind_options": [],
                "read_only": false,
                "source": "grafana_data",
                "target": "/var/lib/grafana",
                "tmpfs_options": [],
                "type": "volume",
                "volume_options": []
              },
              {
                "bind_options": [],
                "read_only": true,
                "source": "/home/akushnir/code-server-enterprise/config/grafana/provisioning/dashboards",
                "target": "/etc/grafana/provisioning/dashboards",
                "tmpfs_options": [],
                "type": "bind",
                "volume_options": []
              },
              {
                "bind_options": [],
                "read_only": true,
                "source": "/home/akushnir/code-server-enterprise/config/grafana/provisioning/datasources",
                "target": "/etc/grafana/provisioning/datasources",
                "tmpfs_options": [],
                "type": "bind",
                "volume_options": []
              }
            ],
            "must_run": true,
            "name": "code-server-grafana",
            "network_data": [
              {
                "gateway": "172.21.0.1",
                "global_ipv6_address": "",
                "global_ipv6_prefix_length": 0,
                "ip_address": "172.21.0.14",
                "ip_prefix_length": 16,
                "ipv6_gateway": "",
                "mac_address": "06:6d:49:fd:06:38",
                "network_name": "services"
              }
            ],
            "network_mode": "bridge",
            "networks_advanced": [
              {
                "aliases": [],
                "ipv4_address": "",
                "ipv6_address": "",
                "name": "e16c84336ce511fb610d638310161398f1ffd22f53ddf0ee04cde97440f6e265"
              }
            ],
            "pid_mode": "",
            "ports": [
              {
                "external": 3000,
                "internal": 3000,
                "ip": "0.0.0.0",
                "protocol": "tcp"
              }
            ],
            "privileged": false,
            "publish_all_ports": false,
            "read_only": false,
            "remove_volumes": true,
            "restart": "unless-stopped",
            "rm": false,
            "runtime": "runc",
            "security_opts": [],
            "shm_size": 64,
            "start": true,
            "stdin_open": false,
            "stop_signal": "",
            "stop_timeout": 0,
            "storage_opts": {},
            "sysctls": {},
            "tmpfs": {},
            "tty": false,
            "ulimit": [],
            "upload": [],
            "user": "472:472",
            "userns_mode": "",
            "volumes": [],
            "wait": false,
            "wait_timeout": 60,
            "working_dir": "/usr/share/grafana"
          },
          "sensitive_attributes": [
            [
              {
                "type": "get_attr",
                "value": "env"
              }
            ]
          ],
          "identity_schema_version": 0,
          "private": "eyJzY2hlbWFfdmVyc2lvbiI6IjIifQ==",
          "dependencies": [
            "module.replica.docker_container.grafana_init",
            "module.replica.docker_container.prometheus",
            "module.replica.docker_container.prometheus_init",
            "module.replica.docker_image.alpine",
            "module.replica.docker_image.grafana",
            "module.replica.docker_image.prometheus",
            "module.replica.docker_network.services",
            "module.replica.docker_volume.grafana_data",
            "module.replica.docker_volume.prometheus_data"
          ]
        }
      ]
    },
    {
      "module": "module.replica",
      "mode": "managed",
      "type": "docker_container",
      "name": "grafana_init",
      "provider": "provider[\"registry.terraform.io/kreuzwerker/docker\"].replica",
      "instances": [
        {
          "schema_version": 2,
          "attributes": {
            "attach": false,
            "bridge": "",
            "capabilities": [],
            "cgroupns_mode": null,
            "command": [
              "sh",
              "-lc",
              "mkdir -p /var/lib/grafana; owner=$(stat -c '%u:%g' /var/lib/grafana 2\u003e/dev/null || true); [ \"$owner\" = '472:472' ] || chown -R 472:472 /var/lib/grafana"
            ],
            "container_logs": null,
            "container_read_refresh_timeout_milliseconds": 15000,
            "cpu_set": "",
            "cpu_shares": 0,
            "destroy_grace_seconds": null,
            "devices": [],
            "dns": [],
            "dns_opts": [],
            "dns_search": [],
            "domainname": "",
            "entrypoint": [],
            "env": [],
            "exit_code": 0,
            "gpus": null,
            "group_add": [],
            "healthcheck": [],
            "host": [],
            "hostname": "daefafbbf125",
            "id": "daefafbbf1253238c00c1446ac0123642ccce5213e5c15663e53519736c7ef9b",
            "image": "sha256:bf8527eb54c3680e728d5b4b383a8ba730d72dae7236fbc8dff97ed6b224a731",
            "init": false,
            "ipc_mode": "private",
            "labels": [],
            "log_driver": "json-file",
            "log_opts": {},
            "logs": false,
            "max_retry_count": 0,
            "memory": 0,
            "memory_swap": 0,
            "mounts": [
              {
                "bind_options": [],
                "read_only": false,
                "source": "grafana_data",
                "target": "/var/lib/grafana",
                "tmpfs_options": [],
                "type": "volume",
                "volume_options": []
              }
            ],
            "must_run": false,
            "name": "code-server-grafana-init",
            "network_data": [
              {
                "gateway": "",
                "global_ipv6_address": "",
                "global_ipv6_prefix_length": 0,
                "ip_address": "",
                "ip_prefix_length": 0,
                "ipv6_gateway": "",
                "mac_address": "",
                "network_name": "services"
              }
            ],
            "network_mode": "bridge",
            "networks_advanced": [
              {
                "aliases": [],
                "ipv4_address": "",
                "ipv6_address": "",
                "name": "e16c84336ce511fb610d638310161398f1ffd22f53ddf0ee04cde97440f6e265"
              }
            ],
            "pid_mode": "",
            "ports": [],
            "privileged": false,
            "publish_all_ports": false,
            "read_only": false,
            "remove_volumes": true,
            "restart": "no",
            "rm": false,
            "runtime": "runc",
            "security_opts": [],
            "shm_size": 64,
            "start": true,
            "stdin_open": false,
            "stop_signal": "",
            "stop_timeout": 0,
            "storage_opts": {},
            "sysctls": {},
            "tmpfs": {},
            "tty": false,
            "ulimit": [],
            "upload": [],
            "user": "0:0",
            "userns_mode": "",
            "volumes": [],
            "wait": false,
            "wait_timeout": 60,
            "working_dir": "/"
          },
          "sensitive_attributes": [],
          "identity_schema_version": 0,
          "private": "eyJzY2hlbWFfdmVyc2lvbiI6IjIifQ==",
          "dependencies": [
            "module.replica.docker_image.alpine",
            "module.replica.docker_network.services",
            "module.replica.docker_volume.grafana_data"
          ]
        }
      ]
    },
    {
      "module": "module.replica",
      "mode": "managed",
      "type": "docker_container",
      "name": "loki",
      "provider": "provider[\"registry.terraform.io/kreuzwerker/docker\"].replica",
      "instances": [
        {
          "schema_version": 2,
          "attributes": {
            "attach": false,
            "bridge": "",
            "capabilities": [],
            "cgroupns_mode": null,
            "command": [
              "-config.file=/etc/loki/loki-config.yaml"
            ],
            "container_logs": null,
            "container_read_refresh_timeout_milliseconds": 15000,
            "cpu_set": "",
            "cpu_shares": 0,
            "destroy_grace_seconds": null,
            "devices": [],
            "dns": [],
            "dns_opts": [],
            "dns_search": [],
            "domainname": "",
            "entrypoint": [
              "/usr/bin/loki"
            ],
            "env": [
              "LOG_LEVEL=info"
            ],
            "exit_code": null,
            "gpus": null,
            "group_add": [],
            "healthcheck": [
              {
                "interval": "30s",
                "retries": 3,
                "start_period": "10s",
                "test": [
                  "CMD-SHELL",
                  "loki --version \u003e/dev/null \u0026\u0026 echo OK || exit 1"
                ],
                "timeout": "5s"
              }
            ],
            "host": [],
            "hostname": "6d7bb48d4572",
            "id": "6d7bb48d45726ab6362c33c4bb518516b9c4b32db106354b37d619a1d31493d8",
            "image": "sha256:652b79950756d969140f85d3d664bf5bb64efb04c164c7717c140569f8a3bbb4",
            "init": false,
            "ipc_mode": "private",
            "labels": [],
            "log_driver": "json-file",
            "log_opts": {
              "max-file": "3",
              "max-size": "10m"
            },
            "logs": false,
            "max_retry_count": 0,
            "memory": 0,
            "memory_swap": 0,
            "mounts": [
              {
                "bind_options": [],
                "read_only": false,
                "source": "loki_data",
                "target": "/loki",
                "tmpfs_options": [],
                "type": "volume",
                "volume_options": []
              },
              {
                "bind_options": [],
                "read_only": true,
                "source": "/home/akushnir/code-server-enterprise/config/loki",
                "target": "/etc/loki",
                "tmpfs_options": [],
                "type": "bind",
                "volume_options": []
              }
            ],
            "must_run": true,
            "name": "code-server-loki",
            "network_data": [
              {
                "gateway": "172.21.0.1",
                "global_ipv6_address": "",
                "global_ipv6_prefix_length": 0,
                "ip_address": "172.21.0.10",
                "ip_prefix_length": 16,
                "ipv6_gateway": "",
                "mac_address": "26:16:0a:02:40:2e",
                "network_name": "services"
              }
            ],
            "network_mode": "bridge",
            "networks_advanced": [
              {
                "aliases": [],
                "ipv4_address": "",
                "ipv6_address": "",
                "name": "e16c84336ce511fb610d638310161398f1ffd22f53ddf0ee04cde97440f6e265"
              }
            ],
            "pid_mode": "",
            "ports": [
              {
                "external": 3100,
                "internal": 3100,
                "ip": "0.0.0.0",
                "protocol": "tcp"
              }
            ],
            "privileged": false,
            "publish_all_ports": false,
            "read_only": false,
            "remove_volumes": true,
            "restart": "unless-stopped",
            "rm": false,
            "runtime": "runc",
            "security_opts": [],
            "shm_size": 64,
            "start": true,
            "stdin_open": false,
            "stop_signal": "",
            "stop_timeout": 0,
            "storage_opts": {},
            "sysctls": {},
            "tmpfs": {},
            "tty": false,
            "ulimit": [],
            "upload": [],
            "user": "10001:10001",
            "userns_mode": "",
            "volumes": [],
            "wait": false,
            "wait_timeout": 60,
            "working_dir": ""
          },
          "sensitive_attributes": [],
          "identity_schema_version": 0,
          "private": "eyJzY2hlbWFfdmVyc2lvbiI6IjIifQ==",
          "dependencies": [
            "module.replica.docker_container.loki_init",
            "module.replica.docker_image.alpine",
            "module.replica.docker_image.loki",
            "module.replica.docker_network.services",
            "module.replica.docker_volume.loki_data"
          ]
        }
      ]
    },
    {
      "module": "module.replica",
      "mode": "managed",
      "type": "docker_container",
      "name": "loki_init",
      "provider": "provider[\"registry.terraform.io/kreuzwerker/docker\"].replica",
      "instances": [
        {
          "schema_version": 2,
          "attributes": {
            "attach": false,
            "bridge": "",
            "capabilities": [],
            "cgroupns_mode": null,
            "command": [
              "sh",
              "-lc",
              "mkdir -p /loki; owner=$(stat -c '%u:%g' /loki 2\u003e/dev/null || true); [ \"$owner\" = '10001:10001' ] || chown -R 10001:10001 /loki"
            ],
            "container_logs": null,
            "container_read_refresh_timeout_milliseconds": 15000,
            "cpu_set": "",
            "cpu_shares": 0,
            "destroy_grace_seconds": null,
            "devices": [],
            "dns": [],
            "dns_opts": [],
            "dns_search": [],
            "domainname": "",
            "entrypoint": [],
            "env": [],
            "exit_code": 0,
            "gpus": null,
            "group_add": [],
            "healthcheck": [],
            "host": [],
            "hostname": "8d2085b03e20",
            "id": "8d2085b03e20cc95e55c52ed9bbdbe877c5a66e12b93ba564a9d255f4580baf6",
            "image": "sha256:bf8527eb54c3680e728d5b4b383a8ba730d72dae7236fbc8dff97ed6b224a731",
            "init": false,
            "ipc_mode": "private",
            "labels": [],
            "log_driver": "json-file",
            "log_opts": {},
            "logs": false,
            "max_retry_count": 0,
            "memory": 0,
            "memory_swap": 0,
            "mounts": [
              {
                "bind_options": [],
                "read_only": false,
                "source": "loki_data",
                "target": "/loki",
                "tmpfs_options": [],
                "type": "volume",
                "volume_options": []
              }
            ],
            "must_run": false,
            "name": "code-server-loki-init",
            "network_data": [
              {
                "gateway": "",
                "global_ipv6_address": "",
                "global_ipv6_prefix_length": 0,
                "ip_address": "",
                "ip_prefix_length": 0,
                "ipv6_gateway": "",
                "mac_address": "",
                "network_name": "services"
              }
            ],
            "network_mode": "bridge",
            "networks_advanced": [
              {
                "aliases": [],
                "ipv4_address": "",
                "ipv6_address": "",
                "name": "e16c84336ce511fb610d638310161398f1ffd22f53ddf0ee04cde97440f6e265"
              }
            ],
            "pid_mode": "",
            "ports": [],
            "privileged": false,
            "publish_all_ports": false,
            "read_only": false,
            "remove_volumes": true,
            "restart": "no",
            "rm": false,
            "runtime": "runc",
            "security_opts": [],
            "shm_size": 64,
            "start": true,
            "stdin_open": false,
            "stop_signal": "",
            "stop_timeout": 0,
            "storage_opts": {},
            "sysctls": {},
            "tmpfs": {},
            "tty": false,
            "ulimit": [],
            "upload": [],
            "user": "0:0",
            "userns_mode": "",
            "volumes": [],
            "wait": false,
            "wait_timeout": 60,
            "working_dir": "/"
          },
          "sensitive_attributes": [],
          "identity_schema_version": 0,
          "private": "eyJzY2hlbWFfdmVyc2lvbiI6IjIifQ==",
          "dependencies": [
            "module.replica.docker_image.alpine",
            "module.replica.docker_network.services",
            "module.replica.docker_volume.loki_data"
          ]
        }
      ]
    },
    {
      "module": "module.replica",
      "mode": "managed",
      "type": "docker_container",
      "name": "memory_engine",
      "provider": "provider[\"registry.terraform.io/kreuzwerker/docker\"].replica",
      "instances": [
        {
          "schema_version": 2,
          "attributes": {
            "attach": false,
            "bridge": "",
            "capabilities": [],
            "cgroupns_mode": null,
            "command": [
              "python",
              "main.py"
            ],
            "container_logs": null,
            "container_read_refresh_timeout_milliseconds": 15000,
            "cpu_set": "",
            "cpu_shares": 0,
            "destroy_grace_seconds": null,
            "devices": [],
            "dns": [],
            "dns_opts": [],
            "dns_search": [],
            "domainname": "",
            "entrypoint": [],
            "env": [
              "LOG_LEVEL=INFO",
              "MEMORY_ENGINE_HOST=0.0.0.0",
              "MEMORY_ENGINE_PORT=8001",
              "OLLAMA_HOST=http://code-server-ollama:11434",
              "QDRANT_API_KEY=qdrant_api_key_2026",
              "QDRANT_HOST=code-server-qdrant",
              "QDRANT_PORT=6333"
            ],
            "exit_code": null,
            "gpus": null,
            "group_add": [],
            "healthcheck": [
              {
                "interval": "30s",
                "retries": 3,
                "start_period": "15s",
                "test": [
                  "CMD",
                  "curl",
                  "-f",
                  "http://localhost:8001/health"
                ],
                "timeout": "5s"
              }
            ],
            "host": [],
            "hostname": "766be86fa859",
            "id": "766be86fa8598ebc147c2ae8872147be0f77892aedf7357106d91e585f9b8af7",
            "image": "sha256:5a7985ce5188066ea1c9d9f2c3645510e8721aa5064d27130148090ac1292982",
            "init": false,
            "ipc_mode": "private",
            "labels": [
              {
                "label": "io.elevatediq.component",
                "value": "memory-engine"
              },
              {
                "label": "io.elevatediq.tier",
                "value": "ai"
              }
            ],
            "log_driver": "json-file",
            "log_opts": {
              "max-file": "3",
              "max-size": "10m"
            },
            "logs": false,
            "max_retry_count": 0,
            "memory": 0,
            "memory_swap": 0,
            "mounts": [
              {
                "bind_options": [],
                "read_only": false,
                "source": "/home/akushnir/code-server-enterprise/apps/memory-engine",
                "target": "/app",
                "tmpfs_options": [],
                "type": "bind",
                "volume_options": []
              }
            ],
            "must_run": true,
            "name": "code-server-memory-engine",
            "network_data": [
              {
                "gateway": "172.21.0.1",
                "global_ipv6_address": "",
                "global_ipv6_prefix_length": 0,
                "ip_address": "172.21.0.15",
                "ip_prefix_length": 16,
                "ipv6_gateway": "",
                "mac_address": "1a:f6:ea:bc:ce:fd",
                "network_name": "services"
              }
            ],
            "network_mode": "bridge",
            "networks_advanced": [
              {
                "aliases": [],
                "ipv4_address": "",
                "ipv6_address": "",
                "name": "e16c84336ce511fb610d638310161398f1ffd22f53ddf0ee04cde97440f6e265"
              }
            ],
            "pid_mode": "",
            "ports": [
              {
                "external": 8001,
                "internal": 8001,
                "ip": "0.0.0.0",
                "protocol": "tcp"
              }
            ],
            "privileged": false,
            "publish_all_ports": false,
            "read_only": false,
            "remove_volumes": true,
            "restart": "unless-stopped",
            "rm": false,
            "runtime": "runc",
            "security_opts": [],
            "shm_size": 64,
            "start": true,
            "stdin_open": false,
            "stop_signal": "",
            "stop_timeout": 0,
            "storage_opts": {},
            "sysctls": {},
            "tmpfs": {},
            "tty": false,
            "ulimit": [],
            "upload": [],
            "user": "1000:1000",
            "userns_mode": "",
            "volumes": [],
            "wait": false,
            "wait_timeout": 60,
            "working_dir": "/app"
          },
          "sensitive_attributes": [
            [
              {
                "type": "get_attr",
                "value": "env"
              }
            ]
          ],
          "identity_schema_version": 0,
          "private": "eyJzY2hlbWFfdmVyc2lvbiI6IjIifQ==",
          "dependencies": [
            "module.replica.docker_container.ollama",
            "module.replica.docker_container.ollama_init",
            "module.replica.docker_container.qdrant",
            "module.replica.docker_container.qdrant_init",
            "module.replica.docker_image.alpine",
            "module.replica.docker_image.ollama",
            "module.replica.docker_image.qdrant",
            "module.replica.docker_network.services",
            "module.replica.docker_volume.ollama_models",
            "module.replica.docker_volume.qdrant_data"
          ]
        }
      ]
    },
    {
      "module": "module.replica",
      "mode": "managed",
      "type": "docker_container",
      "name": "multimodal_ai",
      "provider": "provider[\"registry.terraform.io/kreuzwerker/docker\"].replica",
      "instances": [
        {
          "schema_version": 2,
          "attributes": {
            "attach": false,
            "bridge": "",
            "capabilities": [],
            "cgroupns_mode": null,
            "command": [
              "uvicorn",
              "main:app",
              "--host",
              "0.0.0.0",
              "--port",
              "8040"
            ],
            "container_logs": null,
            "container_read_refresh_timeout_milliseconds": 15000,
            "cpu_set": "",
            "cpu_shares": 0,
            "destroy_grace_seconds": null,
            "devices": [],
            "dns": [],
            "dns_opts": [],
            "dns_search": [],
            "domainname": "",
            "entrypoint": [],
            "env": [
              "DIAGRAM_LLM_BACKEND=ollama",
              "LOG_LEVEL=INFO",
              "OLLAMA_BASE_URL=http://code-server-ollama:11434",
              "OLLAMA_MODEL=llama3:8b",
              "OLLAMA_VISION_MODEL=llava:13b",
              "OPENAI_API_KEY=",
              "TTS_BACKEND=gtts",
              "VISION_BACKEND=ollama",
              "WHISPER_MODEL=base"
            ],
            "exit_code": null,
            "gpus": null,
            "group_add": [],
            "healthcheck": [
              {
                "interval": "30s",
                "retries": 3,
                "start_period": "20s",
                "test": [
                  "CMD-SHELL",
                  "curl -f http://localhost:8040/health || exit 1"
                ],
                "timeout": "5s"
              }
            ],
            "host": [],
            "hostname": "39d4d5aa8feb",
            "id": "39d4d5aa8febb507bcc4a3a4aeb36bb00b34ca2eb81b1dc119180b02bb1a3c43",
            "image": "sha256:6495c1a71ec983011c61b49865d4adc7866339f6751e28b117798fbb668524f1",
            "init": false,
            "ipc_mode": "private",
            "labels": [
              {
                "label": "io.elevatediq.component",
                "value": "multimodal-ai"
              },
              {
                "label": "io.elevatediq.tier",
                "value": "ai"
              }
            ],
            "log_driver": "json-file",
            "log_opts": {
              "max-file": "3",
              "max-size": "10m"
            },
            "logs": false,
            "max_retry_count": 0,
            "memory": 0,
            "memory_swap": 0,
            "mounts": [],
            "must_run": true,
            "name": "code-server-multimodal-ai",
            "network_data": [
              {
                "gateway": "172.21.0.1",
                "global_ipv6_address": "",
                "global_ipv6_prefix_length": 0,
                "ip_address": "172.21.0.12",
                "ip_prefix_length": 16,
                "ipv6_gateway": "",
                "mac_address": "f2:8a:32:d5:5f:0e",
                "network_name": "services"
              }
            ],
            "network_mode": "bridge",
            "networks_advanced": [
              {
                "aliases": [],
                "ipv4_address": "",
                "ipv6_address": "",
                "name": "e16c84336ce511fb610d638310161398f1ffd22f53ddf0ee04cde97440f6e265"
              }
            ],
            "pid_mode": "",
            "ports": [
              {
                "external": 8005,
                "internal": 8005,
                "ip": "0.0.0.0",
                "protocol": "tcp"
              }
            ],
            "privileged": false,
            "publish_all_ports": false,
            "read_only": false,
            "remove_volumes": true,
            "restart": "unless-stopped",
            "rm": false,
            "runtime": "runc",
            "security_opts": [],
            "shm_size": 64,
            "start": true,
            "stdin_open": false,
            "stop_signal": "",
            "stop_timeout": 0,
            "storage_opts": {},
            "sysctls": {},
            "tmpfs": {},
            "tty": false,
            "ulimit": [],
            "upload": [],
            "user": "1000:1000",
            "userns_mode": "",
            "volumes": [],
            "wait": false,
            "wait_timeout": 60,
            "working_dir": "/app"
          },
          "sensitive_attributes": [],
          "identity_schema_version": 0,
          "private": "eyJzY2hlbWFfdmVyc2lvbiI6IjIifQ==",
          "dependencies": [
            "module.replica.docker_container.ollama",
            "module.replica.docker_container.ollama_init",
            "module.replica.docker_image.alpine",
            "module.replica.docker_image.ollama",
            "module.replica.docker_network.services",
            "module.replica.docker_volume.ollama_models"
          ]
        }
      ]
    },
    {
      "module": "module.replica",
      "mode": "managed",
      "type": "docker_container",
      "name": "oauth2_proxy",
      "provider": "provider[\"registry.terraform.io/kreuzwerker/docker\"].replica",
      "instances": [
        {
          "schema_version": 2,
          "attributes": {
            "attach": false,
            "bridge": "",
            "capabilities": [],
            "cgroupns_mode": null,
            "command": [
              "--config=/etc/oauth2-proxy/oauth2-proxy.cfg"
            ],
            "container_logs": null,
            "container_read_refresh_timeout_milliseconds": 15000,
            "cpu_set": "",
            "cpu_shares": 0,
            "destroy_grace_seconds": null,
            "devices": [],
            "dns": [],
            "dns_opts": [],
            "dns_search": [],
            "domainname": "",
            "entrypoint": [
              "/bin/oauth2-proxy"
            ],
            "env": [
              "OAUTH2_PROXY_CLIENT_ID=code-server-oauth2-client-id",
              "OAUTH2_PROXY_CLIENT_SECRET=code-server-oauth2-client-secret",
              "OAUTH2_PROXY_COOKIE_SECRET=oauth2_cookie_secret_long_random",
              "OAUTH2_PROXY_UPSTREAMS=http://code-server-caddy:9088/"
            ],
            "exit_code": null,
            "gpus": null,
            "group_add": [],
            "healthcheck": [
              {
                "interval": "30s",
                "retries": 3,
                "start_period": "10s",
                "test": [
                  "CMD",
                  "/bin/oauth2-proxy",
                  "--version"
                ],
                "timeout": "5s"
              }
            ],
            "host": [],
            "hostname": "595005c68fdd",
            "id": "595005c68fdd47a4baa2b01ad098d58b438478f2b65f5e5c97f8440023df962f",
            "image": "sha256:2ab8a2cd16911d95f1683e9187cb9e0aed47eed589c695786e14c067e5c7542f",
            "init": false,
            "ipc_mode": "private",
            "labels": [],
            "log_driver": "json-file",
            "log_opts": {
              "max-file": "3",
              "max-size": "10m"
            },
            "logs": false,
            "max_retry_count": 0,
            "memory": 0,
            "memory_swap": 0,
            "mounts": [
              {
                "bind_options": [],
                "read_only": true,
                "source": "/home/akushnir/code-server-enterprise/config/oauth2-proxy/oauth2-proxy.cfg",
                "target": "/etc/oauth2-proxy/oauth2-proxy.cfg",
                "tmpfs_options": [],
                "type": "bind",
                "volume_options": []
              }
            ],
            "must_run": true,
            "name": "code-server-oauth2-proxy",
            "network_data": [
              {
                "gateway": "172.21.0.1",
                "global_ipv6_address": "",
                "global_ipv6_prefix_length": 0,
                "ip_address": "172.21.0.2",
                "ip_prefix_length": 16,
                "ipv6_gateway": "",
                "mac_address": "52:c1:19:e0:88:f8",
                "network_name": "services"
              }
            ],
            "network_mode": "bridge",
            "networks_advanced": [
              {
                "aliases": [],
                "ipv4_address": "",
                "ipv6_address": "",
                "name": "e16c84336ce511fb610d638310161398f1ffd22f53ddf0ee04cde97440f6e265"
              }
            ],
            "pid_mode": "",
            "ports": [
              {
                "external": 4180,
                "internal": 4180,
                "ip": "0.0.0.0",
                "protocol": "tcp"
              }
            ],
            "privileged": false,
            "publish_all_ports": false,
            "read_only": false,
            "remove_volumes": true,
            "restart": "unless-stopped",
            "rm": false,
            "runtime": "runc",
            "security_opts": [],
            "shm_size": 64,
            "start": true,
            "stdin_open": false,
            "stop_signal": "",
            "stop_timeout": 0,
            "storage_opts": {},
            "sysctls": {},
            "tmpfs": {},
            "tty": false,
            "ulimit": [],
            "upload": [],
            "user": "65534:65534",
            "userns_mode": "",
            "volumes": [],
            "wait": false,
            "wait_timeout": 60,
            "working_dir": ""
          },
          "sensitive_attributes": [
            [
              {
                "type": "get_attr",
                "value": "env"
              }
            ]
          ],
          "identity_schema_version": 0,
          "private": "eyJzY2hlbWFfdmVyc2lvbiI6IjIifQ==",
          "dependencies": [
            "module.replica.docker_image.oauth2_proxy",
            "module.replica.docker_network.services"
          ]
        }
      ]
    },
    {
      "module": "module.replica",
      "mode": "managed",
      "type": "docker_container",
      "name": "ollama",
      "provider": "provider[\"registry.terraform.io/kreuzwerker/docker\"].replica",
      "instances": [
        {
          "schema_version": 2,
          "attributes": {
            "attach": false,
            "bridge": "",
            "capabilities": [],
            "cgroupns_mode": null,
            "command": [
              "serve"
            ],
            "container_logs": null,
            "container_read_refresh_timeout_milliseconds": 15000,
            "cpu_set": "",
            "cpu_shares": 0,
            "destroy_grace_seconds": null,
            "devices": [],
            "dns": [],
            "dns_opts": [],
            "dns_search": [],
            "domainname": "",
            "entrypoint": [
              "/bin/ollama"
            ],
            "env": [
              "HOME=/home/ollama",
              "OLLAMA_HOST=0.0.0.0:11434",
              "OLLAMA_MODELS=/home/ollama/.ollama/models"
            ],
            "exit_code": null,
            "gpus": null,
            "group_add": [],
            "healthcheck": [
              {
                "interval": "1m0s",
                "retries": 3,
                "start_period": "30s",
                "test": [
                  "CMD",
                  "ollama",
                  "--version"
                ],
                "timeout": "10s"
              }
            ],
            "host": [],
            "hostname": "319c61e34f25",
            "id": "319c61e34f259e98b7beb5a2a450cd1776349ba62b6a103b355e2eb2bf24212d",
            "image": "sha256:c712b1aa90b75a665996172de51b2a7982a7350cfd417533690e6d256f15f3f5",
            "init": false,
            "ipc_mode": "private",
            "labels": [
              {
                "label": "io.elevatediq.component",
                "value": "llm-server"
              },
              {
                "label": "io.elevatediq.tier",
                "value": "ai"
              }
            ],
            "log_driver": "json-file",
            "log_opts": {
              "max-file": "5",
              "max-size": "20m"
            },
            "logs": false,
            "max_retry_count": 0,
            "memory": 0,
            "memory_swap": 0,
            "mounts": [
              {
                "bind_options": [],
                "read_only": false,
                "source": "ollama_models",
                "target": "/home/ollama/.ollama",
                "tmpfs_options": [],
                "type": "volume",
                "volume_options": []
              }
            ],
            "must_run": true,
            "name": "code-server-ollama",
            "network_data": [
              {
                "gateway": "172.21.0.1",
                "global_ipv6_address": "",
                "global_ipv6_prefix_length": 0,
                "ip_address": "172.21.0.5",
                "ip_prefix_length": 16,
                "ipv6_gateway": "",
                "mac_address": "ee:c1:fd:2e:dc:51",
                "network_name": "services"
              }
            ],
            "network_mode": "bridge",
            "networks_advanced": [
              {
                "aliases": [],
                "ipv4_address": "",
                "ipv6_address": "",
                "name": "e16c84336ce511fb610d638310161398f1ffd22f53ddf0ee04cde97440f6e265"
              }
            ],
            "pid_mode": "",
            "ports": [],
            "privileged": false,
            "publish_all_ports": false,
            "read_only": false,
            "remove_volumes": true,
            "restart": "unless-stopped",
            "rm": false,
            "runtime": "runc",
            "security_opts": [],
            "shm_size": 64,
            "start": true,
            "stdin_open": false,
            "stop_signal": "",
            "stop_timeout": 0,
            "storage_opts": {},
            "sysctls": {},
            "tmpfs": {},
            "tty": false,
            "ulimit": [],
            "upload": [],
            "user": "11434:11434",
            "userns_mode": "",
            "volumes": [],
            "wait": false,
            "wait_timeout": 60,
            "working_dir": ""
          },
          "sensitive_attributes": [],
          "identity_schema_version": 0,
          "private": "eyJzY2hlbWFfdmVyc2lvbiI6IjIifQ==",
          "dependencies": [
            "module.replica.docker_container.ollama_init",
            "module.replica.docker_image.alpine",
            "module.replica.docker_image.ollama",
            "module.replica.docker_network.services",
            "module.replica.docker_volume.ollama_models"
          ]
        }
      ]
    },
    {
      "module": "module.replica",
      "mode": "managed",
      "type": "docker_container",
      "name": "ollama_init",
      "provider": "provider[\"registry.terraform.io/kreuzwerker/docker\"].replica",
      "instances": [
        {
          "schema_version": 2,
          "attributes": {
            "attach": false,
            "bridge": "",
            "capabilities": [],
            "cgroupns_mode": null,
            "command": [
              "sh",
              "-lc",
              "mkdir -p /home/ollama/.ollama; owner=$(stat -c '%u:%g' /home/ollama/.ollama 2\u003e/dev/null || true); [ \"$owner\" = '11434:11434' ] || chown -R 11434:11434 /home/ollama/.ollama"
            ],
            "container_logs": null,
            "container_read_refresh_timeout_milliseconds": 15000,
            "cpu_set": "",
            "cpu_shares": 0,
            "destroy_grace_seconds": null,
            "devices": [],
            "dns": [],
            "dns_opts": [],
            "dns_search": [],
            "domainname": "",
            "entrypoint": [],
            "env": [],
            "exit_code": 0,
            "gpus": null,
            "group_add": [],
            "healthcheck": [],
            "host": [],
            "hostname": "39cc7253abf0",
            "id": "39cc7253abf024a08081ab3bc5491c2912b9a329a1d774dff302222bcb145d42",
            "image": "sha256:bf8527eb54c3680e728d5b4b383a8ba730d72dae7236fbc8dff97ed6b224a731",
            "init": false,
            "ipc_mode": "private",
            "labels": [],
            "log_driver": "json-file",
            "log_opts": {},
            "logs": false,
            "max_retry_count": 0,
            "memory": 0,
            "memory_swap": 0,
            "mounts": [
              {
                "bind_options": [],
                "read_only": false,
                "source": "ollama_models",
                "target": "/home/ollama/.ollama",
                "tmpfs_options": [],
                "type": "volume",
                "volume_options": []
              }
            ],
            "must_run": false,
            "name": "code-server-ollama-init",
            "network_data": [
              {
                "gateway": "",
                "global_ipv6_address": "",
                "global_ipv6_prefix_length": 0,
                "ip_address": "",
                "ip_prefix_length": 0,
                "ipv6_gateway": "",
                "mac_address": "",
                "network_name": "services"
              }
            ],
            "network_mode": "bridge",
            "networks_advanced": [
              {
                "aliases": [],
                "ipv4_address": "",
                "ipv6_address": "",
                "name": "e16c84336ce511fb610d638310161398f1ffd22f53ddf0ee04cde97440f6e265"
              }
            ],
            "pid_mode": "",
            "ports": [],
            "privileged": false,
            "publish_all_ports": false,
            "read_only": false,
            "remove_volumes": true,
            "restart": "no",
            "rm": false,
            "runtime": "runc",
            "security_opts": [],
            "shm_size": 64,
            "start": true,
            "stdin_open": false,
            "stop_signal": "",
            "stop_timeout": 0,
            "storage_opts": {},
            "sysctls": {},
            "tmpfs": {},
            "tty": false,
            "ulimit": [],
            "upload": [],
            "user": "0:0",
            "userns_mode": "",
            "volumes": [],
            "wait": false,
            "wait_timeout": 60,
            "working_dir": "/"
          },
          "sensitive_attributes": [],
          "identity_schema_version": 0,
          "private": "eyJzY2hlbWFfdmVyc2lvbiI6IjIifQ==",
          "dependencies": [
            "module.replica.docker_image.alpine",
            "module.replica.docker_network.services",
            "module.replica.docker_volume.ollama_models"
          ]
        }
      ]
    },
    {
      "module": "module.replica",
      "mode": "managed",
      "type": "docker_container",
      "name": "opa",
      "provider": "provider[\"registry.terraform.io/kreuzwerker/docker\"].replica",
      "instances": [
        {
          "schema_version": 2,
          "attributes": {
            "attach": false,
            "bridge": "",
            "capabilities": [],
            "cgroupns_mode": null,
            "command": [
              "run",
              "--server",
              "--log-level=info",
              "--set",
              "decision_logs.console=true"
            ],
            "container_logs": null,
            "container_read_refresh_timeout_milliseconds": 15000,
            "cpu_set": "",
            "cpu_shares": 0,
            "destroy_grace_seconds": null,
            "devices": [],
            "dns": [],
            "dns_opts": [],
            "dns_search": [],
            "domainname": "",
            "entrypoint": [
              "/opa"
            ],
            "env": [
              "LOG_LEVEL=info",
              "OPA_ADDR=0.0.0.0:8181"
            ],
            "exit_code": null,
            "gpus": null,
            "group_add": [],
            "healthcheck": [
              {
                "interval": "30s",
                "retries": 3,
                "start_period": "10s",
                "test": [
                  "CMD",
                  "/opa",
                  "version"
                ],
                "timeout": "5s"
              }
            ],
            "host": [],
            "hostname": "e5ac984a94d7",
            "id": "e5ac984a94d7ffe386a94e935890e5622623390a441f276b2eed3e9ac1a21bb1",
            "image": "sha256:ba33012bbd45fc699c06c7b6ed784d915837f176d6b75682f31965da3e07e2b9",
            "init": false,
            "ipc_mode": "private",
            "labels": [
              {
                "label": "io.elevatediq.component",
                "value": "policy-engine"
              },
              {
                "label": "io.elevatediq.tier",
                "value": "infrastructure"
              }
            ],
            "log_driver": "json-file",
            "log_opts": {
              "max-file": "3",
              "max-size": "10m"
            },
            "logs": false,
            "max_retry_count": 0,
            "memory": 0,
            "memory_swap": 0,
            "mounts": [
              {
                "bind_options": [],
                "read_only": true,
                "source": "/home/akushnir/code-server-enterprise",
                "target": "/opa-src",
                "tmpfs_options": [],
                "type": "bind",
                "volume_options": []
              },
              {
                "bind_options": [],
                "read_only": true,
                "source": "/home/akushnir/code-server-enterprise/policies",
                "target": "/policies",
                "tmpfs_options": [],
                "type": "bind",
                "volume_options": []
              }
            ],
            "must_run": true,
            "name": "code-server-opa",
            "network_data": [
              {
                "gateway": "172.21.0.1",
                "global_ipv6_address": "",
                "global_ipv6_prefix_length": 0,
                "ip_address": "172.21.0.3",
                "ip_prefix_length": 16,
                "ipv6_gateway": "",
                "mac_address": "ba:4e:e3:64:22:b9",
                "network_name": "services"
              }
            ],
            "network_mode": "bridge",
            "networks_advanced": [
              {
                "aliases": [],
                "ipv4_address": "",
                "ipv6_address": "",
                "name": "e16c84336ce511fb610d638310161398f1ffd22f53ddf0ee04cde97440f6e265"
              }
            ],
            "pid_mode": "",
            "ports": [
              {
                "external": 18181,
                "internal": 8181,
                "ip": "0.0.0.0",
                "protocol": "tcp"
              }
            ],
            "privileged": false,
            "publish_all_ports": false,
            "read_only": false,
            "remove_volumes": true,
            "restart": "unless-stopped",
            "rm": false,
            "runtime": "runc",
            "security_opts": [],
            "shm_size": 64,
            "start": true,
            "stdin_open": false,
            "stop_signal": "",
            "stop_timeout": 0,
            "storage_opts": {},
            "sysctls": {},
            "tmpfs": {},
            "tty": false,
            "ulimit": [],
            "upload": [],
            "user": "101:101",
            "userns_mode": "",
            "volumes": [],
            "wait": false,
            "wait_timeout": 60,
            "working_dir": ""
          },
          "sensitive_attributes": [],
          "identity_schema_version": 0,
          "private": "eyJzY2hlbWFfdmVyc2lvbiI6IjIifQ==",
          "dependencies": [
            "module.replica.docker_image.opa",
            "module.replica.docker_network.services"
          ]
        }
      ]
    },
    {
      "module": "module.replica",
      "mode": "managed",
      "type": "docker_container",
      "name": "otel_collector",
      "provider": "provider[\"registry.terraform.io/kreuzwerker/docker\"].replica",
      "instances": [
        {
          "schema_version": 2,
          "attributes": {
            "attach": false,
            "bridge": "",
            "capabilities": [],
            "cgroupns_mode": null,
            "command": [
              "--config=/etc/otel-collector.yaml"
            ],
            "container_logs": null,
            "container_read_refresh_timeout_milliseconds": 15000,
            "cpu_set": "",
            "cpu_shares": 0,
            "destroy_grace_seconds": null,
            "devices": [],
            "dns": [],
            "dns_opts": [],
            "dns_search": [],
            "domainname": "",
            "entrypoint": [
              "/otelcol-contrib"
            ],
            "env": [
              "DEPLOYMENT_ENV=production"
            ],
            "exit_code": null,
            "gpus": null,
            "group_add": [],
            "healthcheck": [
              {
                "interval": "30s",
                "retries": 3,
                "start_period": "15s",
                "test": [
                  "CMD",
                  "/otelcol-contrib",
                  "--version"
                ],
                "timeout": "5s"
              }
            ],
            "host": [],
            "hostname": "514d3d71ef21",
            "id": "514d3d71ef21bef3b431ed0847c0fc79913c4195ba695f56d52dce32af06acba",
            "image": "sha256:b3083eac873743e35f1a52839c1abd00466bfe62d8b69bf419f4cdbbd20d74e3",
            "init": false,
            "ipc_mode": "private",
            "labels": [],
            "log_driver": "json-file",
            "log_opts": {
              "max-file": "3",
              "max-size": "10m"
            },
            "logs": false,
            "max_retry_count": 0,
            "memory": 0,
            "memory_swap": 0,
            "mounts": [
              {
                "bind_options": [],
                "read_only": true,
                "source": "/home/akushnir/code-server-enterprise/config/otel-collector.config.yaml",
                "target": "/etc/otel-collector.yaml",
                "tmpfs_options": [],
                "type": "bind",
                "volume_options": []
              }
            ],
            "must_run": true,
            "name": "code-server-otel-collector",
            "network_data": [
              {
                "gateway": "172.21.0.1",
                "global_ipv6_address": "",
                "global_ipv6_prefix_length": 0,
                "ip_address": "172.21.0.16",
                "ip_prefix_length": 16,
                "ipv6_gateway": "",
                "mac_address": "1e:af:31:4c:59:1d",
                "network_name": "services"
              }
            ],
            "network_mode": "bridge",
            "networks_advanced": [
              {
                "aliases": [],
                "ipv4_address": "",
                "ipv6_address": "",
                "name": "e16c84336ce511fb610d638310161398f1ffd22f53ddf0ee04cde97440f6e265"
              }
            ],
            "pid_mode": "",
            "ports": [
              {
                "external": 4317,
                "internal": 4317,
                "ip": "0.0.0.0",
                "protocol": "tcp"
              },
              {
                "external": 4318,
                "internal": 4318,
                "ip": "0.0.0.0",
                "protocol": "tcp"
              },
              {
                "external": 9200,
                "internal": 9200,
                "ip": "0.0.0.0",
                "protocol": "tcp"
              },
              {
                "external": 13133,
                "internal": 13133,
                "ip": "0.0.0.0",
                "protocol": "tcp"
              }
            ],
            "privileged": false,
            "publish_all_ports": false,
            "read_only": false,
            "remove_volumes": true,
            "restart": "unless-stopped",
            "rm": false,
            "runtime": "runc",
            "security_opts": [],
            "shm_size": 64,
            "start": true,
            "stdin_open": false,
            "stop_signal": "",
            "stop_timeout": 0,
            "storage_opts": {},
            "sysctls": {},
            "tmpfs": {},
            "tty": false,
            "ulimit": [],
            "upload": [],
            "user": "65534:65534",
            "userns_mode": "",
            "volumes": [],
            "wait": false,
            "wait_timeout": 60,
            "working_dir": "/"
          },
          "sensitive_attributes": [],
          "identity_schema_version": 0,
          "private": "eyJzY2hlbWFfdmVyc2lvbiI6IjIifQ==",
          "dependencies": [
            "module.replica.docker_container.loki",
            "module.replica.docker_container.loki_init",
            "module.replica.docker_container.prometheus",
            "module.replica.docker_container.prometheus_init",
            "module.replica.docker_container.tempo",
            "module.replica.docker_container.tempo_init",
            "module.replica.docker_image.alpine",
            "module.replica.docker_image.loki",
            "module.replica.docker_image.otel_collector",
            "module.replica.docker_image.prometheus",
            "module.replica.docker_image.tempo",
            "module.replica.docker_network.services",
            "module.replica.docker_volume.loki_data",
            "module.replica.docker_volume.prometheus_data",
            "module.replica.docker_volume.tempo_data"
          ]
        }
      ]
    },
    {
      "module": "module.replica",
      "mode": "managed",
      "type": "docker_container",
      "name": "paperclip",
      "provider": "provider[\"registry.terraform.io/kreuzwerker/docker\"].replica",
      "instances": [
        {
          "schema_version": 2,
          "attributes": {
            "attach": false,
            "bridge": "",
            "capabilities": [],
            "cgroupns_mode": null,
            "command": [
              "uvicorn",
              "main:app",
              "--host",
              "0.0.0.0",
              "--port",
              "8010"
            ],
            "container_logs": null,
            "container_read_refresh_timeout_milliseconds": 15000,
            "cpu_set": "",
            "cpu_shares": 0,
            "destroy_grace_seconds": null,
            "devices": [],
            "dns": [],
            "dns_opts": [],
            "dns_search": [],
            "domainname": "",
            "entrypoint": [],
            "env": [
              "DATABASE_URL=postgresql://postgres:postgres_password_2026@code-server-postgres:5432/code_server",
              "LOG_LEVEL=INFO",
              "OPA_URL=http://code-server-opa:8181",
              "REPUTATION_ENGINE_URL=http://code-server-reputation-engine:8002"
            ],
            "exit_code": null,
            "gpus": null,
            "group_add": [],
            "healthcheck": [
              {
                "interval": "30s",
                "retries": 3,
                "start_period": "15s",
                "test": [
                  "CMD",
                  "curl",
                  "-f",
                  "http://localhost:8010/health"
                ],
                "timeout": "10s"
              }
            ],
            "host": [],
            "hostname": "e3d6891d506d",
            "id": "e3d6891d506d93f9c7e61b34ec1e3b933940ecd0cf1db0371a5f62dab09e2959",
            "image": "sha256:3735705ea2ca425b14f9d7773ac87cddcd71a64a67f96dda48845ab042810e4c",
            "init": false,
            "ipc_mode": "private",
            "labels": [],
            "log_driver": "json-file",
            "log_opts": {
              "max-file": "3",
              "max-size": "10m"
            },
            "logs": false,
            "max_retry_count": 0,
            "memory": 0,
            "memory_swap": 0,
            "mounts": [
              {
                "bind_options": [],
                "read_only": false,
                "source": "/home/akushnir/code-server-enterprise/apps/paperclip",
                "target": "/app",
                "tmpfs_options": [],
                "type": "bind",
                "volume_options": []
              }
            ],
            "must_run": true,
            "name": "code-server-paperclip",
            "network_data": [
              {
                "gateway": "172.20.0.1",
                "global_ipv6_address": "",
                "global_ipv6_prefix_length": 0,
                "ip_address": "172.20.0.4",
                "ip_prefix_length": 16,
                "ipv6_gateway": "",
                "mac_address": "9e:c9:b8:e8:6e:2b",
                "network_name": "database"
              },
              {
                "gateway": "172.21.0.1",
                "global_ipv6_address": "",
                "global_ipv6_prefix_length": 0,
                "ip_address": "172.21.0.21",
                "ip_prefix_length": 16,
                "ipv6_gateway": "",
                "mac_address": "c6:59:ca:f3:d0:52",
                "network_name": "services"
              }
            ],
            "network_mode": "bridge",
            "networks_advanced": [
              {
                "aliases": [],
                "ipv4_address": "",
                "ipv6_address": "",
                "name": "5d8af67fd2eb9fef6a134c9a9cb94d3a31003ab460c0d9717d78412e1242319f"
              },
              {
                "aliases": [],
                "ipv4_address": "",
                "ipv6_address": "",
                "name": "e16c84336ce511fb610d638310161398f1ffd22f53ddf0ee04cde97440f6e265"
              }
            ],
            "pid_mode": "",
            "ports": [
              {
                "external": 8007,
                "internal": 8007,
                "ip": "0.0.0.0",
                "protocol": "tcp"
              }
            ],
            "privileged": false,
            "publish_all_ports": false,
            "read_only": false,
            "remove_volumes": true,
            "restart": "unless-stopped",
            "rm": false,
            "runtime": "runc",
            "security_opts": [],
            "shm_size": 64,
            "start": true,
            "stdin_open": false,
            "stop_signal": "",
            "stop_timeout": 0,
            "storage_opts": {},
            "sysctls": {},
            "tmpfs": {},
            "tty": false,
            "ulimit": [],
            "upload": [],
            "user": "1002:1002",
            "userns_mode": "",
            "volumes": [],
            "wait": false,
            "wait_timeout": 60,
            "working_dir": "/app"
          },
          "sensitive_attributes": [
            [
              {
                "type": "get_attr",
                "value": "env"
              }
            ]
          ],
          "identity_schema_version": 0,
          "private": "eyJzY2hlbWFfdmVyc2lvbiI6IjIifQ==",
          "dependencies": [
            "module.replica.docker_container.opa",
            "module.replica.docker_container.postgres",
            "module.replica.docker_container.postgres_init",
            "module.replica.docker_container.redpanda",
            "module.replica.docker_container.redpanda_init",
            "module.replica.docker_container.reputation_engine",
            "module.replica.docker_image.alpine",
            "module.replica.docker_image.opa",
            "module.replica.docker_image.postgres",
            "module.replica.docker_image.redpanda",
            "module.replica.docker_network.database",
            "module.replica.docker_network.services",
            "module.replica.docker_volume.postgres_data",
            "module.replica.docker_volume.redpanda_data"
          ]
        }
      ]
    },
    {
      "module": "module.replica",
      "mode": "managed",
      "type": "docker_container",
      "name": "postgres",
      "provider": "provider[\"registry.terraform.io/kreuzwerker/docker\"].replica",
      "instances": [
        {
          "schema_version": 2,
          "attributes": {
            "attach": false,
            "bridge": "",
            "capabilities": [],
            "cgroupns_mode": null,
            "command": [
              "postgres"
            ],
            "container_logs": null,
            "container_read_refresh_timeout_milliseconds": 15000,
            "cpu_set": "",
            "cpu_shares": 0,
            "destroy_grace_seconds": null,
            "devices": [],
            "dns": [],
            "dns_opts": [],
            "dns_search": [],
            "domainname": "",
            "entrypoint": [
              "docker-entrypoint.sh"
            ],
            "env": [
              "POSTGRES_DB=code_server",
              "POSTGRES_INITDB_ARGS=--encoding=UTF8",
              "POSTGRES_PASSWORD=postgres_password_2026",
              "POSTGRES_USER=postgres"
            ],
            "exit_code": null,
            "gpus": null,
            "group_add": [],
            "healthcheck": [
              {
                "interval": "30s",
                "retries": 3,
                "start_period": "10s",
                "test": [
                  "CMD-SHELL",
                  "pg_isready -U postgres"
                ],
                "timeout": "10s"
              }
            ],
            "host": [],
            "hostname": "1a2360ff816c",
            "id": "1a2360ff816cdcaabcdcacffe6b840a3775fe1b5aebcf34034306f694cc67e36",
            "image": "sha256:667495ca2ac33180ad3690178da1bf274f481d0c43849d4c1941f0176983bd2e",
            "init": false,
            "ipc_mode": "private",
            "labels": [
              {
                "label": "io.elevatediq.component",
                "value": "database"
              },
              {
                "label": "io.elevatediq.tier",
                "value": "data"
              }
            ],
            "log_driver": "json-file",
            "log_opts": {
              "max-file": "3",
              "max-size": "10m"
            },
            "logs": false,
            "max_retry_count": 0,
            "memory": 0,
            "memory_swap": 0,
            "mounts": [
              {
                "bind_options": [],
                "read_only": false,
                "source": "postgres_data",
                "target": "/var/lib/postgresql/data",
                "tmpfs_options": [],
                "type": "volume",
                "volume_options": []
              }
            ],
            "must_run": true,
            "name": "code-server-postgres",
            "network_data": [
              {
                "gateway": "172.20.0.1",
                "global_ipv6_address": "",
                "global_ipv6_prefix_length": 0,
                "ip_address": "172.20.0.2",
                "ip_prefix_length": 16,
                "ipv6_gateway": "",
                "mac_address": "92:b0:e5:d5:8a:61",
                "network_name": "database"
              },
              {
                "gateway": "172.21.0.1",
                "global_ipv6_address": "",
                "global_ipv6_prefix_length": 0,
                "ip_address": "172.21.0.4",
                "ip_prefix_length": 16,
                "ipv6_gateway": "",
                "mac_address": "fe:43:c6:f1:cc:5a",
                "network_name": "services"
              }
            ],
            "network_mode": "bridge",
            "networks_advanced": [
              {
                "aliases": [],
                "ipv4_address": "",
                "ipv6_address": "",
                "name": "5d8af67fd2eb9fef6a134c9a9cb94d3a31003ab460c0d9717d78412e1242319f"
              },
              {
                "aliases": [],
                "ipv4_address": "",
                "ipv6_address": "",
                "name": "e16c84336ce511fb610d638310161398f1ffd22f53ddf0ee04cde97440f6e265"
              }
            ],
            "pid_mode": "",
            "ports": [
              {
                "external": 5432,
                "internal": 5432,
                "ip": "0.0.0.0",
                "protocol": "tcp"
              }
            ],
            "privileged": false,
            "publish_all_ports": false,
            "read_only": false,
            "remove_volumes": true,
            "restart": "unless-stopped",
            "rm": false,
            "runtime": "runc",
            "security_opts": [],
            "shm_size": 64,
            "start": true,
            "stdin_open": false,
            "stop_signal": "SIGINT",
            "stop_timeout": 0,
            "storage_opts": {},
            "sysctls": {},
            "tmpfs": {},
            "tty": false,
            "ulimit": [],
            "upload": [],
            "user": "999:999",
            "userns_mode": "",
            "volumes": [],
            "wait": false,
            "wait_timeout": 60,
            "working_dir": "/"
          },
          "sensitive_attributes": [
            [
              {
                "type": "get_attr",
                "value": "env"
              }
            ]
          ],
          "identity_schema_version": 0,
          "private": "eyJzY2hlbWFfdmVyc2lvbiI6IjIifQ==",
          "dependencies": [
            "module.replica.docker_container.postgres_init",
            "module.replica.docker_image.alpine",
            "module.replica.docker_image.postgres",
            "module.replica.docker_network.database",
            "module.replica.docker_network.services",
            "module.replica.docker_volume.postgres_data"
          ]
        }
      ]
    },
    {
      "module": "module.replica",
      "mode": "managed",
      "type": "docker_container",
      "name": "postgres_init",
      "provider": "provider[\"registry.terraform.io/kreuzwerker/docker\"].replica",
      "instances": [
        {
          "schema_version": 2,
          "attributes": {
            "attach": false,
            "bridge": "",
            "capabilities": [],
            "cgroupns_mode": null,
            "command": [
              "sh",
              "-lc",
              "mkdir -p /var/lib/postgresql/data; owner=$(stat -c '%u:%g' /var/lib/postgresql/data 2\u003e/dev/null || true); [ \"$owner\" = '999:999' ] || chown -R 999:999 /var/lib/postgresql/data"
            ],
            "container_logs": null,
            "container_read_refresh_timeout_milliseconds": 15000,
            "cpu_set": "",
            "cpu_shares": 0,
            "destroy_grace_seconds": null,
            "devices": [],
            "dns": [],
            "dns_opts": [],
            "dns_search": [],
            "domainname": "",
            "entrypoint": [],
            "env": [],
            "exit_code": 0,
            "gpus": null,
            "group_add": [],
            "healthcheck": [],
            "host": [],
            "hostname": "541897c35a22",
            "id": "541897c35a228a1c310777c9b3e991a46cb5a671ebc6a9993d9671e1be630a11",
            "image": "sha256:bf8527eb54c3680e728d5b4b383a8ba730d72dae7236fbc8dff97ed6b224a731",
            "init": false,
            "ipc_mode": "private",
            "labels": [],
            "log_driver": "json-file",
            "log_opts": {},
            "logs": false,
            "max_retry_count": 0,
            "memory": 0,
            "memory_swap": 0,
            "mounts": [
              {
                "bind_options": [],
                "read_only": false,
                "source": "postgres_data",
                "target": "/var/lib/postgresql/data",
                "tmpfs_options": [],
                "type": "volume",
                "volume_options": []
              }
            ],
            "must_run": false,
            "name": "code-server-postgres-init",
            "network_data": [
              {
                "gateway": "",
                "global_ipv6_address": "",
                "global_ipv6_prefix_length": 0,
                "ip_address": "",
                "ip_prefix_length": 0,
                "ipv6_gateway": "",
                "mac_address": "",
                "network_name": "services"
              },
              {
                "gateway": "",
                "global_ipv6_address": "",
                "global_ipv6_prefix_length": 0,
                "ip_address": "",
                "ip_prefix_length": 0,
                "ipv6_gateway": "",
                "mac_address": "",
                "network_name": "database"
              }
            ],
            "network_mode": "bridge",
            "networks_advanced": [
              {
                "aliases": [],
                "ipv4_address": "",
                "ipv6_address": "",
                "name": "5d8af67fd2eb9fef6a134c9a9cb94d3a31003ab460c0d9717d78412e1242319f"
              },
              {
                "aliases": [],
                "ipv4_address": "",
                "ipv6_address": "",
                "name": "e16c84336ce511fb610d638310161398f1ffd22f53ddf0ee04cde97440f6e265"
              }
            ],
            "pid_mode": "",
            "ports": [],
            "privileged": false,
            "publish_all_ports": false,
            "read_only": false,
            "remove_volumes": true,
            "restart": "no",
            "rm": false,
            "runtime": "runc",
            "security_opts": [],
            "shm_size": 64,
            "start": true,
            "stdin_open": false,
            "stop_signal": "",
            "stop_timeout": 0,
            "storage_opts": {},
            "sysctls": {},
            "tmpfs": {},
            "tty": false,
            "ulimit": [],
            "upload": [],
            "user": "0:0",
            "userns_mode": "",
            "volumes": [],
            "wait": false,
            "wait_timeout": 60,
            "working_dir": "/"
          },
          "sensitive_attributes": [],
          "identity_schema_version": 0,
          "private": "eyJzY2hlbWFfdmVyc2lvbiI6IjIifQ==",
          "dependencies": [
            "module.replica.docker_image.alpine",
            "module.replica.docker_network.database",
            "module.replica.docker_network.services",
            "module.replica.docker_volume.postgres_data"
          ]
        }
      ]
    },
    {
      "module": "module.replica",
      "mode": "managed",
      "type": "docker_container",
      "name": "prometheus",
      "provider": "provider[\"registry.terraform.io/kreuzwerker/docker\"].replica",
      "instances": [
        {
          "schema_version": 2,
          "attributes": {
            "attach": false,
            "bridge": "",
            "capabilities": [],
            "cgroupns_mode": null,
            "command": [
              "--config.file=/prometheus-config/prometheus.yml",
              "--storage.tsdb.path=/prometheus",
              "--storage.tsdb.retention.time=30d",
              "--web.enable-remote-write-receiver"
            ],
            "container_logs": null,
            "container_read_refresh_timeout_milliseconds": 15000,
            "cpu_set": "",
            "cpu_shares": 0,
            "destroy_grace_seconds": null,
            "devices": [],
            "dns": [],
            "dns_opts": [],
            "dns_search": [],
            "domainname": "",
            "entrypoint": [
              "/bin/prometheus"
            ],
            "env": [
              "TZ=UTC"
            ],
            "exit_code": null,
            "gpus": null,
            "group_add": [],
            "healthcheck": [
              {
                "interval": "30s",
                "retries": 3,
                "start_period": "10s",
                "test": [
                  "CMD-SHELL",
                  "prometheus --version \u003e/dev/null \u0026\u0026 echo OK || exit 1"
                ],
                "timeout": "5s"
              }
            ],
            "host": [],
            "hostname": "efd99a973465",
            "id": "efd99a9734651f65e602e06c43bb7e9eed3da2b7c6a1fa83790e4e40c7c440d5",
            "image": "sha256:620d5e2a39df1802ad1c4991f9860078608ab85c8c0a7fd23c770afaa5007b88",
            "init": false,
            "ipc_mode": "private",
            "labels": [],
            "log_driver": "json-file",
            "log_opts": {
              "max-file": "3",
              "max-size": "10m"
            },
            "logs": false,
            "max_retry_count": 0,
            "memory": 0,
            "memory_swap": 0,
            "mounts": [
              {
                "bind_options": [],
                "read_only": false,
                "source": "prometheus_data",
                "target": "/prometheus",
                "tmpfs_options": [],
                "type": "volume",
                "volume_options": []
              },
              {
                "bind_options": [],
                "read_only": true,
                "source": "/home/akushnir/code-server-enterprise/config",
                "target": "/prometheus-config",
                "tmpfs_options": [],
                "type": "bind",
                "volume_options": []
              },
              {
                "bind_options": [],
                "read_only": true,
                "source": "/home/akushnir/code-server-enterprise/monitoring/alerts",
                "target": "/etc/prometheus/rules",
                "tmpfs_options": [],
                "type": "bind",
                "volume_options": []
              }
            ],
            "must_run": true,
            "name": "code-server-prometheus",
            "network_data": [
              {
                "gateway": "172.21.0.1",
                "global_ipv6_address": "",
                "global_ipv6_prefix_length": 0,
                "ip_address": "172.21.0.6",
                "ip_prefix_length": 16,
                "ipv6_gateway": "",
                "mac_address": "c2:22:73:3b:9b:90",
                "network_name": "services"
              }
            ],
            "network_mode": "bridge",
            "networks_advanced": [
              {
                "aliases": [],
                "ipv4_address": "",
                "ipv6_address": "",
                "name": "e16c84336ce511fb610d638310161398f1ffd22f53ddf0ee04cde97440f6e265"
              }
            ],
            "pid_mode": "",
            "ports": [
              {
                "external": 9090,
                "internal": 9090,
                "ip": "0.0.0.0",
                "protocol": "tcp"
              }
            ],
            "privileged": false,
            "publish_all_ports": false,
            "read_only": false,
            "remove_volumes": true,
            "restart": "unless-stopped",
            "rm": false,
            "runtime": "runc",
            "security_opts": [],
            "shm_size": 64,
            "start": true,
            "stdin_open": false,
            "stop_signal": "",
            "stop_timeout": 0,
            "storage_opts": {},
            "sysctls": {},
            "tmpfs": {},
            "tty": false,
            "ulimit": [],
            "upload": [],
            "user": "65534:65534",
            "userns_mode": "",
            "volumes": [],
            "wait": false,
            "wait_timeout": 60,
            "working_dir": "/prometheus"
          },
          "sensitive_attributes": [],
          "identity_schema_version": 0,
          "private": "eyJzY2hlbWFfdmVyc2lvbiI6IjIifQ==",
          "dependencies": [
            "module.replica.docker_container.prometheus_init",
            "module.replica.docker_image.alpine",
            "module.replica.docker_image.prometheus",
            "module.replica.docker_network.services",
            "module.replica.docker_volume.prometheus_data"
          ]
        }
      ]
    },
    {
      "module": "module.replica",
      "mode": "managed",
      "type": "docker_container",
      "name": "prometheus_init",
      "provider": "provider[\"registry.terraform.io/kreuzwerker/docker\"].replica",
      "instances": [
        {
          "schema_version": 2,
          "attributes": {
            "attach": false,
            "bridge": "",
            "capabilities": [],
            "cgroupns_mode": null,
            "command": [
              "sh",
              "-lc",
              "mkdir -p /prometheus; owner=$(stat -c '%u:%g' /prometheus 2\u003e/dev/null || true); [ \"$owner\" = '65534:65534' ] || chown -R 65534:65534 /prometheus"
            ],
            "container_logs": null,
            "container_read_refresh_timeout_milliseconds": 15000,
            "cpu_set": "",
            "cpu_shares": 0,
            "destroy_grace_seconds": null,
            "devices": [],
            "dns": [],
            "dns_opts": [],
            "dns_search": [],
            "domainname": "",
            "entrypoint": [],
            "env": [],
            "exit_code": 0,
            "gpus": null,
            "group_add": [],
            "healthcheck": [],
            "host": [],
            "hostname": "a1424471c60d",
            "id": "a1424471c60d313ebfa8d8cfc62f4269cd7fa9f540d0800549de0b0a5f283fd6",
            "image": "sha256:bf8527eb54c3680e728d5b4b383a8ba730d72dae7236fbc8dff97ed6b224a731",
            "init": false,
            "ipc_mode": "private",
            "labels": [],
            "log_driver": "json-file",
            "log_opts": {},
            "logs": false,
            "max_retry_count": 0,
            "memory": 0,
            "memory_swap": 0,
            "mounts": [
              {
                "bind_options": [],
                "read_only": false,
                "source": "prometheus_data",
                "target": "/prometheus",
                "tmpfs_options": [],
                "type": "volume",
                "volume_options": []
              }
            ],
            "must_run": false,
            "name": "code-server-prometheus-init",
            "network_data": [
              {
                "gateway": "",
                "global_ipv6_address": "",
                "global_ipv6_prefix_length": 0,
                "ip_address": "",
                "ip_prefix_length": 0,
                "ipv6_gateway": "",
                "mac_address": "",
                "network_name": "services"
              }
            ],
            "network_mode": "bridge",
            "networks_advanced": [
              {
                "aliases": [],
                "ipv4_address": "",
                "ipv6_address": "",
                "name": "e16c84336ce511fb610d638310161398f1ffd22f53ddf0ee04cde97440f6e265"
              }
            ],
            "pid_mode": "",
            "ports": [],
            "privileged": false,
            "publish_all_ports": false,
            "read_only": false,
            "remove_volumes": true,
            "restart": "no",
            "rm": false,
            "runtime": "runc",
            "security_opts": [],
            "shm_size": 64,
            "start": true,
            "stdin_open": false,
            "stop_signal": "",
            "stop_timeout": 0,
            "storage_opts": {},
            "sysctls": {},
            "tmpfs": {},
            "tty": false,
            "ulimit": [],
            "upload": [],
            "user": "0:0",
            "userns_mode": "",
            "volumes": [],
            "wait": false,
            "wait_timeout": 60,
            "working_dir": "/"
          },
          "sensitive_attributes": [],
          "identity_schema_version": 0,
          "private": "eyJzY2hlbWFfdmVyc2lvbiI6IjIifQ==",
          "dependencies": [
            "module.replica.docker_image.alpine",
            "module.replica.docker_network.services",
            "module.replica.docker_volume.prometheus_data"
          ]
        }
      ]
    },
    {
      "module": "module.replica",
      "mode": "managed",
      "type": "docker_container",
      "name": "qdrant",
      "provider": "provider[\"registry.terraform.io/kreuzwerker/docker\"].replica",
      "instances": [
        {
          "schema_version": 2,
          "attributes": {
            "attach": false,
            "bridge": "",
            "capabilities": [],
            "cgroupns_mode": null,
            "command": [
              "./entrypoint.sh"
            ],
            "container_logs": null,
            "container_read_refresh_timeout_milliseconds": 15000,
            "cpu_set": "",
            "cpu_shares": 0,
            "destroy_grace_seconds": null,
            "devices": [],
            "dns": [],
            "dns_opts": [],
            "dns_search": [],
            "domainname": "",
            "entrypoint": [],
            "env": [
              "QDRANT_API_KEY=qdrant_api_key_2026",
              "QDRANT__STORAGE__SNAPSHOTS_PATH=/qdrant/storage/snapshots",
              "QDRANT__STORAGE__STORAGE_PATH=/qdrant/storage",
              "QDRANT__STORAGE__WAL_PATH=/qdrant/storage/wal"
            ],
            "exit_code": null,
            "gpus": null,
            "group_add": [],
            "healthcheck": [
              {
                "interval": "30s",
                "retries": 3,
                "start_period": "20s",
                "test": [
                  "CMD-SHELL",
                  "bash -c 'echo \u003e /dev/tcp/localhost/6333' || exit 1"
                ],
                "timeout": "5s"
              }
            ],
            "host": [],
            "hostname": "64f7216f4ed4",
            "id": "64f7216f4ed469ea4d4e8c98a03bdb1049c2050a6812be896134b26e1a172e98",
            "image": "sha256:e30b7d1c1b5519416acbab46dce77e6df58887ccc22de1cf790a49e474c1770c",
            "init": false,
            "ipc_mode": "private",
            "labels": [
              {
                "label": "io.elevatediq.component",
                "value": "vector-db"
              },
              {
                "label": "io.elevatediq.tier",
                "value": "data"
              }
            ],
            "log_driver": "json-file",
            "log_opts": {
              "max-file": "3",
              "max-size": "10m"
            },
            "logs": false,
            "max_retry_count": 0,
            "memory": 0,
            "memory_swap": 0,
            "mounts": [
              {
                "bind_options": [],
                "read_only": false,
                "source": "qdrant_data",
                "target": "/qdrant/storage",
                "tmpfs_options": [],
                "type": "volume",
                "volume_options": []
              },
              {
                "bind_options": [],
                "read_only": true,
                "source": "/home/akushnir/code-server-enterprise/config/qdrant-config.yaml",
                "target": "/qdrant/config/local_config.yaml",
                "tmpfs_options": [],
                "type": "bind",
                "volume_options": []
              }
            ],
            "must_run": true,
            "name": "code-server-qdrant",
            "network_data": [
              {
                "gateway": "172.21.0.1",
                "global_ipv6_address": "",
                "global_ipv6_prefix_length": 0,
                "ip_address": "172.21.0.9",
                "ip_prefix_length": 16,
                "ipv6_gateway": "",
                "mac_address": "7a:10:d2:22:39:85",
                "network_name": "services"
              }
            ],
            "network_mode": "bridge",
            "networks_advanced": [
              {
                "aliases": [],
                "ipv4_address": "",
                "ipv6_address": "",
                "name": "e16c84336ce511fb610d638310161398f1ffd22f53ddf0ee04cde97440f6e265"
              }
            ],
            "pid_mode": "",
            "ports": [
              {
                "external": 6333,
                "internal": 6333,
                "ip": "0.0.0.0",
                "protocol": "tcp"
              },
              {
                "external": 6334,
                "internal": 6334,
                "ip": "0.0.0.0",
                "protocol": "tcp"
              }
            ],
            "privileged": false,
            "publish_all_ports": false,
            "read_only": false,
            "remove_volumes": true,
            "restart": "unless-stopped",
            "rm": false,
            "runtime": "runc",
            "security_opts": [],
            "shm_size": 64,
            "start": true,
            "stdin_open": false,
            "stop_signal": "",
            "stop_timeout": 0,
            "storage_opts": {},
            "sysctls": {},
            "tmpfs": {},
            "tty": false,
            "ulimit": [],
            "upload": [],
            "user": "1000:1000",
            "userns_mode": "",
            "volumes": [],
            "wait": false,
            "wait_timeout": 60,
            "working_dir": "/qdrant"
          },
          "sensitive_attributes": [
            [
              {
                "type": "get_attr",
                "value": "env"
              }
            ]
          ],
          "identity_schema_version": 0,
          "private": "eyJzY2hlbWFfdmVyc2lvbiI6IjIifQ==",
          "dependencies": [
            "module.replica.docker_container.qdrant_init",
            "module.replica.docker_image.alpine",
            "module.replica.docker_image.qdrant",
            "module.replica.docker_network.services",
            "module.replica.docker_volume.qdrant_data"
          ]
        }
      ]
    },
    {
      "module": "module.replica",
      "mode": "managed",
      "type": "docker_container",
      "name": "qdrant_init",
      "provider": "provider[\"registry.terraform.io/kreuzwerker/docker\"].replica",
      "instances": [
        {
          "schema_version": 2,
          "attributes": {
            "attach": false,
            "bridge": "",
            "capabilities": [],
            "cgroupns_mode": null,
            "command": [
              "sh",
              "-lc",
              "mkdir -p /qdrant/storage; owner=$(stat -c '%u:%g' /qdrant/storage 2\u003e/dev/null || true); [ \"$owner\" = '1000:1000' ] || chown -R 1000:1000 /qdrant/storage"
            ],
            "container_logs": null,
            "container_read_refresh_timeout_milliseconds": 15000,
            "cpu_set": "",
            "cpu_shares": 0,
            "destroy_grace_seconds": null,
            "devices": [],
            "dns": [],
            "dns_opts": [],
            "dns_search": [],
            "domainname": "",
            "entrypoint": [],
            "env": [],
            "exit_code": 0,
            "gpus": null,
            "group_add": [],
            "healthcheck": [],
            "host": [],
            "hostname": "0a56baa78a6a",
            "id": "0a56baa78a6ab5dc9bdb3a108a00e2767977dbe4f6114c5625b4966ed9de708a",
            "image": "sha256:bf8527eb54c3680e728d5b4b383a8ba730d72dae7236fbc8dff97ed6b224a731",
            "init": false,
            "ipc_mode": "private",
            "labels": [],
            "log_driver": "json-file",
            "log_opts": {},
            "logs": false,
            "max_retry_count": 0,
            "memory": 0,
            "memory_swap": 0,
            "mounts": [
              {
                "bind_options": [],
                "read_only": false,
                "source": "qdrant_data",
                "target": "/qdrant/storage",
                "tmpfs_options": [],
                "type": "volume",
                "volume_options": []
              }
            ],
            "must_run": false,
            "name": "code-server-qdrant-init",
            "network_data": [
              {
                "gateway": "",
                "global_ipv6_address": "",
                "global_ipv6_prefix_length": 0,
                "ip_address": "",
                "ip_prefix_length": 0,
                "ipv6_gateway": "",
                "mac_address": "",
                "network_name": "services"
              }
            ],
            "network_mode": "bridge",
            "networks_advanced": [
              {
                "aliases": [],
                "ipv4_address": "",
                "ipv6_address": "",
                "name": "e16c84336ce511fb610d638310161398f1ffd22f53ddf0ee04cde97440f6e265"
              }
            ],
            "pid_mode": "",
            "ports": [],
            "privileged": false,
            "publish_all_ports": false,
            "read_only": false,
            "remove_volumes": true,
            "restart": "no",
            "rm": false,
            "runtime": "runc",
            "security_opts": [],
            "shm_size": 64,
            "start": true,
            "stdin_open": false,
            "stop_signal": "",
            "stop_timeout": 0,
            "storage_opts": {},
            "sysctls": {},
            "tmpfs": {},
            "tty": false,
            "ulimit": [],
            "upload": [],
            "user": "0:0",
            "userns_mode": "",
            "volumes": [],
            "wait": false,
            "wait_timeout": 60,
            "working_dir": "/"
          },
          "sensitive_attributes": [],
          "identity_schema_version": 0,
          "private": "eyJzY2hlbWFfdmVyc2lvbiI6IjIifQ==",
          "dependencies": [
            "module.replica.docker_image.alpine",
            "module.replica.docker_network.services",
            "module.replica.docker_volume.qdrant_data"
          ]
        }
      ]
    },
    {
      "module": "module.replica",
      "mode": "managed",
      "type": "docker_container",
      "name": "redis",
      "provider": "provider[\"registry.terraform.io/kreuzwerker/docker\"].replica",
      "instances": [
        {
          "schema_version": 2,
          "attributes": {
            "attach": false,
            "bridge": "",
            "capabilities": [],
            "cgroupns_mode": null,
            "command": [
              "redis-server",
              "--appendonly",
              "yes"
            ],
            "container_logs": null,
            "container_read_refresh_timeout_milliseconds": 15000,
            "cpu_set": "",
            "cpu_shares": 0,
            "destroy_grace_seconds": null,
            "devices": [],
            "dns": [],
            "dns_opts": [],
            "dns_search": [],
            "domainname": "",
            "entrypoint": [
              "docker-entrypoint.sh"
            ],
            "env": [],
            "exit_code": null,
            "gpus": null,
            "group_add": [],
            "healthcheck": [
              {
                "interval": "30s",
                "retries": 3,
                "start_period": "10s",
                "test": [
                  "CMD",
                  "redis-cli",
                  "--raw",
                  "incr",
                  "ping"
                ],
                "timeout": "5s"
              }
            ],
            "host": [],
            "hostname": "c89ff9c2385d",
            "id": "c89ff9c2385db6f3e01adf5687211eff50e652b75899bc5072c4e078f3abbf45",
            "image": "sha256:9210b8dc25f122eb00e5572dcc7147c8e11fb1a08308b088e06c9d5dd2aa49d6",
            "init": false,
            "ipc_mode": "private",
            "labels": [
              {
                "label": "io.elevatediq.component",
                "value": "cache"
              },
              {
                "label": "io.elevatediq.tier",
                "value": "data"
              }
            ],
            "log_driver": "json-file",
            "log_opts": {
              "max-file": "3",
              "max-size": "10m"
            },
            "logs": false,
            "max_retry_count": 0,
            "memory": 0,
            "memory_swap": 0,
            "mounts": [
              {
                "bind_options": [],
                "read_only": false,
                "source": "redis_data",
                "target": "/data",
                "tmpfs_options": [],
                "type": "volume",
                "volume_options": []
              }
            ],
            "must_run": true,
            "name": "code-server-redis",
            "network_data": [
              {
                "gateway": "172.21.0.1",
                "global_ipv6_address": "",
                "global_ipv6_prefix_length": 0,
                "ip_address": "172.21.0.7",
                "ip_prefix_length": 16,
                "ipv6_gateway": "",
                "mac_address": "ea:7a:a2:97:0d:72",
                "network_name": "services"
              }
            ],
            "network_mode": "bridge",
            "networks_advanced": [
              {
                "aliases": [],
                "ipv4_address": "",
                "ipv6_address": "",
                "name": "e16c84336ce511fb610d638310161398f1ffd22f53ddf0ee04cde97440f6e265"
              }
            ],
            "pid_mode": "",
            "ports": [
              {
                "external": 6379,
                "internal": 6379,
                "ip": "0.0.0.0",
                "protocol": "tcp"
              }
            ],
            "privileged": false,
            "publish_all_ports": false,
            "read_only": false,
            "remove_volumes": true,
            "restart": "unless-stopped",
            "rm": false,
            "runtime": "runc",
            "security_opts": [],
            "shm_size": 64,
            "start": true,
            "stdin_open": false,
            "stop_signal": "",
            "stop_timeout": 0,
            "storage_opts": {},
            "sysctls": {},
            "tmpfs": {},
            "tty": false,
            "ulimit": [],
            "upload": [],
            "user": "999:999",
            "userns_mode": "",
            "volumes": [],
            "wait": false,
            "wait_timeout": 60,
            "working_dir": "/data"
          },
          "sensitive_attributes": [
            [
              {
                "type": "get_attr",
                "value": "command"
              }
            ]
          ],
          "identity_schema_version": 0,
          "private": "eyJzY2hlbWFfdmVyc2lvbiI6IjIifQ==",
          "dependencies": [
            "module.replica.docker_container.redis_init",
            "module.replica.docker_image.alpine",
            "module.replica.docker_image.redis",
            "module.replica.docker_network.services",
            "module.replica.docker_volume.redis_data"
          ]
        }
      ]
    },
    {
      "module": "module.replica",
      "mode": "managed",
      "type": "docker_container",
      "name": "redis_init",
      "provider": "provider[\"registry.terraform.io/kreuzwerker/docker\"].replica",
      "instances": [
        {
          "schema_version": 2,
          "attributes": {
            "attach": false,
            "bridge": "",
            "capabilities": [],
            "cgroupns_mode": null,
            "command": [
              "sh",
              "-lc",
              "mkdir -p /data; owner=$(stat -c '%u:%g' /data 2\u003e/dev/null || true); [ \"$owner\" = '999:999' ] || chown -R 999:999 /data"
            ],
            "container_logs": null,
            "container_read_refresh_timeout_milliseconds": 15000,
            "cpu_set": "",
            "cpu_shares": 0,
            "destroy_grace_seconds": null,
            "devices": [],
            "dns": [],
            "dns_opts": [],
            "dns_search": [],
            "domainname": "",
            "entrypoint": [],
            "env": [],
            "exit_code": 0,
            "gpus": null,
            "group_add": [],
            "healthcheck": [],
            "host": [],
            "hostname": "fdf74836c3ad",
            "id": "fdf74836c3adef84626745ff390a7e8179fb5e3c690834441aa279b7ee1acf67",
            "image": "sha256:bf8527eb54c3680e728d5b4b383a8ba730d72dae7236fbc8dff97ed6b224a731",
            "init": false,
            "ipc_mode": "private",
            "labels": [],
            "log_driver": "json-file",
            "log_opts": {},
            "logs": false,
            "max_retry_count": 0,
            "memory": 0,
            "memory_swap": 0,
            "mounts": [
              {
                "bind_options": [],
                "read_only": false,
                "source": "redis_data",
                "target": "/data",
                "tmpfs_options": [],
                "type": "volume",
                "volume_options": []
              }
            ],
            "must_run": false,
            "name": "code-server-redis-init",
            "network_data": [
              {
                "gateway": "",
                "global_ipv6_address": "",
                "global_ipv6_prefix_length": 0,
                "ip_address": "",
                "ip_prefix_length": 0,
                "ipv6_gateway": "",
                "mac_address": "",
                "network_name": "services"
              }
            ],
            "network_mode": "bridge",
            "networks_advanced": [
              {
                "aliases": [],
                "ipv4_address": "",
                "ipv6_address": "",
                "name": "e16c84336ce511fb610d638310161398f1ffd22f53ddf0ee04cde97440f6e265"
              }
            ],
            "pid_mode": "",
            "ports": [],
            "privileged": false,
            "publish_all_ports": false,
            "read_only": false,
            "remove_volumes": true,
            "restart": "no",
            "rm": false,
            "runtime": "runc",
            "security_opts": [],
            "shm_size": 64,
            "start": true,
            "stdin_open": false,
            "stop_signal": "",
            "stop_timeout": 0,
            "storage_opts": {},
            "sysctls": {},
            "tmpfs": {},
            "tty": false,
            "ulimit": [],
            "upload": [],
            "user": "0:0",
            "userns_mode": "",
            "volumes": [],
            "wait": false,
            "wait_timeout": 60,
            "working_dir": "/"
          },
          "sensitive_attributes": [],
          "identity_schema_version": 0,
          "private": "eyJzY2hlbWFfdmVyc2lvbiI6IjIifQ==",
          "dependencies": [
            "module.replica.docker_image.alpine",
            "module.replica.docker_network.services",
            "module.replica.docker_volume.redis_data"
          ]
        }
      ]
    },
    {
      "module": "module.replica",
      "mode": "managed",
      "type": "docker_container",
      "name": "redpanda",
      "provider": "provider[\"registry.terraform.io/kreuzwerker/docker\"].replica",
      "instances": [
        {
          "schema_version": 2,
          "attributes": {
            "attach": false,
            "bridge": "",
            "capabilities": [],
            "cgroupns_mode": null,
            "command": [
              "redpanda",
              "start",
              "--kafka-addr=PLAINTEXT://0.0.0.0:29092,OUTSIDE://0.0.0.0:9092",
              "--advertise-kafka-addr=PLAINTEXT://redpanda:29092,OUTSIDE://redpanda:9092",
              "--pandaproxy-addr=0.0.0.0:8082",
              "--advertise-pandaproxy-addr=redpanda:8082",
              "--schema-registry-addr=0.0.0.0:8081",
              "--rpc-addr=0.0.0.0:33145",
              "--advertise-rpc-addr=redpanda:33145"
            ],
            "container_logs": null,
            "container_read_refresh_timeout_milliseconds": 15000,
            "cpu_set": "",
            "cpu_shares": 0,
            "destroy_grace_seconds": null,
            "devices": [],
            "dns": [],
            "dns_opts": [],
            "dns_search": [],
            "domainname": "",
            "entrypoint": [
              "/entrypoint.sh"
            ],
            "env": [
              "REDPANDA_BROKERS=redpanda:9092",
              "TZ=UTC"
            ],
            "exit_code": null,
            "gpus": null,
            "group_add": [],
            "healthcheck": [
              {
                "interval": "30s",
                "retries": 5,
                "start_period": "30s",
                "test": [
                  "CMD-SHELL",
                  "curl -fsS http://localhost:9644/v1/status/ready"
                ],
                "timeout": "10s"
              }
            ],
            "host": [],
            "hostname": "81df5fdbe0f0",
            "id": "81df5fdbe0f043681caff3816bd185f27735b2b80c07fdc1b9e006da9084db21",
            "image": "sha256:2c59133cbabe9b89040daa79b45955f773a163dff218474e9d449c1a06d4bb86",
            "init": false,
            "ipc_mode": "private",
            "labels": [
              {
                "label": "io.elevatediq.component",
                "value": "event-bus"
              },
              {
                "label": "io.elevatediq.tier",
                "value": "infrastructure"
              }
            ],
            "log_driver": "json-file",
            "log_opts": {
              "max-file": "5",
              "max-size": "20m"
            },
            "logs": false,
            "max_retry_count": 0,
            "memory": 0,
            "memory_swap": 0,
            "mounts": [
              {
                "bind_options": [],
                "read_only": false,
                "source": "redpanda_data",
                "target": "/var/lib/redpanda/data",
                "tmpfs_options": [],
                "type": "volume",
                "volume_options": []
              },
              {
                "bind_options": [],
                "read_only": true,
                "source": "/home/akushnir/code-server-enterprise",
                "target": "/redpanda-src",
                "tmpfs_options": [],
                "type": "bind",
                "volume_options": []
              }
            ],
            "must_run": true,
            "name": "code-server-redpanda",
            "network_data": [
              {
                "gateway": "172.21.0.1",
                "global_ipv6_address": "",
                "global_ipv6_prefix_length": 0,
                "ip_address": "172.21.0.11",
                "ip_prefix_length": 16,
                "ipv6_gateway": "",
                "mac_address": "fa:93:8e:c0:08:04",
                "network_name": "services"
              }
            ],
            "network_mode": "bridge",
            "networks_advanced": [
              {
                "aliases": [
                  "redpanda"
                ],
                "ipv4_address": "",
                "ipv6_address": "",
                "name": "e16c84336ce511fb610d638310161398f1ffd22f53ddf0ee04cde97440f6e265"
              }
            ],
            "pid_mode": "",
            "ports": [
              {
                "external": 8081,
                "internal": 8081,
                "ip": "0.0.0.0",
                "protocol": "tcp"
              },
              {
                "external": 8082,
                "internal": 8082,
                "ip": "0.0.0.0",
                "protocol": "tcp"
              },
              {
                "external": 9092,
                "internal": 9092,
                "ip": "0.0.0.0",
                "protocol": "tcp"
              },
              {
                "external": 29092,
                "internal": 29092,
                "ip": "0.0.0.0",
                "protocol": "tcp"
              },
              {
                "external": 33145,
                "internal": 33145,
                "ip": "0.0.0.0",
                "protocol": "tcp"
              }
            ],
            "privileged": false,
            "publish_all_ports": false,
            "read_only": false,
            "remove_volumes": true,
            "restart": "unless-stopped",
            "rm": false,
            "runtime": "runc",
            "security_opts": [],
            "shm_size": 64,
            "start": true,
            "stdin_open": false,
            "stop_signal": "",
            "stop_timeout": 0,
            "storage_opts": {},
            "sysctls": {},
            "tmpfs": {},
            "tty": false,
            "ulimit": [],
            "upload": [],
            "user": "101:101",
            "userns_mode": "",
            "volumes": [],
            "wait": false,
            "wait_timeout": 60,
            "working_dir": ""
          },
          "sensitive_attributes": [],
          "identity_schema_version": 0,
          "private": "eyJzY2hlbWFfdmVyc2lvbiI6IjIifQ==",
          "dependencies": [
            "module.replica.docker_container.redpanda_init",
            "module.replica.docker_image.alpine",
            "module.replica.docker_image.redpanda",
            "module.replica.docker_network.services",
            "module.replica.docker_volume.redpanda_data"
          ]
        }
      ]
    },
    {
      "module": "module.replica",
      "mode": "managed",
      "type": "docker_container",
      "name": "redpanda_console",
      "provider": "provider[\"registry.terraform.io/kreuzwerker/docker\"].replica",
      "instances": [
        {
          "schema_version": 2,
          "attributes": {
            "attach": false,
            "bridge": "",
            "capabilities": [],
            "cgroupns_mode": null,
            "command": [],
            "container_logs": null,
            "container_read_refresh_timeout_milliseconds": 15000,
            "cpu_set": "",
            "cpu_shares": 0,
            "destroy_grace_seconds": null,
            "devices": [],
            "dns": [],
            "dns_opts": [],
            "dns_search": [],
            "domainname": "",
            "entrypoint": [
              "./console"
            ],
            "env": [
              "CONSOLE_CONFIG_FILEPATH=/etc/redpanda/redpanda-console-config.yaml",
              "KAFKA_BROKERS=redpanda:9092",
              "KAFKA_SCHEMAREGISTRY_ENABLED=true",
              "KAFKA_SCHEMAREGISTRY_URLS=http://redpanda:8081",
              "SERVER_LISTENPORT=8080"
            ],
            "exit_code": null,
            "gpus": null,
            "group_add": [],
            "healthcheck": [
              {
                "interval": "30s",
                "retries": 3,
                "start_period": "10s",
                "test": [
                  "CMD",
                  "curl",
                  "-f",
                  "http://localhost:8080/overview"
                ],
                "timeout": "5s"
              }
            ],
            "host": [],
            "hostname": "ffe144819b77",
            "id": "ffe144819b772a4355565d48d395b163f9dde21ce9e7115d04e766610be4864e",
            "image": "sha256:ad4845de251d4c28e21c4f0e869f15243df838345236482054e19e810e83f474",
            "init": false,
            "ipc_mode": "private",
            "labels": [
              {
                "label": "io.elevatediq.component",
                "value": "event-bus-ui"
              },
              {
                "label": "io.elevatediq.tier",
                "value": "infrastructure"
              }
            ],
            "log_driver": "json-file",
            "log_opts": {
              "max-file": "3",
              "max-size": "10m"
            },
            "logs": false,
            "max_retry_count": 0,
            "memory": 0,
            "memory_swap": 0,
            "mounts": [
              {
                "bind_options": [],
                "read_only": true,
                "source": "/home/akushnir/code-server-enterprise",
                "target": "/redpanda-console-src",
                "tmpfs_options": [],
                "type": "bind",
                "volume_options": []
              }
            ],
            "must_run": true,
            "name": "code-server-redpanda-console",
            "network_data": [
              {
                "gateway": "172.21.0.1",
                "global_ipv6_address": "",
                "global_ipv6_prefix_length": 0,
                "ip_address": "172.21.0.17",
                "ip_prefix_length": 16,
                "ipv6_gateway": "",
                "mac_address": "8e:83:c9:2a:33:f9",
                "network_name": "services"
              }
            ],
            "network_mode": "bridge",
            "networks_advanced": [
              {
                "aliases": [],
                "ipv4_address": "",
                "ipv6_address": "",
                "name": "e16c84336ce511fb610d638310161398f1ffd22f53ddf0ee04cde97440f6e265"
              }
            ],
            "pid_mode": "",
            "ports": [
              {
                "external": 8003,
                "internal": 8080,
                "ip": "0.0.0.0",
                "protocol": "tcp"
              }
            ],
            "privileged": false,
            "publish_all_ports": false,
            "read_only": false,
            "remove_volumes": true,
            "restart": "unless-stopped",
            "rm": false,
            "runtime": "runc",
            "security_opts": [],
            "shm_size": 64,
            "start": true,
            "stdin_open": false,
            "stop_signal": "",
            "stop_timeout": 0,
            "storage_opts": {},
            "sysctls": {},
            "tmpfs": {},
            "tty": false,
            "ulimit": [],
            "upload": [],
            "user": "101:101",
            "userns_mode": "",
            "volumes": [],
            "wait": false,
            "wait_timeout": 60,
            "working_dir": "/app"
          },
          "sensitive_attributes": [],
          "identity_schema_version": 0,
          "private": "eyJzY2hlbWFfdmVyc2lvbiI6IjIifQ==",
          "dependencies": [
            "module.replica.docker_container.redpanda",
            "module.replica.docker_container.redpanda_init",
            "module.replica.docker_image.alpine",
            "module.replica.docker_image.redpanda",
            "module.replica.docker_image.redpanda_console",
            "module.replica.docker_network.services",
            "module.replica.docker_volume.redpanda_data"
          ]
        }
      ]
    },
    {
      "module": "module.replica",
      "mode": "managed",
      "type": "docker_container",
      "name": "redpanda_init",
      "provider": "provider[\"registry.terraform.io/kreuzwerker/docker\"].replica",
      "instances": [
        {
          "schema_version": 2,
          "attributes": {
            "attach": false,
            "bridge": "",
            "capabilities": [],
            "cgroupns_mode": null,
            "command": [
              "sh",
              "-lc",
              "mkdir -p /var/lib/redpanda/data; owner=$(stat -c '%u:%g' /var/lib/redpanda/data 2\u003e/dev/null || true); [ \"$owner\" = '101:101' ] || chown -R 101:101 /var/lib/redpanda/data"
            ],
            "container_logs": null,
            "container_read_refresh_timeout_milliseconds": 15000,
            "cpu_set": "",
            "cpu_shares": 0,
            "destroy_grace_seconds": null,
            "devices": [],
            "dns": [],
            "dns_opts": [],
            "dns_search": [],
            "domainname": "",
            "entrypoint": [],
            "env": [],
            "exit_code": 0,
            "gpus": null,
            "group_add": [],
            "healthcheck": [],
            "host": [],
            "hostname": "19b6a3bf261e",
            "id": "19b6a3bf261e6cedbd0cbc3b13c53ab06e60f5ce257d10427a2180265a71a3f9",
            "image": "sha256:bf8527eb54c3680e728d5b4b383a8ba730d72dae7236fbc8dff97ed6b224a731",
            "init": false,
            "ipc_mode": "private",
            "labels": [],
            "log_driver": "json-file",
            "log_opts": {},
            "logs": false,
            "max_retry_count": 0,
            "memory": 0,
            "memory_swap": 0,
            "mounts": [
              {
                "bind_options": [],
                "read_only": false,
                "source": "redpanda_data",
                "target": "/var/lib/redpanda/data",
                "tmpfs_options": [],
                "type": "volume",
                "volume_options": []
              }
            ],
            "must_run": false,
            "name": "code-server-redpanda-init",
            "network_data": [
              {
                "gateway": "",
                "global_ipv6_address": "",
                "global_ipv6_prefix_length": 0,
                "ip_address": "",
                "ip_prefix_length": 0,
                "ipv6_gateway": "",
                "mac_address": "",
                "network_name": "services"
              }
            ],
            "network_mode": "bridge",
            "networks_advanced": [
              {
                "aliases": [],
                "ipv4_address": "",
                "ipv6_address": "",
                "name": "e16c84336ce511fb610d638310161398f1ffd22f53ddf0ee04cde97440f6e265"
              }
            ],
            "pid_mode": "",
            "ports": [],
            "privileged": false,
            "publish_all_ports": false,
            "read_only": false,
            "remove_volumes": true,
            "restart": "no",
            "rm": false,
            "runtime": "runc",
            "security_opts": [],
            "shm_size": 64,
            "start": true,
            "stdin_open": false,
            "stop_signal": "",
            "stop_timeout": 0,
            "storage_opts": {},
            "sysctls": {},
            "tmpfs": {},
            "tty": false,
            "ulimit": [],
            "upload": [],
            "user": "0:0",
            "userns_mode": "",
            "volumes": [],
            "wait": false,
            "wait_timeout": 60,
            "working_dir": "/"
          },
          "sensitive_attributes": [],
          "identity_schema_version": 0,
          "private": "eyJzY2hlbWFfdmVyc2lvbiI6IjIifQ==",
          "dependencies": [
            "module.replica.docker_image.alpine",
            "module.replica.docker_network.services",
            "module.replica.docker_volume.redpanda_data"
          ]
        }
      ]
    },
    {
      "module": "module.replica",
      "mode": "managed",
      "type": "docker_container",
      "name": "reputation_engine",
      "provider": "provider[\"registry.terraform.io/kreuzwerker/docker\"].replica",
      "instances": [
        {
          "schema_version": 2,
          "attributes": {
            "attach": false,
            "bridge": "",
            "capabilities": [],
            "cgroupns_mode": null,
            "command": [
              "python",
              "main.py"
            ],
            "container_logs": null,
            "container_read_refresh_timeout_milliseconds": 15000,
            "cpu_set": "",
            "cpu_shares": 0,
            "destroy_grace_seconds": null,
            "devices": [],
            "dns": null,
            "dns_opts": null,
            "dns_search": null,
            "domainname": "",
            "entrypoint": [],
            "env": [
              "DATABASE_URL=postgresql://postgres:postgres_password_2026@code-server-postgres:5432/code_server",
              "KAFKA_BROKER=code-server-redpanda:9092",
              "LOG_LEVEL=INFO",
              "OPA_URL=http://code-server-opa:8181"
            ],
            "exit_code": null,
            "gpus": null,
            "group_add": null,
            "healthcheck": [
              {
                "interval": "30s",
                "retries": 3,
                "start_period": "40s",
                "test": [
                  "CMD-SHELL",
                  "curl -f http://localhost:8000/health || exit 1"
                ],
                "timeout": "10s"
              }
            ],
            "host": [],
            "hostname": "0dde1e7f22d1",
            "id": "0dde1e7f22d124c2fea2fe32ca605b5e4dc1ac625822d4faeaef4786972732ef",
            "image": "sha256:cc91c5cea05065b321569665a58548bd3f6d6fe973c034bea0992fb7390e32b7",
            "init": false,
            "ipc_mode": "private",
            "labels": [
              {
                "label": "io.elevatediq.component",
                "value": "reputation-engine"
              },
              {
                "label": "io.elevatediq.tier",
                "value": "ai"
              }
            ],
            "log_driver": "json-file",
            "log_opts": {
              "max-file": "3",
              "max-size": "10m"
            },
            "logs": false,
            "max_retry_count": 0,
            "memory": 0,
            "memory_swap": 0,
            "mounts": [
              {
                "bind_options": [],
                "read_only": null,
                "source": "/home/akushnir/code-server-enterprise/apps/reputation_engine",
                "target": "/app",
                "tmpfs_options": [],
                "type": "bind",
                "volume_options": []
              }
            ],
            "must_run": true,
            "name": "code-server-reputation-engine",
            "network_data": [
              {
                "gateway": "172.20.0.1",
                "global_ipv6_address": "",
                "global_ipv6_prefix_length": 0,
                "ip_address": "172.20.0.3",
                "ip_prefix_length": 16,
                "ipv6_gateway": "",
                "mac_address": "e6:b4:0a:c6:42:fa",
                "network_name": "database"
              },
              {
                "gateway": "172.21.0.1",
                "global_ipv6_address": "",
                "global_ipv6_prefix_length": 0,
                "ip_address": "172.21.0.26",
                "ip_prefix_length": 16,
                "ipv6_gateway": "",
                "mac_address": "22:99:7c:12:75:08",
                "network_name": "services"
              }
            ],
            "network_mode": "bridge",
            "networks_advanced": [
              {
                "aliases": [],
                "ipv4_address": "",
                "ipv6_address": "",
                "name": "5d8af67fd2eb9fef6a134c9a9cb94d3a31003ab460c0d9717d78412e1242319f"
              },
              {
                "aliases": [],
                "ipv4_address": "",
                "ipv6_address": "",
                "name": "e16c84336ce511fb610d638310161398f1ffd22f53ddf0ee04cde97440f6e265"
              }
            ],
            "pid_mode": "",
            "ports": [
              {
                "external": 8006,
                "internal": 8002,
                "ip": "0.0.0.0",
                "protocol": "tcp"
              }
            ],
            "privileged": false,
            "publish_all_ports": false,
            "read_only": false,
            "remove_volumes": true,
            "restart": "unless-stopped",
            "rm": false,
            "runtime": "runc",
            "security_opts": [],
            "shm_size": 64,
            "start": true,
            "stdin_open": false,
            "stop_signal": "",
            "stop_timeout": 0,
            "storage_opts": null,
            "sysctls": null,
            "tmpfs": null,
            "tty": false,
            "ulimit": [],
            "upload": [],
            "user": "1001:1001",
            "userns_mode": "",
            "volumes": [],
            "wait": false,
            "wait_timeout": 60,
            "working_dir": "/app"
          },
          "sensitive_attributes": [
            [
              {
                "type": "get_attr",
                "value": "env"
              }
            ]
          ],
          "identity_schema_version": 0,
          "private": "eyJzY2hlbWFfdmVyc2lvbiI6IjIifQ==",
          "dependencies": [
            "module.replica.docker_container.opa",
            "module.replica.docker_container.postgres",
            "module.replica.docker_container.postgres_init",
            "module.replica.docker_container.redpanda",
            "module.replica.docker_container.redpanda_init",
            "module.replica.docker_image.alpine",
            "module.replica.docker_image.opa",
            "module.replica.docker_image.postgres",
            "module.replica.docker_image.redpanda",
            "module.replica.docker_network.database",
            "module.replica.docker_network.services",
            "module.replica.docker_volume.postgres_data",
            "module.replica.docker_volume.redpanda_data"
          ]
        }
      ]
    },
    {
      "module": "module.replica",
      "mode": "managed",
      "type": "docker_container",
      "name": "tempo",
      "provider": "provider[\"registry.terraform.io/kreuzwerker/docker\"].replica",
      "instances": [
        {
          "schema_version": 2,
          "attributes": {
            "attach": false,
            "bridge": "",
            "capabilities": [],
            "cgroupns_mode": null,
            "command": [
              "-config.file=/etc/tempo.yaml"
            ],
            "container_logs": null,
            "container_read_refresh_timeout_milliseconds": 15000,
            "cpu_set": "",
            "cpu_shares": 0,
            "destroy_grace_seconds": null,
            "devices": [],
            "dns": [],
            "dns_opts": [],
            "dns_search": [],
            "domainname": "",
            "entrypoint": [
              "/tempo"
            ],
            "env": [],
            "exit_code": null,
            "gpus": null,
            "group_add": [],
            "healthcheck": [
              {
                "interval": "30s",
                "retries": 3,
                "start_period": "30s",
                "test": [
                  "CMD",
                  "wget",
                  "--quiet",
                  "--tries=1",
                  "--spider",
                  "http://localhost:3200/status"
                ],
                "timeout": "5s"
              }
            ],
            "host": [],
            "hostname": "c640304795a2",
            "id": "c640304795a2a3c9c574456bd21aa41585aafc43bcbaa9c3b30ad4ed1c92a5bf",
            "image": "sha256:f507f5535c9f7dfd66a13d08dfaeea62073a12b032cb89fa91d37083bc625170",
            "init": false,
            "ipc_mode": "private",
            "labels": [],
            "log_driver": "json-file",
            "log_opts": {
              "max-file": "3",
              "max-size": "10m"
            },
            "logs": false,
            "max_retry_count": 0,
            "memory": 0,
            "memory_swap": 0,
            "mounts": [
              {
                "bind_options": [],
                "read_only": false,
                "source": "tempo_data",
                "target": "/var/tempo",
                "tmpfs_options": [],
                "type": "volume",
                "volume_options": []
              },
              {
                "bind_options": [],
                "read_only": true,
                "source": "/home/akushnir/code-server-enterprise/config/tempo.config.yaml",
                "target": "/etc/tempo.yaml",
                "tmpfs_options": [],
                "type": "bind",
                "volume_options": []
              }
            ],
            "must_run": true,
            "name": "code-server-tempo",
            "network_data": [
              {
                "gateway": "172.21.0.1",
                "global_ipv6_address": "",
                "global_ipv6_prefix_length": 0,
                "ip_address": "172.21.0.8",
                "ip_prefix_length": 16,
                "ipv6_gateway": "",
                "mac_address": "16:ef:dc:97:35:02",
                "network_name": "services"
              }
            ],
            "network_mode": "bridge",
            "networks_advanced": [
              {
                "aliases": [],
                "ipv4_address": "",
                "ipv6_address": "",
                "name": "e16c84336ce511fb610d638310161398f1ffd22f53ddf0ee04cde97440f6e265"
              }
            ],
            "pid_mode": "",
            "ports": [
              {
                "external": 3200,
                "internal": 3200,
                "ip": "0.0.0.0",
                "protocol": "tcp"
              },
              {
                "external": 3201,
                "internal": 3201,
                "ip": "0.0.0.0",
                "protocol": "tcp"
              }
            ],
            "privileged": false,
            "publish_all_ports": false,
            "read_only": false,
            "remove_volumes": true,
            "restart": "unless-stopped",
            "rm": false,
            "runtime": "runc",
            "security_opts": [],
            "shm_size": 64,
            "start": true,
            "stdin_open": false,
            "stop_signal": "",
            "stop_timeout": 0,
            "storage_opts": {},
            "sysctls": {},
            "tmpfs": {},
            "tty": false,
            "ulimit": [],
            "upload": [],
            "user": "10001:10001",
            "userns_mode": "",
            "volumes": [],
            "wait": false,
            "wait_timeout": 60,
            "working_dir": ""
          },
          "sensitive_attributes": [],
          "identity_schema_version": 0,
          "private": "eyJzY2hlbWFfdmVyc2lvbiI6IjIifQ==",
          "dependencies": [
            "module.replica.docker_container.tempo_init",
            "module.replica.docker_image.alpine",
            "module.replica.docker_image.tempo",
            "module.replica.docker_network.services",
            "module.replica.docker_volume.tempo_data"
          ]
        }
      ]
    },
    {
      "module": "module.replica",
      "mode": "managed",
      "type": "docker_container",
      "name": "tempo_init",
      "provider": "provider[\"registry.terraform.io/kreuzwerker/docker\"].replica",
      "instances": [
        {
          "schema_version": 2,
          "attributes": {
            "attach": false,
            "bridge": "",
            "capabilities": [],
            "cgroupns_mode": null,
            "command": [
              "sh",
              "-lc",
              "mkdir -p /var/tempo; owner=$(stat -c '%u:%g' /var/tempo 2\u003e/dev/null || true); [ \"$owner\" = '10001:10001' ] || chown -R 10001:10001 /var/tempo"
            ],
            "container_logs": null,
            "container_read_refresh_timeout_milliseconds": 15000,
            "cpu_set": "",
            "cpu_shares": 0,
            "destroy_grace_seconds": null,
            "devices": [],
            "dns": [],
            "dns_opts": [],
            "dns_search": [],
            "domainname": "",
            "entrypoint": [],
            "env": [],
            "exit_code": 0,
            "gpus": null,
            "group_add": [],
            "healthcheck": [],
            "host": [],
            "hostname": "b207c8476375",
            "id": "b207c8476375aabc3230fc63e50c1899c35277a7f31018453e408815c4024f59",
            "image": "sha256:bf8527eb54c3680e728d5b4b383a8ba730d72dae7236fbc8dff97ed6b224a731",
            "init": false,
            "ipc_mode": "private",
            "labels": [],
            "log_driver": "json-file",
            "log_opts": {},
            "logs": false,
            "max_retry_count": 0,
            "memory": 0,
            "memory_swap": 0,
            "mounts": [
              {
                "bind_options": [],
                "read_only": false,
                "source": "tempo_data",
                "target": "/var/tempo",
                "tmpfs_options": [],
                "type": "volume",
                "volume_options": []
              }
            ],
            "must_run": false,
            "name": "code-server-tempo-init",
            "network_data": [
              {
                "gateway": "",
                "global_ipv6_address": "",
                "global_ipv6_prefix_length": 0,
                "ip_address": "",
                "ip_prefix_length": 0,
                "ipv6_gateway": "",
                "mac_address": "",
                "network_name": "services"
              }
            ],
            "network_mode": "bridge",
            "networks_advanced": [
              {
                "aliases": [],
                "ipv4_address": "",
                "ipv6_address": "",
                "name": "e16c84336ce511fb610d638310161398f1ffd22f53ddf0ee04cde97440f6e265"
              }
            ],
            "pid_mode": "",
            "ports": [],
            "privileged": false,
            "publish_all_ports": false,
            "read_only": false,
            "remove_volumes": true,
            "restart": "no",
            "rm": false,
            "runtime": "runc",
            "security_opts": [],
            "shm_size": 64,
            "start": true,
            "stdin_open": false,
            "stop_signal": "",
            "stop_timeout": 0,
            "storage_opts": {},
            "sysctls": {},
            "tmpfs": {},
            "tty": false,
            "ulimit": [],
            "upload": [],
            "user": "0:0",
            "userns_mode": "",
            "volumes": [],
            "wait": false,
            "wait_timeout": 60,
            "working_dir": "/"
          },
          "sensitive_attributes": [],
          "identity_schema_version": 0,
          "private": "eyJzY2hlbWFfdmVyc2lvbiI6IjIifQ==",
          "dependencies": [
            "module.replica.docker_image.alpine",
            "module.replica.docker_network.services",
            "module.replica.docker_volume.tempo_data"
          ]
        }
      ]
    },
    {
      "module": "module.replica",
      "mode": "managed",
      "type": "docker_image",
      "name": "alertmanager",
      "provider": "provider[\"registry.terraform.io/kreuzwerker/docker\"].replica",
      "instances": [
        {
          "schema_version": 0,
          "attributes": {
            "build": [],
            "force_remove": null,
            "id": "sha256:11f11916f8cdfb17c1da74b20deb2075d778357b4d60474d82453303f8d461f5prom/alertmanager:v0.27.0@sha256:e13b6ed5cb929eeaee733479dce55e10eb3bc2e9c4586c705a4e8da41e5eacf5",
            "image_id": "sha256:11f11916f8cdfb17c1da74b20deb2075d778357b4d60474d82453303f8d461f5",
            "keep_locally": true,
            "name": "prom/alertmanager:v0.27.0@sha256:e13b6ed5cb929eeaee733479dce55e10eb3bc2e9c4586c705a4e8da41e5eacf5",
            "platform": null,
            "pull_triggers": null,
            "repo_digest": "prom/alertmanager@sha256:e13b6ed5cb929eeaee733479dce55e10eb3bc2e9c4586c705a4e8da41e5eacf5",
            "triggers": null
          },
          "sensitive_attributes": [],
          "identity_schema_version": 0,
          "private": "bnVsbA=="
        }
      ]
    },
    {
      "module": "module.replica",
      "mode": "managed",
      "type": "docker_image",
      "name": "alpine",
      "provider": "provider[\"registry.terraform.io/kreuzwerker/docker\"].replica",
      "instances": [
        {
          "schema_version": 0,
          "attributes": {
            "build": [],
            "force_remove": null,
            "id": "sha256:bf8527eb54c3680e728d5b4b383a8ba730d72dae7236fbc8dff97ed6b224a731alpine:3.20@sha256:c64c687cbea9300178b30c95835354e34c4e4febc4badfe27102879de0483b5e",
            "image_id": "sha256:bf8527eb54c3680e728d5b4b383a8ba730d72dae7236fbc8dff97ed6b224a731",
            "keep_locally": true,
            "name": "alpine:3.20@sha256:c64c687cbea9300178b30c95835354e34c4e4febc4badfe27102879de0483b5e",
            "platform": null,
            "pull_triggers": null,
            "repo_digest": "alpine@sha256:c64c687cbea9300178b30c95835354e34c4e4febc4badfe27102879de0483b5e",
            "triggers": null
          },
          "sensitive_attributes": [],
          "identity_schema_version": 0,
          "private": "bnVsbA=="
        }
      ]
    },
    {
      "module": "module.replica",
      "mode": "managed",
      "type": "docker_image",
      "name": "caddy",
      "provider": "provider[\"registry.terraform.io/kreuzwerker/docker\"].replica",
      "instances": [
        {
          "schema_version": 0,
          "attributes": {
            "build": [],
            "force_remove": null,
            "id": "sha256:7a7b2e234b158c1e01eab04f851fc4b1a33296dbaa68c57d11815ee38a3cafafcaddy:2.7.4@sha256:505de4e957da923672a8c79f16581e9b717a2479a8d5ddb909ab2d1b351f2ba4",
            "image_id": "sha256:7a7b2e234b158c1e01eab04f851fc4b1a33296dbaa68c57d11815ee38a3cafaf",
            "keep_locally": true,
            "name": "caddy:2.7.4@sha256:505de4e957da923672a8c79f16581e9b717a2479a8d5ddb909ab2d1b351f2ba4",
            "platform": null,
            "pull_triggers": null,
            "repo_digest": "caddy@sha256:505de4e957da923672a8c79f16581e9b717a2479a8d5ddb909ab2d1b351f2ba4",
            "triggers": null
          },
          "sensitive_attributes": [],
          "identity_schema_version": 0,
          "private": "bnVsbA=="
        }
      ]
    },
    {
      "module": "module.replica",
      "mode": "managed",
      "type": "docker_image",
      "name": "grafana",
      "provider": "provider[\"registry.terraform.io/kreuzwerker/docker\"].replica",
      "instances": [
        {
          "schema_version": 0,
          "attributes": {
            "build": [],
            "force_remove": null,
            "id": "sha256:2fbe6143d3ba5991bffbfa1d2f79511c6381bcf064415902fedd4f256705fda9grafana/grafana:10.2.0@sha256:1ee0c54286b8ca09a3dd1419ff8653e7780a148a006ac088544203bb0affe550",
            "image_id": "sha256:2fbe6143d3ba5991bffbfa1d2f79511c6381bcf064415902fedd4f256705fda9",
            "keep_locally": true,
            "name": "grafana/grafana:10.2.0@sha256:1ee0c54286b8ca09a3dd1419ff8653e7780a148a006ac088544203bb0affe550",
            "platform": null,
            "pull_triggers": null,
            "repo_digest": "grafana/grafana@sha256:1ee0c54286b8ca09a3dd1419ff8653e7780a148a006ac088544203bb0affe550",
            "triggers": null
          },
          "sensitive_attributes": [],
          "identity_schema_version": 0,
          "private": "bnVsbA=="
        }
      ]
    },
    {
      "module": "module.replica",
      "mode": "managed",
      "type": "docker_image",
      "name": "keepalived",
      "provider": "provider[\"registry.terraform.io/kreuzwerker/docker\"].replica",
      "instances": [
        {
          "schema_version": 0,
          "attributes": {
            "build": [],
            "force_remove": null,
            "id": "sha256:593459a9e605a03fabf0e8939ad7ac419d2029c1b053f51692057edab2326a66osixia/keepalived:2.0.20",
            "image_id": "sha256:593459a9e605a03fabf0e8939ad7ac419d2029c1b053f51692057edab2326a66",
            "keep_locally": true,
            "name": "osixia/keepalived:2.0.20",
            "platform": null,
            "pull_triggers": null,
            "repo_digest": "osixia/keepalived@sha256:ba2a6419532cef068afc3586a6c597fd3b9fd8472592520c2f011d23c4672deb",
            "triggers": null
          },
          "sensitive_attributes": [],
          "identity_schema_version": 0,
          "private": "bnVsbA=="
        }
      ]
    },
    {
      "module": "module.replica",
      "mode": "managed",
      "type": "docker_image",
      "name": "loki",
      "provider": "provider[\"registry.terraform.io/kreuzwerker/docker\"].replica",
      "instances": [
        {
          "schema_version": 0,
          "attributes": {
            "build": [],
            "force_remove": null,
            "id": "sha256:652b79950756d969140f85d3d664bf5bb64efb04c164c7717c140569f8a3bbb4grafana/loki:2.9.4@sha256:f379a20ce9dd815884ed6446aad8819b81a8ba4d36b548ca14be8cecbc6cbca0",
            "image_id": "sha256:652b79950756d969140f85d3d664bf5bb64efb04c164c7717c140569f8a3bbb4",
            "keep_locally": true,
            "name": "grafana/loki:2.9.4@sha256:f379a20ce9dd815884ed6446aad8819b81a8ba4d36b548ca14be8cecbc6cbca0",
            "platform": null,
            "pull_triggers": null,
            "repo_digest": "grafana/loki@sha256:f379a20ce9dd815884ed6446aad8819b81a8ba4d36b548ca14be8cecbc6cbca0",
            "triggers": null
          },
          "sensitive_attributes": [],
          "identity_schema_version": 0,
          "private": "bnVsbA=="
        }
      ]
    },
    {
      "module": "module.replica",
      "mode": "managed",
      "type": "docker_image",
      "name": "oauth2_proxy",
      "provider": "provider[\"registry.terraform.io/kreuzwerker/docker\"].replica",
      "instances": [
        {
          "schema_version": 0,
          "attributes": {
            "build": [],
            "force_remove": null,
            "id": "sha256:2ab8a2cd16911d95f1683e9187cb9e0aed47eed589c695786e14c067e5c7542fquay.io/oauth2-proxy/oauth2-proxy:v7.5.1@sha256:e797b3934eb8d7cb2756b67e59be2ef29c18c2b45da763f540ece66d843cec85",
            "image_id": "sha256:2ab8a2cd16911d95f1683e9187cb9e0aed47eed589c695786e14c067e5c7542f",
            "keep_locally": true,
            "name": "quay.io/oauth2-proxy/oauth2-proxy:v7.5.1@sha256:e797b3934eb8d7cb2756b67e59be2ef29c18c2b45da763f540ece66d843cec85",
            "platform": null,
            "pull_triggers": null,
            "repo_digest": "quay.io/oauth2-proxy/oauth2-proxy@sha256:3c6012940d3cd71ecc67fd7783916df6d27972b520209af36e9567b9bdbc0c79",
            "triggers": null
          },
          "sensitive_attributes": [],
          "identity_schema_version": 0,
          "private": "bnVsbA=="
        }
      ]
    },
    {
      "module": "module.replica",
      "mode": "managed",
      "type": "docker_image",
      "name": "ollama",
      "provider": "provider[\"registry.terraform.io/kreuzwerker/docker\"].replica",
      "instances": [
        {
          "schema_version": 0,
          "attributes": {
            "build": [],
            "force_remove": null,
            "id": "sha256:c712b1aa90b75a665996172de51b2a7982a7350cfd417533690e6d256f15f3f5ollama/ollama:0.1.16@sha256:3a3ec7ea8e006aea63ce13b7027069687ed34cc85bbd7bbebf1f565db587511a",
            "image_id": "sha256:c712b1aa90b75a665996172de51b2a7982a7350cfd417533690e6d256f15f3f5",
            "keep_locally": true,
            "name": "ollama/ollama:0.1.16@sha256:3a3ec7ea8e006aea63ce13b7027069687ed34cc85bbd7bbebf1f565db587511a",
            "platform": null,
            "pull_triggers": null,
            "repo_digest": "ollama/ollama@sha256:3a3ec7ea8e006aea63ce13b7027069687ed34cc85bbd7bbebf1f565db587511a",
            "triggers": null
          },
          "sensitive_attributes": [],
          "identity_schema_version": 0,
          "private": "bnVsbA=="
        }
      ]
    },
    {
      "module": "module.replica",
      "mode": "managed",
      "type": "docker_image",
      "name": "opa",
      "provider": "provider[\"registry.terraform.io/kreuzwerker/docker\"].replica",
      "instances": [
        {
          "schema_version": 0,
          "attributes": {
            "build": [],
            "force_remove": null,
            "id": "sha256:ba33012bbd45fc699c06c7b6ed784d915837f176d6b75682f31965da3e07e2b9openpolicyagent/opa:0.58.0@sha256:63186b7f0d95e51cf4c7ee38cae6fd2cf9168020abd09d48104bd87c99f863fe",
            "image_id": "sha256:ba33012bbd45fc699c06c7b6ed784d915837f176d6b75682f31965da3e07e2b9",
            "keep_locally": true,
            "name": "openpolicyagent/opa:0.58.0@sha256:63186b7f0d95e51cf4c7ee38cae6fd2cf9168020abd09d48104bd87c99f863fe",
            "platform": null,
            "pull_triggers": null,
            "repo_digest": "openpolicyagent/opa@sha256:63186b7f0d95e51cf4c7ee38cae6fd2cf9168020abd09d48104bd87c99f863fe",
            "triggers": null
          },
          "sensitive_attributes": [],
          "identity_schema_version": 0,
          "private": "bnVsbA=="
        }
      ]
    },
    {
      "module": "module.replica",
      "mode": "managed",
      "type": "docker_image",
      "name": "otel_collector",
      "provider": "provider[\"registry.terraform.io/kreuzwerker/docker\"].replica",
      "instances": [
        {
          "schema_version": 0,
          "attributes": {
            "build": [],
            "force_remove": null,
            "id": "sha256:b3083eac873743e35f1a52839c1abd00466bfe62d8b69bf419f4cdbbd20d74e3otel/opentelemetry-collector-contrib:0.96.0@sha256:ef20ffeb9ae06d75f94bd031cde7713a1d1bcad20e5ebc0f7dc6c2ee52b8ae4a",
            "image_id": "sha256:b3083eac873743e35f1a52839c1abd00466bfe62d8b69bf419f4cdbbd20d74e3",
            "keep_locally": true,
            "name": "otel/opentelemetry-collector-contrib:0.96.0@sha256:ef20ffeb9ae06d75f94bd031cde7713a1d1bcad20e5ebc0f7dc6c2ee52b8ae4a",
            "platform": null,
            "pull_triggers": null,
            "repo_digest": "otel/opentelemetry-collector-contrib@sha256:ef20ffeb9ae06d75f94bd031cde7713a1d1bcad20e5ebc0f7dc6c2ee52b8ae4a",
            "triggers": null
          },
          "sensitive_attributes": [],
          "identity_schema_version": 0,
          "private": "bnVsbA=="
        }
      ]
    },
    {
      "module": "module.replica",
      "mode": "managed",
      "type": "docker_image",
      "name": "postgres",
      "provider": "provider[\"registry.terraform.io/kreuzwerker/docker\"].replica",
      "instances": [
        {
          "schema_version": 0,
          "attributes": {
            "build": [],
            "force_remove": null,
            "id": "sha256:667495ca2ac33180ad3690178da1bf274f481d0c43849d4c1941f0176983bd2epostgres:16-alpine@sha256:4e6e670bb069649261c9c18031f0aded7bb249a5b6664ddec29c013a89310d50",
            "image_id": "sha256:667495ca2ac33180ad3690178da1bf274f481d0c43849d4c1941f0176983bd2e",
            "keep_locally": true,
            "name": "postgres:16-alpine@sha256:4e6e670bb069649261c9c18031f0aded7bb249a5b6664ddec29c013a89310d50",
            "platform": null,
            "pull_triggers": null,
            "repo_digest": "postgres@sha256:4e6e670bb069649261c9c18031f0aded7bb249a5b6664ddec29c013a89310d50",
            "triggers": null
          },
          "sensitive_attributes": [],
          "identity_schema_version": 0,
          "private": "bnVsbA=="
        }
      ]
    },
    {
      "module": "module.replica",
      "mode": "managed",
      "type": "docker_image",
      "name": "prometheus",
      "provider": "provider[\"registry.terraform.io/kreuzwerker/docker\"].replica",
      "instances": [
        {
          "schema_version": 0,
          "attributes": {
            "build": [],
            "force_remove": null,
            "id": "sha256:620d5e2a39df1802ad1c4991f9860078608ab85c8c0a7fd23c770afaa5007b88prom/prometheus:v2.48.0@sha256:b440bc0e8aa5bab44a782952c09516b6a50f9d7b2325c1ffafac7bc833298e2e",
            "image_id": "sha256:620d5e2a39df1802ad1c4991f9860078608ab85c8c0a7fd23c770afaa5007b88",
            "keep_locally": true,
            "name": "prom/prometheus:v2.48.0@sha256:b440bc0e8aa5bab44a782952c09516b6a50f9d7b2325c1ffafac7bc833298e2e",
            "platform": null,
            "pull_triggers": null,
            "repo_digest": "prom/prometheus@sha256:b440bc0e8aa5bab44a782952c09516b6a50f9d7b2325c1ffafac7bc833298e2e",
            "triggers": null
          },
          "sensitive_attributes": [],
          "identity_schema_version": 0,
          "private": "bnVsbA=="
        }
      ]
    },
    {
      "module": "module.replica",
      "mode": "managed",
      "type": "docker_image",
      "name": "qdrant",
      "provider": "provider[\"registry.terraform.io/kreuzwerker/docker\"].replica",
      "instances": [
        {
          "schema_version": 0,
          "attributes": {
            "build": [],
            "force_remove": null,
            "id": "sha256:e30b7d1c1b5519416acbab46dce77e6df58887ccc22de1cf790a49e474c1770cqdrant/qdrant:v1.7.0@sha256:ff1639878418c0572f50a7e1314874e399537eb97e6d2f42d6b987a07a2c4c4f",
            "image_id": "sha256:e30b7d1c1b5519416acbab46dce77e6df58887ccc22de1cf790a49e474c1770c",
            "keep_locally": true,
            "name": "qdrant/qdrant:v1.7.0@sha256:ff1639878418c0572f50a7e1314874e399537eb97e6d2f42d6b987a07a2c4c4f",
            "platform": null,
            "pull_triggers": null,
            "repo_digest": "qdrant/qdrant@sha256:ff1639878418c0572f50a7e1314874e399537eb97e6d2f42d6b987a07a2c4c4f",
            "triggers": null
          },
          "sensitive_attributes": [],
          "identity_schema_version": 0,
          "private": "bnVsbA=="
        }
      ]
    },
    {
      "module": "module.replica",
      "mode": "managed",
      "type": "docker_image",
      "name": "redis",
      "provider": "provider[\"registry.terraform.io/kreuzwerker/docker\"].replica",
      "instances": [
        {
          "schema_version": 0,
          "attributes": {
            "build": [],
            "force_remove": null,
            "id": "sha256:9210b8dc25f122eb00e5572dcc7147c8e11fb1a08308b088e06c9d5dd2aa49d6redis:7-alpine@sha256:7aec734b2bb298a1d769fd8729f13b8514a41bf90fcdd1f38ec52267fbaa8ee6",
            "image_id": "sha256:9210b8dc25f122eb00e5572dcc7147c8e11fb1a08308b088e06c9d5dd2aa49d6",
            "keep_locally": true,
            "name": "redis:7-alpine@sha256:7aec734b2bb298a1d769fd8729f13b8514a41bf90fcdd1f38ec52267fbaa8ee6",
            "platform": null,
            "pull_triggers": null,
            "repo_digest": "redis@sha256:7aec734b2bb298a1d769fd8729f13b8514a41bf90fcdd1f38ec52267fbaa8ee6",
            "triggers": null
          },
          "sensitive_attributes": [],
          "identity_schema_version": 0,
          "private": "bnVsbA=="
        }
      ]
    },
    {
      "module": "module.replica",
      "mode": "managed",
      "type": "docker_image",
      "name": "redpanda",
      "provider": "provider[\"registry.terraform.io/kreuzwerker/docker\"].replica",
      "instances": [
        {
          "schema_version": 0,
          "attributes": {
            "build": [],
            "force_remove": null,
            "id": "sha256:2c59133cbabe9b89040daa79b45955f773a163dff218474e9d449c1a06d4bb86docker.redpanda.com/redpandadata/redpanda:v26.1.6@sha256:e5b6aaecf38861d199b0d26d635b83da26dd6e6acf0684cd8b92f16b4f4b8733",
            "image_id": "sha256:2c59133cbabe9b89040daa79b45955f773a163dff218474e9d449c1a06d4bb86",
            "keep_locally": true,
            "name": "docker.redpanda.com/redpandadata/redpanda:v26.1.6@sha256:e5b6aaecf38861d199b0d26d635b83da26dd6e6acf0684cd8b92f16b4f4b8733",
            "platform": null,
            "pull_triggers": null,
            "repo_digest": "docker.redpanda.com/redpandadata/redpanda@sha256:12ddbd8e5572210a48d39afecac44db61503ce1cbdae50ee9b1ff5998a8d91e1",
            "triggers": null
          },
          "sensitive_attributes": [],
          "identity_schema_version": 0,
          "private": "bnVsbA=="
        }
      ]
    },
    {
      "module": "module.replica",
      "mode": "managed",
      "type": "docker_image",
      "name": "redpanda_console",
      "provider": "provider[\"registry.terraform.io/kreuzwerker/docker\"].replica",
      "instances": [
        {
          "schema_version": 0,
          "attributes": {
            "build": [],
            "force_remove": null,
            "id": "sha256:ad4845de251d4c28e21c4f0e869f15243df838345236482054e19e810e83f474docker.redpanda.com/redpandadata/console:v3.7.1@sha256:d5ec9a54339db74d8efa61b18576185903694bee1deb4c029befa492e41ac78f",
            "image_id": "sha256:ad4845de251d4c28e21c4f0e869f15243df838345236482054e19e810e83f474",
            "keep_locally": true,
            "name": "docker.redpanda.com/redpandadata/console:v3.7.1@sha256:d5ec9a54339db74d8efa61b18576185903694bee1deb4c029befa492e41ac78f",
            "platform": null,
            "pull_triggers": null,
            "repo_digest": "docker.redpanda.com/redpandadata/console@sha256:8208a2d9095abd8dbd6c65337e0054a3ec234342aba7fd47d19514c4952ca7c0",
            "triggers": null
          },
          "sensitive_attributes": [],
          "identity_schema_version": 0,
          "private": "bnVsbA=="
        }
      ]
    },
    {
      "module": "module.replica",
      "mode": "managed",
      "type": "docker_image",
      "name": "tempo",
      "provider": "provider[\"registry.terraform.io/kreuzwerker/docker\"].replica",
      "instances": [
        {
          "schema_version": 0,
          "attributes": {
            "build": [],
            "force_remove": null,
            "id": "sha256:f507f5535c9f7dfd66a13d08dfaeea62073a12b032cb89fa91d37083bc625170grafana/tempo:2.4.1@sha256:cf1ed1d5cc671c80d389f7c59cfa491a9e5b99d28a42fccb9d6cbbef0da378e4",
            "image_id": "sha256:f507f5535c9f7dfd66a13d08dfaeea62073a12b032cb89fa91d37083bc625170",
            "keep_locally": true,
            "name": "grafana/tempo:2.4.1@sha256:cf1ed1d5cc671c80d389f7c59cfa491a9e5b99d28a42fccb9d6cbbef0da378e4",
            "platform": null,
            "pull_triggers": null,
            "repo_digest": "grafana/tempo@sha256:5b9c08f6d8fb43b3b72dfd1252ba4f198b11a245257bf76ee2ca13e243bac565",
            "triggers": null
          },
          "sensitive_attributes": [],
          "identity_schema_version": 0,
          "private": "bnVsbA=="
        }
      ]
    },
    {
      "module": "module.replica",
      "mode": "managed",
      "type": "docker_network",
      "name": "database",
      "provider": "provider[\"registry.terraform.io/kreuzwerker/docker\"].replica",
      "instances": [
        {
          "schema_version": 1,
          "attributes": {
            "attachable": false,
            "check_duplicate": null,
            "driver": "bridge",
            "id": "5d8af67fd2eb9fef6a134c9a9cb94d3a31003ab460c0d9717d78412e1242319f",
            "ingress": false,
            "internal": false,
            "ipam_config": [
              {
                "aux_address": {},
                "gateway": "172.20.0.1",
                "ip_range": "",
                "subnet": "172.20.0.0/16"
              }
            ],
            "ipam_driver": "default",
            "ipam_options": {},
            "ipv6": false,
            "labels": [],
            "name": "database",
            "options": {
              "com.docker.network.bridge.name": "br-database"
            },
            "scope": "local"
          },
          "sensitive_attributes": [],
          "identity_schema_version": 0,
          "private": "eyJzY2hlbWFfdmVyc2lvbiI6IjEifQ=="
        }
      ]
    },
    {
      "module": "module.replica",
      "mode": "managed",
      "type": "docker_network",
      "name": "ingress",
      "provider": "provider[\"registry.terraform.io/kreuzwerker/docker\"].replica",
      "instances": [
        {
          "schema_version": 1,
          "attributes": {
            "attachable": false,
            "check_duplicate": null,
            "driver": "bridge",
            "id": "9d6ec3d3f42fcfdd82dd1d5e25c5a1ed89ff1d7fa3f5522cea0554134a3e468f",
            "ingress": false,
            "internal": false,
            "ipam_config": [
              {
                "aux_address": {},
                "gateway": "172.19.0.1",
                "ip_range": "",
                "subnet": "172.19.0.0/16"
              }
            ],
            "ipam_driver": "default",
            "ipam_options": {},
            "ipv6": false,
            "labels": [],
            "name": "ingress",
            "options": {
              "com.docker.network.bridge.name": "br-ingress"
            },
            "scope": "local"
          },
          "sensitive_attributes": [],
          "identity_schema_version": 0,
          "private": "eyJzY2hlbWFfdmVyc2lvbiI6IjEifQ=="
        }
      ]
    },
    {
      "module": "module.replica",
      "mode": "managed",
      "type": "docker_network",
      "name": "services",
      "provider": "provider[\"registry.terraform.io/kreuzwerker/docker\"].replica",
      "instances": [
        {
          "schema_version": 1,
          "attributes": {
            "attachable": false,
            "check_duplicate": null,
            "driver": "bridge",
            "id": "e16c84336ce511fb610d638310161398f1ffd22f53ddf0ee04cde97440f6e265",
            "ingress": false,
            "internal": false,
            "ipam_config": [
              {
                "aux_address": {},
                "gateway": "172.21.0.1",
                "ip_range": "",
                "subnet": "172.21.0.0/16"
              }
            ],
            "ipam_driver": "default",
            "ipam_options": {},
            "ipv6": false,
            "labels": [],
            "name": "services",
            "options": {
              "com.docker.network.bridge.name": "br-services"
            },
            "scope": "local"
          },
          "sensitive_attributes": [],
          "identity_schema_version": 0,
          "private": "eyJzY2hlbWFfdmVyc2lvbiI6IjEifQ=="
        }
      ]
    },
    {
      "module": "module.replica",
      "mode": "managed",
      "type": "docker_volume",
      "name": "alertmanager_data",
      "provider": "provider[\"registry.terraform.io/kreuzwerker/docker\"].replica",
      "instances": [
        {
          "schema_version": 1,
          "attributes": {
            "driver": "local",
            "driver_opts": {},
            "id": "alertmanager_data",
            "labels": [],
            "mountpoint": "/var/lib/docker/volumes/alertmanager_data/_data",
            "name": "alertmanager_data"
          },
          "sensitive_attributes": [],
          "identity_schema_version": 0,
          "private": "eyJzY2hlbWFfdmVyc2lvbiI6IjEifQ=="
        }
      ]
    },
    {
      "module": "module.replica",
      "mode": "managed",
      "type": "docker_volume",
      "name": "caddy_config",
      "provider": "provider[\"registry.terraform.io/kreuzwerker/docker\"].replica",
      "instances": [
        {
          "schema_version": 1,
          "attributes": {
            "driver": "local",
            "driver_opts": {},
            "id": "caddy_config",
            "labels": [],
            "mountpoint": "/var/lib/docker/volumes/caddy_config/_data",
            "name": "caddy_config"
          },
          "sensitive_attributes": [],
          "identity_schema_version": 0,
          "private": "eyJzY2hlbWFfdmVyc2lvbiI6IjEifQ=="
        }
      ]
    },
    {
      "module": "module.replica",
      "mode": "managed",
      "type": "docker_volume",
      "name": "caddy_data",
      "provider": "provider[\"registry.terraform.io/kreuzwerker/docker\"].replica",
      "instances": [
        {
          "schema_version": 1,
          "attributes": {
            "driver": "local",
            "driver_opts": {},
            "id": "caddy_data",
            "labels": [],
            "mountpoint": "/var/lib/docker/volumes/caddy_data/_data",
            "name": "caddy_data"
          },
          "sensitive_attributes": [],
          "identity_schema_version": 0,
          "private": "eyJzY2hlbWFfdmVyc2lvbiI6IjEifQ=="
        }
      ]
    },
    {
      "module": "module.replica",
      "mode": "managed",
      "type": "docker_volume",
      "name": "grafana_data",
      "provider": "provider[\"registry.terraform.io/kreuzwerker/docker\"].replica",
      "instances": [
        {
          "schema_version": 1,
          "attributes": {
            "driver": "local",
            "driver_opts": {},
            "id": "grafana_data",
            "labels": [],
            "mountpoint": "/var/lib/docker/volumes/grafana_data/_data",
            "name": "grafana_data"
          },
          "sensitive_attributes": [],
          "identity_schema_version": 0,
          "private": "eyJzY2hlbWFfdmVyc2lvbiI6IjEifQ=="
        }
      ]
    },
    {
      "module": "module.replica",
      "mode": "managed",
      "type": "docker_volume",
      "name": "keepalived_config",
      "provider": "provider[\"registry.terraform.io/kreuzwerker/docker\"].replica",
      "instances": [
        {
          "schema_version": 1,
          "attributes": {
            "driver": "local",
            "driver_opts": {},
            "id": "keepalived_config",
            "labels": [],
            "mountpoint": "/var/lib/docker/volumes/keepalived_config/_data",
            "name": "keepalived_config"
          },
          "sensitive_attributes": [],
          "identity_schema_version": 0,
          "private": "eyJzY2hlbWFfdmVyc2lvbiI6IjEifQ=="
        }
      ]
    },
    {
      "module": "module.replica",
      "mode": "managed",
      "type": "docker_volume",
      "name": "loki_data",
      "provider": "provider[\"registry.terraform.io/kreuzwerker/docker\"].replica",
      "instances": [
        {
          "schema_version": 1,
          "attributes": {
            "driver": "local",
            "driver_opts": {},
            "id": "loki_data",
            "labels": [],
            "mountpoint": "/var/lib/docker/volumes/loki_data/_data",
            "name": "loki_data"
          },
          "sensitive_attributes": [],
          "identity_schema_version": 0,
          "private": "eyJzY2hlbWFfdmVyc2lvbiI6IjEifQ=="
        }
      ]
    },
    {
      "module": "module.replica",
      "mode": "managed",
      "type": "docker_volume",
      "name": "ollama_models",
      "provider": "provider[\"registry.terraform.io/kreuzwerker/docker\"].replica",
      "instances": [
        {
          "schema_version": 1,
          "attributes": {
            "driver": "local",
            "driver_opts": {},
            "id": "ollama_models",
            "labels": [],
            "mountpoint": "/var/lib/docker/volumes/ollama_models/_data",
            "name": "ollama_models"
          },
          "sensitive_attributes": [],
          "identity_schema_version": 0,
          "private": "eyJzY2hlbWFfdmVyc2lvbiI6IjEifQ=="
        }
      ]
    },
    {
      "module": "module.replica",
      "mode": "managed",
      "type": "docker_volume",
      "name": "postgres_data",
      "provider": "provider[\"registry.terraform.io/kreuzwerker/docker\"].replica",
      "instances": [
        {
          "schema_version": 1,
          "attributes": {
            "driver": "local",
            "driver_opts": {},
            "id": "postgres_data",
            "labels": [],
            "mountpoint": "/var/lib/docker/volumes/postgres_data/_data",
            "name": "postgres_data"
          },
          "sensitive_attributes": [],
          "identity_schema_version": 0,
          "private": "eyJzY2hlbWFfdmVyc2lvbiI6IjEifQ=="
        }
      ]
    },
    {
      "module": "module.replica",
      "mode": "managed",
      "type": "docker_volume",
      "name": "prometheus_data",
      "provider": "provider[\"registry.terraform.io/kreuzwerker/docker\"].replica",
      "instances": [
        {
          "schema_version": 1,
          "attributes": {
            "driver": "local",
            "driver_opts": {},
            "id": "prometheus_data",
            "labels": [],
            "mountpoint": "/var/lib/docker/volumes/prometheus_data/_data",
            "name": "prometheus_data"
          },
          "sensitive_attributes": [],
          "identity_schema_version": 0,
          "private": "eyJzY2hlbWFfdmVyc2lvbiI6IjEifQ=="
        }
      ]
    },
    {
      "module": "module.replica",
      "mode": "managed",
      "type": "docker_volume",
      "name": "qdrant_data",
      "provider": "provider[\"registry.terraform.io/kreuzwerker/docker\"].replica",
      "instances": [
        {
          "schema_version": 1,
          "attributes": {
            "driver": "local",
            "driver_opts": {},
            "id": "qdrant_data",
            "labels": [],
            "mountpoint": "/var/lib/docker/volumes/qdrant_data/_data",
            "name": "qdrant_data"
          },
          "sensitive_attributes": [],
          "identity_schema_version": 0,
          "private": "eyJzY2hlbWFfdmVyc2lvbiI6IjEifQ=="
        }
      ]
    },
    {
      "module": "module.replica",
      "mode": "managed",
      "type": "docker_volume",
      "name": "redis_data",
      "provider": "provider[\"registry.terraform.io/kreuzwerker/docker\"].replica",
      "instances": [
        {
          "schema_version": 1,
          "attributes": {
            "driver": "local",
            "driver_opts": {},
            "id": "redis_data",
            "labels": [],
            "mountpoint": "/var/lib/docker/volumes/redis_data/_data",
            "name": "redis_data"
          },
          "sensitive_attributes": [],
          "identity_schema_version": 0,
          "private": "eyJzY2hlbWFfdmVyc2lvbiI6IjEifQ=="
        }
      ]
    },
    {
      "module": "module.replica",
      "mode": "managed",
      "type": "docker_volume",
      "name": "redpanda_data",
      "provider": "provider[\"registry.terraform.io/kreuzwerker/docker\"].replica",
      "instances": [
        {
          "schema_version": 1,
          "attributes": {
            "driver": "local",
            "driver_opts": {},
            "id": "redpanda_data",
            "labels": [],
            "mountpoint": "/var/lib/docker/volumes/redpanda_data/_data",
            "name": "redpanda_data"
          },
          "sensitive_attributes": [],
          "identity_schema_version": 0,
          "private": "eyJzY2hlbWFfdmVyc2lvbiI6IjEifQ=="
        }
      ]
    },
    {
      "module": "module.replica",
      "mode": "managed",
      "type": "docker_volume",
      "name": "tempo_data",
      "provider": "provider[\"registry.terraform.io/kreuzwerker/docker\"].replica",
      "instances": [
        {
          "schema_version": 1,
          "attributes": {
            "driver": "local",
            "driver_opts": {},
            "id": "tempo_data",
            "labels": [],
            "mountpoint": "/var/lib/docker/volumes/tempo_data/_data",
            "name": "tempo_data"
          },
          "sensitive_attributes": [],
          "identity_schema_version": 0,
          "private": "eyJzY2hlbWFfdmVyc2lvbiI6IjEifQ=="
        }
      ]
    }
  ],
  "check_results": [
    {
      "object_kind": "var",
      "config_addr": "var.deployment_mode",
      "status": "unknown",
      "objects": null
    },
    {
      "object_kind": "var",
      "config_addr": "module.primary.var.host_role",
      "status": "unknown",
      "objects": null
    },
    {
      "object_kind": "var",
      "config_addr": "module.replica.var.host_role",
      "status": "unknown",
      "objects": null
    }
  ]
}
